{
  "version": 4,
  "terraform_version": "1.9.2",
  "serial": 341,
  "lineage": "44ed16df-5237-2c31-a76f-4b02f1f3f925",
  "outputs": {},
  "resources": [
    {
      "mode": "data",
      "type": "openstack_compute_flavor_v2",
      "name": "m1-large",
      "provider": "provider[\"registry.terraform.io/terraform-provider-openstack/openstack\"]",
      "instances": [
        {
          "schema_version": 0,
          "attributes": {
            "description": "",
            "disk": 5,
            "extra_specs": {},
            "flavor_id": "66c907ff-a82e-485e-81dc-0b223df63ba2",
            "id": "66c907ff-a82e-485e-81dc-0b223df63ba2",
            "is_public": true,
            "min_disk": null,
            "min_ram": null,
            "name": "m1.large",
            "ram": 512,
            "region": null,
            "rx_tx_factor": 1,
            "swap": 0,
            "vcpus": 1
          },
          "sensitive_attributes": []
        }
      ]
    },
    {
      "mode": "data",
      "type": "openstack_compute_flavor_v2",
      "name": "m1-smaller",
      "provider": "provider[\"registry.terraform.io/terraform-provider-openstack/openstack\"]",
      "instances": [
        {
          "schema_version": 0,
          "attributes": {
            "description": "",
            "disk": 3,
            "extra_specs": {},
            "flavor_id": "c46b886d-ec2b-43d5-a46a-4b323da8104f",
            "id": "c46b886d-ec2b-43d5-a46a-4b323da8104f",
            "is_public": true,
            "min_disk": null,
            "min_ram": null,
            "name": "m1.smaller",
            "ram": 512,
            "region": null,
            "rx_tx_factor": 1,
            "swap": 0,
            "vcpus": 1
          },
          "sensitive_attributes": []
        }
      ]
    },
    {
      "mode": "data",
      "type": "openstack_compute_keypair_v2",
      "name": "administrador",
      "provider": "provider[\"registry.terraform.io/terraform-provider-openstack/openstack\"]",
      "instances": [
        {
          "schema_version": 0,
          "attributes": {
            "fingerprint": "ed:6c:d5:cb:25:54:00:39:6a:e9:c0:ff:b5:da:60:4f",
            "id": "administrador",
            "name": "administrador",
            "public_key": "ssh-rsa AAAAB3NzaC1yc2EAAAADAQABAAABAQCYgdd71UDgjJNU63mEmbAzw+M7oqOsjmKm3DddJM+J++9IdOKeKk/JTncDh2HFsgpLLpQQhX83qJetWaT2DAOeqmLE80PVI/xYmZVmBjclWUmbf5oRl6F1GQdwIscBvgCxX8K0VPMmjJl+Zr4/UWdfezGtNxUlsLrlLDSP0DJ0uNWztor2MpRfahCcsNykxF4QZ75ATtsgUww/ete/501AFsZxFPabvHqR5/hnDv00CeNrXyPjDoJqNHz3kZ+OYdsZuocfTjDw9Lqf7o7azaFJ1BT0z9BnN41qeWojajgmK9x0Pv810RCye9yBGNg7iraW0wsD/u/v895PkgUrbaBt Generated-by-Nova",
            "region": "RegionOne",
            "user_id": "57bca332a77c4cec93b5f0929b96078c"
          },
          "sensitive_attributes": []
        }
      ]
    },
    {
      "mode": "data",
      "type": "openstack_compute_keypair_v2",
      "name": "bbdd",
      "provider": "provider[\"registry.terraform.io/terraform-provider-openstack/openstack\"]",
      "instances": [
        {
          "schema_version": 0,
          "attributes": {
            "fingerprint": "7c:e7:b1:9d:25:a0:a4:fc:3b:72:62:7e:b5:93:70:f3",
            "id": "bbdd",
            "name": "bbdd",
            "public_key": "ssh-rsa AAAAB3NzaC1yc2EAAAADAQABAAABAQCxjPkJRTFuSOwjsFVAgu2Jf/F5XzkLqBClXSUGdLomQAunMZ3ZjhT9kskvM5HzvbaIiZoSoISMWvf6EW/XoMlgbJf0qbs46shVPvqSK0+i46u26WJ1V+4SttXeNZmAaxiOSARGLTuMCYq95C/9bJgc53NLi/W8tq7LirPljAELpbrok9X3u3rFPq1KMyp8xYnhmR/Vd0JB4gxKMzzyCkYkW/bQL7LF4inMYBIvppFZv8jcSuKwgF/EDnzuRSnYdWOq1ks9+gazNU4H6CUHsNzULYYQZDKUCs9fDE9mGlBSusMS6yutkHBPGLQE84n9QIOlYlIrEZZUCvG+64rzGlqd Generated-by-Nova",
            "region": "RegionOne",
            "user_id": "57bca332a77c4cec93b5f0929b96078c"
          },
          "sensitive_attributes": []
        }
      ]
    },
    {
      "mode": "data",
      "type": "openstack_compute_keypair_v2",
      "name": "s1",
      "provider": "provider[\"registry.terraform.io/terraform-provider-openstack/openstack\"]",
      "instances": [
        {
          "schema_version": 0,
          "attributes": {
            "fingerprint": "cc:99:ab:42:1b:70:5e:0f:36:03:9e:ae:79:31:30:ff",
            "id": "s1",
            "name": "s1",
            "public_key": "ssh-rsa AAAAB3NzaC1yc2EAAAADAQABAAABAQCx707sH8j2MB6MbQJQ4NfMvBIFz77hUueeLH7Tf7mqBN2DyK2WSW8NLTk7KSbrlS2H+BvzXRIlq4tVYKuQk7LPrrfrc9Sl4fX9ZxpBC9ELFXlFqJ2YuABm7McRr8p36dvFsymk6mM8QqOi2Lglhmz0S3KEHdJ6z9hqdJREv4UUx6ns7AdBwC8whKZa14kiYvNNPgAR2qIUzmKr93cRropV0raYyzF7wo0qoI21DMwXF8HpNk2LZdpYIMpZ0aD169FsxNMJ0Rh4IOqrYL+lThyCL4DS9mqepMgnei3glilhmu1afGkBpQBXzAZwa+GtBVf5cswgJJXRUQ/cx0o/wKPn Generated-by-Nova",
            "region": "RegionOne",
            "user_id": "57bca332a77c4cec93b5f0929b96078c"
          },
          "sensitive_attributes": []
        }
      ]
    },
    {
      "mode": "data",
      "type": "openstack_compute_keypair_v2",
      "name": "s2",
      "provider": "provider[\"registry.terraform.io/terraform-provider-openstack/openstack\"]",
      "instances": [
        {
          "schema_version": 0,
          "attributes": {
            "fingerprint": "c1:fc:93:e6:c8:67:f1:f8:ea:71:03:66:5e:34:6c:95",
            "id": "s2",
            "name": "s2",
            "public_key": "ssh-rsa AAAAB3NzaC1yc2EAAAADAQABAAABAQC/XqNBXSjoF1oc2gwSQCzQpP1fA6QK3NXjRULP0Bswug5Hua2rMGDYTNTWn4065gO2uzny1071PhLnijR+59bbdqHnZ4ctdugKlol8WTV8alu9sWSaQJoZoVwHow8qcr/phBm3eUNzlCq4nr0xeC5+6+C1dl9dVTE9jnDqE36ngSGHF6RxuMYRg0yokzDfKoJgZilOveaMkAl17JFBVgdcF5s3nlMgNnGAqeHIHWD0ANSdZzTFKpXBivG7/fVvSjHJVzdBZOUFzjpb9igkeq5O1BUQ3zMbVc7GYNUefjJVpbACCVqNuatbH71P9VqSuOjH9ixfYdUXk5LCgTb2CBFp Generated-by-Nova",
            "region": "RegionOne",
            "user_id": "57bca332a77c4cec93b5f0929b96078c"
          },
          "sensitive_attributes": []
        }
      ]
    },
    {
      "mode": "data",
      "type": "openstack_compute_keypair_v2",
      "name": "s3",
      "provider": "provider[\"registry.terraform.io/terraform-provider-openstack/openstack\"]",
      "instances": [
        {
          "schema_version": 0,
          "attributes": {
            "fingerprint": "71:32:16:a8:a7:d1:8b:97:69:b7:30:43:38:6c:65:0c",
            "id": "s3",
            "name": "s3",
            "public_key": "ssh-rsa AAAAB3NzaC1yc2EAAAADAQABAAABAQCqUEh3GHYSU52KAqAGhGEaagCSV3TQW35OUnlEsJbT5iVW07/Skoz7LdwZU57+I24CVfaNnvBc/vDQUmmM/CmioEOpZrhQRDw5f3C7RcgVO82NzRoWjsS3SvOUqonAmf8Qx5U+jsg3WglygBeyo3sVku0dIvZ4YlXs9C27o0xMu1PIlLkp5bRZVbTloh4kxXNMN/QQRyoKnDCYye0HyXWNthWrooh+oFqGU2L1LtuIKQCqNXdJevOCQFVLP7zqxm9kkvdsqPrB1XjvXxiDLHFUuNdlSKPxScv6L5uFTxXJxw1c3JM8t/3gkRtcVPpjMD3Y7AAH2FHggo1cXTHYJVot Generated-by-Nova",
            "region": "RegionOne",
            "user_id": "57bca332a77c4cec93b5f0929b96078c"
          },
          "sensitive_attributes": []
        }
      ]
    },
    {
      "mode": "data",
      "type": "openstack_images_image_v2",
      "name": "focal-administrador-vnx",
      "provider": "provider[\"registry.terraform.io/terraform-provider-openstack/openstack\"]",
      "instances": [
        {
          "schema_version": 0,
          "attributes": {
            "checksum": "bd052f725c9a1eb738319360f0b2ef3e",
            "container_format": "bare",
            "created_at": "2024-07-16T10:52:36Z",
            "disk_format": "qcow2",
            "file": "/v2/images/abc55ee4-68a7-4c11-a243-fb047f95f764/file",
            "hidden": false,
            "id": "abc55ee4-68a7-4c11-a243-fb047f95f764",
            "member_status": null,
            "metadata": {},
            "min_disk_gb": 0,
            "min_ram_mb": 0,
            "most_recent": false,
            "name": "focal-administrador-vnx",
            "name_regex": null,
            "owner": "2e597194973b4c6bad39e73c06c4fc57",
            "properties": {
              "os_hash_algo": "sha512",
              "os_hash_value": "515e6181fb5ab0cd1e459efe684472f97c524e347857f750d0ca58d9b6d0f714ad22f0c7ec5ff59cbb3ff7911e91cd69d3defb381ea10afb19bce3cccfa6ce77",
              "owner_specified.openstack.md5": "",
              "owner_specified.openstack.object": "images/focal-administrador-vnx",
              "owner_specified.openstack.sha256": "",
              "stores": "file"
            },
            "protected": false,
            "region": "RegionOne",
            "schema": "/v2/schemas/image",
            "size_bytes": 2326069248,
            "size_max": null,
            "size_min": null,
            "sort_direction": "asc",
            "sort_key": "name",
            "tag": null,
            "tags": [],
            "updated_at": "2024-07-16T10:52:58Z",
            "visibility": "public"
          },
          "sensitive_attributes": []
        }
      ]
    },
    {
      "mode": "data",
      "type": "openstack_images_image_v2",
      "name": "focal-bbdd-vnx",
      "provider": "provider[\"registry.terraform.io/terraform-provider-openstack/openstack\"]",
      "instances": [
        {
          "schema_version": 0,
          "attributes": {
            "checksum": "897899d96bde62f98d74aeb3e363fbc4",
            "container_format": "bare",
            "created_at": "2024-07-16T10:52:01Z",
            "disk_format": "qcow2",
            "file": "/v2/images/3f93984f-855d-4100-806f-5059b0e52645/file",
            "hidden": false,
            "id": "3f93984f-855d-4100-806f-5059b0e52645",
            "member_status": null,
            "metadata": {},
            "min_disk_gb": 0,
            "min_ram_mb": 0,
            "most_recent": false,
            "name": "focal-bbdd-vnx",
            "name_regex": null,
            "owner": "2e597194973b4c6bad39e73c06c4fc57",
            "properties": {
              "os_hash_algo": "sha512",
              "os_hash_value": "4e9bcf120c85357b78c7905b45f913411f82203a8f84e6fc05d3e6cfd437243c0cb63b905cb361f1b8cb1693539bf379966c0ffdefa3a4ffbf603183177133d7",
              "owner_specified.openstack.md5": "",
              "owner_specified.openstack.object": "images/focal-bbdd-vnx",
              "owner_specified.openstack.sha256": "",
              "stores": "file"
            },
            "protected": false,
            "region": "RegionOne",
            "schema": "/v2/schemas/image",
            "size_bytes": 3055484928,
            "size_max": null,
            "size_min": null,
            "sort_direction": "asc",
            "sort_key": "name",
            "tag": null,
            "tags": [],
            "updated_at": "2024-07-16T10:52:33Z",
            "visibility": "public"
          },
          "sensitive_attributes": []
        }
      ]
    },
    {
      "mode": "data",
      "type": "openstack_images_image_v2",
      "name": "focal-servers-vnx",
      "provider": "provider[\"registry.terraform.io/terraform-provider-openstack/openstack\"]",
      "instances": [
        {
          "schema_version": 0,
          "attributes": {
            "checksum": "532e141ccea638b3e9650a92447a458c",
            "container_format": "bare",
            "created_at": "2024-07-16T10:51:06Z",
            "disk_format": "qcow2",
            "file": "/v2/images/950f3f2b-6106-464e-9ae0-5f9ae907e5ae/file",
            "hidden": false,
            "id": "950f3f2b-6106-464e-9ae0-5f9ae907e5ae",
            "member_status": null,
            "metadata": {},
            "min_disk_gb": 0,
            "min_ram_mb": 0,
            "most_recent": false,
            "name": "focal-servers-vnx",
            "name_regex": null,
            "owner": "2e597194973b4c6bad39e73c06c4fc57",
            "properties": {
              "os_hash_algo": "sha512",
              "os_hash_value": "22b159bfd0d4030d424c1885e23fe2c8b51b22b57ed63b05fe42a0b2b1649edb78997fc23f3df249c8c737d59686bd236f1489049b8f362f3afd548de1fd3415",
              "owner_specified.openstack.md5": "",
              "owner_specified.openstack.object": "images/focal-servers-vnx",
              "owner_specified.openstack.sha256": "",
              "stores": "file"
            },
            "protected": false,
            "region": "RegionOne",
            "schema": "/v2/schemas/image",
            "size_bytes": 4874764288,
            "size_max": null,
            "size_min": null,
            "sort_direction": "asc",
            "sort_key": "name",
            "tag": null,
            "tags": [],
            "updated_at": "2024-07-16T10:51:59Z",
            "visibility": "public"
          },
          "sensitive_attributes": []
        }
      ]
    },
    {
      "mode": "data",
      "type": "openstack_networking_network_v2",
      "name": "extnet",
      "provider": "provider[\"registry.terraform.io/terraform-provider-openstack/openstack\"]",
      "instances": [
        {
          "schema_version": 0,
          "attributes": {
            "admin_state_up": "true",
            "all_tags": [],
            "availability_zone_hints": [],
            "description": "",
            "dns_domain": "",
            "external": true,
            "id": "5b159d03-915d-4181-af77-7e03905ef5a1",
            "matching_subnet_cidr": null,
            "mtu": 1500,
            "name": "ExtNet",
            "network_id": null,
            "region": "RegionOne",
            "segments": [
              {
                "network_type": "flat",
                "physical_network": "physnet2",
                "segmentation_id": 0
              }
            ],
            "shared": "true",
            "status": null,
            "subnets": [
              "c92ce81a-7a5b-4546-9939-6f6ed1ddcfb9"
            ],
            "tags": null,
            "tenant_id": "2e597194973b4c6bad39e73c06c4fc57",
            "transparent_vlan": false
          },
          "sensitive_attributes": []
        }
      ]
    },
    {
      "mode": "managed",
      "type": "openstack_compute_instance_v2",
      "name": "administrador",
      "provider": "provider[\"registry.terraform.io/terraform-provider-openstack/openstack\"]",
      "instances": [
        {
          "schema_version": 0,
          "attributes": {
            "access_ip_v4": "10.1.1.45",
            "access_ip_v6": "",
            "admin_pass": null,
            "all_metadata": {},
            "all_tags": [],
            "availability_zone": "nova",
            "availability_zone_hints": null,
            "block_device": [],
            "config_drive": null,
            "created": "2024-07-16 10:55:45 +0000 UTC",
            "flavor_id": "c46b886d-ec2b-43d5-a46a-4b323da8104f",
            "flavor_name": "m1.smaller",
            "floating_ip": null,
            "force_delete": false,
            "id": "dd0c8a21-eb45-4cc4-9366-e66284969c55",
            "image_id": "abc55ee4-68a7-4c11-a243-fb047f95f764",
            "image_name": "focal-administrador-vnx",
            "key_pair": "administrador",
            "metadata": null,
            "name": "administrador",
            "network": [
              {
                "access_network": false,
                "fixed_ip_v4": "10.1.1.45",
                "fixed_ip_v6": "",
                "floating_ip": "",
                "mac": "fa:16:3e:18:e1:91",
                "name": "Net1",
                "port": "f0fb4525-b228-4161-99f2-59df691e5333",
                "uuid": "cd0dd341-8624-458c-ade9-73eb73230f68"
              },
              {
                "access_network": false,
                "fixed_ip_v4": "10.1.2.41",
                "fixed_ip_v6": "",
                "floating_ip": "",
                "mac": "fa:16:3e:b5:ba:03",
                "name": "Net2",
                "port": "212a0a55-8343-4a7a-92e7-342d3271b90a",
                "uuid": "b4cede5c-3024-46ba-8b27-5c3fd0afc700"
              }
            ],
            "network_mode": null,
            "personality": [],
            "power_state": "active",
            "region": "RegionOne",
            "scheduler_hints": [],
            "security_groups": [
              "open"
            ],
            "stop_before_destroy": false,
            "tags": null,
            "timeouts": null,
            "updated": "2024-07-16 10:57:44 +0000 UTC",
            "user_data": "3c685b0f13c886aac0ada6bb543da0d51c3e6103",
            "vendor_options": [],
            "volume": []
          },
          "sensitive_attributes": [
            [
              {
                "type": "get_attr",
                "value": "admin_pass"
              }
            ]
          ],
          "private": "eyJlMmJmYjczMC1lY2FhLTExZTYtOGY4OC0zNDM2M2JjN2M0YzAiOnsiY3JlYXRlIjoxODAwMDAwMDAwMDAwLCJkZWxldGUiOjE4MDAwMDAwMDAwMDAsInVwZGF0ZSI6MTgwMDAwMDAwMDAwMH19",
          "dependencies": [
            "data.openstack_compute_flavor_v2.m1-smaller",
            "data.openstack_compute_keypair_v2.administrador",
            "data.openstack_images_image_v2.focal-administrador-vnx",
            "openstack_networking_network_v2.net1",
            "openstack_networking_network_v2.net2",
            "openstack_networking_port_v2.port_admin1",
            "openstack_networking_port_v2.port_admin2",
            "openstack_networking_secgroup_v2.my_security_group",
            "openstack_networking_subnet_v2.subnet1",
            "openstack_networking_subnet_v2.subnet2"
          ]
        }
      ]
    },
    {
      "mode": "managed",
      "type": "openstack_compute_instance_v2",
      "name": "bbdd",
      "provider": "provider[\"registry.terraform.io/terraform-provider-openstack/openstack\"]",
      "instances": [
        {
          "schema_version": 0,
          "attributes": {
            "access_ip_v4": "10.1.2.83",
            "access_ip_v6": "",
            "admin_pass": null,
            "all_metadata": {},
            "all_tags": [],
            "availability_zone": "nova",
            "availability_zone_hints": null,
            "block_device": [],
            "config_drive": null,
            "created": "2024-07-16 10:55:44 +0000 UTC",
            "flavor_id": "66c907ff-a82e-485e-81dc-0b223df63ba2",
            "flavor_name": "m1.large",
            "floating_ip": null,
            "force_delete": false,
            "id": "2fb75c82-f5fb-48c7-849e-e7e8dec56960",
            "image_id": "3f93984f-855d-4100-806f-5059b0e52645",
            "image_name": "focal-bbdd-vnx",
            "key_pair": "bbdd",
            "metadata": null,
            "name": "bbdd",
            "network": [
              {
                "access_network": false,
                "fixed_ip_v4": "10.1.2.83",
                "fixed_ip_v6": "",
                "floating_ip": "",
                "mac": "fa:16:3e:d7:f8:a9",
                "name": "Net2",
                "port": "ba6ddf85-195b-4875-ac60-8283f76dcbb6",
                "uuid": "b4cede5c-3024-46ba-8b27-5c3fd0afc700"
              }
            ],
            "network_mode": null,
            "personality": [],
            "power_state": "active",
            "region": "RegionOne",
            "scheduler_hints": [],
            "security_groups": [
              "open"
            ],
            "stop_before_destroy": false,
            "tags": null,
            "timeouts": null,
            "updated": "2024-07-16 10:58:36 +0000 UTC",
            "user_data": "ba75a5abea1792e19919ea8c745f500702d9c4e0",
            "vendor_options": [],
            "volume": []
          },
          "sensitive_attributes": [
            [
              {
                "type": "get_attr",
                "value": "admin_pass"
              }
            ]
          ],
          "private": "eyJlMmJmYjczMC1lY2FhLTExZTYtOGY4OC0zNDM2M2JjN2M0YzAiOnsiY3JlYXRlIjoxODAwMDAwMDAwMDAwLCJkZWxldGUiOjE4MDAwMDAwMDAwMDAsInVwZGF0ZSI6MTgwMDAwMDAwMDAwMH19",
          "dependencies": [
            "data.openstack_compute_flavor_v2.m1-large",
            "data.openstack_compute_keypair_v2.bbdd",
            "data.openstack_images_image_v2.focal-bbdd-vnx",
            "openstack_networking_network_v2.net2",
            "openstack_networking_port_v2.portBBDD_net2",
            "openstack_networking_secgroup_v2.my_security_group",
            "openstack_networking_subnet_v2.subnet2"
          ]
        }
      ]
    },
    {
      "mode": "managed",
      "type": "openstack_compute_instance_v2",
      "name": "s1",
      "provider": "provider[\"registry.terraform.io/terraform-provider-openstack/openstack\"]",
      "instances": [
        {
          "schema_version": 0,
          "attributes": {
            "access_ip_v4": "10.1.1.21",
            "access_ip_v6": "",
            "admin_pass": null,
            "all_metadata": {},
            "all_tags": [],
            "availability_zone": "nova",
            "availability_zone_hints": null,
            "block_device": [],
            "config_drive": null,
            "created": "2024-07-16 10:55:46 +0000 UTC",
            "flavor_id": "66c907ff-a82e-485e-81dc-0b223df63ba2",
            "flavor_name": "m1.large",
            "floating_ip": null,
            "force_delete": false,
            "id": "f8062eff-3eaf-41e2-ac85-e93e086be1f1",
            "image_id": "950f3f2b-6106-464e-9ae0-5f9ae907e5ae",
            "image_name": "focal-servers-vnx",
            "key_pair": "s1",
            "metadata": null,
            "name": "s1",
            "network": [
              {
                "access_network": false,
                "fixed_ip_v4": "10.1.1.21",
                "fixed_ip_v6": "",
                "floating_ip": "",
                "mac": "fa:16:3e:23:11:58",
                "name": "Net1",
                "port": "00adbe1c-fe19-4f5c-9aa9-06d12fa22556",
                "uuid": "cd0dd341-8624-458c-ade9-73eb73230f68"
              },
              {
                "access_network": false,
                "fixed_ip_v4": "10.1.2.24",
                "fixed_ip_v6": "",
                "floating_ip": "",
                "mac": "fa:16:3e:b5:85:85",
                "name": "Net2",
                "port": "9ed1ce11-cfdc-4f88-a06f-4d178e18972a",
                "uuid": "b4cede5c-3024-46ba-8b27-5c3fd0afc700"
              }
            ],
            "network_mode": null,
            "personality": [],
            "power_state": "active",
            "region": "RegionOne",
            "scheduler_hints": [],
            "security_groups": [
              "open"
            ],
            "stop_before_destroy": false,
            "tags": null,
            "timeouts": null,
            "updated": "2024-07-16 11:00:07 +0000 UTC",
            "user_data": "c53684df0ab024c47c1859d453a7f79402b952e3",
            "vendor_options": [],
            "volume": []
          },
          "sensitive_attributes": [
            [
              {
                "type": "get_attr",
                "value": "admin_pass"
              }
            ]
          ],
          "private": "eyJlMmJmYjczMC1lY2FhLTExZTYtOGY4OC0zNDM2M2JjN2M0YzAiOnsiY3JlYXRlIjoxODAwMDAwMDAwMDAwLCJkZWxldGUiOjE4MDAwMDAwMDAwMDAsInVwZGF0ZSI6MTgwMDAwMDAwMDAwMH19",
          "dependencies": [
            "data.openstack_compute_flavor_v2.m1-large",
            "data.openstack_compute_keypair_v2.s1",
            "data.openstack_images_image_v2.focal-servers-vnx",
            "openstack_networking_network_v2.net1",
            "openstack_networking_network_v2.net2",
            "openstack_networking_port_v2.port1_net1",
            "openstack_networking_port_v2.port1_net2",
            "openstack_networking_secgroup_v2.my_security_group",
            "openstack_networking_subnet_v2.subnet1",
            "openstack_networking_subnet_v2.subnet2"
          ]
        }
      ]
    },
    {
      "mode": "managed",
      "type": "openstack_compute_instance_v2",
      "name": "s2",
      "provider": "provider[\"registry.terraform.io/terraform-provider-openstack/openstack\"]",
      "instances": [
        {
          "schema_version": 0,
          "attributes": {
            "access_ip_v4": "10.1.1.30",
            "access_ip_v6": "",
            "admin_pass": null,
            "all_metadata": {},
            "all_tags": [],
            "availability_zone": "nova",
            "availability_zone_hints": null,
            "block_device": [],
            "config_drive": null,
            "created": "2024-07-16 10:55:46 +0000 UTC",
            "flavor_id": "66c907ff-a82e-485e-81dc-0b223df63ba2",
            "flavor_name": "m1.large",
            "floating_ip": null,
            "force_delete": false,
            "id": "fab96655-f524-4a87-9d90-fdb871825855",
            "image_id": "950f3f2b-6106-464e-9ae0-5f9ae907e5ae",
            "image_name": "focal-servers-vnx",
            "key_pair": "s2",
            "metadata": null,
            "name": "s2",
            "network": [
              {
                "access_network": false,
                "fixed_ip_v4": "10.1.1.30",
                "fixed_ip_v6": "",
                "floating_ip": "",
                "mac": "fa:16:3e:bf:f4:0f",
                "name": "Net1",
                "port": "16f48d75-88d8-4c57-8f4c-32705d259f05",
                "uuid": "cd0dd341-8624-458c-ade9-73eb73230f68"
              },
              {
                "access_network": false,
                "fixed_ip_v4": "10.1.2.10",
                "fixed_ip_v6": "",
                "floating_ip": "",
                "mac": "fa:16:3e:da:02:6c",
                "name": "Net2",
                "port": "b892fcd4-3a4a-4ff1-8637-9e722f0b4356",
                "uuid": "b4cede5c-3024-46ba-8b27-5c3fd0afc700"
              }
            ],
            "network_mode": null,
            "personality": [],
            "power_state": "active",
            "region": "RegionOne",
            "scheduler_hints": [],
            "security_groups": [
              "open"
            ],
            "stop_before_destroy": false,
            "tags": null,
            "timeouts": null,
            "updated": "2024-07-16 11:00:07 +0000 UTC",
            "user_data": "263968b78ced7d949c0625430faf81e421861c35",
            "vendor_options": [],
            "volume": []
          },
          "sensitive_attributes": [
            [
              {
                "type": "get_attr",
                "value": "admin_pass"
              }
            ]
          ],
          "private": "eyJlMmJmYjczMC1lY2FhLTExZTYtOGY4OC0zNDM2M2JjN2M0YzAiOnsiY3JlYXRlIjoxODAwMDAwMDAwMDAwLCJkZWxldGUiOjE4MDAwMDAwMDAwMDAsInVwZGF0ZSI6MTgwMDAwMDAwMDAwMH19",
          "dependencies": [
            "data.openstack_compute_flavor_v2.m1-large",
            "data.openstack_compute_keypair_v2.s2",
            "data.openstack_images_image_v2.focal-servers-vnx",
            "openstack_networking_network_v2.net1",
            "openstack_networking_network_v2.net2",
            "openstack_networking_port_v2.port2_net1",
            "openstack_networking_port_v2.port2_net2",
            "openstack_networking_secgroup_v2.my_security_group",
            "openstack_networking_subnet_v2.subnet1",
            "openstack_networking_subnet_v2.subnet2"
          ]
        }
      ]
    },
    {
      "mode": "managed",
      "type": "openstack_compute_instance_v2",
      "name": "s3",
      "provider": "provider[\"registry.terraform.io/terraform-provider-openstack/openstack\"]",
      "instances": [
        {
          "schema_version": 0,
          "attributes": {
            "access_ip_v4": "10.1.1.94",
            "access_ip_v6": "",
            "admin_pass": null,
            "all_metadata": {},
            "all_tags": [],
            "availability_zone": "nova",
            "availability_zone_hints": null,
            "block_device": [],
            "config_drive": null,
            "created": "2024-07-16 10:55:48 +0000 UTC",
            "flavor_id": "66c907ff-a82e-485e-81dc-0b223df63ba2",
            "flavor_name": "m1.large",
            "floating_ip": null,
            "force_delete": false,
            "id": "5327b967-f649-4247-bc69-a5349d2a56e0",
            "image_id": "950f3f2b-6106-464e-9ae0-5f9ae907e5ae",
            "image_name": "focal-servers-vnx",
            "key_pair": "s3",
            "metadata": null,
            "name": "s3",
            "network": [
              {
                "access_network": false,
                "fixed_ip_v4": "10.1.1.94",
                "fixed_ip_v6": "",
                "floating_ip": "",
                "mac": "fa:16:3e:bd:ad:23",
                "name": "Net1",
                "port": "711870b7-c55c-4a4d-9df6-e5bf0bce06c4",
                "uuid": "cd0dd341-8624-458c-ade9-73eb73230f68"
              },
              {
                "access_network": false,
                "fixed_ip_v4": "10.1.2.44",
                "fixed_ip_v6": "",
                "floating_ip": "",
                "mac": "fa:16:3e:d8:4f:b4",
                "name": "Net2",
                "port": "10e0c39d-be56-4d7c-aef1-1dd293a0b1dc",
                "uuid": "b4cede5c-3024-46ba-8b27-5c3fd0afc700"
              }
            ],
            "network_mode": null,
            "personality": [],
            "power_state": "active",
            "region": "RegionOne",
            "scheduler_hints": [],
            "security_groups": [
              "open"
            ],
            "stop_before_destroy": false,
            "tags": null,
            "timeouts": null,
            "updated": "2024-07-16 11:00:39 +0000 UTC",
            "user_data": "7f5317a1ce41062cbf652bf7e8188e04cd352c00",
            "vendor_options": [],
            "volume": []
          },
          "sensitive_attributes": [
            [
              {
                "type": "get_attr",
                "value": "admin_pass"
              }
            ]
          ],
          "private": "eyJlMmJmYjczMC1lY2FhLTExZTYtOGY4OC0zNDM2M2JjN2M0YzAiOnsiY3JlYXRlIjoxODAwMDAwMDAwMDAwLCJkZWxldGUiOjE4MDAwMDAwMDAwMDAsInVwZGF0ZSI6MTgwMDAwMDAwMDAwMH19",
          "dependencies": [
            "data.openstack_compute_flavor_v2.m1-large",
            "data.openstack_compute_keypair_v2.s3",
            "data.openstack_images_image_v2.focal-servers-vnx",
            "openstack_networking_network_v2.net1",
            "openstack_networking_network_v2.net2",
            "openstack_networking_port_v2.port3_net1",
            "openstack_networking_port_v2.port3_net2",
            "openstack_networking_secgroup_v2.my_security_group",
            "openstack_networking_subnet_v2.subnet1",
            "openstack_networking_subnet_v2.subnet2"
          ]
        }
      ]
    },
    {
      "mode": "managed",
      "type": "openstack_fw_group_v2",
      "name": "group_1",
      "provider": "provider[\"registry.terraform.io/terraform-provider-openstack/openstack\"]",
      "instances": [
        {
          "schema_version": 0,
          "attributes": {
            "admin_state_up": true,
            "description": "",
            "egress_firewall_policy_id": "05674887-32c9-46fb-abc2-5631fa6303c8",
            "id": "9c8f7d0c-be3d-490a-9ead-f924a0062116",
            "ingress_firewall_policy_id": "43dea714-6fe3-4e4f-a80f-9487a637245c",
            "name": "firewall_group",
            "ports": null,
            "project_id": "2e597194973b4c6bad39e73c06c4fc57",
            "region": "RegionOne",
            "shared": false,
            "status": "INACTIVE",
            "tenant_id": "2e597194973b4c6bad39e73c06c4fc57",
            "timeouts": null
          },
          "sensitive_attributes": [],
          "private": "eyJlMmJmYjczMC1lY2FhLTExZTYtOGY4OC0zNDM2M2JjN2M0YzAiOnsiY3JlYXRlIjo2MDAwMDAwMDAwMDAsImRlbGV0ZSI6NjAwMDAwMDAwMDAwLCJ1cGRhdGUiOjYwMDAwMDAwMDAwMH19",
          "dependencies": [
            "data.openstack_compute_flavor_v2.m1-smaller",
            "data.openstack_compute_keypair_v2.administrador",
            "data.openstack_images_image_v2.focal-administrador-vnx",
            "openstack_compute_instance_v2.administrador",
            "openstack_fw_policy_v2.policy_engress",
            "openstack_fw_policy_v2.policy_ingress",
            "openstack_fw_rule_v2.server_connection_rule",
            "openstack_fw_rule_v2.ssh_admin_rule",
            "openstack_fw_rule_v2.www_lb_rule",
            "openstack_lb_loadbalancer_v2.load_balancer",
            "openstack_networking_network_v2.net1",
            "openstack_networking_network_v2.net2",
            "openstack_networking_port_v2.port_admin1",
            "openstack_networking_port_v2.port_admin2",
            "openstack_networking_secgroup_v2.my_security_group",
            "openstack_networking_subnet_v2.subnet1",
            "openstack_networking_subnet_v2.subnet2"
          ]
        }
      ]
    },
    {
      "mode": "managed",
      "type": "openstack_fw_policy_v2",
      "name": "policy_engress",
      "provider": "provider[\"registry.terraform.io/terraform-provider-openstack/openstack\"]",
      "instances": [
        {
          "schema_version": 0,
          "attributes": {
            "audited": false,
            "description": "",
            "id": "05674887-32c9-46fb-abc2-5631fa6303c8",
            "name": "firewall_egress_policy",
            "project_id": "2e597194973b4c6bad39e73c06c4fc57",
            "region": "RegionOne",
            "rules": [
              "e1a1062e-90c1-46a4-86c8-85d6fe988537"
            ],
            "shared": false,
            "tenant_id": "2e597194973b4c6bad39e73c06c4fc57",
            "timeouts": null
          },
          "sensitive_attributes": [],
          "private": "eyJlMmJmYjczMC1lY2FhLTExZTYtOGY4OC0zNDM2M2JjN2M0YzAiOnsiY3JlYXRlIjo2MDAwMDAwMDAwMDAsImRlbGV0ZSI6NjAwMDAwMDAwMDAwfX0=",
          "dependencies": [
            "openstack_fw_rule_v2.server_connection_rule",
            "openstack_networking_network_v2.net1",
            "openstack_networking_subnet_v2.subnet1"
          ]
        }
      ]
    },
    {
      "mode": "managed",
      "type": "openstack_fw_policy_v2",
      "name": "policy_ingress",
      "provider": "provider[\"registry.terraform.io/terraform-provider-openstack/openstack\"]",
      "instances": [
        {
          "schema_version": 0,
          "attributes": {
            "audited": false,
            "description": "",
            "id": "43dea714-6fe3-4e4f-a80f-9487a637245c",
            "name": "firewall_ingress_policy",
            "project_id": "2e597194973b4c6bad39e73c06c4fc57",
            "region": "RegionOne",
            "rules": [
              "f37c33db-386a-4b52-85e3-7d81129cb7ef",
              "38e3ddeb-66ad-490c-9fe4-a9dc920f6bc4"
            ],
            "shared": false,
            "tenant_id": "2e597194973b4c6bad39e73c06c4fc57",
            "timeouts": null
          },
          "sensitive_attributes": [],
          "private": "eyJlMmJmYjczMC1lY2FhLTExZTYtOGY4OC0zNDM2M2JjN2M0YzAiOnsiY3JlYXRlIjo2MDAwMDAwMDAwMDAsImRlbGV0ZSI6NjAwMDAwMDAwMDAwfX0=",
          "dependencies": [
            "data.openstack_compute_flavor_v2.m1-smaller",
            "data.openstack_compute_keypair_v2.administrador",
            "data.openstack_images_image_v2.focal-administrador-vnx",
            "openstack_compute_instance_v2.administrador",
            "openstack_fw_rule_v2.ssh_admin_rule",
            "openstack_fw_rule_v2.www_lb_rule",
            "openstack_lb_loadbalancer_v2.load_balancer",
            "openstack_networking_network_v2.net1",
            "openstack_networking_network_v2.net2",
            "openstack_networking_port_v2.port_admin1",
            "openstack_networking_port_v2.port_admin2",
            "openstack_networking_secgroup_v2.my_security_group",
            "openstack_networking_subnet_v2.subnet1",
            "openstack_networking_subnet_v2.subnet2"
          ]
        }
      ]
    },
    {
      "mode": "managed",
      "type": "openstack_fw_rule_v2",
      "name": "server_connection_rule",
      "provider": "provider[\"registry.terraform.io/terraform-provider-openstack/openstack\"]",
      "instances": [
        {
          "schema_version": 0,
          "attributes": {
            "action": "allow",
            "description": "",
            "destination_ip_address": "",
            "destination_port": "",
            "enabled": true,
            "id": "e1a1062e-90c1-46a4-86c8-85d6fe988537",
            "ip_version": 4,
            "name": "server_connection",
            "project_id": "2e597194973b4c6bad39e73c06c4fc57",
            "protocol": "any",
            "region": "RegionOne",
            "shared": false,
            "source_ip_address": "10.1.1.0/24",
            "source_port": "",
            "tenant_id": "2e597194973b4c6bad39e73c06c4fc57"
          },
          "sensitive_attributes": [],
          "private": "bnVsbA==",
          "dependencies": [
            "openstack_networking_network_v2.net1",
            "openstack_networking_subnet_v2.subnet1"
          ]
        }
      ]
    },
    {
      "mode": "managed",
      "type": "openstack_fw_rule_v2",
      "name": "ssh_admin_rule",
      "provider": "provider[\"registry.terraform.io/terraform-provider-openstack/openstack\"]",
      "instances": [
        {
          "schema_version": 0,
          "attributes": {
            "action": "allow",
            "description": "",
            "destination_ip_address": "10.1.1.45",
            "destination_port": "2022",
            "enabled": true,
            "id": "f37c33db-386a-4b52-85e3-7d81129cb7ef",
            "ip_version": 4,
            "name": "ssh_admin",
            "project_id": "2e597194973b4c6bad39e73c06c4fc57",
            "protocol": "tcp",
            "region": "RegionOne",
            "shared": false,
            "source_ip_address": "",
            "source_port": "",
            "tenant_id": "2e597194973b4c6bad39e73c06c4fc57"
          },
          "sensitive_attributes": [],
          "private": "bnVsbA==",
          "dependencies": [
            "data.openstack_compute_flavor_v2.m1-smaller",
            "data.openstack_compute_keypair_v2.administrador",
            "data.openstack_images_image_v2.focal-administrador-vnx",
            "openstack_compute_instance_v2.administrador",
            "openstack_networking_network_v2.net1",
            "openstack_networking_network_v2.net2",
            "openstack_networking_port_v2.port_admin1",
            "openstack_networking_port_v2.port_admin2",
            "openstack_networking_secgroup_v2.my_security_group",
            "openstack_networking_subnet_v2.subnet1",
            "openstack_networking_subnet_v2.subnet2"
          ]
        }
      ]
    },
    {
      "mode": "managed",
      "type": "openstack_fw_rule_v2",
      "name": "www_lb_rule",
      "provider": "provider[\"registry.terraform.io/terraform-provider-openstack/openstack\"]",
      "instances": [
        {
          "schema_version": 0,
          "attributes": {
            "action": "allow",
            "description": "",
            "destination_ip_address": "10.1.1.84",
            "destination_port": "80",
            "enabled": true,
            "id": "38e3ddeb-66ad-490c-9fe4-a9dc920f6bc4",
            "ip_version": 4,
            "name": "www_lb",
            "project_id": "2e597194973b4c6bad39e73c06c4fc57",
            "protocol": "tcp",
            "region": "RegionOne",
            "shared": false,
            "source_ip_address": "",
            "source_port": "",
            "tenant_id": "2e597194973b4c6bad39e73c06c4fc57"
          },
          "sensitive_attributes": [],
          "private": "bnVsbA==",
          "dependencies": [
            "openstack_lb_loadbalancer_v2.load_balancer",
            "openstack_networking_network_v2.net1",
            "openstack_networking_subnet_v2.subnet1"
          ]
        }
      ]
    },
    {
      "mode": "managed",
      "type": "openstack_lb_listener_v2",
      "name": "lb_listener",
      "provider": "provider[\"registry.terraform.io/terraform-provider-openstack/openstack\"]",
      "instances": [
        {
          "schema_version": 0,
          "attributes": {
            "admin_state_up": true,
            "allowed_cidrs": null,
            "connection_limit": -1,
            "default_pool_id": "",
            "default_tls_container_ref": "",
            "description": "",
            "id": "5ca6b648-5195-4e90-9e83-a362a1835e64",
            "insert_headers": null,
            "loadbalancer_id": "cce9bf79-d8f0-4700-9701-c65abd2c0793",
            "name": "lb_listener",
            "protocol": "HTTP",
            "protocol_port": 80,
            "region": "RegionOne",
            "sni_container_refs": null,
            "tags": null,
            "tenant_id": "2e597194973b4c6bad39e73c06c4fc57",
            "timeout_client_data": 50000,
            "timeout_member_connect": 5000,
            "timeout_member_data": 50000,
            "timeout_tcp_inspect": 0,
            "timeouts": null
          },
          "sensitive_attributes": [],
          "private": "eyJlMmJmYjczMC1lY2FhLTExZTYtOGY4OC0zNDM2M2JjN2M0YzAiOnsiY3JlYXRlIjo2MDAwMDAwMDAwMDAsImRlbGV0ZSI6NjAwMDAwMDAwMDAwLCJ1cGRhdGUiOjYwMDAwMDAwMDAwMH19",
          "dependencies": [
            "openstack_lb_loadbalancer_v2.load_balancer",
            "openstack_networking_network_v2.net1",
            "openstack_networking_subnet_v2.subnet1"
          ]
        }
      ]
    },
    {
      "mode": "managed",
      "type": "openstack_lb_loadbalancer_v2",
      "name": "load_balancer",
      "provider": "provider[\"registry.terraform.io/terraform-provider-openstack/openstack\"]",
      "instances": [
        {
          "schema_version": 0,
          "attributes": {
            "admin_state_up": true,
            "availability_zone": "",
            "description": "",
            "flavor_id": "",
            "id": "cce9bf79-d8f0-4700-9701-c65abd2c0793",
            "loadbalancer_provider": "amphora",
            "name": "load_balancer",
            "region": "RegionOne",
            "security_group_ids": [
              "dbbe2563-a714-4dc1-87b6-6f29acf01a6e"
            ],
            "tags": null,
            "tenant_id": "2e597194973b4c6bad39e73c06c4fc57",
            "timeouts": null,
            "vip_address": "10.1.1.84",
            "vip_network_id": "cd0dd341-8624-458c-ade9-73eb73230f68",
            "vip_port_id": "a3daf08b-b3a5-4460-9435-75e0e911c308",
            "vip_subnet_id": "69b3a79e-1161-4609-be0a-f3f6fb1891e9"
          },
          "sensitive_attributes": [],
          "private": "eyJlMmJmYjczMC1lY2FhLTExZTYtOGY4OC0zNDM2M2JjN2M0YzAiOnsiY3JlYXRlIjo2MDAwMDAwMDAwMDAsImRlbGV0ZSI6MzAwMDAwMDAwMDAwLCJ1cGRhdGUiOjYwMDAwMDAwMDAwMH19",
          "dependencies": [
            "openstack_networking_network_v2.net1",
            "openstack_networking_subnet_v2.subnet1"
          ]
        }
      ]
    },
    {
      "mode": "managed",
      "type": "openstack_lb_members_v2",
      "name": "lb_members",
      "provider": "provider[\"registry.terraform.io/terraform-provider-openstack/openstack\"]",
      "instances": [
        {
          "schema_version": 0,
          "attributes": {
            "id": "1fc8b8c3-d74d-4067-b8ee-8590d9b85d5f",
            "member": [
              {
                "address": "10.1.1.21",
                "admin_state_up": true,
                "backup": false,
                "id": "44be4a31-89aa-4b1b-ab5c-a0d9c415bb32",
                "monitor_address": "",
                "monitor_port": 0,
                "name": "",
                "protocol_port": 80,
                "subnet_id": "",
                "weight": 1
              },
              {
                "address": "10.1.1.30",
                "admin_state_up": true,
                "backup": false,
                "id": "8f61d08e-0ffe-48f5-8b0a-ac96c62e464a",
                "monitor_address": "",
                "monitor_port": 0,
                "name": "",
                "protocol_port": 80,
                "subnet_id": "",
                "weight": 1
              },
              {
                "address": "10.1.1.94",
                "admin_state_up": true,
                "backup": false,
                "id": "286f2ef5-c8f5-43c2-bff2-2009a7a1b80b",
                "monitor_address": "",
                "monitor_port": 0,
                "name": "",
                "protocol_port": 80,
                "subnet_id": "",
                "weight": 1
              }
            ],
            "pool_id": "1fc8b8c3-d74d-4067-b8ee-8590d9b85d5f",
            "region": "RegionOne",
            "timeouts": null
          },
          "sensitive_attributes": [],
          "private": "eyJlMmJmYjczMC1lY2FhLTExZTYtOGY4OC0zNDM2M2JjN2M0YzAiOnsiY3JlYXRlIjo2MDAwMDAwMDAwMDAsImRlbGV0ZSI6NjAwMDAwMDAwMDAwLCJ1cGRhdGUiOjYwMDAwMDAwMDAwMH19",
          "dependencies": [
            "data.openstack_compute_flavor_v2.m1-large",
            "data.openstack_compute_keypair_v2.s1",
            "data.openstack_compute_keypair_v2.s2",
            "data.openstack_compute_keypair_v2.s3",
            "data.openstack_images_image_v2.focal-servers-vnx",
            "openstack_compute_instance_v2.s1",
            "openstack_compute_instance_v2.s2",
            "openstack_compute_instance_v2.s3",
            "openstack_lb_listener_v2.lb_listener",
            "openstack_lb_loadbalancer_v2.load_balancer",
            "openstack_lb_pool_v2.lb_pool",
            "openstack_networking_network_v2.net1",
            "openstack_networking_network_v2.net2",
            "openstack_networking_port_v2.port1_net1",
            "openstack_networking_port_v2.port1_net2",
            "openstack_networking_port_v2.port2_net1",
            "openstack_networking_port_v2.port2_net2",
            "openstack_networking_port_v2.port3_net1",
            "openstack_networking_port_v2.port3_net2",
            "openstack_networking_secgroup_v2.my_security_group",
            "openstack_networking_subnet_v2.subnet1",
            "openstack_networking_subnet_v2.subnet2"
          ]
        }
      ]
    },
    {
      "mode": "managed",
      "type": "openstack_lb_pool_v2",
      "name": "lb_pool",
      "provider": "provider[\"registry.terraform.io/terraform-provider-openstack/openstack\"]",
      "instances": [
        {
          "schema_version": 0,
          "attributes": {
            "admin_state_up": true,
            "description": "",
            "id": "1fc8b8c3-d74d-4067-b8ee-8590d9b85d5f",
            "lb_method": "ROUND_ROBIN",
            "listener_id": "5ca6b648-5195-4e90-9e83-a362a1835e64",
            "loadbalancer_id": null,
            "name": "lb_pool",
            "persistence": [
              {
                "cookie_name": "",
                "type": ""
              }
            ],
            "protocol": "HTTP",
            "region": "RegionOne",
            "tenant_id": "2e597194973b4c6bad39e73c06c4fc57",
            "timeouts": null
          },
          "sensitive_attributes": [],
          "private": "eyJlMmJmYjczMC1lY2FhLTExZTYtOGY4OC0zNDM2M2JjN2M0YzAiOnsiY3JlYXRlIjo2MDAwMDAwMDAwMDAsImRlbGV0ZSI6NjAwMDAwMDAwMDAwLCJ1cGRhdGUiOjYwMDAwMDAwMDAwMH19",
          "dependencies": [
            "openstack_lb_listener_v2.lb_listener",
            "openstack_lb_loadbalancer_v2.load_balancer",
            "openstack_networking_network_v2.net1",
            "openstack_networking_subnet_v2.subnet1"
          ]
        }
      ]
    },
    {
      "mode": "managed",
      "type": "openstack_networking_floatingip_v2",
      "name": "floating_ipAdmin",
      "provider": "provider[\"registry.terraform.io/terraform-provider-openstack/openstack\"]",
      "instances": [
        {
          "schema_version": 0,
          "attributes": {
            "address": "10.0.10.130",
            "all_tags": [],
            "description": "",
            "dns_domain": "",
            "dns_name": "",
            "fixed_ip": "10.1.1.45",
            "id": "5da6fde8-39fb-49f3-9744-2073041342b8",
            "pool": "ExtNet",
            "port_id": "f0fb4525-b228-4161-99f2-59df691e5333",
            "region": "RegionOne",
            "subnet_id": null,
            "subnet_ids": null,
            "tags": null,
            "tenant_id": "2e597194973b4c6bad39e73c06c4fc57",
            "timeouts": null,
            "value_specs": null
          },
          "sensitive_attributes": [],
          "private": "eyJlMmJmYjczMC1lY2FhLTExZTYtOGY4OC0zNDM2M2JjN2M0YzAiOnsiY3JlYXRlIjo2MDAwMDAwMDAwMDAsImRlbGV0ZSI6NjAwMDAwMDAwMDAwfX0=",
          "dependencies": [
            "data.openstack_networking_network_v2.extnet",
            "openstack_networking_network_v2.net1",
            "openstack_networking_port_v2.port_admin1",
            "openstack_networking_secgroup_v2.my_security_group",
            "openstack_networking_subnet_v2.subnet1"
          ]
        }
      ]
    },
    {
      "mode": "managed",
      "type": "openstack_networking_floatingip_v2",
      "name": "floating_ipLB",
      "provider": "provider[\"registry.terraform.io/terraform-provider-openstack/openstack\"]",
      "instances": [
        {
          "schema_version": 0,
          "attributes": {
            "address": "10.0.10.104",
            "all_tags": [],
            "description": "",
            "dns_domain": "",
            "dns_name": "",
            "fixed_ip": "10.1.1.84",
            "id": "55fed8f7-2e05-48eb-9dc6-e22936ea26b2",
            "pool": "ExtNet",
            "port_id": "a3daf08b-b3a5-4460-9435-75e0e911c308",
            "region": "RegionOne",
            "subnet_id": null,
            "subnet_ids": null,
            "tags": null,
            "tenant_id": "2e597194973b4c6bad39e73c06c4fc57",
            "timeouts": null,
            "value_specs": null
          },
          "sensitive_attributes": [],
          "private": "eyJlMmJmYjczMC1lY2FhLTExZTYtOGY4OC0zNDM2M2JjN2M0YzAiOnsiY3JlYXRlIjo2MDAwMDAwMDAwMDAsImRlbGV0ZSI6NjAwMDAwMDAwMDAwfX0=",
          "dependencies": [
            "data.openstack_networking_network_v2.extnet",
            "openstack_lb_loadbalancer_v2.load_balancer",
            "openstack_networking_network_v2.net1",
            "openstack_networking_subnet_v2.subnet1"
          ]
        }
      ]
    },
    {
      "mode": "managed",
      "type": "openstack_networking_network_v2",
      "name": "net1",
      "provider": "provider[\"registry.terraform.io/terraform-provider-openstack/openstack\"]",
      "instances": [
        {
          "schema_version": 0,
          "attributes": {
            "admin_state_up": true,
            "all_tags": [],
            "availability_zone_hints": [],
            "description": "",
            "dns_domain": "",
            "external": false,
            "id": "cd0dd341-8624-458c-ade9-73eb73230f68",
            "mtu": 1450,
            "name": "Net1",
            "port_security_enabled": true,
            "qos_policy_id": "",
            "region": "RegionOne",
            "segments": [
              {
                "network_type": "vxlan",
                "physical_network": "",
                "segmentation_id": 134
              }
            ],
            "shared": false,
            "tags": null,
            "tenant_id": "2e597194973b4c6bad39e73c06c4fc57",
            "timeouts": null,
            "transparent_vlan": false,
            "value_specs": null
          },
          "sensitive_attributes": [],
          "private": "eyJlMmJmYjczMC1lY2FhLTExZTYtOGY4OC0zNDM2M2JjN2M0YzAiOnsiY3JlYXRlIjo2MDAwMDAwMDAwMDAsImRlbGV0ZSI6NjAwMDAwMDAwMDAwfX0="
        }
      ]
    },
    {
      "mode": "managed",
      "type": "openstack_networking_network_v2",
      "name": "net2",
      "provider": "provider[\"registry.terraform.io/terraform-provider-openstack/openstack\"]",
      "instances": [
        {
          "schema_version": 0,
          "attributes": {
            "admin_state_up": true,
            "all_tags": [],
            "availability_zone_hints": [],
            "description": "",
            "dns_domain": "",
            "external": false,
            "id": "b4cede5c-3024-46ba-8b27-5c3fd0afc700",
            "mtu": 1450,
            "name": "Net2",
            "port_security_enabled": true,
            "qos_policy_id": "",
            "region": "RegionOne",
            "segments": [
              {
                "network_type": "vxlan",
                "physical_network": "",
                "segmentation_id": 90
              }
            ],
            "shared": false,
            "tags": null,
            "tenant_id": "2e597194973b4c6bad39e73c06c4fc57",
            "timeouts": null,
            "transparent_vlan": false,
            "value_specs": null
          },
          "sensitive_attributes": [],
          "private": "eyJlMmJmYjczMC1lY2FhLTExZTYtOGY4OC0zNDM2M2JjN2M0YzAiOnsiY3JlYXRlIjo2MDAwMDAwMDAwMDAsImRlbGV0ZSI6NjAwMDAwMDAwMDAwfX0="
        }
      ]
    },
    {
      "mode": "managed",
      "type": "openstack_networking_port_v2",
      "name": "port1_net1",
      "provider": "provider[\"registry.terraform.io/terraform-provider-openstack/openstack\"]",
      "instances": [
        {
          "schema_version": 0,
          "attributes": {
            "admin_state_up": true,
            "all_fixed_ips": [
              "10.1.1.21"
            ],
            "all_security_group_ids": [
              "aa88708d-7e8b-4c3a-8533-f9f42f993063"
            ],
            "all_tags": [],
            "allowed_address_pairs": [],
            "binding": [
              {
                "host_id": "",
                "profile": "{}",
                "vif_details": {},
                "vif_type": "unbound",
                "vnic_type": "normal"
              }
            ],
            "description": "",
            "device_id": "",
            "device_owner": "",
            "dns_assignment": [],
            "dns_name": "",
            "extra_dhcp_option": [],
            "fixed_ip": [
              {
                "ip_address": "",
                "subnet_id": "69b3a79e-1161-4609-be0a-f3f6fb1891e9"
              }
            ],
            "id": "00adbe1c-fe19-4f5c-9aa9-06d12fa22556",
            "mac_address": "fa:16:3e:23:11:58",
            "name": "port1_net1",
            "network_id": "cd0dd341-8624-458c-ade9-73eb73230f68",
            "no_fixed_ip": null,
            "no_security_groups": null,
            "port_security_enabled": true,
            "qos_policy_id": "",
            "region": "RegionOne",
            "security_group_ids": [
              "aa88708d-7e8b-4c3a-8533-f9f42f993063"
            ],
            "tags": null,
            "tenant_id": "2e597194973b4c6bad39e73c06c4fc57",
            "timeouts": null,
            "value_specs": null
          },
          "sensitive_attributes": [],
          "private": "eyJlMmJmYjczMC1lY2FhLTExZTYtOGY4OC0zNDM2M2JjN2M0YzAiOnsiY3JlYXRlIjo2MDAwMDAwMDAwMDAsImRlbGV0ZSI6NjAwMDAwMDAwMDAwfX0=",
          "dependencies": [
            "openstack_networking_network_v2.net1",
            "openstack_networking_secgroup_v2.my_security_group",
            "openstack_networking_subnet_v2.subnet1"
          ]
        }
      ]
    },
    {
      "mode": "managed",
      "type": "openstack_networking_port_v2",
      "name": "port1_net2",
      "provider": "provider[\"registry.terraform.io/terraform-provider-openstack/openstack\"]",
      "instances": [
        {
          "schema_version": 0,
          "attributes": {
            "admin_state_up": true,
            "all_fixed_ips": [
              "10.1.2.24"
            ],
            "all_security_group_ids": [
              "aa88708d-7e8b-4c3a-8533-f9f42f993063"
            ],
            "all_tags": [],
            "allowed_address_pairs": [],
            "binding": [
              {
                "host_id": "",
                "profile": "{}",
                "vif_details": {},
                "vif_type": "unbound",
                "vnic_type": "normal"
              }
            ],
            "description": "",
            "device_id": "",
            "device_owner": "",
            "dns_assignment": [],
            "dns_name": "",
            "extra_dhcp_option": [],
            "fixed_ip": [
              {
                "ip_address": "",
                "subnet_id": "2f8d0d1c-bf6a-47fb-8a1c-06ed336df3e3"
              }
            ],
            "id": "9ed1ce11-cfdc-4f88-a06f-4d178e18972a",
            "mac_address": "fa:16:3e:b5:85:85",
            "name": "port1_net2",
            "network_id": "b4cede5c-3024-46ba-8b27-5c3fd0afc700",
            "no_fixed_ip": null,
            "no_security_groups": null,
            "port_security_enabled": true,
            "qos_policy_id": "",
            "region": "RegionOne",
            "security_group_ids": [
              "aa88708d-7e8b-4c3a-8533-f9f42f993063"
            ],
            "tags": null,
            "tenant_id": "2e597194973b4c6bad39e73c06c4fc57",
            "timeouts": null,
            "value_specs": null
          },
          "sensitive_attributes": [],
          "private": "eyJlMmJmYjczMC1lY2FhLTExZTYtOGY4OC0zNDM2M2JjN2M0YzAiOnsiY3JlYXRlIjo2MDAwMDAwMDAwMDAsImRlbGV0ZSI6NjAwMDAwMDAwMDAwfX0=",
          "dependencies": [
            "openstack_networking_network_v2.net2",
            "openstack_networking_secgroup_v2.my_security_group",
            "openstack_networking_subnet_v2.subnet2"
          ]
        }
      ]
    },
    {
      "mode": "managed",
      "type": "openstack_networking_port_v2",
      "name": "port2_net1",
      "provider": "provider[\"registry.terraform.io/terraform-provider-openstack/openstack\"]",
      "instances": [
        {
          "schema_version": 0,
          "attributes": {
            "admin_state_up": true,
            "all_fixed_ips": [
              "10.1.1.30"
            ],
            "all_security_group_ids": [
              "aa88708d-7e8b-4c3a-8533-f9f42f993063"
            ],
            "all_tags": [],
            "allowed_address_pairs": [],
            "binding": [
              {
                "host_id": "",
                "profile": "{}",
                "vif_details": {},
                "vif_type": "unbound",
                "vnic_type": "normal"
              }
            ],
            "description": "",
            "device_id": "",
            "device_owner": "",
            "dns_assignment": [],
            "dns_name": "",
            "extra_dhcp_option": [],
            "fixed_ip": [
              {
                "ip_address": "",
                "subnet_id": "69b3a79e-1161-4609-be0a-f3f6fb1891e9"
              }
            ],
            "id": "16f48d75-88d8-4c57-8f4c-32705d259f05",
            "mac_address": "fa:16:3e:bf:f4:0f",
            "name": "port2_net1",
            "network_id": "cd0dd341-8624-458c-ade9-73eb73230f68",
            "no_fixed_ip": null,
            "no_security_groups": null,
            "port_security_enabled": true,
            "qos_policy_id": "",
            "region": "RegionOne",
            "security_group_ids": [
              "aa88708d-7e8b-4c3a-8533-f9f42f993063"
            ],
            "tags": null,
            "tenant_id": "2e597194973b4c6bad39e73c06c4fc57",
            "timeouts": null,
            "value_specs": null
          },
          "sensitive_attributes": [],
          "private": "eyJlMmJmYjczMC1lY2FhLTExZTYtOGY4OC0zNDM2M2JjN2M0YzAiOnsiY3JlYXRlIjo2MDAwMDAwMDAwMDAsImRlbGV0ZSI6NjAwMDAwMDAwMDAwfX0=",
          "dependencies": [
            "openstack_networking_network_v2.net1",
            "openstack_networking_secgroup_v2.my_security_group",
            "openstack_networking_subnet_v2.subnet1"
          ]
        }
      ]
    },
    {
      "mode": "managed",
      "type": "openstack_networking_port_v2",
      "name": "port2_net2",
      "provider": "provider[\"registry.terraform.io/terraform-provider-openstack/openstack\"]",
      "instances": [
        {
          "schema_version": 0,
          "attributes": {
            "admin_state_up": true,
            "all_fixed_ips": [
              "10.1.2.10"
            ],
            "all_security_group_ids": [
              "aa88708d-7e8b-4c3a-8533-f9f42f993063"
            ],
            "all_tags": [],
            "allowed_address_pairs": [],
            "binding": [
              {
                "host_id": "",
                "profile": "{}",
                "vif_details": {},
                "vif_type": "unbound",
                "vnic_type": "normal"
              }
            ],
            "description": "",
            "device_id": "",
            "device_owner": "",
            "dns_assignment": [],
            "dns_name": "",
            "extra_dhcp_option": [],
            "fixed_ip": [
              {
                "ip_address": "",
                "subnet_id": "2f8d0d1c-bf6a-47fb-8a1c-06ed336df3e3"
              }
            ],
            "id": "b892fcd4-3a4a-4ff1-8637-9e722f0b4356",
            "mac_address": "fa:16:3e:da:02:6c",
            "name": "port2_net2",
            "network_id": "b4cede5c-3024-46ba-8b27-5c3fd0afc700",
            "no_fixed_ip": null,
            "no_security_groups": null,
            "port_security_enabled": true,
            "qos_policy_id": "",
            "region": "RegionOne",
            "security_group_ids": [
              "aa88708d-7e8b-4c3a-8533-f9f42f993063"
            ],
            "tags": null,
            "tenant_id": "2e597194973b4c6bad39e73c06c4fc57",
            "timeouts": null,
            "value_specs": null
          },
          "sensitive_attributes": [],
          "private": "eyJlMmJmYjczMC1lY2FhLTExZTYtOGY4OC0zNDM2M2JjN2M0YzAiOnsiY3JlYXRlIjo2MDAwMDAwMDAwMDAsImRlbGV0ZSI6NjAwMDAwMDAwMDAwfX0=",
          "dependencies": [
            "openstack_networking_network_v2.net2",
            "openstack_networking_secgroup_v2.my_security_group",
            "openstack_networking_subnet_v2.subnet2"
          ]
        }
      ]
    },
    {
      "mode": "managed",
      "type": "openstack_networking_port_v2",
      "name": "port3_net1",
      "provider": "provider[\"registry.terraform.io/terraform-provider-openstack/openstack\"]",
      "instances": [
        {
          "schema_version": 0,
          "attributes": {
            "admin_state_up": true,
            "all_fixed_ips": [
              "10.1.1.94"
            ],
            "all_security_group_ids": [
              "aa88708d-7e8b-4c3a-8533-f9f42f993063"
            ],
            "all_tags": [],
            "allowed_address_pairs": [],
            "binding": [
              {
                "host_id": "",
                "profile": "{}",
                "vif_details": {},
                "vif_type": "unbound",
                "vnic_type": "normal"
              }
            ],
            "description": "",
            "device_id": "",
            "device_owner": "",
            "dns_assignment": [],
            "dns_name": "",
            "extra_dhcp_option": [],
            "fixed_ip": [
              {
                "ip_address": "",
                "subnet_id": "69b3a79e-1161-4609-be0a-f3f6fb1891e9"
              }
            ],
            "id": "711870b7-c55c-4a4d-9df6-e5bf0bce06c4",
            "mac_address": "fa:16:3e:bd:ad:23",
            "name": "port3_net1",
            "network_id": "cd0dd341-8624-458c-ade9-73eb73230f68",
            "no_fixed_ip": null,
            "no_security_groups": null,
            "port_security_enabled": true,
            "qos_policy_id": "",
            "region": "RegionOne",
            "security_group_ids": [
              "aa88708d-7e8b-4c3a-8533-f9f42f993063"
            ],
            "tags": null,
            "tenant_id": "2e597194973b4c6bad39e73c06c4fc57",
            "timeouts": null,
            "value_specs": null
          },
          "sensitive_attributes": [],
          "private": "eyJlMmJmYjczMC1lY2FhLTExZTYtOGY4OC0zNDM2M2JjN2M0YzAiOnsiY3JlYXRlIjo2MDAwMDAwMDAwMDAsImRlbGV0ZSI6NjAwMDAwMDAwMDAwfX0=",
          "dependencies": [
            "openstack_networking_network_v2.net1",
            "openstack_networking_secgroup_v2.my_security_group",
            "openstack_networking_subnet_v2.subnet1"
          ]
        }
      ]
    },
    {
      "mode": "managed",
      "type": "openstack_networking_port_v2",
      "name": "port3_net2",
      "provider": "provider[\"registry.terraform.io/terraform-provider-openstack/openstack\"]",
      "instances": [
        {
          "schema_version": 0,
          "attributes": {
            "admin_state_up": true,
            "all_fixed_ips": [
              "10.1.2.44"
            ],
            "all_security_group_ids": [
              "aa88708d-7e8b-4c3a-8533-f9f42f993063"
            ],
            "all_tags": [],
            "allowed_address_pairs": [],
            "binding": [
              {
                "host_id": "",
                "profile": "{}",
                "vif_details": {},
                "vif_type": "unbound",
                "vnic_type": "normal"
              }
            ],
            "description": "",
            "device_id": "",
            "device_owner": "",
            "dns_assignment": [],
            "dns_name": "",
            "extra_dhcp_option": [],
            "fixed_ip": [
              {
                "ip_address": "",
                "subnet_id": "2f8d0d1c-bf6a-47fb-8a1c-06ed336df3e3"
              }
            ],
            "id": "10e0c39d-be56-4d7c-aef1-1dd293a0b1dc",
            "mac_address": "fa:16:3e:d8:4f:b4",
            "name": "port3_net2",
            "network_id": "b4cede5c-3024-46ba-8b27-5c3fd0afc700",
            "no_fixed_ip": null,
            "no_security_groups": null,
            "port_security_enabled": true,
            "qos_policy_id": "",
            "region": "RegionOne",
            "security_group_ids": [
              "aa88708d-7e8b-4c3a-8533-f9f42f993063"
            ],
            "tags": null,
            "tenant_id": "2e597194973b4c6bad39e73c06c4fc57",
            "timeouts": null,
            "value_specs": null
          },
          "sensitive_attributes": [],
          "private": "eyJlMmJmYjczMC1lY2FhLTExZTYtOGY4OC0zNDM2M2JjN2M0YzAiOnsiY3JlYXRlIjo2MDAwMDAwMDAwMDAsImRlbGV0ZSI6NjAwMDAwMDAwMDAwfX0=",
          "dependencies": [
            "openstack_networking_network_v2.net2",
            "openstack_networking_secgroup_v2.my_security_group",
            "openstack_networking_subnet_v2.subnet2"
          ]
        }
      ]
    },
    {
      "mode": "managed",
      "type": "openstack_networking_port_v2",
      "name": "portBBDD_net2",
      "provider": "provider[\"registry.terraform.io/terraform-provider-openstack/openstack\"]",
      "instances": [
        {
          "schema_version": 0,
          "attributes": {
            "admin_state_up": true,
            "all_fixed_ips": [
              "10.1.2.83"
            ],
            "all_security_group_ids": [
              "aa88708d-7e8b-4c3a-8533-f9f42f993063"
            ],
            "all_tags": [],
            "allowed_address_pairs": [],
            "binding": [
              {
                "host_id": "",
                "profile": "{}",
                "vif_details": {},
                "vif_type": "unbound",
                "vnic_type": "normal"
              }
            ],
            "description": "",
            "device_id": "",
            "device_owner": "",
            "dns_assignment": [],
            "dns_name": "",
            "extra_dhcp_option": [],
            "fixed_ip": [
              {
                "ip_address": "10.1.2.83",
                "subnet_id": "2f8d0d1c-bf6a-47fb-8a1c-06ed336df3e3"
              }
            ],
            "id": "ba6ddf85-195b-4875-ac60-8283f76dcbb6",
            "mac_address": "fa:16:3e:d7:f8:a9",
            "name": "portBBDD_net2",
            "network_id": "b4cede5c-3024-46ba-8b27-5c3fd0afc700",
            "no_fixed_ip": null,
            "no_security_groups": null,
            "port_security_enabled": true,
            "qos_policy_id": "",
            "region": "RegionOne",
            "security_group_ids": [
              "aa88708d-7e8b-4c3a-8533-f9f42f993063"
            ],
            "tags": null,
            "tenant_id": "2e597194973b4c6bad39e73c06c4fc57",
            "timeouts": null,
            "value_specs": null
          },
          "sensitive_attributes": [],
          "private": "eyJlMmJmYjczMC1lY2FhLTExZTYtOGY4OC0zNDM2M2JjN2M0YzAiOnsiY3JlYXRlIjo2MDAwMDAwMDAwMDAsImRlbGV0ZSI6NjAwMDAwMDAwMDAwfX0=",
          "dependencies": [
            "openstack_networking_network_v2.net2",
            "openstack_networking_secgroup_v2.my_security_group",
            "openstack_networking_subnet_v2.subnet2"
          ]
        }
      ]
    },
    {
      "mode": "managed",
      "type": "openstack_networking_port_v2",
      "name": "port_admin1",
      "provider": "provider[\"registry.terraform.io/terraform-provider-openstack/openstack\"]",
      "instances": [
        {
          "schema_version": 0,
          "attributes": {
            "admin_state_up": true,
            "all_fixed_ips": [
              "10.1.1.45"
            ],
            "all_security_group_ids": [
              "aa88708d-7e8b-4c3a-8533-f9f42f993063"
            ],
            "all_tags": [],
            "allowed_address_pairs": [],
            "binding": [
              {
                "host_id": "",
                "profile": "{}",
                "vif_details": {},
                "vif_type": "unbound",
                "vnic_type": "normal"
              }
            ],
            "description": "",
            "device_id": "",
            "device_owner": "",
            "dns_assignment": [],
            "dns_name": "",
            "extra_dhcp_option": [],
            "fixed_ip": [
              {
                "ip_address": "",
                "subnet_id": "69b3a79e-1161-4609-be0a-f3f6fb1891e9"
              }
            ],
            "id": "f0fb4525-b228-4161-99f2-59df691e5333",
            "mac_address": "fa:16:3e:18:e1:91",
            "name": "port_admin1",
            "network_id": "cd0dd341-8624-458c-ade9-73eb73230f68",
            "no_fixed_ip": null,
            "no_security_groups": null,
            "port_security_enabled": true,
            "qos_policy_id": "",
            "region": "RegionOne",
            "security_group_ids": [
              "aa88708d-7e8b-4c3a-8533-f9f42f993063"
            ],
            "tags": null,
            "tenant_id": "2e597194973b4c6bad39e73c06c4fc57",
            "timeouts": null,
            "value_specs": null
          },
          "sensitive_attributes": [],
          "private": "eyJlMmJmYjczMC1lY2FhLTExZTYtOGY4OC0zNDM2M2JjN2M0YzAiOnsiY3JlYXRlIjo2MDAwMDAwMDAwMDAsImRlbGV0ZSI6NjAwMDAwMDAwMDAwfX0=",
          "dependencies": [
            "openstack_networking_network_v2.net1",
            "openstack_networking_secgroup_v2.my_security_group",
            "openstack_networking_subnet_v2.subnet1"
          ]
        }
      ]
    },
    {
      "mode": "managed",
      "type": "openstack_networking_port_v2",
      "name": "port_admin2",
      "provider": "provider[\"registry.terraform.io/terraform-provider-openstack/openstack\"]",
      "instances": [
        {
          "schema_version": 0,
          "attributes": {
            "admin_state_up": true,
            "all_fixed_ips": [
              "10.1.2.41"
            ],
            "all_security_group_ids": [
              "aa88708d-7e8b-4c3a-8533-f9f42f993063"
            ],
            "all_tags": [],
            "allowed_address_pairs": [],
            "binding": [
              {
                "host_id": "",
                "profile": "{}",
                "vif_details": {},
                "vif_type": "unbound",
                "vnic_type": "normal"
              }
            ],
            "description": "",
            "device_id": "",
            "device_owner": "",
            "dns_assignment": [],
            "dns_name": "",
            "extra_dhcp_option": [],
            "fixed_ip": [
              {
                "ip_address": "",
                "subnet_id": "2f8d0d1c-bf6a-47fb-8a1c-06ed336df3e3"
              }
            ],
            "id": "212a0a55-8343-4a7a-92e7-342d3271b90a",
            "mac_address": "fa:16:3e:b5:ba:03",
            "name": "port_admin2",
            "network_id": "b4cede5c-3024-46ba-8b27-5c3fd0afc700",
            "no_fixed_ip": null,
            "no_security_groups": null,
            "port_security_enabled": true,
            "qos_policy_id": "",
            "region": "RegionOne",
            "security_group_ids": [
              "aa88708d-7e8b-4c3a-8533-f9f42f993063"
            ],
            "tags": null,
            "tenant_id": "2e597194973b4c6bad39e73c06c4fc57",
            "timeouts": null,
            "value_specs": null
          },
          "sensitive_attributes": [],
          "private": "eyJlMmJmYjczMC1lY2FhLTExZTYtOGY4OC0zNDM2M2JjN2M0YzAiOnsiY3JlYXRlIjo2MDAwMDAwMDAwMDAsImRlbGV0ZSI6NjAwMDAwMDAwMDAwfX0=",
          "dependencies": [
            "openstack_networking_network_v2.net2",
            "openstack_networking_secgroup_v2.my_security_group",
            "openstack_networking_subnet_v2.subnet2"
          ]
        }
      ]
    },
    {
      "mode": "managed",
      "type": "openstack_networking_router_interface_v2",
      "name": "fw_router_inface",
      "provider": "provider[\"registry.terraform.io/terraform-provider-openstack/openstack\"]",
      "instances": [
        {
          "schema_version": 0,
          "attributes": {
            "force_destroy": false,
            "id": "a186e22e-4ff1-4fc4-a885-146f1a50da60",
            "port_id": "a186e22e-4ff1-4fc4-a885-146f1a50da60",
            "region": "RegionOne",
            "router_id": "5c184e6e-affb-41b6-a66a-2f194d63f585",
            "subnet_id": "69b3a79e-1161-4609-be0a-f3f6fb1891e9",
            "timeouts": null
          },
          "sensitive_attributes": [],
          "private": "eyJlMmJmYjczMC1lY2FhLTExZTYtOGY4OC0zNDM2M2JjN2M0YzAiOnsiY3JlYXRlIjo2MDAwMDAwMDAwMDAsImRlbGV0ZSI6NjAwMDAwMDAwMDAwfX0=",
          "dependencies": [
            "data.openstack_networking_network_v2.extnet",
            "openstack_networking_network_v2.net1",
            "openstack_networking_router_v2.firewall_router",
            "openstack_networking_subnet_v2.subnet1"
          ]
        }
      ]
    },
    {
      "mode": "managed",
      "type": "openstack_networking_router_v2",
      "name": "firewall_router",
      "provider": "provider[\"registry.terraform.io/terraform-provider-openstack/openstack\"]",
      "instances": [
        {
          "schema_version": 0,
          "attributes": {
            "admin_state_up": true,
            "all_tags": [],
            "availability_zone_hints": [],
            "description": "",
            "distributed": false,
            "enable_snat": true,
            "external_fixed_ip": [
              {
                "ip_address": "10.0.10.194",
                "subnet_id": "c92ce81a-7a5b-4546-9939-6f6ed1ddcfb9"
              }
            ],
            "external_gateway": "5b159d03-915d-4181-af77-7e03905ef5a1",
            "external_network_id": "5b159d03-915d-4181-af77-7e03905ef5a1",
            "external_subnet_ids": null,
            "id": "5c184e6e-affb-41b6-a66a-2f194d63f585",
            "name": "firewall_router",
            "region": "RegionOne",
            "tags": null,
            "tenant_id": "2e597194973b4c6bad39e73c06c4fc57",
            "timeouts": null,
            "value_specs": null,
            "vendor_options": []
          },
          "sensitive_attributes": [],
          "private": "eyJlMmJmYjczMC1lY2FhLTExZTYtOGY4OC0zNDM2M2JjN2M0YzAiOnsiY3JlYXRlIjo2MDAwMDAwMDAwMDAsImRlbGV0ZSI6NjAwMDAwMDAwMDAwfX0=",
          "dependencies": [
            "data.openstack_networking_network_v2.extnet"
          ]
        }
      ]
    },
    {
      "mode": "managed",
      "type": "openstack_networking_secgroup_rule_v2",
      "name": "security_group_rule_engress",
      "provider": "provider[\"registry.terraform.io/terraform-provider-openstack/openstack\"]",
      "instances": [
        {
          "schema_version": 0,
          "attributes": {
            "description": "",
            "direction": "egress",
            "ethertype": "IPv4",
            "id": "acdbc066-fd11-47d4-aaa3-0198d1c881ae",
            "port_range_max": 0,
            "port_range_min": 0,
            "protocol": "tcp",
            "region": "RegionOne",
            "remote_group_id": "",
            "remote_ip_prefix": "0.0.0.0/0",
            "security_group_id": "aa88708d-7e8b-4c3a-8533-f9f42f993063",
            "tenant_id": "2e597194973b4c6bad39e73c06c4fc57",
            "timeouts": null
          },
          "sensitive_attributes": [],
          "private": "eyJlMmJmYjczMC1lY2FhLTExZTYtOGY4OC0zNDM2M2JjN2M0YzAiOnsiZGVsZXRlIjo2MDAwMDAwMDAwMDB9fQ==",
          "dependencies": [
            "openstack_networking_secgroup_v2.my_security_group"
          ]
        }
      ]
    },
    {
      "mode": "managed",
      "type": "openstack_networking_secgroup_rule_v2",
      "name": "security_group_rule_ingress",
      "provider": "provider[\"registry.terraform.io/terraform-provider-openstack/openstack\"]",
      "instances": [
        {
          "schema_version": 0,
          "attributes": {
            "description": "",
            "direction": "ingress",
            "ethertype": "IPv4",
            "id": "0d6f7994-baf4-452b-b324-bbac150bc2ac",
            "port_range_max": 0,
            "port_range_min": 0,
            "protocol": "tcp",
            "region": "RegionOne",
            "remote_group_id": "",
            "remote_ip_prefix": "0.0.0.0/0",
            "security_group_id": "aa88708d-7e8b-4c3a-8533-f9f42f993063",
            "tenant_id": "2e597194973b4c6bad39e73c06c4fc57",
            "timeouts": null
          },
          "sensitive_attributes": [],
          "private": "eyJlMmJmYjczMC1lY2FhLTExZTYtOGY4OC0zNDM2M2JjN2M0YzAiOnsiZGVsZXRlIjo2MDAwMDAwMDAwMDB9fQ==",
          "dependencies": [
            "openstack_networking_secgroup_v2.my_security_group"
          ]
        }
      ]
    },
    {
      "mode": "managed",
      "type": "openstack_networking_secgroup_v2",
      "name": "my_security_group",
      "provider": "provider[\"registry.terraform.io/terraform-provider-openstack/openstack\"]",
      "instances": [
        {
          "schema_version": 0,
          "attributes": {
            "all_tags": [],
            "delete_default_rules": true,
            "description": "Grupo de Seguridad para permitir todo el trafico",
            "id": "aa88708d-7e8b-4c3a-8533-f9f42f993063",
            "name": "open",
            "region": "RegionOne",
            "tags": null,
            "tenant_id": "2e597194973b4c6bad39e73c06c4fc57",
            "timeouts": null
          },
          "sensitive_attributes": [],
          "private": "eyJlMmJmYjczMC1lY2FhLTExZTYtOGY4OC0zNDM2M2JjN2M0YzAiOnsiZGVsZXRlIjo2MDAwMDAwMDAwMDB9fQ=="
        }
      ]
    },
    {
      "mode": "managed",
      "type": "openstack_networking_subnet_v2",
      "name": "subnet1",
      "provider": "provider[\"registry.terraform.io/terraform-provider-openstack/openstack\"]",
      "instances": [
        {
          "schema_version": 0,
          "attributes": {
            "all_tags": [],
            "allocation_pool": [
              {
                "end": "10.1.1.100",
                "start": "10.1.1.2"
              }
            ],
            "allocation_pools": [
              {
                "end": "10.1.1.100",
                "start": "10.1.1.2"
              }
            ],
            "cidr": "10.1.1.0/24",
            "description": "",
            "dns_nameservers": [
              "8.8.8.8"
            ],
            "enable_dhcp": true,
            "gateway_ip": "10.1.1.1",
            "host_routes": [],
            "id": "69b3a79e-1161-4609-be0a-f3f6fb1891e9",
            "ip_version": 4,
            "ipv6_address_mode": "",
            "ipv6_ra_mode": "",
            "name": "subnet1",
            "network_id": "cd0dd341-8624-458c-ade9-73eb73230f68",
            "no_gateway": false,
            "prefix_length": null,
            "region": "RegionOne",
            "service_types": [],
            "subnetpool_id": "",
            "tags": null,
            "tenant_id": "2e597194973b4c6bad39e73c06c4fc57",
            "timeouts": null,
            "value_specs": null
          },
          "sensitive_attributes": [],
          "private": "eyJlMmJmYjczMC1lY2FhLTExZTYtOGY4OC0zNDM2M2JjN2M0YzAiOnsiY3JlYXRlIjo2MDAwMDAwMDAwMDAsImRlbGV0ZSI6NjAwMDAwMDAwMDAwfX0=",
          "dependencies": [
            "openstack_networking_network_v2.net1"
          ]
        }
      ]
    },
    {
      "mode": "managed",
      "type": "openstack_networking_subnet_v2",
      "name": "subnet2",
      "provider": "provider[\"registry.terraform.io/terraform-provider-openstack/openstack\"]",
      "instances": [
        {
          "schema_version": 0,
          "attributes": {
            "all_tags": [],
            "allocation_pool": [
              {
                "end": "10.1.2.100",
                "start": "10.1.2.2"
              }
            ],
            "allocation_pools": [
              {
                "end": "10.1.2.100",
                "start": "10.1.2.2"
              }
            ],
            "cidr": "10.1.2.0/24",
            "description": "",
            "dns_nameservers": null,
            "enable_dhcp": true,
            "gateway_ip": "10.1.2.1",
            "host_routes": [],
            "id": "2f8d0d1c-bf6a-47fb-8a1c-06ed336df3e3",
            "ip_version": 4,
            "ipv6_address_mode": "",
            "ipv6_ra_mode": "",
            "name": "subnet2",
            "network_id": "b4cede5c-3024-46ba-8b27-5c3fd0afc700",
            "no_gateway": false,
            "prefix_length": null,
            "region": "RegionOne",
            "service_types": [],
            "subnetpool_id": "",
            "tags": null,
            "tenant_id": "2e597194973b4c6bad39e73c06c4fc57",
            "timeouts": null,
            "value_specs": null
          },
          "sensitive_attributes": [],
          "private": "eyJlMmJmYjczMC1lY2FhLTExZTYtOGY4OC0zNDM2M2JjN2M0YzAiOnsiY3JlYXRlIjo2MDAwMDAwMDAwMDAsImRlbGV0ZSI6NjAwMDAwMDAwMDAwfX0=",
          "dependencies": [
            "openstack_networking_network_v2.net2"
          ]
        }
      ]
    }
  ],
  "check_results": null
}
