{
  "version": 4,
  "terraform_version": "1.9.2",
  "serial": 414,
  "lineage": "44ed16df-5237-2c31-a76f-4b02f1f3f925",
  "outputs": {
    "lb_pool_id": {
      "value": "e0505fc1-eb68-445f-8f30-14bb1fa9e32c",
      "type": "string"
    }
  },
  "resources": [
    {
      "mode": "data",
      "type": "openstack_compute_flavor_v2",
      "name": "m1-large",
      "provider": "provider[\"registry.terraform.io/terraform-provider-openstack/openstack\"]",
      "instances": [
        {
          "schema_version": 0,
          "attributes": {
            "description": "",
            "disk": 5,
            "extra_specs": {},
            "flavor_id": "ec714d14-587b-4ecd-b764-16ad1c17ada7",
            "id": "ec714d14-587b-4ecd-b764-16ad1c17ada7",
            "is_public": true,
            "min_disk": null,
            "min_ram": null,
            "name": "m1.large",
            "ram": 512,
            "region": null,
            "rx_tx_factor": 1,
            "swap": 0,
            "vcpus": 1
          },
          "sensitive_attributes": []
        }
      ]
    },
    {
      "mode": "data",
      "type": "openstack_compute_flavor_v2",
      "name": "m1-smaller",
      "provider": "provider[\"registry.terraform.io/terraform-provider-openstack/openstack\"]",
      "instances": [
        {
          "schema_version": 0,
          "attributes": {
            "description": "",
            "disk": 3,
            "extra_specs": {},
            "flavor_id": "a6b5d687-421b-4841-947f-ee26f32c9622",
            "id": "a6b5d687-421b-4841-947f-ee26f32c9622",
            "is_public": true,
            "min_disk": null,
            "min_ram": null,
            "name": "m1.smaller",
            "ram": 512,
            "region": null,
            "rx_tx_factor": 1,
            "swap": 0,
            "vcpus": 1
          },
          "sensitive_attributes": []
        }
      ]
    },
    {
      "mode": "data",
      "type": "openstack_compute_keypair_v2",
      "name": "administrador",
      "provider": "provider[\"registry.terraform.io/terraform-provider-openstack/openstack\"]",
      "instances": [
        {
          "schema_version": 0,
          "attributes": {
            "fingerprint": "94:33:c8:97:d0:65:5a:34:21:fd:e1:88:26:fa:51:63",
            "id": "administrador",
            "name": "administrador",
            "public_key": "ssh-rsa AAAAB3NzaC1yc2EAAAADAQABAAABAQCQAc7ET2828+YbIhJQnh9TiDRcKTIFDZw84HPO5EPK+pVcc8o+FZxGPCxtULOvNMMvQhcUvoPYmIuk/0a5BwuBLfVSMEuou6XFXfmJE19BW1ApHcGGzVPDCX3P/q7iuF+8K3W6UlPwIg9dOEcAwwHq8efUtSmHetQTGE1fYxaT6mFmxskufm2V2cR+FxPn4NUAMMXoxkjAKYJFpbkrjgGLOhph9yC+b0HbyAkOIrLGXRLdXelieib78p2ob+188EIZMC5E3A+ddJ004bB6xHtIvjs28tbFoWIvOsebVZVmMm8IlNJ3yGyzqzkkpvqafD0NCms9iAVxxxQYKAGXlOVB Generated-by-Nova",
            "region": "RegionOne",
            "user_id": "32d57a57480c4516abb280d0b14c6c29"
          },
          "sensitive_attributes": []
        }
      ]
    },
    {
      "mode": "data",
      "type": "openstack_compute_keypair_v2",
      "name": "bbdd",
      "provider": "provider[\"registry.terraform.io/terraform-provider-openstack/openstack\"]",
      "instances": [
        {
          "schema_version": 0,
          "attributes": {
            "fingerprint": "12:e9:c8:06:36:a6:03:ed:19:95:0a:e4:d1:ba:34:df",
            "id": "bbdd",
            "name": "bbdd",
            "public_key": "ssh-rsa AAAAB3NzaC1yc2EAAAADAQABAAABAQCxEAg08p7rRHK3a3dngGcO7xlxqfEKNnjciQ9YCES8llCgz+wEqXWxBp9Lh0hHk7glC0r1pZ6sQOxyUEDaBchERvumejDPDocK3DEv0/BIsWdVr7ty5ez7ekCZDi+P71/F+6VR4qWNXCopqhvjkQ+86FDNMMe+IPi7oaZOY4dZTkn3LHts6Iu/DOWw3UKGIMe0F48ryljwfNcWkYU2vIuLiNeRJJ48/IkmYLN8ITFRkPcaG/1J3XEHc7bogACnG0ZcdeCqcM+IQThiYtecpW8hFbcuMvzEjB+WheOR1UjHf5h8ay2taRM3GrI562qIm7TlsNjDfGdh5UHcrcjoRp+R Generated-by-Nova",
            "region": "RegionOne",
            "user_id": "32d57a57480c4516abb280d0b14c6c29"
          },
          "sensitive_attributes": []
        }
      ]
    },
    {
      "mode": "data",
      "type": "openstack_compute_keypair_v2",
      "name": "s1",
      "provider": "provider[\"registry.terraform.io/terraform-provider-openstack/openstack\"]",
      "instances": [
        {
          "schema_version": 0,
          "attributes": {
            "fingerprint": "ed:5e:9d:47:f6:90:d5:36:62:c0:49:da:25:b2:f7:10",
            "id": "s1",
            "name": "s1",
            "public_key": "ssh-rsa AAAAB3NzaC1yc2EAAAADAQABAAABAQCs+7hvO0MjWAayOEqggjKWFUqm9XzS12j7PvVJQ4s50REexZWF0lxEgBC7sEI9h9mxCXqhyjIEyaj8fbxOlEcFY+0U4PiAD33O5lDjwiv/M/U4LxyYjcG6pywhRRBb8M6xiuUB1cmjG7x1Ya5rlp9670tqvZqC6U+cyjQrDiUmsP65x1hZhdHAE587ZgiPk3UWf/Wi4G4WbopJnN46RuYugSJxc4pVv/x2ff20YzasDvo/VHxEahGeM7ae/sbxOd69kCjx0kfGhgMas8EB4cmCJsLRmctjAwVSRHf0m03TBNrkrXoNe8H5Xc6CERaIfr9u+yjU2y1x3HkItY3qANBR Generated-by-Nova",
            "region": "RegionOne",
            "user_id": "32d57a57480c4516abb280d0b14c6c29"
          },
          "sensitive_attributes": []
        }
      ]
    },
    {
      "mode": "data",
      "type": "openstack_compute_keypair_v2",
      "name": "s2",
      "provider": "provider[\"registry.terraform.io/terraform-provider-openstack/openstack\"]",
      "instances": [
        {
          "schema_version": 0,
          "attributes": {
            "fingerprint": "fb:91:b3:44:63:ec:61:40:ad:cd:93:f7:35:8b:d3:cd",
            "id": "s2",
            "name": "s2",
            "public_key": "ssh-rsa AAAAB3NzaC1yc2EAAAADAQABAAABAQCmNpi5lrOPbcYr5I5tOVEPNSpMnM1qMq0lR+k65dVANPqrGenVgxZHNMunowD/jK81jdbESshkHrkvlW8ZQz3maa1cWqoBhk4u6M0lngyelCzNgbg6G70MDHlIwd0Kzh8N3fF3UXWBLE7tgMSwXjfIlyW7hciM+y63GYqG5vMs0m3hOvc5B0O5//vl3Nvl2o/0VQjoGd0UZwJM6R+6stIJNZ8Ui4x7m/qO6QBSkZGi3uIZRL+couS8SXxW/j4ezhF9DPZKIT41Lsb99tKc4UyseAFoHYe5iCTchV7EKLtB8Iqo6CP00chgfqPZKqa/IUbrJh6Oo5kup/aiVBRCwqAR Generated-by-Nova",
            "region": "RegionOne",
            "user_id": "32d57a57480c4516abb280d0b14c6c29"
          },
          "sensitive_attributes": []
        }
      ]
    },
    {
      "mode": "data",
      "type": "openstack_compute_keypair_v2",
      "name": "s3",
      "provider": "provider[\"registry.terraform.io/terraform-provider-openstack/openstack\"]",
      "instances": [
        {
          "schema_version": 0,
          "attributes": {
            "fingerprint": "96:a5:85:44:13:a7:17:6f:18:ff:cf:e7:9b:a9:97:27",
            "id": "s3",
            "name": "s3",
            "public_key": "ssh-rsa AAAAB3NzaC1yc2EAAAADAQABAAABAQCUF0o3TjvsX5ZwEpUTbeQ1GJpcx0vTgNSsu8Wbl8D1YnMPaQyC0VdulAzWzZunNKiLvFZiKWmrmkeVo9X3Jt3o6TTgdetbZhKEyj/IamotJoq/UNpdoa75v+M45TUbMEb9r2x3mZg4uovbwpGSzv3jtFeQ4OflhSANSL1YqdIzNNYZZeVc5MHLcSPzauSsWVi0vacBSzq7pkIHl5Hm3ga0YaqVViNk6FLhTNTPpDG/ZBLfW4XJnXNOW7YuHbWRwBSpYNGYk7I9w3qtDSMsZv0aidZhnfEpO1MJzYl9+xjErZB1NUsBvKvQ3JgoSsPsRKSrY2Fc6IgnE1ZcW1QHJ3Kh Generated-by-Nova",
            "region": "RegionOne",
            "user_id": "32d57a57480c4516abb280d0b14c6c29"
          },
          "sensitive_attributes": []
        }
      ]
    },
    {
      "mode": "data",
      "type": "openstack_images_image_v2",
      "name": "focal-administrador-vnx",
      "provider": "provider[\"registry.terraform.io/terraform-provider-openstack/openstack\"]",
      "instances": [
        {
          "schema_version": 0,
          "attributes": {
            "checksum": "bd052f725c9a1eb738319360f0b2ef3e",
            "container_format": "bare",
            "created_at": "2024-07-18T10:14:39Z",
            "disk_format": "qcow2",
            "file": "/v2/images/4bd0a215-be71-4701-a91c-ebe807fd48c9/file",
            "hidden": false,
            "id": "4bd0a215-be71-4701-a91c-ebe807fd48c9",
            "member_status": null,
            "metadata": {},
            "min_disk_gb": 0,
            "min_ram_mb": 0,
            "most_recent": false,
            "name": "focal-administrador-vnx",
            "name_regex": null,
            "owner": "ac7ba7044493401ea8a5272447d9b4a4",
            "properties": {
              "os_hash_algo": "sha512",
              "os_hash_value": "515e6181fb5ab0cd1e459efe684472f97c524e347857f750d0ca58d9b6d0f714ad22f0c7ec5ff59cbb3ff7911e91cd69d3defb381ea10afb19bce3cccfa6ce77",
              "owner_specified.openstack.md5": "",
              "owner_specified.openstack.object": "images/focal-administrador-vnx",
              "owner_specified.openstack.sha256": "",
              "stores": "file"
            },
            "protected": false,
            "region": "RegionOne",
            "schema": "/v2/schemas/image",
            "size_bytes": 2326069248,
            "size_max": null,
            "size_min": null,
            "sort_direction": "asc",
            "sort_key": "name",
            "tag": null,
            "tags": [],
            "updated_at": "2024-07-18T10:15:03Z",
            "visibility": "public"
          },
          "sensitive_attributes": []
        }
      ]
    },
    {
      "mode": "data",
      "type": "openstack_images_image_v2",
      "name": "focal-bbdd-vnx",
      "provider": "provider[\"registry.terraform.io/terraform-provider-openstack/openstack\"]",
      "instances": [
        {
          "schema_version": 0,
          "attributes": {
            "checksum": "897899d96bde62f98d74aeb3e363fbc4",
            "container_format": "bare",
            "created_at": "2024-07-18T10:14:08Z",
            "disk_format": "qcow2",
            "file": "/v2/images/c8ff0588-0fa4-4849-a2d2-5745e69fc2ef/file",
            "hidden": false,
            "id": "c8ff0588-0fa4-4849-a2d2-5745e69fc2ef",
            "member_status": null,
            "metadata": {},
            "min_disk_gb": 0,
            "min_ram_mb": 0,
            "most_recent": false,
            "name": "focal-bbdd-vnx",
            "name_regex": null,
            "owner": "ac7ba7044493401ea8a5272447d9b4a4",
            "properties": {
              "os_hash_algo": "sha512",
              "os_hash_value": "4e9bcf120c85357b78c7905b45f913411f82203a8f84e6fc05d3e6cfd437243c0cb63b905cb361f1b8cb1693539bf379966c0ffdefa3a4ffbf603183177133d7",
              "owner_specified.openstack.md5": "",
              "owner_specified.openstack.object": "images/focal-bbdd-vnx",
              "owner_specified.openstack.sha256": "",
              "stores": "file"
            },
            "protected": false,
            "region": "RegionOne",
            "schema": "/v2/schemas/image",
            "size_bytes": 3055484928,
            "size_max": null,
            "size_min": null,
            "sort_direction": "asc",
            "sort_key": "name",
            "tag": null,
            "tags": [],
            "updated_at": "2024-07-18T10:14:38Z",
            "visibility": "public"
          },
          "sensitive_attributes": []
        }
      ]
    },
    {
      "mode": "data",
      "type": "openstack_images_image_v2",
      "name": "focal-servers-vnx",
      "provider": "provider[\"registry.terraform.io/terraform-provider-openstack/openstack\"]",
      "instances": [
        {
          "schema_version": 0,
          "attributes": {
            "checksum": "532e141ccea638b3e9650a92447a458c",
            "container_format": "bare",
            "created_at": "2024-07-18T10:13:18Z",
            "disk_format": "qcow2",
            "file": "/v2/images/bc1f2e31-d47d-412d-b316-8d1b3714b590/file",
            "hidden": false,
            "id": "bc1f2e31-d47d-412d-b316-8d1b3714b590",
            "member_status": null,
            "metadata": {},
            "min_disk_gb": 0,
            "min_ram_mb": 0,
            "most_recent": false,
            "name": "focal-servers-vnx",
            "name_regex": null,
            "owner": "ac7ba7044493401ea8a5272447d9b4a4",
            "properties": {
              "os_hash_algo": "sha512",
              "os_hash_value": "22b159bfd0d4030d424c1885e23fe2c8b51b22b57ed63b05fe42a0b2b1649edb78997fc23f3df249c8c737d59686bd236f1489049b8f362f3afd548de1fd3415",
              "owner_specified.openstack.md5": "",
              "owner_specified.openstack.object": "images/focal-servers-vnx",
              "owner_specified.openstack.sha256": "",
              "stores": "file"
            },
            "protected": false,
            "region": "RegionOne",
            "schema": "/v2/schemas/image",
            "size_bytes": 4874764288,
            "size_max": null,
            "size_min": null,
            "sort_direction": "asc",
            "sort_key": "name",
            "tag": null,
            "tags": [],
            "updated_at": "2024-07-18T10:14:06Z",
            "visibility": "public"
          },
          "sensitive_attributes": []
        }
      ]
    },
    {
      "mode": "data",
      "type": "openstack_networking_network_v2",
      "name": "extnet",
      "provider": "provider[\"registry.terraform.io/terraform-provider-openstack/openstack\"]",
      "instances": [
        {
          "schema_version": 0,
          "attributes": {
            "admin_state_up": "true",
            "all_tags": [],
            "availability_zone_hints": [],
            "description": "",
            "dns_domain": "",
            "external": true,
            "id": "4b86352f-9099-47d0-bf0a-d3702d223722",
            "matching_subnet_cidr": null,
            "mtu": 1500,
            "name": "ExtNet",
            "network_id": null,
            "region": "RegionOne",
            "segments": [
              {
                "network_type": "flat",
                "physical_network": "physnet2",
                "segmentation_id": 0
              }
            ],
            "shared": "true",
            "status": null,
            "subnets": [
              "ffee4509-7285-456c-b613-eed5c26084c8"
            ],
            "tags": null,
            "tenant_id": "ac7ba7044493401ea8a5272447d9b4a4",
            "transparent_vlan": false
          },
          "sensitive_attributes": []
        }
      ]
    },
    {
      "mode": "managed",
      "type": "openstack_compute_instance_v2",
      "name": "administrador",
      "provider": "provider[\"registry.terraform.io/terraform-provider-openstack/openstack\"]",
      "instances": [
        {
          "schema_version": 0,
          "attributes": {
            "access_ip_v4": "10.1.1.46",
            "access_ip_v6": "",
            "admin_pass": null,
            "all_metadata": {},
            "all_tags": [],
            "availability_zone": "nova",
            "availability_zone_hints": null,
            "block_device": [],
            "config_drive": null,
            "created": "2024-07-18 10:20:03 +0000 UTC",
            "flavor_id": "a6b5d687-421b-4841-947f-ee26f32c9622",
            "flavor_name": "m1.smaller",
            "floating_ip": null,
            "force_delete": false,
            "id": "6ab8954f-e3c6-4a5b-a4d6-b32be07f7b18",
            "image_id": "4bd0a215-be71-4701-a91c-ebe807fd48c9",
            "image_name": "focal-administrador-vnx",
            "key_pair": "administrador",
            "metadata": null,
            "name": "administrador",
            "network": [
              {
                "access_network": false,
                "fixed_ip_v4": "10.1.1.46",
                "fixed_ip_v6": "",
                "floating_ip": "",
                "mac": "fa:16:3e:2d:2c:f6",
                "name": "Net1",
                "port": "182a2175-0adf-4b8b-9a6c-b7884ac5018d",
                "uuid": "445e5b9e-da16-4cd9-ab19-218ce83c4dc0"
              },
              {
                "access_network": false,
                "fixed_ip_v4": "10.1.2.63",
                "fixed_ip_v6": "",
                "floating_ip": "",
                "mac": "fa:16:3e:53:be:bb",
                "name": "Net2",
                "port": "9d48d8bc-8973-45b1-ac63-2b45418f7ed6",
                "uuid": "95633453-8358-4652-88d0-6832ba76ccba"
              }
            ],
            "network_mode": null,
            "personality": [],
            "power_state": "active",
            "region": "RegionOne",
            "scheduler_hints": [],
            "security_groups": [
              "open"
            ],
            "stop_before_destroy": false,
            "tags": null,
            "timeouts": null,
            "updated": "2024-07-18 10:22:01 +0000 UTC",
            "user_data": "3c685b0f13c886aac0ada6bb543da0d51c3e6103",
            "vendor_options": [],
            "volume": []
          },
          "sensitive_attributes": [
            [
              {
                "type": "get_attr",
                "value": "admin_pass"
              }
            ]
          ],
          "private": "eyJlMmJmYjczMC1lY2FhLTExZTYtOGY4OC0zNDM2M2JjN2M0YzAiOnsiY3JlYXRlIjoxODAwMDAwMDAwMDAwLCJkZWxldGUiOjE4MDAwMDAwMDAwMDAsInVwZGF0ZSI6MTgwMDAwMDAwMDAwMH19",
          "dependencies": [
            "data.openstack_compute_flavor_v2.m1-smaller",
            "data.openstack_compute_keypair_v2.administrador",
            "data.openstack_images_image_v2.focal-administrador-vnx",
            "openstack_networking_network_v2.net1",
            "openstack_networking_network_v2.net2",
            "openstack_networking_port_v2.port_admin1",
            "openstack_networking_port_v2.port_admin2",
            "openstack_networking_secgroup_v2.my_security_group",
            "openstack_networking_subnet_v2.subnet1",
            "openstack_networking_subnet_v2.subnet2"
          ]
        }
      ]
    },
    {
      "mode": "managed",
      "type": "openstack_compute_instance_v2",
      "name": "bbdd",
      "provider": "provider[\"registry.terraform.io/terraform-provider-openstack/openstack\"]",
      "instances": [
        {
          "schema_version": 0,
          "attributes": {
            "access_ip_v4": "10.1.2.83",
            "access_ip_v6": "",
            "admin_pass": null,
            "all_metadata": {},
            "all_tags": [],
            "availability_zone": "nova",
            "availability_zone_hints": null,
            "block_device": [],
            "config_drive": null,
            "created": "2024-07-18 10:20:00 +0000 UTC",
            "flavor_id": "ec714d14-587b-4ecd-b764-16ad1c17ada7",
            "flavor_name": "m1.large",
            "floating_ip": null,
            "force_delete": false,
            "id": "f1cee62a-6f79-4035-a281-b5f968cb3dbb",
            "image_id": "c8ff0588-0fa4-4849-a2d2-5745e69fc2ef",
            "image_name": "focal-bbdd-vnx",
            "key_pair": "bbdd",
            "metadata": null,
            "name": "bbdd",
            "network": [
              {
                "access_network": false,
                "fixed_ip_v4": "10.1.2.83",
                "fixed_ip_v6": "",
                "floating_ip": "",
                "mac": "fa:16:3e:fe:27:73",
                "name": "Net2",
                "port": "a2ddfc21-e1ad-48c3-8ce1-fb0d88f9ecd2",
                "uuid": "95633453-8358-4652-88d0-6832ba76ccba"
              }
            ],
            "network_mode": null,
            "personality": [],
            "power_state": "active",
            "region": "RegionOne",
            "scheduler_hints": [],
            "security_groups": [
              "open"
            ],
            "stop_before_destroy": false,
            "tags": null,
            "timeouts": null,
            "updated": "2024-07-18 10:22:50 +0000 UTC",
            "user_data": "ba75a5abea1792e19919ea8c745f500702d9c4e0",
            "vendor_options": [],
            "volume": []
          },
          "sensitive_attributes": [
            [
              {
                "type": "get_attr",
                "value": "admin_pass"
              }
            ]
          ],
          "private": "eyJlMmJmYjczMC1lY2FhLTExZTYtOGY4OC0zNDM2M2JjN2M0YzAiOnsiY3JlYXRlIjoxODAwMDAwMDAwMDAwLCJkZWxldGUiOjE4MDAwMDAwMDAwMDAsInVwZGF0ZSI6MTgwMDAwMDAwMDAwMH19",
          "dependencies": [
            "data.openstack_compute_flavor_v2.m1-large",
            "data.openstack_compute_keypair_v2.bbdd",
            "data.openstack_images_image_v2.focal-bbdd-vnx",
            "openstack_networking_network_v2.net2",
            "openstack_networking_port_v2.portBBDD_net2",
            "openstack_networking_secgroup_v2.my_security_group",
            "openstack_networking_subnet_v2.subnet2"
          ]
        }
      ]
    },
    {
      "mode": "managed",
      "type": "openstack_compute_instance_v2",
      "name": "s1",
      "provider": "provider[\"registry.terraform.io/terraform-provider-openstack/openstack\"]",
      "instances": [
        {
          "schema_version": 0,
          "attributes": {
            "access_ip_v4": "10.1.1.22",
            "access_ip_v6": "",
            "admin_pass": null,
            "all_metadata": {},
            "all_tags": [],
            "availability_zone": "nova",
            "availability_zone_hints": null,
            "block_device": [],
            "config_drive": null,
            "created": "2024-07-18 10:20:01 +0000 UTC",
            "flavor_id": "ec714d14-587b-4ecd-b764-16ad1c17ada7",
            "flavor_name": "m1.large",
            "floating_ip": null,
            "force_delete": false,
            "id": "c9567abb-04c2-4507-9760-ccd5470d43d3",
            "image_id": "bc1f2e31-d47d-412d-b316-8d1b3714b590",
            "image_name": "focal-servers-vnx",
            "key_pair": "s1",
            "metadata": null,
            "name": "s1",
            "network": [
              {
                "access_network": false,
                "fixed_ip_v4": "10.1.1.22",
                "fixed_ip_v6": "",
                "floating_ip": "",
                "mac": "fa:16:3e:04:50:0a",
                "name": "Net1",
                "port": "53d7dcba-4320-4c0e-8e90-4b2ee5485720",
                "uuid": "445e5b9e-da16-4cd9-ab19-218ce83c4dc0"
              },
              {
                "access_network": false,
                "fixed_ip_v4": "10.1.2.53",
                "fixed_ip_v6": "",
                "floating_ip": "",
                "mac": "fa:16:3e:93:4f:be",
                "name": "Net2",
                "port": "2c7a8760-c8ab-42a2-ab90-ab0603e6dece",
                "uuid": "95633453-8358-4652-88d0-6832ba76ccba"
              }
            ],
            "network_mode": null,
            "personality": [],
            "power_state": "active",
            "region": "RegionOne",
            "scheduler_hints": [],
            "security_groups": [
              "open"
            ],
            "stop_before_destroy": false,
            "tags": null,
            "timeouts": null,
            "updated": "2024-07-18 10:24:47 +0000 UTC",
            "user_data": "13c516fe59f98d0e29e15db7d14036a0eeeca865",
            "vendor_options": [],
            "volume": []
          },
          "sensitive_attributes": [
            [
              {
                "type": "get_attr",
                "value": "admin_pass"
              }
            ]
          ],
          "private": "eyJlMmJmYjczMC1lY2FhLTExZTYtOGY4OC0zNDM2M2JjN2M0YzAiOnsiY3JlYXRlIjoxODAwMDAwMDAwMDAwLCJkZWxldGUiOjE4MDAwMDAwMDAwMDAsInVwZGF0ZSI6MTgwMDAwMDAwMDAwMH19",
          "dependencies": [
            "data.openstack_compute_flavor_v2.m1-large",
            "data.openstack_compute_keypair_v2.s1",
            "data.openstack_images_image_v2.focal-servers-vnx",
            "openstack_networking_network_v2.net1",
            "openstack_networking_network_v2.net2",
            "openstack_networking_port_v2.port1_net1",
            "openstack_networking_port_v2.port1_net2",
            "openstack_networking_secgroup_v2.my_security_group",
            "openstack_networking_subnet_v2.subnet1",
            "openstack_networking_subnet_v2.subnet2"
          ]
        }
      ]
    },
    {
      "mode": "managed",
      "type": "openstack_compute_instance_v2",
      "name": "s2",
      "provider": "provider[\"registry.terraform.io/terraform-provider-openstack/openstack\"]",
      "instances": [
        {
          "schema_version": 0,
          "attributes": {
            "access_ip_v4": "10.1.1.44",
            "access_ip_v6": "",
            "admin_pass": null,
            "all_metadata": {},
            "all_tags": [],
            "availability_zone": "nova",
            "availability_zone_hints": null,
            "block_device": [],
            "config_drive": null,
            "created": "2024-07-18 10:20:03 +0000 UTC",
            "flavor_id": "ec714d14-587b-4ecd-b764-16ad1c17ada7",
            "flavor_name": "m1.large",
            "floating_ip": null,
            "force_delete": false,
            "id": "34d5510b-e0c9-4314-9974-902474d4d6eb",
            "image_id": "bc1f2e31-d47d-412d-b316-8d1b3714b590",
            "image_name": "focal-servers-vnx",
            "key_pair": "s2",
            "metadata": null,
            "name": "s2",
            "network": [
              {
                "access_network": false,
                "fixed_ip_v4": "10.1.1.44",
                "fixed_ip_v6": "",
                "floating_ip": "",
                "mac": "fa:16:3e:78:61:d2",
                "name": "Net1",
                "port": "269e1fa4-5b62-4571-a8f4-d2c9584f2f61",
                "uuid": "445e5b9e-da16-4cd9-ab19-218ce83c4dc0"
              },
              {
                "access_network": false,
                "fixed_ip_v4": "10.1.2.79",
                "fixed_ip_v6": "",
                "floating_ip": "",
                "mac": "fa:16:3e:ec:62:8a",
                "name": "Net2",
                "port": "1d6b1e8a-95fd-4d2b-8ee9-ba1725c2605e",
                "uuid": "95633453-8358-4652-88d0-6832ba76ccba"
              }
            ],
            "network_mode": null,
            "personality": [],
            "power_state": "active",
            "region": "RegionOne",
            "scheduler_hints": [],
            "security_groups": [
              "open"
            ],
            "stop_before_destroy": false,
            "tags": null,
            "timeouts": null,
            "updated": "2024-07-18 10:24:32 +0000 UTC",
            "user_data": "e3ed146da3382a694e7718d45262f7fd3dfa745b",
            "vendor_options": [],
            "volume": []
          },
          "sensitive_attributes": [
            [
              {
                "type": "get_attr",
                "value": "admin_pass"
              }
            ]
          ],
          "private": "eyJlMmJmYjczMC1lY2FhLTExZTYtOGY4OC0zNDM2M2JjN2M0YzAiOnsiY3JlYXRlIjoxODAwMDAwMDAwMDAwLCJkZWxldGUiOjE4MDAwMDAwMDAwMDAsInVwZGF0ZSI6MTgwMDAwMDAwMDAwMH19",
          "dependencies": [
            "data.openstack_compute_flavor_v2.m1-large",
            "data.openstack_compute_keypair_v2.s2",
            "data.openstack_images_image_v2.focal-servers-vnx",
            "openstack_networking_network_v2.net1",
            "openstack_networking_network_v2.net2",
            "openstack_networking_port_v2.port2_net1",
            "openstack_networking_port_v2.port2_net2",
            "openstack_networking_secgroup_v2.my_security_group",
            "openstack_networking_subnet_v2.subnet1",
            "openstack_networking_subnet_v2.subnet2"
          ]
        }
      ]
    },
    {
      "mode": "managed",
      "type": "openstack_compute_instance_v2",
      "name": "s3",
      "provider": "provider[\"registry.terraform.io/terraform-provider-openstack/openstack\"]",
      "instances": [
        {
          "schema_version": 0,
          "attributes": {
            "access_ip_v4": "10.1.1.7",
            "access_ip_v6": "",
            "admin_pass": null,
            "all_metadata": {},
            "all_tags": [],
            "availability_zone": "nova",
            "availability_zone_hints": null,
            "block_device": [],
            "config_drive": null,
            "created": "2024-07-18 10:20:01 +0000 UTC",
            "flavor_id": "ec714d14-587b-4ecd-b764-16ad1c17ada7",
            "flavor_name": "m1.large",
            "floating_ip": null,
            "force_delete": false,
            "id": "5f34d8ae-626d-4219-87b6-b230a49fdef4",
            "image_id": "bc1f2e31-d47d-412d-b316-8d1b3714b590",
            "image_name": "focal-servers-vnx",
            "key_pair": "s3",
            "metadata": null,
            "name": "s3",
            "network": [
              {
                "access_network": false,
                "fixed_ip_v4": "10.1.1.7",
                "fixed_ip_v6": "",
                "floating_ip": "",
                "mac": "fa:16:3e:a7:58:34",
                "name": "Net1",
                "port": "660a99c9-f701-477a-a849-8365684b6a9d",
                "uuid": "445e5b9e-da16-4cd9-ab19-218ce83c4dc0"
              },
              {
                "access_network": false,
                "fixed_ip_v4": "10.1.2.20",
                "fixed_ip_v6": "",
                "floating_ip": "",
                "mac": "fa:16:3e:26:c8:af",
                "name": "Net2",
                "port": "19739b2a-dca4-47b3-b2d6-b113d74d3602",
                "uuid": "95633453-8358-4652-88d0-6832ba76ccba"
              }
            ],
            "network_mode": null,
            "personality": [],
            "power_state": "active",
            "region": "RegionOne",
            "scheduler_hints": [],
            "security_groups": [
              "open"
            ],
            "stop_before_destroy": false,
            "tags": null,
            "timeouts": null,
            "updated": "2024-07-18 10:24:47 +0000 UTC",
            "user_data": "f6ef87bca4ea5c2b1cf5bc73c746e1608df9a852",
            "vendor_options": [],
            "volume": []
          },
          "sensitive_attributes": [
            [
              {
                "type": "get_attr",
                "value": "admin_pass"
              }
            ]
          ],
          "private": "eyJlMmJmYjczMC1lY2FhLTExZTYtOGY4OC0zNDM2M2JjN2M0YzAiOnsiY3JlYXRlIjoxODAwMDAwMDAwMDAwLCJkZWxldGUiOjE4MDAwMDAwMDAwMDAsInVwZGF0ZSI6MTgwMDAwMDAwMDAwMH19",
          "dependencies": [
            "data.openstack_compute_flavor_v2.m1-large",
            "data.openstack_compute_keypair_v2.s3",
            "data.openstack_images_image_v2.focal-servers-vnx",
            "openstack_networking_network_v2.net1",
            "openstack_networking_network_v2.net2",
            "openstack_networking_port_v2.port3_net1",
            "openstack_networking_port_v2.port3_net2",
            "openstack_networking_secgroup_v2.my_security_group",
            "openstack_networking_subnet_v2.subnet1",
            "openstack_networking_subnet_v2.subnet2"
          ]
        }
      ]
    },
    {
      "mode": "managed",
      "type": "openstack_fw_group_v2",
      "name": "group_1",
      "provider": "provider[\"registry.terraform.io/terraform-provider-openstack/openstack\"]",
      "instances": [
        {
          "schema_version": 0,
          "attributes": {
            "admin_state_up": true,
            "description": "",
            "egress_firewall_policy_id": "6a196fc4-32c2-41aa-9e6e-30beba7423b7",
            "id": "a151bdc8-d6ef-411b-b1d1-6d63824408d5",
            "ingress_firewall_policy_id": "5d297f9e-46b2-4c02-8311-07e520349158",
            "name": "firewall_group",
            "ports": null,
            "project_id": "ac7ba7044493401ea8a5272447d9b4a4",
            "region": "RegionOne",
            "shared": false,
            "status": "INACTIVE",
            "tenant_id": "ac7ba7044493401ea8a5272447d9b4a4",
            "timeouts": null
          },
          "sensitive_attributes": [],
          "private": "eyJlMmJmYjczMC1lY2FhLTExZTYtOGY4OC0zNDM2M2JjN2M0YzAiOnsiY3JlYXRlIjo2MDAwMDAwMDAwMDAsImRlbGV0ZSI6NjAwMDAwMDAwMDAwLCJ1cGRhdGUiOjYwMDAwMDAwMDAwMH19",
          "dependencies": [
            "data.openstack_compute_flavor_v2.m1-smaller",
            "data.openstack_compute_keypair_v2.administrador",
            "data.openstack_images_image_v2.focal-administrador-vnx",
            "openstack_compute_instance_v2.administrador",
            "openstack_fw_policy_v2.policy_engress",
            "openstack_fw_policy_v2.policy_ingress",
            "openstack_fw_rule_v2.server_connection_rule",
            "openstack_fw_rule_v2.ssh_admin_rule",
            "openstack_fw_rule_v2.www_lb_rule",
            "openstack_lb_loadbalancer_v2.load_balancer",
            "openstack_networking_network_v2.net1",
            "openstack_networking_network_v2.net2",
            "openstack_networking_port_v2.port_admin1",
            "openstack_networking_port_v2.port_admin2",
            "openstack_networking_secgroup_v2.my_security_group",
            "openstack_networking_subnet_v2.subnet1",
            "openstack_networking_subnet_v2.subnet2"
          ]
        }
      ]
    },
    {
      "mode": "managed",
      "type": "openstack_fw_policy_v2",
      "name": "policy_engress",
      "provider": "provider[\"registry.terraform.io/terraform-provider-openstack/openstack\"]",
      "instances": [
        {
          "schema_version": 0,
          "attributes": {
            "audited": false,
            "description": "",
            "id": "6a196fc4-32c2-41aa-9e6e-30beba7423b7",
            "name": "firewall_egress_policy",
            "project_id": "ac7ba7044493401ea8a5272447d9b4a4",
            "region": "RegionOne",
            "rules": [
              "aabf71d0-2a39-44b9-b610-28d78e69f61a"
            ],
            "shared": false,
            "tenant_id": "ac7ba7044493401ea8a5272447d9b4a4",
            "timeouts": null
          },
          "sensitive_attributes": [],
          "private": "eyJlMmJmYjczMC1lY2FhLTExZTYtOGY4OC0zNDM2M2JjN2M0YzAiOnsiY3JlYXRlIjo2MDAwMDAwMDAwMDAsImRlbGV0ZSI6NjAwMDAwMDAwMDAwfX0=",
          "dependencies": [
            "openstack_fw_rule_v2.server_connection_rule",
            "openstack_networking_network_v2.net1",
            "openstack_networking_subnet_v2.subnet1"
          ]
        }
      ]
    },
    {
      "mode": "managed",
      "type": "openstack_fw_policy_v2",
      "name": "policy_ingress",
      "provider": "provider[\"registry.terraform.io/terraform-provider-openstack/openstack\"]",
      "instances": [
        {
          "schema_version": 0,
          "attributes": {
            "audited": false,
            "description": "",
            "id": "5d297f9e-46b2-4c02-8311-07e520349158",
            "name": "firewall_ingress_policy",
            "project_id": "ac7ba7044493401ea8a5272447d9b4a4",
            "region": "RegionOne",
            "rules": [
              "69eb4078-2ed4-4734-a721-0ae3cfbc70e2",
              "9670e9b7-0cad-42c3-b6c8-cc5888e3443f"
            ],
            "shared": false,
            "tenant_id": "ac7ba7044493401ea8a5272447d9b4a4",
            "timeouts": null
          },
          "sensitive_attributes": [],
          "private": "eyJlMmJmYjczMC1lY2FhLTExZTYtOGY4OC0zNDM2M2JjN2M0YzAiOnsiY3JlYXRlIjo2MDAwMDAwMDAwMDAsImRlbGV0ZSI6NjAwMDAwMDAwMDAwfX0=",
          "dependencies": [
            "data.openstack_compute_flavor_v2.m1-smaller",
            "data.openstack_compute_keypair_v2.administrador",
            "data.openstack_images_image_v2.focal-administrador-vnx",
            "openstack_compute_instance_v2.administrador",
            "openstack_fw_rule_v2.ssh_admin_rule",
            "openstack_fw_rule_v2.www_lb_rule",
            "openstack_lb_loadbalancer_v2.load_balancer",
            "openstack_networking_network_v2.net1",
            "openstack_networking_network_v2.net2",
            "openstack_networking_port_v2.port_admin1",
            "openstack_networking_port_v2.port_admin2",
            "openstack_networking_secgroup_v2.my_security_group",
            "openstack_networking_subnet_v2.subnet1",
            "openstack_networking_subnet_v2.subnet2"
          ]
        }
      ]
    },
    {
      "mode": "managed",
      "type": "openstack_fw_rule_v2",
      "name": "server_connection_rule",
      "provider": "provider[\"registry.terraform.io/terraform-provider-openstack/openstack\"]",
      "instances": [
        {
          "schema_version": 0,
          "attributes": {
            "action": "allow",
            "description": "",
            "destination_ip_address": "",
            "destination_port": "",
            "enabled": true,
            "id": "aabf71d0-2a39-44b9-b610-28d78e69f61a",
            "ip_version": 4,
            "name": "server_connection",
            "project_id": "ac7ba7044493401ea8a5272447d9b4a4",
            "protocol": "any",
            "region": "RegionOne",
            "shared": false,
            "source_ip_address": "10.1.1.0/24",
            "source_port": "",
            "tenant_id": "ac7ba7044493401ea8a5272447d9b4a4"
          },
          "sensitive_attributes": [],
          "private": "bnVsbA==",
          "dependencies": [
            "openstack_networking_network_v2.net1",
            "openstack_networking_subnet_v2.subnet1"
          ]
        }
      ]
    },
    {
      "mode": "managed",
      "type": "openstack_fw_rule_v2",
      "name": "ssh_admin_rule",
      "provider": "provider[\"registry.terraform.io/terraform-provider-openstack/openstack\"]",
      "instances": [
        {
          "schema_version": 0,
          "attributes": {
            "action": "allow",
            "description": "",
            "destination_ip_address": "10.1.1.46",
            "destination_port": "2022",
            "enabled": true,
            "id": "69eb4078-2ed4-4734-a721-0ae3cfbc70e2",
            "ip_version": 4,
            "name": "ssh_admin",
            "project_id": "ac7ba7044493401ea8a5272447d9b4a4",
            "protocol": "tcp",
            "region": "RegionOne",
            "shared": false,
            "source_ip_address": "",
            "source_port": "",
            "tenant_id": "ac7ba7044493401ea8a5272447d9b4a4"
          },
          "sensitive_attributes": [],
          "private": "bnVsbA==",
          "dependencies": [
            "data.openstack_compute_flavor_v2.m1-smaller",
            "data.openstack_compute_keypair_v2.administrador",
            "data.openstack_images_image_v2.focal-administrador-vnx",
            "openstack_compute_instance_v2.administrador",
            "openstack_networking_network_v2.net1",
            "openstack_networking_network_v2.net2",
            "openstack_networking_port_v2.port_admin1",
            "openstack_networking_port_v2.port_admin2",
            "openstack_networking_secgroup_v2.my_security_group",
            "openstack_networking_subnet_v2.subnet1",
            "openstack_networking_subnet_v2.subnet2"
          ]
        }
      ]
    },
    {
      "mode": "managed",
      "type": "openstack_fw_rule_v2",
      "name": "www_lb_rule",
      "provider": "provider[\"registry.terraform.io/terraform-provider-openstack/openstack\"]",
      "instances": [
        {
          "schema_version": 0,
          "attributes": {
            "action": "allow",
            "description": "",
            "destination_ip_address": "10.1.1.72",
            "destination_port": "80",
            "enabled": true,
            "id": "9670e9b7-0cad-42c3-b6c8-cc5888e3443f",
            "ip_version": 4,
            "name": "www_lb",
            "project_id": "ac7ba7044493401ea8a5272447d9b4a4",
            "protocol": "tcp",
            "region": "RegionOne",
            "shared": false,
            "source_ip_address": "",
            "source_port": "",
            "tenant_id": "ac7ba7044493401ea8a5272447d9b4a4"
          },
          "sensitive_attributes": [],
          "private": "bnVsbA==",
          "dependencies": [
            "openstack_lb_loadbalancer_v2.load_balancer",
            "openstack_networking_network_v2.net1",
            "openstack_networking_subnet_v2.subnet1"
          ]
        }
      ]
    },
    {
      "mode": "managed",
      "type": "openstack_lb_listener_v2",
      "name": "lb_listener",
      "provider": "provider[\"registry.terraform.io/terraform-provider-openstack/openstack\"]",
      "instances": [
        {
          "schema_version": 0,
          "attributes": {
            "admin_state_up": true,
            "allowed_cidrs": null,
            "connection_limit": -1,
            "default_pool_id": "",
            "default_tls_container_ref": "",
            "description": "",
            "id": "ea8c9170-8a91-4c1a-b3fd-8f86dd43a52e",
            "insert_headers": null,
            "loadbalancer_id": "f5853f7f-c5ae-40bc-9ce8-44b1e0c1ffbd",
            "name": "lb_listener",
            "protocol": "HTTP",
            "protocol_port": 80,
            "region": "RegionOne",
            "sni_container_refs": null,
            "tags": null,
            "tenant_id": "ac7ba7044493401ea8a5272447d9b4a4",
            "timeout_client_data": 50000,
            "timeout_member_connect": 5000,
            "timeout_member_data": 50000,
            "timeout_tcp_inspect": 0,
            "timeouts": null
          },
          "sensitive_attributes": [],
          "private": "eyJlMmJmYjczMC1lY2FhLTExZTYtOGY4OC0zNDM2M2JjN2M0YzAiOnsiY3JlYXRlIjo2MDAwMDAwMDAwMDAsImRlbGV0ZSI6NjAwMDAwMDAwMDAwLCJ1cGRhdGUiOjYwMDAwMDAwMDAwMH19",
          "dependencies": [
            "openstack_lb_loadbalancer_v2.load_balancer",
            "openstack_networking_network_v2.net1",
            "openstack_networking_subnet_v2.subnet1"
          ]
        }
      ]
    },
    {
      "mode": "managed",
      "type": "openstack_lb_loadbalancer_v2",
      "name": "load_balancer",
      "provider": "provider[\"registry.terraform.io/terraform-provider-openstack/openstack\"]",
      "instances": [
        {
          "schema_version": 0,
          "attributes": {
            "admin_state_up": true,
            "availability_zone": "",
            "description": "",
            "flavor_id": "",
            "id": "f5853f7f-c5ae-40bc-9ce8-44b1e0c1ffbd",
            "loadbalancer_provider": "amphora",
            "name": "load_balancer",
            "region": "RegionOne",
            "security_group_ids": [
              "1edc7cc1-794e-4b8f-b5a1-4d2579343e94"
            ],
            "tags": null,
            "tenant_id": "ac7ba7044493401ea8a5272447d9b4a4",
            "timeouts": null,
            "vip_address": "10.1.1.72",
            "vip_network_id": "445e5b9e-da16-4cd9-ab19-218ce83c4dc0",
            "vip_port_id": "85d75fab-3181-4d6d-a50b-a3f418852d2f",
            "vip_subnet_id": "2573c5a7-80db-47dd-8c01-8036813cf0a1"
          },
          "sensitive_attributes": [],
          "private": "eyJlMmJmYjczMC1lY2FhLTExZTYtOGY4OC0zNDM2M2JjN2M0YzAiOnsiY3JlYXRlIjo2MDAwMDAwMDAwMDAsImRlbGV0ZSI6MzAwMDAwMDAwMDAwLCJ1cGRhdGUiOjYwMDAwMDAwMDAwMH19",
          "dependencies": [
            "openstack_networking_network_v2.net1",
            "openstack_networking_subnet_v2.subnet1"
          ]
        }
      ]
    },
    {
      "mode": "managed",
      "type": "openstack_lb_members_v2",
      "name": "lb_members",
      "provider": "provider[\"registry.terraform.io/terraform-provider-openstack/openstack\"]",
      "instances": [
        {
          "schema_version": 0,
          "attributes": {
            "id": "e0505fc1-eb68-445f-8f30-14bb1fa9e32c",
            "member": [
              {
                "address": "10.1.1.22",
                "admin_state_up": true,
                "backup": false,
                "id": "e7e89f36-02e0-4e28-9bc1-c9fe2646ed90",
                "monitor_address": "",
                "monitor_port": 0,
                "name": "",
                "protocol_port": 80,
                "subnet_id": "",
                "weight": 1
              },
              {
                "address": "10.1.1.44",
                "admin_state_up": true,
                "backup": false,
                "id": "b62ca09f-58b8-4532-89b2-2cb9086632e9",
                "monitor_address": "",
                "monitor_port": 0,
                "name": "",
                "protocol_port": 80,
                "subnet_id": "",
                "weight": 1
              },
              {
                "address": "10.1.1.7",
                "admin_state_up": true,
                "backup": false,
                "id": "5f07a12d-22c6-4102-8653-cb380b629408",
                "monitor_address": "",
                "monitor_port": 0,
                "name": "",
                "protocol_port": 80,
                "subnet_id": "",
                "weight": 1
              }
            ],
            "pool_id": "e0505fc1-eb68-445f-8f30-14bb1fa9e32c",
            "region": "RegionOne",
            "timeouts": null
          },
          "sensitive_attributes": [],
          "private": "eyJlMmJmYjczMC1lY2FhLTExZTYtOGY4OC0zNDM2M2JjN2M0YzAiOnsiY3JlYXRlIjo2MDAwMDAwMDAwMDAsImRlbGV0ZSI6NjAwMDAwMDAwMDAwLCJ1cGRhdGUiOjYwMDAwMDAwMDAwMH19",
          "dependencies": [
            "data.openstack_compute_flavor_v2.m1-large",
            "data.openstack_compute_keypair_v2.s1",
            "data.openstack_compute_keypair_v2.s2",
            "data.openstack_compute_keypair_v2.s3",
            "data.openstack_images_image_v2.focal-servers-vnx",
            "openstack_compute_instance_v2.s1",
            "openstack_compute_instance_v2.s2",
            "openstack_compute_instance_v2.s3",
            "openstack_lb_listener_v2.lb_listener",
            "openstack_lb_loadbalancer_v2.load_balancer",
            "openstack_lb_pool_v2.lb_pool",
            "openstack_networking_network_v2.net1",
            "openstack_networking_network_v2.net2",
            "openstack_networking_port_v2.port1_net1",
            "openstack_networking_port_v2.port1_net2",
            "openstack_networking_port_v2.port2_net1",
            "openstack_networking_port_v2.port2_net2",
            "openstack_networking_port_v2.port3_net1",
            "openstack_networking_port_v2.port3_net2",
            "openstack_networking_secgroup_v2.my_security_group",
            "openstack_networking_subnet_v2.subnet1",
            "openstack_networking_subnet_v2.subnet2"
          ]
        }
      ]
    },
    {
      "mode": "managed",
      "type": "openstack_lb_pool_v2",
      "name": "lb_pool",
      "provider": "provider[\"registry.terraform.io/terraform-provider-openstack/openstack\"]",
      "instances": [
        {
          "schema_version": 0,
          "attributes": {
            "admin_state_up": true,
            "description": "",
            "id": "e0505fc1-eb68-445f-8f30-14bb1fa9e32c",
            "lb_method": "ROUND_ROBIN",
            "listener_id": "ea8c9170-8a91-4c1a-b3fd-8f86dd43a52e",
            "loadbalancer_id": null,
            "name": "lb_pool",
            "persistence": [
              {
                "cookie_name": "",
                "type": ""
              }
            ],
            "protocol": "HTTP",
            "region": "RegionOne",
            "tenant_id": "ac7ba7044493401ea8a5272447d9b4a4",
            "timeouts": null
          },
          "sensitive_attributes": [],
          "private": "eyJlMmJmYjczMC1lY2FhLTExZTYtOGY4OC0zNDM2M2JjN2M0YzAiOnsiY3JlYXRlIjo2MDAwMDAwMDAwMDAsImRlbGV0ZSI6NjAwMDAwMDAwMDAwLCJ1cGRhdGUiOjYwMDAwMDAwMDAwMH19",
          "dependencies": [
            "openstack_lb_listener_v2.lb_listener",
            "openstack_lb_loadbalancer_v2.load_balancer",
            "openstack_networking_network_v2.net1",
            "openstack_networking_subnet_v2.subnet1"
          ]
        }
      ]
    },
    {
      "mode": "managed",
      "type": "openstack_networking_floatingip_v2",
      "name": "floating_ipAdmin",
      "provider": "provider[\"registry.terraform.io/terraform-provider-openstack/openstack\"]",
      "instances": [
        {
          "schema_version": 0,
          "attributes": {
            "address": "10.0.10.164",
            "all_tags": [],
            "description": "IP Flotante del servidor de Administración",
            "dns_domain": "",
            "dns_name": "",
            "fixed_ip": "10.1.1.46",
            "id": "d2f26078-8f96-4da2-8123-d10bd287f89c",
            "pool": "ExtNet",
            "port_id": "182a2175-0adf-4b8b-9a6c-b7884ac5018d",
            "region": "RegionOne",
            "subnet_id": null,
            "subnet_ids": null,
            "tags": null,
            "tenant_id": "ac7ba7044493401ea8a5272447d9b4a4",
            "timeouts": null,
            "value_specs": null
          },
          "sensitive_attributes": [],
          "private": "eyJlMmJmYjczMC1lY2FhLTExZTYtOGY4OC0zNDM2M2JjN2M0YzAiOnsiY3JlYXRlIjo2MDAwMDAwMDAwMDAsImRlbGV0ZSI6NjAwMDAwMDAwMDAwfX0=",
          "dependencies": [
            "data.openstack_networking_network_v2.extnet",
            "openstack_networking_network_v2.net1",
            "openstack_networking_port_v2.port_admin1",
            "openstack_networking_secgroup_v2.my_security_group",
            "openstack_networking_subnet_v2.subnet1"
          ]
        }
      ]
    },
    {
      "mode": "managed",
      "type": "openstack_networking_floatingip_v2",
      "name": "floating_ipLB",
      "provider": "provider[\"registry.terraform.io/terraform-provider-openstack/openstack\"]",
      "instances": [
        {
          "schema_version": 0,
          "attributes": {
            "address": "10.0.10.117",
            "all_tags": [],
            "description": "IP Flotante del alanceador de Carga",
            "dns_domain": "",
            "dns_name": "",
            "fixed_ip": "10.1.1.72",
            "id": "e2887054-b26a-4273-a4c6-a014901f9722",
            "pool": "ExtNet",
            "port_id": "85d75fab-3181-4d6d-a50b-a3f418852d2f",
            "region": "RegionOne",
            "subnet_id": null,
            "subnet_ids": null,
            "tags": null,
            "tenant_id": "ac7ba7044493401ea8a5272447d9b4a4",
            "timeouts": null,
            "value_specs": null
          },
          "sensitive_attributes": [],
          "private": "eyJlMmJmYjczMC1lY2FhLTExZTYtOGY4OC0zNDM2M2JjN2M0YzAiOnsiY3JlYXRlIjo2MDAwMDAwMDAwMDAsImRlbGV0ZSI6NjAwMDAwMDAwMDAwfX0=",
          "dependencies": [
            "data.openstack_networking_network_v2.extnet",
            "openstack_lb_loadbalancer_v2.load_balancer",
            "openstack_networking_network_v2.net1",
            "openstack_networking_subnet_v2.subnet1"
          ]
        }
      ]
    },
    {
      "mode": "managed",
      "type": "openstack_networking_network_v2",
      "name": "net1",
      "provider": "provider[\"registry.terraform.io/terraform-provider-openstack/openstack\"]",
      "instances": [
        {
          "schema_version": 0,
          "attributes": {
            "admin_state_up": true,
            "all_tags": [],
            "availability_zone_hints": [],
            "description": "",
            "dns_domain": "",
            "external": false,
            "id": "445e5b9e-da16-4cd9-ab19-218ce83c4dc0",
            "mtu": 1450,
            "name": "Net1",
            "port_security_enabled": true,
            "qos_policy_id": "",
            "region": "RegionOne",
            "segments": [
              {
                "network_type": "vxlan",
                "physical_network": "",
                "segmentation_id": 597
              }
            ],
            "shared": false,
            "tags": null,
            "tenant_id": "ac7ba7044493401ea8a5272447d9b4a4",
            "timeouts": null,
            "transparent_vlan": false,
            "value_specs": null
          },
          "sensitive_attributes": [],
          "private": "eyJlMmJmYjczMC1lY2FhLTExZTYtOGY4OC0zNDM2M2JjN2M0YzAiOnsiY3JlYXRlIjo2MDAwMDAwMDAwMDAsImRlbGV0ZSI6NjAwMDAwMDAwMDAwfX0="
        }
      ]
    },
    {
      "mode": "managed",
      "type": "openstack_networking_network_v2",
      "name": "net2",
      "provider": "provider[\"registry.terraform.io/terraform-provider-openstack/openstack\"]",
      "instances": [
        {
          "schema_version": 0,
          "attributes": {
            "admin_state_up": true,
            "all_tags": [],
            "availability_zone_hints": [],
            "description": "",
            "dns_domain": "",
            "external": false,
            "id": "95633453-8358-4652-88d0-6832ba76ccba",
            "mtu": 1450,
            "name": "Net2",
            "port_security_enabled": true,
            "qos_policy_id": "",
            "region": "RegionOne",
            "segments": [
              {
                "network_type": "vxlan",
                "physical_network": "",
                "segmentation_id": 309
              }
            ],
            "shared": false,
            "tags": null,
            "tenant_id": "ac7ba7044493401ea8a5272447d9b4a4",
            "timeouts": null,
            "transparent_vlan": false,
            "value_specs": null
          },
          "sensitive_attributes": [],
          "private": "eyJlMmJmYjczMC1lY2FhLTExZTYtOGY4OC0zNDM2M2JjN2M0YzAiOnsiY3JlYXRlIjo2MDAwMDAwMDAwMDAsImRlbGV0ZSI6NjAwMDAwMDAwMDAwfX0="
        }
      ]
    },
    {
      "mode": "managed",
      "type": "openstack_networking_port_v2",
      "name": "port1_net1",
      "provider": "provider[\"registry.terraform.io/terraform-provider-openstack/openstack\"]",
      "instances": [
        {
          "schema_version": 0,
          "attributes": {
            "admin_state_up": true,
            "all_fixed_ips": [
              "10.1.1.22"
            ],
            "all_security_group_ids": [
              "e76055b9-756f-452f-a774-cae3aa13af8d"
            ],
            "all_tags": [],
            "allowed_address_pairs": [],
            "binding": [
              {
                "host_id": "",
                "profile": "{}",
                "vif_details": {},
                "vif_type": "unbound",
                "vnic_type": "normal"
              }
            ],
            "description": "",
            "device_id": "",
            "device_owner": "",
            "dns_assignment": [],
            "dns_name": "",
            "extra_dhcp_option": [],
            "fixed_ip": [
              {
                "ip_address": "",
                "subnet_id": "2573c5a7-80db-47dd-8c01-8036813cf0a1"
              }
            ],
            "id": "53d7dcba-4320-4c0e-8e90-4b2ee5485720",
            "mac_address": "fa:16:3e:04:50:0a",
            "name": "port1_net1",
            "network_id": "445e5b9e-da16-4cd9-ab19-218ce83c4dc0",
            "no_fixed_ip": null,
            "no_security_groups": null,
            "port_security_enabled": true,
            "qos_policy_id": "",
            "region": "RegionOne",
            "security_group_ids": [
              "e76055b9-756f-452f-a774-cae3aa13af8d"
            ],
            "tags": null,
            "tenant_id": "ac7ba7044493401ea8a5272447d9b4a4",
            "timeouts": null,
            "value_specs": null
          },
          "sensitive_attributes": [],
          "private": "eyJlMmJmYjczMC1lY2FhLTExZTYtOGY4OC0zNDM2M2JjN2M0YzAiOnsiY3JlYXRlIjo2MDAwMDAwMDAwMDAsImRlbGV0ZSI6NjAwMDAwMDAwMDAwfX0=",
          "dependencies": [
            "openstack_networking_network_v2.net1",
            "openstack_networking_secgroup_v2.my_security_group",
            "openstack_networking_subnet_v2.subnet1"
          ]
        }
      ]
    },
    {
      "mode": "managed",
      "type": "openstack_networking_port_v2",
      "name": "port1_net2",
      "provider": "provider[\"registry.terraform.io/terraform-provider-openstack/openstack\"]",
      "instances": [
        {
          "schema_version": 0,
          "attributes": {
            "admin_state_up": true,
            "all_fixed_ips": [
              "10.1.2.53"
            ],
            "all_security_group_ids": [
              "e76055b9-756f-452f-a774-cae3aa13af8d"
            ],
            "all_tags": [],
            "allowed_address_pairs": [],
            "binding": [
              {
                "host_id": "",
                "profile": "{}",
                "vif_details": {},
                "vif_type": "unbound",
                "vnic_type": "normal"
              }
            ],
            "description": "",
            "device_id": "",
            "device_owner": "",
            "dns_assignment": [],
            "dns_name": "",
            "extra_dhcp_option": [],
            "fixed_ip": [
              {
                "ip_address": "",
                "subnet_id": "ec36a39d-0a0a-4c99-b0c4-c3ea3d56ccb9"
              }
            ],
            "id": "2c7a8760-c8ab-42a2-ab90-ab0603e6dece",
            "mac_address": "fa:16:3e:93:4f:be",
            "name": "port1_net2",
            "network_id": "95633453-8358-4652-88d0-6832ba76ccba",
            "no_fixed_ip": null,
            "no_security_groups": null,
            "port_security_enabled": true,
            "qos_policy_id": "",
            "region": "RegionOne",
            "security_group_ids": [
              "e76055b9-756f-452f-a774-cae3aa13af8d"
            ],
            "tags": null,
            "tenant_id": "ac7ba7044493401ea8a5272447d9b4a4",
            "timeouts": null,
            "value_specs": null
          },
          "sensitive_attributes": [],
          "private": "eyJlMmJmYjczMC1lY2FhLTExZTYtOGY4OC0zNDM2M2JjN2M0YzAiOnsiY3JlYXRlIjo2MDAwMDAwMDAwMDAsImRlbGV0ZSI6NjAwMDAwMDAwMDAwfX0=",
          "dependencies": [
            "openstack_networking_network_v2.net2",
            "openstack_networking_secgroup_v2.my_security_group",
            "openstack_networking_subnet_v2.subnet2"
          ]
        }
      ]
    },
    {
      "mode": "managed",
      "type": "openstack_networking_port_v2",
      "name": "port2_net1",
      "provider": "provider[\"registry.terraform.io/terraform-provider-openstack/openstack\"]",
      "instances": [
        {
          "schema_version": 0,
          "attributes": {
            "admin_state_up": true,
            "all_fixed_ips": [
              "10.1.1.44"
            ],
            "all_security_group_ids": [
              "e76055b9-756f-452f-a774-cae3aa13af8d"
            ],
            "all_tags": [],
            "allowed_address_pairs": [],
            "binding": [
              {
                "host_id": "",
                "profile": "{}",
                "vif_details": {},
                "vif_type": "unbound",
                "vnic_type": "normal"
              }
            ],
            "description": "",
            "device_id": "",
            "device_owner": "",
            "dns_assignment": [],
            "dns_name": "",
            "extra_dhcp_option": [],
            "fixed_ip": [
              {
                "ip_address": "",
                "subnet_id": "2573c5a7-80db-47dd-8c01-8036813cf0a1"
              }
            ],
            "id": "269e1fa4-5b62-4571-a8f4-d2c9584f2f61",
            "mac_address": "fa:16:3e:78:61:d2",
            "name": "port2_net1",
            "network_id": "445e5b9e-da16-4cd9-ab19-218ce83c4dc0",
            "no_fixed_ip": null,
            "no_security_groups": null,
            "port_security_enabled": true,
            "qos_policy_id": "",
            "region": "RegionOne",
            "security_group_ids": [
              "e76055b9-756f-452f-a774-cae3aa13af8d"
            ],
            "tags": null,
            "tenant_id": "ac7ba7044493401ea8a5272447d9b4a4",
            "timeouts": null,
            "value_specs": null
          },
          "sensitive_attributes": [],
          "private": "eyJlMmJmYjczMC1lY2FhLTExZTYtOGY4OC0zNDM2M2JjN2M0YzAiOnsiY3JlYXRlIjo2MDAwMDAwMDAwMDAsImRlbGV0ZSI6NjAwMDAwMDAwMDAwfX0=",
          "dependencies": [
            "openstack_networking_network_v2.net1",
            "openstack_networking_secgroup_v2.my_security_group",
            "openstack_networking_subnet_v2.subnet1"
          ]
        }
      ]
    },
    {
      "mode": "managed",
      "type": "openstack_networking_port_v2",
      "name": "port2_net2",
      "provider": "provider[\"registry.terraform.io/terraform-provider-openstack/openstack\"]",
      "instances": [
        {
          "schema_version": 0,
          "attributes": {
            "admin_state_up": true,
            "all_fixed_ips": [
              "10.1.2.79"
            ],
            "all_security_group_ids": [
              "e76055b9-756f-452f-a774-cae3aa13af8d"
            ],
            "all_tags": [],
            "allowed_address_pairs": [],
            "binding": [
              {
                "host_id": "",
                "profile": "{}",
                "vif_details": {},
                "vif_type": "unbound",
                "vnic_type": "normal"
              }
            ],
            "description": "",
            "device_id": "",
            "device_owner": "",
            "dns_assignment": [],
            "dns_name": "",
            "extra_dhcp_option": [],
            "fixed_ip": [
              {
                "ip_address": "",
                "subnet_id": "ec36a39d-0a0a-4c99-b0c4-c3ea3d56ccb9"
              }
            ],
            "id": "1d6b1e8a-95fd-4d2b-8ee9-ba1725c2605e",
            "mac_address": "fa:16:3e:ec:62:8a",
            "name": "port2_net2",
            "network_id": "95633453-8358-4652-88d0-6832ba76ccba",
            "no_fixed_ip": null,
            "no_security_groups": null,
            "port_security_enabled": true,
            "qos_policy_id": "",
            "region": "RegionOne",
            "security_group_ids": [
              "e76055b9-756f-452f-a774-cae3aa13af8d"
            ],
            "tags": null,
            "tenant_id": "ac7ba7044493401ea8a5272447d9b4a4",
            "timeouts": null,
            "value_specs": null
          },
          "sensitive_attributes": [],
          "private": "eyJlMmJmYjczMC1lY2FhLTExZTYtOGY4OC0zNDM2M2JjN2M0YzAiOnsiY3JlYXRlIjo2MDAwMDAwMDAwMDAsImRlbGV0ZSI6NjAwMDAwMDAwMDAwfX0=",
          "dependencies": [
            "openstack_networking_network_v2.net2",
            "openstack_networking_secgroup_v2.my_security_group",
            "openstack_networking_subnet_v2.subnet2"
          ]
        }
      ]
    },
    {
      "mode": "managed",
      "type": "openstack_networking_port_v2",
      "name": "port3_net1",
      "provider": "provider[\"registry.terraform.io/terraform-provider-openstack/openstack\"]",
      "instances": [
        {
          "schema_version": 0,
          "attributes": {
            "admin_state_up": true,
            "all_fixed_ips": [
              "10.1.1.7"
            ],
            "all_security_group_ids": [
              "e76055b9-756f-452f-a774-cae3aa13af8d"
            ],
            "all_tags": [],
            "allowed_address_pairs": [],
            "binding": [
              {
                "host_id": "",
                "profile": "{}",
                "vif_details": {},
                "vif_type": "unbound",
                "vnic_type": "normal"
              }
            ],
            "description": "",
            "device_id": "",
            "device_owner": "",
            "dns_assignment": [],
            "dns_name": "",
            "extra_dhcp_option": [],
            "fixed_ip": [
              {
                "ip_address": "",
                "subnet_id": "2573c5a7-80db-47dd-8c01-8036813cf0a1"
              }
            ],
            "id": "660a99c9-f701-477a-a849-8365684b6a9d",
            "mac_address": "fa:16:3e:a7:58:34",
            "name": "port3_net1",
            "network_id": "445e5b9e-da16-4cd9-ab19-218ce83c4dc0",
            "no_fixed_ip": null,
            "no_security_groups": null,
            "port_security_enabled": true,
            "qos_policy_id": "",
            "region": "RegionOne",
            "security_group_ids": [
              "e76055b9-756f-452f-a774-cae3aa13af8d"
            ],
            "tags": null,
            "tenant_id": "ac7ba7044493401ea8a5272447d9b4a4",
            "timeouts": null,
            "value_specs": null
          },
          "sensitive_attributes": [],
          "private": "eyJlMmJmYjczMC1lY2FhLTExZTYtOGY4OC0zNDM2M2JjN2M0YzAiOnsiY3JlYXRlIjo2MDAwMDAwMDAwMDAsImRlbGV0ZSI6NjAwMDAwMDAwMDAwfX0=",
          "dependencies": [
            "openstack_networking_network_v2.net1",
            "openstack_networking_secgroup_v2.my_security_group",
            "openstack_networking_subnet_v2.subnet1"
          ]
        }
      ]
    },
    {
      "mode": "managed",
      "type": "openstack_networking_port_v2",
      "name": "port3_net2",
      "provider": "provider[\"registry.terraform.io/terraform-provider-openstack/openstack\"]",
      "instances": [
        {
          "schema_version": 0,
          "attributes": {
            "admin_state_up": true,
            "all_fixed_ips": [
              "10.1.2.20"
            ],
            "all_security_group_ids": [
              "e76055b9-756f-452f-a774-cae3aa13af8d"
            ],
            "all_tags": [],
            "allowed_address_pairs": [],
            "binding": [
              {
                "host_id": "",
                "profile": "{}",
                "vif_details": {},
                "vif_type": "unbound",
                "vnic_type": "normal"
              }
            ],
            "description": "",
            "device_id": "",
            "device_owner": "",
            "dns_assignment": [],
            "dns_name": "",
            "extra_dhcp_option": [],
            "fixed_ip": [
              {
                "ip_address": "",
                "subnet_id": "ec36a39d-0a0a-4c99-b0c4-c3ea3d56ccb9"
              }
            ],
            "id": "19739b2a-dca4-47b3-b2d6-b113d74d3602",
            "mac_address": "fa:16:3e:26:c8:af",
            "name": "port3_net2",
            "network_id": "95633453-8358-4652-88d0-6832ba76ccba",
            "no_fixed_ip": null,
            "no_security_groups": null,
            "port_security_enabled": true,
            "qos_policy_id": "",
            "region": "RegionOne",
            "security_group_ids": [
              "e76055b9-756f-452f-a774-cae3aa13af8d"
            ],
            "tags": null,
            "tenant_id": "ac7ba7044493401ea8a5272447d9b4a4",
            "timeouts": null,
            "value_specs": null
          },
          "sensitive_attributes": [],
          "private": "eyJlMmJmYjczMC1lY2FhLTExZTYtOGY4OC0zNDM2M2JjN2M0YzAiOnsiY3JlYXRlIjo2MDAwMDAwMDAwMDAsImRlbGV0ZSI6NjAwMDAwMDAwMDAwfX0=",
          "dependencies": [
            "openstack_networking_network_v2.net2",
            "openstack_networking_secgroup_v2.my_security_group",
            "openstack_networking_subnet_v2.subnet2"
          ]
        }
      ]
    },
    {
      "mode": "managed",
      "type": "openstack_networking_port_v2",
      "name": "portBBDD_net2",
      "provider": "provider[\"registry.terraform.io/terraform-provider-openstack/openstack\"]",
      "instances": [
        {
          "schema_version": 0,
          "attributes": {
            "admin_state_up": true,
            "all_fixed_ips": [
              "10.1.2.83"
            ],
            "all_security_group_ids": [
              "e76055b9-756f-452f-a774-cae3aa13af8d"
            ],
            "all_tags": [],
            "allowed_address_pairs": [],
            "binding": [
              {
                "host_id": "",
                "profile": "{}",
                "vif_details": {},
                "vif_type": "unbound",
                "vnic_type": "normal"
              }
            ],
            "description": "",
            "device_id": "",
            "device_owner": "",
            "dns_assignment": [],
            "dns_name": "",
            "extra_dhcp_option": [],
            "fixed_ip": [
              {
                "ip_address": "10.1.2.83",
                "subnet_id": "ec36a39d-0a0a-4c99-b0c4-c3ea3d56ccb9"
              }
            ],
            "id": "a2ddfc21-e1ad-48c3-8ce1-fb0d88f9ecd2",
            "mac_address": "fa:16:3e:fe:27:73",
            "name": "portBBDD_net2",
            "network_id": "95633453-8358-4652-88d0-6832ba76ccba",
            "no_fixed_ip": null,
            "no_security_groups": null,
            "port_security_enabled": true,
            "qos_policy_id": "",
            "region": "RegionOne",
            "security_group_ids": [
              "e76055b9-756f-452f-a774-cae3aa13af8d"
            ],
            "tags": null,
            "tenant_id": "ac7ba7044493401ea8a5272447d9b4a4",
            "timeouts": null,
            "value_specs": null
          },
          "sensitive_attributes": [],
          "private": "eyJlMmJmYjczMC1lY2FhLTExZTYtOGY4OC0zNDM2M2JjN2M0YzAiOnsiY3JlYXRlIjo2MDAwMDAwMDAwMDAsImRlbGV0ZSI6NjAwMDAwMDAwMDAwfX0=",
          "dependencies": [
            "openstack_networking_network_v2.net2",
            "openstack_networking_secgroup_v2.my_security_group",
            "openstack_networking_subnet_v2.subnet2"
          ]
        }
      ]
    },
    {
      "mode": "managed",
      "type": "openstack_networking_port_v2",
      "name": "port_admin1",
      "provider": "provider[\"registry.terraform.io/terraform-provider-openstack/openstack\"]",
      "instances": [
        {
          "schema_version": 0,
          "attributes": {
            "admin_state_up": true,
            "all_fixed_ips": [
              "10.1.1.46"
            ],
            "all_security_group_ids": [
              "e76055b9-756f-452f-a774-cae3aa13af8d"
            ],
            "all_tags": [],
            "allowed_address_pairs": [],
            "binding": [
              {
                "host_id": "",
                "profile": "{}",
                "vif_details": {},
                "vif_type": "unbound",
                "vnic_type": "normal"
              }
            ],
            "description": "",
            "device_id": "",
            "device_owner": "",
            "dns_assignment": [],
            "dns_name": "",
            "extra_dhcp_option": [],
            "fixed_ip": [
              {
                "ip_address": "",
                "subnet_id": "2573c5a7-80db-47dd-8c01-8036813cf0a1"
              }
            ],
            "id": "182a2175-0adf-4b8b-9a6c-b7884ac5018d",
            "mac_address": "fa:16:3e:2d:2c:f6",
            "name": "port_admin1",
            "network_id": "445e5b9e-da16-4cd9-ab19-218ce83c4dc0",
            "no_fixed_ip": null,
            "no_security_groups": null,
            "port_security_enabled": true,
            "qos_policy_id": "",
            "region": "RegionOne",
            "security_group_ids": [
              "e76055b9-756f-452f-a774-cae3aa13af8d"
            ],
            "tags": null,
            "tenant_id": "ac7ba7044493401ea8a5272447d9b4a4",
            "timeouts": null,
            "value_specs": null
          },
          "sensitive_attributes": [],
          "private": "eyJlMmJmYjczMC1lY2FhLTExZTYtOGY4OC0zNDM2M2JjN2M0YzAiOnsiY3JlYXRlIjo2MDAwMDAwMDAwMDAsImRlbGV0ZSI6NjAwMDAwMDAwMDAwfX0=",
          "dependencies": [
            "openstack_networking_network_v2.net1",
            "openstack_networking_secgroup_v2.my_security_group",
            "openstack_networking_subnet_v2.subnet1"
          ]
        }
      ]
    },
    {
      "mode": "managed",
      "type": "openstack_networking_port_v2",
      "name": "port_admin2",
      "provider": "provider[\"registry.terraform.io/terraform-provider-openstack/openstack\"]",
      "instances": [
        {
          "schema_version": 0,
          "attributes": {
            "admin_state_up": true,
            "all_fixed_ips": [
              "10.1.2.63"
            ],
            "all_security_group_ids": [
              "e76055b9-756f-452f-a774-cae3aa13af8d"
            ],
            "all_tags": [],
            "allowed_address_pairs": [],
            "binding": [
              {
                "host_id": "",
                "profile": "{}",
                "vif_details": {},
                "vif_type": "unbound",
                "vnic_type": "normal"
              }
            ],
            "description": "",
            "device_id": "",
            "device_owner": "",
            "dns_assignment": [],
            "dns_name": "",
            "extra_dhcp_option": [],
            "fixed_ip": [
              {
                "ip_address": "",
                "subnet_id": "ec36a39d-0a0a-4c99-b0c4-c3ea3d56ccb9"
              }
            ],
            "id": "9d48d8bc-8973-45b1-ac63-2b45418f7ed6",
            "mac_address": "fa:16:3e:53:be:bb",
            "name": "port_admin2",
            "network_id": "95633453-8358-4652-88d0-6832ba76ccba",
            "no_fixed_ip": null,
            "no_security_groups": null,
            "port_security_enabled": true,
            "qos_policy_id": "",
            "region": "RegionOne",
            "security_group_ids": [
              "e76055b9-756f-452f-a774-cae3aa13af8d"
            ],
            "tags": null,
            "tenant_id": "ac7ba7044493401ea8a5272447d9b4a4",
            "timeouts": null,
            "value_specs": null
          },
          "sensitive_attributes": [],
          "private": "eyJlMmJmYjczMC1lY2FhLTExZTYtOGY4OC0zNDM2M2JjN2M0YzAiOnsiY3JlYXRlIjo2MDAwMDAwMDAwMDAsImRlbGV0ZSI6NjAwMDAwMDAwMDAwfX0=",
          "dependencies": [
            "openstack_networking_network_v2.net2",
            "openstack_networking_secgroup_v2.my_security_group",
            "openstack_networking_subnet_v2.subnet2"
          ]
        }
      ]
    },
    {
      "mode": "managed",
      "type": "openstack_networking_router_interface_v2",
      "name": "fw_router_inface",
      "provider": "provider[\"registry.terraform.io/terraform-provider-openstack/openstack\"]",
      "instances": [
        {
          "schema_version": 0,
          "attributes": {
            "force_destroy": false,
            "id": "5fd9b4dd-3a37-401e-bf14-7ba31bfe2da8",
            "port_id": "5fd9b4dd-3a37-401e-bf14-7ba31bfe2da8",
            "region": "RegionOne",
            "router_id": "ffe265f5-6cb5-4ecf-9141-8efc00d062e9",
            "subnet_id": "2573c5a7-80db-47dd-8c01-8036813cf0a1",
            "timeouts": null
          },
          "sensitive_attributes": [],
          "private": "eyJlMmJmYjczMC1lY2FhLTExZTYtOGY4OC0zNDM2M2JjN2M0YzAiOnsiY3JlYXRlIjo2MDAwMDAwMDAwMDAsImRlbGV0ZSI6NjAwMDAwMDAwMDAwfX0=",
          "dependencies": [
            "data.openstack_networking_network_v2.extnet",
            "openstack_networking_network_v2.net1",
            "openstack_networking_router_v2.firewall_router",
            "openstack_networking_subnet_v2.subnet1"
          ]
        }
      ]
    },
    {
      "mode": "managed",
      "type": "openstack_networking_router_v2",
      "name": "firewall_router",
      "provider": "provider[\"registry.terraform.io/terraform-provider-openstack/openstack\"]",
      "instances": [
        {
          "schema_version": 0,
          "attributes": {
            "admin_state_up": true,
            "all_tags": [],
            "availability_zone_hints": [],
            "description": "",
            "distributed": false,
            "enable_snat": true,
            "external_fixed_ip": [
              {
                "ip_address": "10.0.10.113",
                "subnet_id": "ffee4509-7285-456c-b613-eed5c26084c8"
              }
            ],
            "external_gateway": "4b86352f-9099-47d0-bf0a-d3702d223722",
            "external_network_id": "4b86352f-9099-47d0-bf0a-d3702d223722",
            "external_subnet_ids": null,
            "id": "ffe265f5-6cb5-4ecf-9141-8efc00d062e9",
            "name": "firewall_router",
            "region": "RegionOne",
            "tags": null,
            "tenant_id": "ac7ba7044493401ea8a5272447d9b4a4",
            "timeouts": null,
            "value_specs": null,
            "vendor_options": []
          },
          "sensitive_attributes": [],
          "private": "eyJlMmJmYjczMC1lY2FhLTExZTYtOGY4OC0zNDM2M2JjN2M0YzAiOnsiY3JlYXRlIjo2MDAwMDAwMDAwMDAsImRlbGV0ZSI6NjAwMDAwMDAwMDAwfX0=",
          "dependencies": [
            "data.openstack_networking_network_v2.extnet"
          ]
        }
      ]
    },
    {
      "mode": "managed",
      "type": "openstack_networking_secgroup_rule_v2",
      "name": "security_group_rule_engress",
      "provider": "provider[\"registry.terraform.io/terraform-provider-openstack/openstack\"]",
      "instances": [
        {
          "schema_version": 0,
          "attributes": {
            "description": "",
            "direction": "egress",
            "ethertype": "IPv4",
            "id": "25ee1b80-ea4a-4953-97e2-c580013f94a3",
            "port_range_max": 0,
            "port_range_min": 0,
            "protocol": "tcp",
            "region": "RegionOne",
            "remote_group_id": "",
            "remote_ip_prefix": "0.0.0.0/0",
            "security_group_id": "e76055b9-756f-452f-a774-cae3aa13af8d",
            "tenant_id": "ac7ba7044493401ea8a5272447d9b4a4",
            "timeouts": null
          },
          "sensitive_attributes": [],
          "private": "eyJlMmJmYjczMC1lY2FhLTExZTYtOGY4OC0zNDM2M2JjN2M0YzAiOnsiZGVsZXRlIjo2MDAwMDAwMDAwMDB9fQ==",
          "dependencies": [
            "openstack_networking_secgroup_v2.my_security_group"
          ]
        }
      ]
    },
    {
      "mode": "managed",
      "type": "openstack_networking_secgroup_rule_v2",
      "name": "security_group_rule_ingress",
      "provider": "provider[\"registry.terraform.io/terraform-provider-openstack/openstack\"]",
      "instances": [
        {
          "schema_version": 0,
          "attributes": {
            "description": "",
            "direction": "ingress",
            "ethertype": "IPv4",
            "id": "fea210a7-2e67-4e41-89ce-a40c9b04ba10",
            "port_range_max": 0,
            "port_range_min": 0,
            "protocol": "tcp",
            "region": "RegionOne",
            "remote_group_id": "",
            "remote_ip_prefix": "0.0.0.0/0",
            "security_group_id": "e76055b9-756f-452f-a774-cae3aa13af8d",
            "tenant_id": "ac7ba7044493401ea8a5272447d9b4a4",
            "timeouts": null
          },
          "sensitive_attributes": [],
          "private": "eyJlMmJmYjczMC1lY2FhLTExZTYtOGY4OC0zNDM2M2JjN2M0YzAiOnsiZGVsZXRlIjo2MDAwMDAwMDAwMDB9fQ==",
          "dependencies": [
            "openstack_networking_secgroup_v2.my_security_group"
          ]
        }
      ]
    },
    {
      "mode": "managed",
      "type": "openstack_networking_secgroup_v2",
      "name": "my_security_group",
      "provider": "provider[\"registry.terraform.io/terraform-provider-openstack/openstack\"]",
      "instances": [
        {
          "schema_version": 0,
          "attributes": {
            "all_tags": [],
            "delete_default_rules": true,
            "description": "Grupo de Seguridad para permitir todo el trafico",
            "id": "e76055b9-756f-452f-a774-cae3aa13af8d",
            "name": "open",
            "region": "RegionOne",
            "tags": null,
            "tenant_id": "ac7ba7044493401ea8a5272447d9b4a4",
            "timeouts": null
          },
          "sensitive_attributes": [],
          "private": "eyJlMmJmYjczMC1lY2FhLTExZTYtOGY4OC0zNDM2M2JjN2M0YzAiOnsiZGVsZXRlIjo2MDAwMDAwMDAwMDB9fQ=="
        }
      ]
    },
    {
      "mode": "managed",
      "type": "openstack_networking_subnet_v2",
      "name": "subnet1",
      "provider": "provider[\"registry.terraform.io/terraform-provider-openstack/openstack\"]",
      "instances": [
        {
          "schema_version": 0,
          "attributes": {
            "all_tags": [],
            "allocation_pool": [
              {
                "end": "10.1.1.100",
                "start": "10.1.1.2"
              }
            ],
            "allocation_pools": [
              {
                "end": "10.1.1.100",
                "start": "10.1.1.2"
              }
            ],
            "cidr": "10.1.1.0/24",
            "description": "",
            "dns_nameservers": [
              "8.8.8.8"
            ],
            "enable_dhcp": true,
            "gateway_ip": "10.1.1.1",
            "host_routes": [],
            "id": "2573c5a7-80db-47dd-8c01-8036813cf0a1",
            "ip_version": 4,
            "ipv6_address_mode": "",
            "ipv6_ra_mode": "",
            "name": "subnet1",
            "network_id": "445e5b9e-da16-4cd9-ab19-218ce83c4dc0",
            "no_gateway": false,
            "prefix_length": null,
            "region": "RegionOne",
            "service_types": [],
            "subnetpool_id": "",
            "tags": null,
            "tenant_id": "ac7ba7044493401ea8a5272447d9b4a4",
            "timeouts": null,
            "value_specs": null
          },
          "sensitive_attributes": [],
          "private": "eyJlMmJmYjczMC1lY2FhLTExZTYtOGY4OC0zNDM2M2JjN2M0YzAiOnsiY3JlYXRlIjo2MDAwMDAwMDAwMDAsImRlbGV0ZSI6NjAwMDAwMDAwMDAwfX0=",
          "dependencies": [
            "openstack_networking_network_v2.net1"
          ]
        }
      ]
    },
    {
      "mode": "managed",
      "type": "openstack_networking_subnet_v2",
      "name": "subnet2",
      "provider": "provider[\"registry.terraform.io/terraform-provider-openstack/openstack\"]",
      "instances": [
        {
          "schema_version": 0,
          "attributes": {
            "all_tags": [],
            "allocation_pool": [
              {
                "end": "10.1.2.100",
                "start": "10.1.2.2"
              }
            ],
            "allocation_pools": [
              {
                "end": "10.1.2.100",
                "start": "10.1.2.2"
              }
            ],
            "cidr": "10.1.2.0/24",
            "description": "",
            "dns_nameservers": null,
            "enable_dhcp": true,
            "gateway_ip": "10.1.2.1",
            "host_routes": [],
            "id": "ec36a39d-0a0a-4c99-b0c4-c3ea3d56ccb9",
            "ip_version": 4,
            "ipv6_address_mode": "",
            "ipv6_ra_mode": "",
            "name": "subnet2",
            "network_id": "95633453-8358-4652-88d0-6832ba76ccba",
            "no_gateway": false,
            "prefix_length": null,
            "region": "RegionOne",
            "service_types": [],
            "subnetpool_id": "",
            "tags": null,
            "tenant_id": "ac7ba7044493401ea8a5272447d9b4a4",
            "timeouts": null,
            "value_specs": null
          },
          "sensitive_attributes": [],
          "private": "eyJlMmJmYjczMC1lY2FhLTExZTYtOGY4OC0zNDM2M2JjN2M0YzAiOnsiY3JlYXRlIjo2MDAwMDAwMDAwMDAsImRlbGV0ZSI6NjAwMDAwMDAwMDAwfX0=",
          "dependencies": [
            "openstack_networking_network_v2.net2"
          ]
        }
      ]
    }
  ],
  "check_results": null
}
