{
  "version": 4,
  "terraform_version": "1.9.5",
  "serial": 1007,
  "lineage": "44ed16df-5237-2c31-a76f-4b02f1f3f925",
  "outputs": {},
  "resources": [
    {
      "mode": "data",
      "type": "openstack_compute_flavor_v2",
      "name": "m1-large",
      "provider": "provider[\"registry.terraform.io/terraform-provider-openstack/openstack\"]",
      "instances": [
        {
          "schema_version": 0,
          "attributes": {
            "description": "",
            "disk": 5,
            "extra_specs": {},
            "flavor_id": "e420966d-9e8a-4ece-a37b-ea6d47aab25f",
            "id": "e420966d-9e8a-4ece-a37b-ea6d47aab25f",
            "is_public": true,
            "min_disk": null,
            "min_ram": null,
            "name": "m1.large",
            "ram": 512,
            "region": null,
            "rx_tx_factor": 1,
            "swap": 0,
            "vcpus": 1
          },
          "sensitive_attributes": []
        }
      ]
    },
    {
      "mode": "data",
      "type": "openstack_compute_flavor_v2",
      "name": "m1-smaller",
      "provider": "provider[\"registry.terraform.io/terraform-provider-openstack/openstack\"]",
      "instances": [
        {
          "schema_version": 0,
          "attributes": {
            "description": "",
            "disk": 3,
            "extra_specs": {},
            "flavor_id": "02ae2d21-babd-40c4-85b9-24af0d960898",
            "id": "02ae2d21-babd-40c4-85b9-24af0d960898",
            "is_public": true,
            "min_disk": null,
            "min_ram": null,
            "name": "m1.smaller",
            "ram": 512,
            "region": null,
            "rx_tx_factor": 1,
            "swap": 0,
            "vcpus": 1
          },
          "sensitive_attributes": []
        }
      ]
    },
    {
      "mode": "data",
      "type": "openstack_compute_keypair_v2",
      "name": "administrador",
      "provider": "provider[\"registry.terraform.io/terraform-provider-openstack/openstack\"]",
      "instances": [
        {
          "schema_version": 0,
          "attributes": {
            "fingerprint": "d8:05:15:a6:d2:e9:21:9f:1f:3a:ec:83:b9:ec:bf:7c",
            "id": "administrador",
            "name": "administrador",
            "public_key": "ssh-rsa AAAAB3NzaC1yc2EAAAADAQABAAABAQDtqNKURP5h6VBYtvmHGlAw7vEhUe8pYLy0XkSRf0HidzUy6FMpgW0Bq1Tb0f6D/UxEbkWnUbu/pH6uOJTBqCOAzUIRAKGqLolS5LHYXbF2utvmbh8RzkK1IQboRHwYQ3viEDREmKFhMGJOZUrbE0eDv6vJgp5xIt5uCE3Uvu68bUx4aomgYMwhk2s/lG2UErcqVlySyOo5Dhbn202MeeUp1G1ZpJoRttUI37cc9J92eUk1AnqKzmsbZMw3QGfvF2mWxlanC0agDB+xfcVenFC1XSeL1BbhJEDtTkr10yPfinMTEuEUPqKZ8y9umkw5D2D26qGTxppnjrbNsJQ38qKv Generated-by-Nova",
            "region": "RegionOne",
            "user_id": "dc8b420e8bf54c77a3be820828f99714"
          },
          "sensitive_attributes": []
        }
      ]
    },
    {
      "mode": "data",
      "type": "openstack_compute_keypair_v2",
      "name": "bbdd",
      "provider": "provider[\"registry.terraform.io/terraform-provider-openstack/openstack\"]",
      "instances": [
        {
          "schema_version": 0,
          "attributes": {
            "fingerprint": "1e:09:15:f5:95:2e:18:30:80:06:31:ec:fb:f9:f0:07",
            "id": "bbdd",
            "name": "bbdd",
            "public_key": "ssh-rsa AAAAB3NzaC1yc2EAAAADAQABAAABAQC4287AShicH4+IFhA2XZprE6VZ54l7f3gaTYXZZzCJ35/uEUHRBRWSPaU7CcYg7clLVBQUMvch7JBv8Q/ULGC36ng9NGWfGrXVtm8HibmuWydS9UkhMzC0Oqd2Fyh3Ti0pW6WeIf7QIC+QNVBH5dfTF6QRVSwkg9i8FoA3lmXeNrZBVbyR6yDlkZkZI8ZhZTLDXR5vyDsIW+gs+yo4QubH2TUpXyyFFDGUYEeo/vDDv8SPhc75R84LwrSDsMIfmv4XQT9+Hs8SBt6qRsJcB5bFmtwswxJ/niL/kLwPqXfsUeKFGiE0T8FeWwQfgIzhYKv9bN1p+jUAI1Okv5Y5uG6l Generated-by-Nova",
            "region": "RegionOne",
            "user_id": "dc8b420e8bf54c77a3be820828f99714"
          },
          "sensitive_attributes": []
        }
      ]
    },
    {
      "mode": "data",
      "type": "openstack_compute_keypair_v2",
      "name": "s1",
      "provider": "provider[\"registry.terraform.io/terraform-provider-openstack/openstack\"]",
      "instances": [
        {
          "schema_version": 0,
          "attributes": {
            "fingerprint": "bd:26:3e:17:fb:9e:8f:2f:76:9e:eb:90:35:c6:1f:16",
            "id": "s1",
            "name": "s1",
            "public_key": "ssh-rsa AAAAB3NzaC1yc2EAAAADAQABAAABAQDCjoieAbTzSOXAJ8+LcynUJkLX/qddYzUjDJPDDj0nmyLdyMoMcgQdSA8OsBXS280hEN1v3dHAtWwF2Vmg5hhngy4R6z9/HvDVaNNgVhgsDrabXWb8B0Q0Nil8ekFqMYviiuDcfFVHPdYVAqRBoTgHmKg9lpy4O6fceOFcafEzZTyg47scV3Awl0xv4sOAYM31gUAjbwuTqTMuIP2M8VxKujms3U9ktN5Ct0LTdz/1i9c5BwB4mpOd8zgNjqXXZIndUDbD8DtdK8MLT/AWQOFeqyO69DbPwk+JUIad2q02eRm7oK0cou88QNbrstmsHGV/1h6i3g2MxVU/CgOOC8lR Generated-by-Nova",
            "region": "RegionOne",
            "user_id": "dc8b420e8bf54c77a3be820828f99714"
          },
          "sensitive_attributes": []
        }
      ]
    },
    {
      "mode": "data",
      "type": "openstack_compute_keypair_v2",
      "name": "s2",
      "provider": "provider[\"registry.terraform.io/terraform-provider-openstack/openstack\"]",
      "instances": [
        {
          "schema_version": 0,
          "attributes": {
            "fingerprint": "30:34:c8:29:ff:11:7b:be:3a:5b:14:5d:15:59:c7:61",
            "id": "s2",
            "name": "s2",
            "public_key": "ssh-rsa AAAAB3NzaC1yc2EAAAADAQABAAABAQDq5SvdOLP4hqf+B6NGddnWd8n50uKcJ5evjoAKu/4jPg4PifAE7Ypa8quf67fgTIveS6OvDujwolvgULbT23Cvu2X1xt325WECKzxQWl/AG4lPH4COOOw3EYaMUCS7LMNXQhf6p0E2XNVCGC2B8d20DASpPzSQ6f7egfWrfQBn4vIVca9y5VJuNbzYc2aoU6Tl9N5TVHzGetrkRTaK4pPLqB4Z0pYgsJIM7pPqxhzbQNR+12aQTU6N95eldKG5tX0BNZjot0hq1bOHgziWiueANBDN0HtTPRUTVhnDoCFCcjUhhFqxt7ie3rk0IF544kdVKkbGUBoAKj40uF2C+IC9 Generated-by-Nova",
            "region": "RegionOne",
            "user_id": "dc8b420e8bf54c77a3be820828f99714"
          },
          "sensitive_attributes": []
        }
      ]
    },
    {
      "mode": "data",
      "type": "openstack_compute_keypair_v2",
      "name": "s3",
      "provider": "provider[\"registry.terraform.io/terraform-provider-openstack/openstack\"]",
      "instances": [
        {
          "schema_version": 0,
          "attributes": {
            "fingerprint": "45:21:c6:96:ac:d2:61:26:b5:ef:e3:50:20:86:fa:9e",
            "id": "s3",
            "name": "s3",
            "public_key": "ssh-rsa AAAAB3NzaC1yc2EAAAADAQABAAABAQCuK/NHHrNUu+Q+0eInEo8jomyoovyFsNCNzDNTiGWhASgr4NVBGoSdF/lUVx8f0i8ExuOVvbiIBwxjdgFrdFTFOO9/a1ZcEu+3gWrtXPhB3wD5BibrbNCeCJEnvdynZvMYQKbTB2bZFOFOnZH/bCUG6YEYdBnjamVLehai0oUp6K/+a6yJy5q33IyjV+ytrJasmclpqGpVEltthZ/i/n7uv7y1uPCSXQGhSrlaz0pgaN+pT5K+GmtPuGTTrrFls8OWmJlcrKVLwd583f6smqQJ/Y+3s+QR7TQGrgY7IgJl2kiNrtdVCt1MPR0bmReJZtbc1gTLASLm9iD10OSM6Oyz Generated-by-Nova",
            "region": "RegionOne",
            "user_id": "dc8b420e8bf54c77a3be820828f99714"
          },
          "sensitive_attributes": []
        }
      ]
    },
    {
      "mode": "data",
      "type": "openstack_compute_keypair_v2",
      "name": "server_keypair",
      "provider": "provider[\"registry.terraform.io/terraform-provider-openstack/openstack\"]",
      "instances": [
        {
          "index_key": "1",
          "schema_version": 0,
          "attributes": {
            "fingerprint": "bd:26:3e:17:fb:9e:8f:2f:76:9e:eb:90:35:c6:1f:16",
            "id": "s1",
            "name": "s1",
            "public_key": "ssh-rsa AAAAB3NzaC1yc2EAAAADAQABAAABAQDCjoieAbTzSOXAJ8+LcynUJkLX/qddYzUjDJPDDj0nmyLdyMoMcgQdSA8OsBXS280hEN1v3dHAtWwF2Vmg5hhngy4R6z9/HvDVaNNgVhgsDrabXWb8B0Q0Nil8ekFqMYviiuDcfFVHPdYVAqRBoTgHmKg9lpy4O6fceOFcafEzZTyg47scV3Awl0xv4sOAYM31gUAjbwuTqTMuIP2M8VxKujms3U9ktN5Ct0LTdz/1i9c5BwB4mpOd8zgNjqXXZIndUDbD8DtdK8MLT/AWQOFeqyO69DbPwk+JUIad2q02eRm7oK0cou88QNbrstmsHGV/1h6i3g2MxVU/CgOOC8lR Generated-by-Nova",
            "region": "RegionOne",
            "user_id": "dc8b420e8bf54c77a3be820828f99714"
          },
          "sensitive_attributes": []
        },
        {
          "index_key": "2",
          "schema_version": 0,
          "attributes": {
            "fingerprint": "30:34:c8:29:ff:11:7b:be:3a:5b:14:5d:15:59:c7:61",
            "id": "s2",
            "name": "s2",
            "public_key": "ssh-rsa AAAAB3NzaC1yc2EAAAADAQABAAABAQDq5SvdOLP4hqf+B6NGddnWd8n50uKcJ5evjoAKu/4jPg4PifAE7Ypa8quf67fgTIveS6OvDujwolvgULbT23Cvu2X1xt325WECKzxQWl/AG4lPH4COOOw3EYaMUCS7LMNXQhf6p0E2XNVCGC2B8d20DASpPzSQ6f7egfWrfQBn4vIVca9y5VJuNbzYc2aoU6Tl9N5TVHzGetrkRTaK4pPLqB4Z0pYgsJIM7pPqxhzbQNR+12aQTU6N95eldKG5tX0BNZjot0hq1bOHgziWiueANBDN0HtTPRUTVhnDoCFCcjUhhFqxt7ie3rk0IF544kdVKkbGUBoAKj40uF2C+IC9 Generated-by-Nova",
            "region": "RegionOne",
            "user_id": "dc8b420e8bf54c77a3be820828f99714"
          },
          "sensitive_attributes": []
        },
        {
          "index_key": "3",
          "schema_version": 0,
          "attributes": {
            "fingerprint": "45:21:c6:96:ac:d2:61:26:b5:ef:e3:50:20:86:fa:9e",
            "id": "s3",
            "name": "s3",
            "public_key": "ssh-rsa AAAAB3NzaC1yc2EAAAADAQABAAABAQCuK/NHHrNUu+Q+0eInEo8jomyoovyFsNCNzDNTiGWhASgr4NVBGoSdF/lUVx8f0i8ExuOVvbiIBwxjdgFrdFTFOO9/a1ZcEu+3gWrtXPhB3wD5BibrbNCeCJEnvdynZvMYQKbTB2bZFOFOnZH/bCUG6YEYdBnjamVLehai0oUp6K/+a6yJy5q33IyjV+ytrJasmclpqGpVEltthZ/i/n7uv7y1uPCSXQGhSrlaz0pgaN+pT5K+GmtPuGTTrrFls8OWmJlcrKVLwd583f6smqQJ/Y+3s+QR7TQGrgY7IgJl2kiNrtdVCt1MPR0bmReJZtbc1gTLASLm9iD10OSM6Oyz Generated-by-Nova",
            "region": "RegionOne",
            "user_id": "dc8b420e8bf54c77a3be820828f99714"
          },
          "sensitive_attributes": []
        },
        {
          "index_key": "4",
          "schema_version": 0,
          "attributes": {
            "fingerprint": "ed:ca:1b:ea:57:9c:8a:8b:0a:69:07:7b:24:13:86:0d",
            "id": "s4",
            "name": "s4",
            "public_key": "ssh-rsa AAAAB3NzaC1yc2EAAAADAQABAAABAQCIrVmoJ0sB3FDhAPGMUmnwsKPf/wbWyKJUn30NsAFrtS0KIchwMc+OpyNS/xshZGiik/VhUh8RuvDTSw+LzQOkHw2kVO5wu06/n1hOYK1XGSAo7VBhVUe6HZ5eu3y3otoPhSzPWwFuIkcWZ9FIdOLtpPmwN6fkAhOW9efHvCCgeAw22pSYEWbGntYX9lfIn/QwoyeV9uLfBThv3REE4kLY6wbguX7e3134IDYwV0fV3WyKPp3Dxe8RbBL5Q/FLf0RrqWaNdBmAH7+9lrp0yDlLSL/oY/6L1O3rp0vSTeHI41c5pGm0ZE2DQK/17lLA9lHX60F7djGD4I3/i5ls8pTz Generated-by-Nova",
            "region": "RegionOne",
            "user_id": "dc8b420e8bf54c77a3be820828f99714"
          },
          "sensitive_attributes": []
        }
      ]
    },
    {
      "mode": "data",
      "type": "openstack_images_image_v2",
      "name": "focal-administrador-vnx",
      "provider": "provider[\"registry.terraform.io/terraform-provider-openstack/openstack\"]",
      "instances": [
        {
          "schema_version": 0,
          "attributes": {
            "checksum": "bd052f725c9a1eb738319360f0b2ef3e",
            "container_format": "bare",
            "created_at": "2024-09-01T11:28:27Z",
            "disk_format": "qcow2",
            "file": "/v2/images/9976aecd-17da-460d-a162-d91a6dac6448/file",
            "hidden": false,
            "id": "9976aecd-17da-460d-a162-d91a6dac6448",
            "member_status": null,
            "metadata": {},
            "min_disk_gb": 0,
            "min_ram_mb": 0,
            "most_recent": false,
            "name": "focal-administrador-vnx",
            "name_regex": null,
            "owner": "9195d7d227cd4ae0bc96d491f3f59798",
            "properties": {
              "os_hash_algo": "sha512",
              "os_hash_value": "515e6181fb5ab0cd1e459efe684472f97c524e347857f750d0ca58d9b6d0f714ad22f0c7ec5ff59cbb3ff7911e91cd69d3defb381ea10afb19bce3cccfa6ce77",
              "owner_specified.openstack.md5": "",
              "owner_specified.openstack.object": "images/focal-administrador-vnx",
              "owner_specified.openstack.sha256": "",
              "stores": "file"
            },
            "protected": false,
            "region": "RegionOne",
            "schema": "/v2/schemas/image",
            "size_bytes": 2326069248,
            "size_max": null,
            "size_min": null,
            "sort_direction": "asc",
            "sort_key": "name",
            "tag": null,
            "tags": [],
            "updated_at": "2024-09-01T11:28:54Z",
            "visibility": "public"
          },
          "sensitive_attributes": []
        }
      ]
    },
    {
      "mode": "data",
      "type": "openstack_images_image_v2",
      "name": "focal-bbdd-vnx",
      "provider": "provider[\"registry.terraform.io/terraform-provider-openstack/openstack\"]",
      "instances": [
        {
          "schema_version": 0,
          "attributes": {
            "checksum": "897899d96bde62f98d74aeb3e363fbc4",
            "container_format": "bare",
            "created_at": "2024-09-01T11:27:54Z",
            "disk_format": "qcow2",
            "file": "/v2/images/bfd8e916-4c7b-4171-98de-77e86fd3af1f/file",
            "hidden": false,
            "id": "bfd8e916-4c7b-4171-98de-77e86fd3af1f",
            "member_status": null,
            "metadata": {},
            "min_disk_gb": 0,
            "min_ram_mb": 0,
            "most_recent": false,
            "name": "focal-bbdd-vnx",
            "name_regex": null,
            "owner": "9195d7d227cd4ae0bc96d491f3f59798",
            "properties": {
              "os_hash_algo": "sha512",
              "os_hash_value": "4e9bcf120c85357b78c7905b45f913411f82203a8f84e6fc05d3e6cfd437243c0cb63b905cb361f1b8cb1693539bf379966c0ffdefa3a4ffbf603183177133d7",
              "owner_specified.openstack.md5": "",
              "owner_specified.openstack.object": "images/focal-bbdd-vnx",
              "owner_specified.openstack.sha256": "",
              "stores": "file"
            },
            "protected": false,
            "region": "RegionOne",
            "schema": "/v2/schemas/image",
            "size_bytes": 3055484928,
            "size_max": null,
            "size_min": null,
            "sort_direction": "asc",
            "sort_key": "name",
            "tag": null,
            "tags": [],
            "updated_at": "2024-09-01T11:28:25Z",
            "visibility": "public"
          },
          "sensitive_attributes": []
        }
      ]
    },
    {
      "mode": "data",
      "type": "openstack_images_image_v2",
      "name": "focal-servers-vnx",
      "provider": "provider[\"registry.terraform.io/terraform-provider-openstack/openstack\"]",
      "instances": [
        {
          "schema_version": 0,
          "attributes": {
            "checksum": "63323fa6df550d83cb2b0145cfcb343d",
            "container_format": "bare",
            "created_at": "2024-09-01T11:27:01Z",
            "disk_format": "qcow2",
            "file": "/v2/images/5a2c98ea-26e2-42da-9a08-c11e74f4b1c0/file",
            "hidden": false,
            "id": "5a2c98ea-26e2-42da-9a08-c11e74f4b1c0",
            "member_status": null,
            "metadata": {},
            "min_disk_gb": 0,
            "min_ram_mb": 0,
            "most_recent": false,
            "name": "focal-servers-vnx",
            "name_regex": null,
            "owner": "9195d7d227cd4ae0bc96d491f3f59798",
            "properties": {
              "os_hash_algo": "sha512",
              "os_hash_value": "87f37b55e0c8f3fe7750f45f44297c7d6889b91b6e39e4cf69223f3ba2fe354e392f57b14317cecb038395837714a43bdd65c5e1ac32ec33bc1a1189740b62da",
              "owner_specified.openstack.md5": "",
              "owner_specified.openstack.object": "images/focal-servers-vnx",
              "owner_specified.openstack.sha256": "",
              "stores": "file"
            },
            "protected": false,
            "region": "RegionOne",
            "schema": "/v2/schemas/image",
            "size_bytes": 4874764288,
            "size_max": null,
            "size_min": null,
            "sort_direction": "asc",
            "sort_key": "name",
            "tag": null,
            "tags": [],
            "updated_at": "2024-09-01T11:27:53Z",
            "visibility": "public"
          },
          "sensitive_attributes": []
        }
      ]
    },
    {
      "mode": "data",
      "type": "openstack_networking_network_v2",
      "name": "extnet",
      "provider": "provider[\"registry.terraform.io/terraform-provider-openstack/openstack\"]",
      "instances": [
        {
          "schema_version": 0,
          "attributes": {
            "admin_state_up": "true",
            "all_tags": [],
            "availability_zone_hints": [],
            "description": "",
            "dns_domain": "",
            "external": true,
            "id": "716ea152-522e-4db5-87ee-d5a328edfc7f",
            "matching_subnet_cidr": null,
            "mtu": 1500,
            "name": "ExtNet",
            "network_id": null,
            "region": "RegionOne",
            "segments": [
              {
                "network_type": "flat",
                "physical_network": "physnet2",
                "segmentation_id": 0
              }
            ],
            "shared": "true",
            "status": null,
            "subnets": [
              "45222c15-9a07-44ee-8d60-04c71959fe52"
            ],
            "tags": null,
            "tenant_id": "9195d7d227cd4ae0bc96d491f3f59798",
            "transparent_vlan": false
          },
          "sensitive_attributes": []
        }
      ]
    },
    {
      "mode": "managed",
      "type": "openstack_compute_instance_v2",
      "name": "administrador",
      "provider": "provider[\"registry.terraform.io/terraform-provider-openstack/openstack\"]",
      "instances": [
        {
          "schema_version": 0,
          "attributes": {
            "access_ip_v4": "10.1.1.83",
            "access_ip_v6": "",
            "admin_pass": null,
            "all_metadata": {},
            "all_tags": [],
            "availability_zone": "nova",
            "availability_zone_hints": null,
            "block_device": [],
            "config_drive": null,
            "created": "2024-09-02 08:41:59 +0000 UTC",
            "flavor_id": "02ae2d21-babd-40c4-85b9-24af0d960898",
            "flavor_name": "m1.smaller",
            "floating_ip": null,
            "force_delete": false,
            "id": "2ca0908b-804d-4b25-97b2-ccf6cf7f6c68",
            "image_id": "9976aecd-17da-460d-a162-d91a6dac6448",
            "image_name": "focal-administrador-vnx",
            "key_pair": "administrador",
            "metadata": null,
            "name": "administrador",
            "network": [
              {
                "access_network": false,
                "fixed_ip_v4": "10.1.1.83",
                "fixed_ip_v6": "",
                "floating_ip": "",
                "mac": "fa:16:3e:05:e9:29",
                "name": "Net1",
                "port": "6f971c75-197c-4fa2-81ef-3ae05501b600",
                "uuid": "54139833-cee6-4567-b007-742328b90dd4"
              },
              {
                "access_network": false,
                "fixed_ip_v4": "10.1.2.99",
                "fixed_ip_v6": "",
                "floating_ip": "",
                "mac": "fa:16:3e:db:5c:c6",
                "name": "Net2",
                "port": "b650a8b3-b06d-4259-a5eb-d00cced13a48",
                "uuid": "68a48b0b-7cf8-4885-a6fc-6ecaa6b02538"
              }
            ],
            "network_mode": null,
            "personality": [],
            "power_state": "active",
            "region": "RegionOne",
            "scheduler_hints": [],
            "security_groups": [
              "open"
            ],
            "stop_before_destroy": false,
            "tags": [],
            "timeouts": null,
            "updated": "2024-09-02 08:42:24 +0000 UTC",
            "user_data": "3c685b0f13c886aac0ada6bb543da0d51c3e6103",
            "vendor_options": [],
            "volume": []
          },
          "sensitive_attributes": [
            [
              {
                "type": "get_attr",
                "value": "admin_pass"
              }
            ]
          ],
          "private": "eyJlMmJmYjczMC1lY2FhLTExZTYtOGY4OC0zNDM2M2JjN2M0YzAiOnsiY3JlYXRlIjoxODAwMDAwMDAwMDAwLCJkZWxldGUiOjE4MDAwMDAwMDAwMDAsInVwZGF0ZSI6MTgwMDAwMDAwMDAwMH19",
          "dependencies": [
            "data.openstack_compute_flavor_v2.m1-smaller",
            "data.openstack_compute_keypair_v2.administrador",
            "data.openstack_images_image_v2.focal-administrador-vnx",
            "openstack_networking_network_v2.net1",
            "openstack_networking_network_v2.net2",
            "openstack_networking_port_v2.port_admin1",
            "openstack_networking_port_v2.port_admin2",
            "openstack_networking_secgroup_v2.my_security_group",
            "openstack_networking_subnet_v2.subnet1",
            "openstack_networking_subnet_v2.subnet2"
          ]
        }
      ]
    },
    {
      "mode": "managed",
      "type": "openstack_compute_instance_v2",
      "name": "bbdd",
      "provider": "provider[\"registry.terraform.io/terraform-provider-openstack/openstack\"]",
      "instances": [
        {
          "schema_version": 0,
          "attributes": {
            "access_ip_v4": "10.1.2.83",
            "access_ip_v6": "",
            "admin_pass": null,
            "all_metadata": {},
            "all_tags": [],
            "availability_zone": "nova",
            "availability_zone_hints": null,
            "block_device": [],
            "config_drive": null,
            "created": "2024-09-02 08:41:53 +0000 UTC",
            "flavor_id": "e420966d-9e8a-4ece-a37b-ea6d47aab25f",
            "flavor_name": "m1.large",
            "floating_ip": null,
            "force_delete": false,
            "id": "7bb64905-70c4-45ed-bb29-6d5ba7cf4ed8",
            "image_id": "bfd8e916-4c7b-4171-98de-77e86fd3af1f",
            "image_name": "focal-bbdd-vnx",
            "key_pair": "bbdd",
            "metadata": null,
            "name": "bbdd",
            "network": [
              {
                "access_network": false,
                "fixed_ip_v4": "10.1.2.83",
                "fixed_ip_v6": "",
                "floating_ip": "",
                "mac": "fa:16:3e:2d:5f:5f",
                "name": "Net2",
                "port": "5d9c5374-dccb-4c0f-a223-0181b979cd77",
                "uuid": "68a48b0b-7cf8-4885-a6fc-6ecaa6b02538"
              }
            ],
            "network_mode": null,
            "personality": [],
            "power_state": "active",
            "region": "RegionOne",
            "scheduler_hints": [],
            "security_groups": [
              "open"
            ],
            "stop_before_destroy": false,
            "tags": [],
            "timeouts": null,
            "updated": "2024-09-02 08:43:09 +0000 UTC",
            "user_data": "ba75a5abea1792e19919ea8c745f500702d9c4e0",
            "vendor_options": [],
            "volume": []
          },
          "sensitive_attributes": [
            [
              {
                "type": "get_attr",
                "value": "admin_pass"
              }
            ]
          ],
          "private": "eyJlMmJmYjczMC1lY2FhLTExZTYtOGY4OC0zNDM2M2JjN2M0YzAiOnsiY3JlYXRlIjoxODAwMDAwMDAwMDAwLCJkZWxldGUiOjE4MDAwMDAwMDAwMDAsInVwZGF0ZSI6MTgwMDAwMDAwMDAwMH19",
          "dependencies": [
            "data.openstack_compute_flavor_v2.m1-large",
            "data.openstack_compute_keypair_v2.bbdd",
            "data.openstack_images_image_v2.focal-bbdd-vnx",
            "openstack_networking_network_v2.net2",
            "openstack_networking_port_v2.portBBDD_net2",
            "openstack_networking_secgroup_v2.my_security_group",
            "openstack_networking_subnet_v2.subnet2"
          ]
        }
      ]
    },
    {
      "mode": "managed",
      "type": "openstack_compute_instance_v2",
      "name": "server_instance",
      "provider": "provider[\"registry.terraform.io/terraform-provider-openstack/openstack\"]",
      "instances": [
        {
          "index_key": "1",
          "schema_version": 0,
          "attributes": {
            "access_ip_v4": "10.1.1.71",
            "access_ip_v6": "",
            "admin_pass": null,
            "all_metadata": {},
            "all_tags": [],
            "availability_zone": "nova",
            "availability_zone_hints": null,
            "block_device": [],
            "config_drive": null,
            "created": "2024-09-02 08:42:03 +0000 UTC",
            "flavor_id": "e420966d-9e8a-4ece-a37b-ea6d47aab25f",
            "flavor_name": "m1.large",
            "floating_ip": null,
            "force_delete": false,
            "id": "1cd751ec-4c67-4448-bd66-8f26ae3bce3a",
            "image_id": "5a2c98ea-26e2-42da-9a08-c11e74f4b1c0",
            "image_name": "focal-servers-vnx",
            "key_pair": "s1",
            "metadata": null,
            "name": "s1",
            "network": [
              {
                "access_network": false,
                "fixed_ip_v4": "10.1.1.71",
                "fixed_ip_v6": "",
                "floating_ip": "",
                "mac": "fa:16:3e:a6:cb:ed",
                "name": "Net1",
                "port": "8c80c648-b6aa-4f5b-87e6-dc4fc430d21a",
                "uuid": "54139833-cee6-4567-b007-742328b90dd4"
              },
              {
                "access_network": false,
                "fixed_ip_v4": "10.1.2.31",
                "fixed_ip_v6": "",
                "floating_ip": "",
                "mac": "fa:16:3e:f2:06:9c",
                "name": "Net2",
                "port": "0b5a27b7-ff22-4ff3-8dfd-c659fff54b50",
                "uuid": "68a48b0b-7cf8-4885-a6fc-6ecaa6b02538"
              }
            ],
            "network_mode": null,
            "personality": [],
            "power_state": "active",
            "region": "RegionOne",
            "scheduler_hints": [],
            "security_groups": [
              "open"
            ],
            "stop_before_destroy": false,
            "tags": [],
            "timeouts": null,
            "updated": "2024-09-02 08:42:49 +0000 UTC",
            "user_data": "13c516fe59f98d0e29e15db7d14036a0eeeca865",
            "vendor_options": [],
            "volume": []
          },
          "sensitive_attributes": [
            [
              {
                "type": "get_attr",
                "value": "admin_pass"
              }
            ]
          ],
          "private": "eyJlMmJmYjczMC1lY2FhLTExZTYtOGY4OC0zNDM2M2JjN2M0YzAiOnsiY3JlYXRlIjoxODAwMDAwMDAwMDAwLCJkZWxldGUiOjE4MDAwMDAwMDAwMDAsInVwZGF0ZSI6MTgwMDAwMDAwMDAwMH19",
          "dependencies": [
            "data.openstack_compute_flavor_v2.m1-large",
            "data.openstack_compute_keypair_v2.server_keypair",
            "data.openstack_images_image_v2.focal-servers-vnx",
            "openstack_networking_network_v2.net1",
            "openstack_networking_network_v2.net2",
            "openstack_networking_port_v2.port_net1",
            "openstack_networking_port_v2.port_net2",
            "openstack_networking_secgroup_v2.my_security_group",
            "openstack_networking_subnet_v2.subnet1",
            "openstack_networking_subnet_v2.subnet2"
          ]
        },
        {
          "index_key": "2",
          "schema_version": 0,
          "attributes": {
            "access_ip_v4": "10.1.1.36",
            "access_ip_v6": "",
            "admin_pass": null,
            "all_metadata": {},
            "all_tags": [],
            "availability_zone": "nova",
            "availability_zone_hints": null,
            "block_device": [],
            "config_drive": null,
            "created": "2024-09-02 08:42:03 +0000 UTC",
            "flavor_id": "e420966d-9e8a-4ece-a37b-ea6d47aab25f",
            "flavor_name": "m1.large",
            "floating_ip": null,
            "force_delete": false,
            "id": "b20ac049-7015-4554-ba33-5bb8fdb7affd",
            "image_id": "5a2c98ea-26e2-42da-9a08-c11e74f4b1c0",
            "image_name": "focal-servers-vnx",
            "key_pair": "s2",
            "metadata": null,
            "name": "s2",
            "network": [
              {
                "access_network": false,
                "fixed_ip_v4": "10.1.1.36",
                "fixed_ip_v6": "",
                "floating_ip": "",
                "mac": "fa:16:3e:98:31:e1",
                "name": "Net1",
                "port": "2a009d81-6514-4b3b-a108-32fc752f4b71",
                "uuid": "54139833-cee6-4567-b007-742328b90dd4"
              },
              {
                "access_network": false,
                "fixed_ip_v4": "10.1.2.55",
                "fixed_ip_v6": "",
                "floating_ip": "",
                "mac": "fa:16:3e:53:23:9b",
                "name": "Net2",
                "port": "ae467f61-b2b4-459e-83dc-e16e12e496d4",
                "uuid": "68a48b0b-7cf8-4885-a6fc-6ecaa6b02538"
              }
            ],
            "network_mode": null,
            "personality": [],
            "power_state": "active",
            "region": "RegionOne",
            "scheduler_hints": [],
            "security_groups": [
              "open"
            ],
            "stop_before_destroy": false,
            "tags": [],
            "timeouts": null,
            "updated": "2024-09-02 08:42:38 +0000 UTC",
            "user_data": "e3ed146da3382a694e7718d45262f7fd3dfa745b",
            "vendor_options": [],
            "volume": []
          },
          "sensitive_attributes": [
            [
              {
                "type": "get_attr",
                "value": "admin_pass"
              }
            ]
          ],
          "private": "eyJlMmJmYjczMC1lY2FhLTExZTYtOGY4OC0zNDM2M2JjN2M0YzAiOnsiY3JlYXRlIjoxODAwMDAwMDAwMDAwLCJkZWxldGUiOjE4MDAwMDAwMDAwMDAsInVwZGF0ZSI6MTgwMDAwMDAwMDAwMH19",
          "dependencies": [
            "data.openstack_compute_flavor_v2.m1-large",
            "data.openstack_compute_keypair_v2.server_keypair",
            "data.openstack_images_image_v2.focal-servers-vnx",
            "openstack_networking_network_v2.net1",
            "openstack_networking_network_v2.net2",
            "openstack_networking_port_v2.port_net1",
            "openstack_networking_port_v2.port_net2",
            "openstack_networking_secgroup_v2.my_security_group",
            "openstack_networking_subnet_v2.subnet1",
            "openstack_networking_subnet_v2.subnet2"
          ]
        },
        {
          "index_key": "3",
          "schema_version": 0,
          "attributes": {
            "access_ip_v4": "10.1.1.7",
            "access_ip_v6": "",
            "admin_pass": null,
            "all_metadata": {},
            "all_tags": [],
            "availability_zone": "nova",
            "availability_zone_hints": null,
            "block_device": [],
            "config_drive": null,
            "created": "2024-09-02 08:42:07 +0000 UTC",
            "flavor_id": "e420966d-9e8a-4ece-a37b-ea6d47aab25f",
            "flavor_name": "m1.large",
            "floating_ip": null,
            "force_delete": false,
            "id": "0c8e7bea-8bb8-472a-9dbf-076afdf083ed",
            "image_id": "5a2c98ea-26e2-42da-9a08-c11e74f4b1c0",
            "image_name": "focal-servers-vnx",
            "key_pair": "s3",
            "metadata": null,
            "name": "s3",
            "network": [
              {
                "access_network": false,
                "fixed_ip_v4": "10.1.1.7",
                "fixed_ip_v6": "",
                "floating_ip": "",
                "mac": "fa:16:3e:b4:48:b3",
                "name": "Net1",
                "port": "d38bbd7b-0883-49cb-a8d4-2408a0843c5a",
                "uuid": "54139833-cee6-4567-b007-742328b90dd4"
              },
              {
                "access_network": false,
                "fixed_ip_v4": "10.1.2.16",
                "fixed_ip_v6": "",
                "floating_ip": "",
                "mac": "fa:16:3e:dd:e2:6a",
                "name": "Net2",
                "port": "e30a490a-d0d4-404b-9ad3-c8d3249f2de0",
                "uuid": "68a48b0b-7cf8-4885-a6fc-6ecaa6b02538"
              }
            ],
            "network_mode": null,
            "personality": [],
            "power_state": "active",
            "region": "RegionOne",
            "scheduler_hints": [],
            "security_groups": [
              "open"
            ],
            "stop_before_destroy": false,
            "tags": [],
            "timeouts": null,
            "updated": "2024-09-02 08:42:40 +0000 UTC",
            "user_data": "f6ef87bca4ea5c2b1cf5bc73c746e1608df9a852",
            "vendor_options": [],
            "volume": []
          },
          "sensitive_attributes": [
            [
              {
                "type": "get_attr",
                "value": "admin_pass"
              }
            ]
          ],
          "private": "eyJlMmJmYjczMC1lY2FhLTExZTYtOGY4OC0zNDM2M2JjN2M0YzAiOnsiY3JlYXRlIjoxODAwMDAwMDAwMDAwLCJkZWxldGUiOjE4MDAwMDAwMDAwMDAsInVwZGF0ZSI6MTgwMDAwMDAwMDAwMH19",
          "dependencies": [
            "data.openstack_compute_flavor_v2.m1-large",
            "data.openstack_compute_keypair_v2.server_keypair",
            "data.openstack_images_image_v2.focal-servers-vnx",
            "openstack_networking_network_v2.net1",
            "openstack_networking_network_v2.net2",
            "openstack_networking_port_v2.port_net1",
            "openstack_networking_port_v2.port_net2",
            "openstack_networking_secgroup_v2.my_security_group",
            "openstack_networking_subnet_v2.subnet1",
            "openstack_networking_subnet_v2.subnet2"
          ]
        },
        {
          "index_key": "4",
          "schema_version": 0,
          "attributes": {
            "access_ip_v4": "10.1.1.61",
            "access_ip_v6": "",
            "admin_pass": null,
            "all_metadata": {},
            "all_tags": [],
            "availability_zone": "nova",
            "availability_zone_hints": null,
            "block_device": [],
            "config_drive": null,
            "created": "2024-09-02 09:04:12 +0000 UTC",
            "flavor_id": "e420966d-9e8a-4ece-a37b-ea6d47aab25f",
            "flavor_name": "m1.large",
            "floating_ip": null,
            "force_delete": false,
            "id": "4f711d55-54db-4212-82a4-3c6cf14da65b",
            "image_id": "5a2c98ea-26e2-42da-9a08-c11e74f4b1c0",
            "image_name": "focal-servers-vnx",
            "key_pair": "s4",
            "metadata": null,
            "name": "s4",
            "network": [
              {
                "access_network": false,
                "fixed_ip_v4": "10.1.1.61",
                "fixed_ip_v6": "",
                "floating_ip": "",
                "mac": "fa:16:3e:09:6c:72",
                "name": "Net1",
                "port": "f8700a30-1446-41b7-8561-4b3f7db4f32f",
                "uuid": "54139833-cee6-4567-b007-742328b90dd4"
              },
              {
                "access_network": false,
                "fixed_ip_v4": "10.1.2.12",
                "fixed_ip_v6": "",
                "floating_ip": "",
                "mac": "fa:16:3e:81:20:c0",
                "name": "Net2",
                "port": "0531bb39-326e-43b0-bf99-d87f0029c123",
                "uuid": "68a48b0b-7cf8-4885-a6fc-6ecaa6b02538"
              }
            ],
            "network_mode": null,
            "personality": [],
            "power_state": "active",
            "region": "RegionOne",
            "scheduler_hints": [],
            "security_groups": [
              "open"
            ],
            "stop_before_destroy": false,
            "tags": null,
            "timeouts": null,
            "updated": "2024-09-02 09:05:41 +0000 UTC",
            "user_data": "6a80eaa26de287ca1975b93d721124d39355ef36",
            "vendor_options": [],
            "volume": []
          },
          "sensitive_attributes": [
            [
              {
                "type": "get_attr",
                "value": "admin_pass"
              }
            ]
          ],
          "private": "eyJlMmJmYjczMC1lY2FhLTExZTYtOGY4OC0zNDM2M2JjN2M0YzAiOnsiY3JlYXRlIjoxODAwMDAwMDAwMDAwLCJkZWxldGUiOjE4MDAwMDAwMDAwMDAsInVwZGF0ZSI6MTgwMDAwMDAwMDAwMH19",
          "dependencies": [
            "data.openstack_compute_flavor_v2.m1-large",
            "data.openstack_compute_keypair_v2.server_keypair",
            "data.openstack_images_image_v2.focal-servers-vnx",
            "openstack_networking_network_v2.net1",
            "openstack_networking_network_v2.net2",
            "openstack_networking_port_v2.port_net1",
            "openstack_networking_port_v2.port_net2",
            "openstack_networking_secgroup_v2.my_security_group",
            "openstack_networking_subnet_v2.subnet1",
            "openstack_networking_subnet_v2.subnet2"
          ]
        }
      ]
    },
    {
      "mode": "managed",
      "type": "openstack_fw_group_v2",
      "name": "group_1",
      "provider": "provider[\"registry.terraform.io/terraform-provider-openstack/openstack\"]",
      "instances": [
        {
          "schema_version": 0,
          "attributes": {
            "admin_state_up": true,
            "description": "",
            "egress_firewall_policy_id": "b28aa17f-aa0a-4044-8bf7-3ce8a34c4651",
            "id": "8c8386ac-25bd-4815-aefb-8741b3ff6d48",
            "ingress_firewall_policy_id": "0d5ecc93-472c-4ebf-9c95-a3bddc101271",
            "name": "firewall_group",
            "ports": [],
            "project_id": "9195d7d227cd4ae0bc96d491f3f59798",
            "region": "RegionOne",
            "shared": false,
            "status": "INACTIVE",
            "tenant_id": "9195d7d227cd4ae0bc96d491f3f59798",
            "timeouts": null
          },
          "sensitive_attributes": [],
          "private": "eyJlMmJmYjczMC1lY2FhLTExZTYtOGY4OC0zNDM2M2JjN2M0YzAiOnsiY3JlYXRlIjo2MDAwMDAwMDAwMDAsImRlbGV0ZSI6NjAwMDAwMDAwMDAwLCJ1cGRhdGUiOjYwMDAwMDAwMDAwMH19",
          "dependencies": [
            "data.openstack_compute_flavor_v2.m1-smaller",
            "data.openstack_compute_keypair_v2.administrador",
            "data.openstack_images_image_v2.focal-administrador-vnx",
            "openstack_compute_instance_v2.administrador",
            "openstack_fw_policy_v2.policy_engress",
            "openstack_fw_policy_v2.policy_ingress",
            "openstack_fw_rule_v2.server_connection_rule",
            "openstack_fw_rule_v2.ssh_admin_rule",
            "openstack_fw_rule_v2.www_lb_rule",
            "openstack_lb_loadbalancer_v2.load_balancer",
            "openstack_networking_network_v2.net1",
            "openstack_networking_network_v2.net2",
            "openstack_networking_port_v2.port_admin1",
            "openstack_networking_port_v2.port_admin2",
            "openstack_networking_secgroup_v2.my_security_group",
            "openstack_networking_subnet_v2.subnet1",
            "openstack_networking_subnet_v2.subnet2"
          ]
        }
      ]
    },
    {
      "mode": "managed",
      "type": "openstack_fw_policy_v2",
      "name": "policy_engress",
      "provider": "provider[\"registry.terraform.io/terraform-provider-openstack/openstack\"]",
      "instances": [
        {
          "schema_version": 0,
          "attributes": {
            "audited": false,
            "description": "",
            "id": "b28aa17f-aa0a-4044-8bf7-3ce8a34c4651",
            "name": "firewall_egress_policy",
            "project_id": "9195d7d227cd4ae0bc96d491f3f59798",
            "region": "RegionOne",
            "rules": [
              "4dd90336-f5df-45e1-a7e4-4555258f9b42"
            ],
            "shared": false,
            "tenant_id": "9195d7d227cd4ae0bc96d491f3f59798",
            "timeouts": null
          },
          "sensitive_attributes": [],
          "private": "eyJlMmJmYjczMC1lY2FhLTExZTYtOGY4OC0zNDM2M2JjN2M0YzAiOnsiY3JlYXRlIjo2MDAwMDAwMDAwMDAsImRlbGV0ZSI6NjAwMDAwMDAwMDAwfX0=",
          "dependencies": [
            "openstack_fw_rule_v2.server_connection_rule",
            "openstack_networking_network_v2.net1",
            "openstack_networking_subnet_v2.subnet1"
          ]
        }
      ]
    },
    {
      "mode": "managed",
      "type": "openstack_fw_policy_v2",
      "name": "policy_ingress",
      "provider": "provider[\"registry.terraform.io/terraform-provider-openstack/openstack\"]",
      "instances": [
        {
          "schema_version": 0,
          "attributes": {
            "audited": false,
            "description": "",
            "id": "0d5ecc93-472c-4ebf-9c95-a3bddc101271",
            "name": "firewall_ingress_policy",
            "project_id": "9195d7d227cd4ae0bc96d491f3f59798",
            "region": "RegionOne",
            "rules": [
              "a95e2349-f305-4d86-8f79-53a2c4bf9afd",
              "abfba680-d9ab-4231-a86f-6dca76ecc5bb"
            ],
            "shared": false,
            "tenant_id": "9195d7d227cd4ae0bc96d491f3f59798",
            "timeouts": null
          },
          "sensitive_attributes": [],
          "private": "eyJlMmJmYjczMC1lY2FhLTExZTYtOGY4OC0zNDM2M2JjN2M0YzAiOnsiY3JlYXRlIjo2MDAwMDAwMDAwMDAsImRlbGV0ZSI6NjAwMDAwMDAwMDAwfX0=",
          "dependencies": [
            "data.openstack_compute_flavor_v2.m1-smaller",
            "data.openstack_compute_keypair_v2.administrador",
            "data.openstack_images_image_v2.focal-administrador-vnx",
            "openstack_compute_instance_v2.administrador",
            "openstack_fw_rule_v2.ssh_admin_rule",
            "openstack_fw_rule_v2.www_lb_rule",
            "openstack_lb_loadbalancer_v2.load_balancer",
            "openstack_networking_network_v2.net1",
            "openstack_networking_network_v2.net2",
            "openstack_networking_port_v2.port_admin1",
            "openstack_networking_port_v2.port_admin2",
            "openstack_networking_secgroup_v2.my_security_group",
            "openstack_networking_subnet_v2.subnet1",
            "openstack_networking_subnet_v2.subnet2"
          ]
        }
      ]
    },
    {
      "mode": "managed",
      "type": "openstack_fw_rule_v2",
      "name": "server_connection_rule",
      "provider": "provider[\"registry.terraform.io/terraform-provider-openstack/openstack\"]",
      "instances": [
        {
          "schema_version": 0,
          "attributes": {
            "action": "allow",
            "description": "",
            "destination_ip_address": "",
            "destination_port": "",
            "enabled": true,
            "id": "4dd90336-f5df-45e1-a7e4-4555258f9b42",
            "ip_version": 4,
            "name": "server_connection",
            "project_id": "9195d7d227cd4ae0bc96d491f3f59798",
            "protocol": "any",
            "region": "RegionOne",
            "shared": false,
            "source_ip_address": "10.1.1.0/24",
            "source_port": "",
            "tenant_id": "9195d7d227cd4ae0bc96d491f3f59798"
          },
          "sensitive_attributes": [],
          "private": "bnVsbA==",
          "dependencies": [
            "openstack_networking_network_v2.net1",
            "openstack_networking_subnet_v2.subnet1"
          ]
        }
      ]
    },
    {
      "mode": "managed",
      "type": "openstack_fw_rule_v2",
      "name": "ssh_admin_rule",
      "provider": "provider[\"registry.terraform.io/terraform-provider-openstack/openstack\"]",
      "instances": [
        {
          "schema_version": 0,
          "attributes": {
            "action": "allow",
            "description": "",
            "destination_ip_address": "10.1.1.83",
            "destination_port": "2022",
            "enabled": true,
            "id": "a95e2349-f305-4d86-8f79-53a2c4bf9afd",
            "ip_version": 4,
            "name": "ssh_admin",
            "project_id": "9195d7d227cd4ae0bc96d491f3f59798",
            "protocol": "tcp",
            "region": "RegionOne",
            "shared": false,
            "source_ip_address": "",
            "source_port": "",
            "tenant_id": "9195d7d227cd4ae0bc96d491f3f59798"
          },
          "sensitive_attributes": [],
          "private": "bnVsbA==",
          "dependencies": [
            "data.openstack_compute_flavor_v2.m1-smaller",
            "data.openstack_compute_keypair_v2.administrador",
            "data.openstack_images_image_v2.focal-administrador-vnx",
            "openstack_compute_instance_v2.administrador",
            "openstack_networking_network_v2.net1",
            "openstack_networking_network_v2.net2",
            "openstack_networking_port_v2.port_admin1",
            "openstack_networking_port_v2.port_admin2",
            "openstack_networking_secgroup_v2.my_security_group",
            "openstack_networking_subnet_v2.subnet1",
            "openstack_networking_subnet_v2.subnet2"
          ]
        }
      ]
    },
    {
      "mode": "managed",
      "type": "openstack_fw_rule_v2",
      "name": "www_lb_rule",
      "provider": "provider[\"registry.terraform.io/terraform-provider-openstack/openstack\"]",
      "instances": [
        {
          "schema_version": 0,
          "attributes": {
            "action": "allow",
            "description": "",
            "destination_ip_address": "10.1.1.66",
            "destination_port": "80",
            "enabled": true,
            "id": "abfba680-d9ab-4231-a86f-6dca76ecc5bb",
            "ip_version": 4,
            "name": "www_lb",
            "project_id": "9195d7d227cd4ae0bc96d491f3f59798",
            "protocol": "tcp",
            "region": "RegionOne",
            "shared": false,
            "source_ip_address": "",
            "source_port": "",
            "tenant_id": "9195d7d227cd4ae0bc96d491f3f59798"
          },
          "sensitive_attributes": [],
          "private": "bnVsbA==",
          "dependencies": [
            "openstack_lb_loadbalancer_v2.load_balancer",
            "openstack_networking_network_v2.net1",
            "openstack_networking_subnet_v2.subnet1"
          ]
        }
      ]
    },
    {
      "mode": "managed",
      "type": "openstack_lb_listener_v2",
      "name": "lb_listener",
      "provider": "provider[\"registry.terraform.io/terraform-provider-openstack/openstack\"]",
      "instances": [
        {
          "schema_version": 0,
          "attributes": {
            "admin_state_up": true,
            "allowed_cidrs": [],
            "connection_limit": -1,
            "default_pool_id": "9553e92c-5a30-4a52-9745-d157afb977fa",
            "default_tls_container_ref": "",
            "description": "",
            "id": "c575c958-786c-46b8-84de-c4082454d48a",
            "insert_headers": {},
            "loadbalancer_id": "adbcaf80-5564-432f-b639-6fa6436f0b4d",
            "name": "lb_listener",
            "protocol": "HTTP",
            "protocol_port": 80,
            "region": "RegionOne",
            "sni_container_refs": [],
            "tags": [],
            "tenant_id": "9195d7d227cd4ae0bc96d491f3f59798",
            "timeout_client_data": 50000,
            "timeout_member_connect": 5000,
            "timeout_member_data": 50000,
            "timeout_tcp_inspect": 0,
            "timeouts": null
          },
          "sensitive_attributes": [],
          "private": "eyJlMmJmYjczMC1lY2FhLTExZTYtOGY4OC0zNDM2M2JjN2M0YzAiOnsiY3JlYXRlIjo2MDAwMDAwMDAwMDAsImRlbGV0ZSI6NjAwMDAwMDAwMDAwLCJ1cGRhdGUiOjYwMDAwMDAwMDAwMH19",
          "dependencies": [
            "openstack_lb_loadbalancer_v2.load_balancer",
            "openstack_networking_network_v2.net1",
            "openstack_networking_subnet_v2.subnet1"
          ]
        }
      ]
    },
    {
      "mode": "managed",
      "type": "openstack_lb_loadbalancer_v2",
      "name": "load_balancer",
      "provider": "provider[\"registry.terraform.io/terraform-provider-openstack/openstack\"]",
      "instances": [
        {
          "schema_version": 0,
          "attributes": {
            "admin_state_up": true,
            "availability_zone": "",
            "description": "",
            "flavor_id": "",
            "id": "adbcaf80-5564-432f-b639-6fa6436f0b4d",
            "loadbalancer_provider": "amphora",
            "name": "load_balancer",
            "region": "RegionOne",
            "security_group_ids": [
              "5cb4c411-bfb8-49de-8108-1482458aa3d3"
            ],
            "tags": [],
            "tenant_id": "9195d7d227cd4ae0bc96d491f3f59798",
            "timeouts": null,
            "vip_address": "10.1.1.66",
            "vip_network_id": "54139833-cee6-4567-b007-742328b90dd4",
            "vip_port_id": "09e29d38-f47b-46ff-a401-c61415d60098",
            "vip_subnet_id": "bed6417b-d8b6-410e-b45f-828f1cd0ce39"
          },
          "sensitive_attributes": [],
          "private": "eyJlMmJmYjczMC1lY2FhLTExZTYtOGY4OC0zNDM2M2JjN2M0YzAiOnsiY3JlYXRlIjo2MDAwMDAwMDAwMDAsImRlbGV0ZSI6MzAwMDAwMDAwMDAwLCJ1cGRhdGUiOjYwMDAwMDAwMDAwMH19",
          "dependencies": [
            "openstack_networking_network_v2.net1",
            "openstack_networking_subnet_v2.subnet1"
          ]
        }
      ]
    },
    {
      "mode": "managed",
      "type": "openstack_lb_member_v2",
      "name": "lb_member",
      "provider": "provider[\"registry.terraform.io/terraform-provider-openstack/openstack\"]",
      "instances": [
        {
          "index_key": "1",
          "schema_version": 0,
          "attributes": {
            "address": "10.1.1.71",
            "admin_state_up": true,
            "backup": false,
            "id": "ecc16bbe-4b01-4a02-a66e-aaf4608b7b02",
            "monitor_address": "",
            "monitor_port": 0,
            "name": "",
            "pool_id": "9553e92c-5a30-4a52-9745-d157afb977fa",
            "protocol_port": 80,
            "region": "RegionOne",
            "subnet_id": "",
            "tenant_id": "9195d7d227cd4ae0bc96d491f3f59798",
            "timeouts": null,
            "weight": 1
          },
          "sensitive_attributes": [],
          "private": "eyJlMmJmYjczMC1lY2FhLTExZTYtOGY4OC0zNDM2M2JjN2M0YzAiOnsiY3JlYXRlIjo2MDAwMDAwMDAwMDAsImRlbGV0ZSI6NjAwMDAwMDAwMDAwLCJ1cGRhdGUiOjYwMDAwMDAwMDAwMH19",
          "dependencies": [
            "data.openstack_compute_flavor_v2.m1-large",
            "data.openstack_compute_keypair_v2.server_keypair",
            "data.openstack_images_image_v2.focal-servers-vnx",
            "openstack_compute_instance_v2.server_instance",
            "openstack_lb_listener_v2.lb_listener",
            "openstack_lb_loadbalancer_v2.load_balancer",
            "openstack_lb_pool_v2.lb_pool",
            "openstack_networking_network_v2.net1",
            "openstack_networking_network_v2.net2",
            "openstack_networking_port_v2.port_net1",
            "openstack_networking_port_v2.port_net2",
            "openstack_networking_secgroup_v2.my_security_group",
            "openstack_networking_subnet_v2.subnet1",
            "openstack_networking_subnet_v2.subnet2"
          ]
        },
        {
          "index_key": "2",
          "schema_version": 0,
          "attributes": {
            "address": "10.1.1.36",
            "admin_state_up": true,
            "backup": false,
            "id": "1c1d2a17-8c24-43c4-bc1b-c31294edff6d",
            "monitor_address": "",
            "monitor_port": 0,
            "name": "",
            "pool_id": "9553e92c-5a30-4a52-9745-d157afb977fa",
            "protocol_port": 80,
            "region": "RegionOne",
            "subnet_id": "",
            "tenant_id": "9195d7d227cd4ae0bc96d491f3f59798",
            "timeouts": null,
            "weight": 1
          },
          "sensitive_attributes": [],
          "private": "eyJlMmJmYjczMC1lY2FhLTExZTYtOGY4OC0zNDM2M2JjN2M0YzAiOnsiY3JlYXRlIjo2MDAwMDAwMDAwMDAsImRlbGV0ZSI6NjAwMDAwMDAwMDAwLCJ1cGRhdGUiOjYwMDAwMDAwMDAwMH19",
          "dependencies": [
            "data.openstack_compute_flavor_v2.m1-large",
            "data.openstack_compute_keypair_v2.server_keypair",
            "data.openstack_images_image_v2.focal-servers-vnx",
            "openstack_compute_instance_v2.server_instance",
            "openstack_lb_listener_v2.lb_listener",
            "openstack_lb_loadbalancer_v2.load_balancer",
            "openstack_lb_pool_v2.lb_pool",
            "openstack_networking_network_v2.net1",
            "openstack_networking_network_v2.net2",
            "openstack_networking_port_v2.port_net1",
            "openstack_networking_port_v2.port_net2",
            "openstack_networking_secgroup_v2.my_security_group",
            "openstack_networking_subnet_v2.subnet1",
            "openstack_networking_subnet_v2.subnet2"
          ]
        },
        {
          "index_key": "3",
          "schema_version": 0,
          "attributes": {
            "address": "10.1.1.7",
            "admin_state_up": true,
            "backup": false,
            "id": "9d03e398-621b-411f-9586-b2b73a492042",
            "monitor_address": "",
            "monitor_port": 0,
            "name": "",
            "pool_id": "9553e92c-5a30-4a52-9745-d157afb977fa",
            "protocol_port": 80,
            "region": "RegionOne",
            "subnet_id": "",
            "tenant_id": "9195d7d227cd4ae0bc96d491f3f59798",
            "timeouts": null,
            "weight": 1
          },
          "sensitive_attributes": [],
          "private": "eyJlMmJmYjczMC1lY2FhLTExZTYtOGY4OC0zNDM2M2JjN2M0YzAiOnsiY3JlYXRlIjo2MDAwMDAwMDAwMDAsImRlbGV0ZSI6NjAwMDAwMDAwMDAwLCJ1cGRhdGUiOjYwMDAwMDAwMDAwMH19",
          "dependencies": [
            "data.openstack_compute_flavor_v2.m1-large",
            "data.openstack_compute_keypair_v2.server_keypair",
            "data.openstack_images_image_v2.focal-servers-vnx",
            "openstack_compute_instance_v2.server_instance",
            "openstack_lb_listener_v2.lb_listener",
            "openstack_lb_loadbalancer_v2.load_balancer",
            "openstack_lb_pool_v2.lb_pool",
            "openstack_networking_network_v2.net1",
            "openstack_networking_network_v2.net2",
            "openstack_networking_port_v2.port_net1",
            "openstack_networking_port_v2.port_net2",
            "openstack_networking_secgroup_v2.my_security_group",
            "openstack_networking_subnet_v2.subnet1",
            "openstack_networking_subnet_v2.subnet2"
          ]
        },
        {
          "index_key": "4",
          "schema_version": 0,
          "attributes": {
            "address": "10.1.1.61",
            "admin_state_up": true,
            "backup": false,
            "id": "db38559a-45d3-4c89-a348-be46907f8828",
            "monitor_address": "",
            "monitor_port": 0,
            "name": "",
            "pool_id": "9553e92c-5a30-4a52-9745-d157afb977fa",
            "protocol_port": 80,
            "region": "RegionOne",
            "subnet_id": "",
            "tenant_id": "9195d7d227cd4ae0bc96d491f3f59798",
            "timeouts": null,
            "weight": 1
          },
          "sensitive_attributes": [],
          "private": "eyJlMmJmYjczMC1lY2FhLTExZTYtOGY4OC0zNDM2M2JjN2M0YzAiOnsiY3JlYXRlIjo2MDAwMDAwMDAwMDAsImRlbGV0ZSI6NjAwMDAwMDAwMDAwLCJ1cGRhdGUiOjYwMDAwMDAwMDAwMH19",
          "dependencies": [
            "data.openstack_compute_flavor_v2.m1-large",
            "data.openstack_compute_keypair_v2.server_keypair",
            "data.openstack_images_image_v2.focal-servers-vnx",
            "openstack_compute_instance_v2.server_instance",
            "openstack_lb_listener_v2.lb_listener",
            "openstack_lb_loadbalancer_v2.load_balancer",
            "openstack_lb_pool_v2.lb_pool",
            "openstack_networking_network_v2.net1",
            "openstack_networking_network_v2.net2",
            "openstack_networking_port_v2.port_net1",
            "openstack_networking_port_v2.port_net2",
            "openstack_networking_secgroup_v2.my_security_group",
            "openstack_networking_subnet_v2.subnet1",
            "openstack_networking_subnet_v2.subnet2"
          ]
        }
      ]
    },
    {
      "mode": "managed",
      "type": "openstack_lb_pool_v2",
      "name": "lb_pool",
      "provider": "provider[\"registry.terraform.io/terraform-provider-openstack/openstack\"]",
      "instances": [
        {
          "schema_version": 0,
          "attributes": {
            "admin_state_up": true,
            "description": "",
            "id": "9553e92c-5a30-4a52-9745-d157afb977fa",
            "lb_method": "ROUND_ROBIN",
            "listener_id": "c575c958-786c-46b8-84de-c4082454d48a",
            "loadbalancer_id": null,
            "name": "lb_pool",
            "persistence": [
              {
                "cookie_name": "",
                "type": ""
              }
            ],
            "protocol": "HTTP",
            "region": "RegionOne",
            "tenant_id": "9195d7d227cd4ae0bc96d491f3f59798",
            "timeouts": null
          },
          "sensitive_attributes": [],
          "private": "eyJlMmJmYjczMC1lY2FhLTExZTYtOGY4OC0zNDM2M2JjN2M0YzAiOnsiY3JlYXRlIjo2MDAwMDAwMDAwMDAsImRlbGV0ZSI6NjAwMDAwMDAwMDAwLCJ1cGRhdGUiOjYwMDAwMDAwMDAwMH19",
          "dependencies": [
            "openstack_lb_listener_v2.lb_listener",
            "openstack_lb_loadbalancer_v2.load_balancer",
            "openstack_networking_network_v2.net1",
            "openstack_networking_subnet_v2.subnet1"
          ]
        }
      ]
    },
    {
      "mode": "managed",
      "type": "openstack_networking_floatingip_v2",
      "name": "floating_ipAdmin",
      "provider": "provider[\"registry.terraform.io/terraform-provider-openstack/openstack\"]",
      "instances": [
        {
          "schema_version": 0,
          "attributes": {
            "address": "10.0.10.122",
            "all_tags": [],
            "description": "IP Flotante del servidor de Administración",
            "dns_domain": "",
            "dns_name": "",
            "fixed_ip": "10.1.1.83",
            "id": "8e7c52af-33ec-4f38-9638-e48b74c7b33b",
            "pool": "ExtNet",
            "port_id": "6f971c75-197c-4fa2-81ef-3ae05501b600",
            "region": "RegionOne",
            "subnet_id": null,
            "subnet_ids": null,
            "tags": [],
            "tenant_id": "9195d7d227cd4ae0bc96d491f3f59798",
            "timeouts": null,
            "value_specs": null
          },
          "sensitive_attributes": [],
          "private": "eyJlMmJmYjczMC1lY2FhLTExZTYtOGY4OC0zNDM2M2JjN2M0YzAiOnsiY3JlYXRlIjo2MDAwMDAwMDAwMDAsImRlbGV0ZSI6NjAwMDAwMDAwMDAwfX0=",
          "dependencies": [
            "data.openstack_networking_network_v2.extnet",
            "openstack_networking_network_v2.net1",
            "openstack_networking_port_v2.port_admin1",
            "openstack_networking_secgroup_v2.my_security_group",
            "openstack_networking_subnet_v2.subnet1"
          ]
        }
      ]
    },
    {
      "mode": "managed",
      "type": "openstack_networking_floatingip_v2",
      "name": "floating_ipLB",
      "provider": "provider[\"registry.terraform.io/terraform-provider-openstack/openstack\"]",
      "instances": [
        {
          "schema_version": 0,
          "attributes": {
            "address": "10.0.10.109",
            "all_tags": [],
            "description": "IP Flotante del Balanceador de Carga",
            "dns_domain": "",
            "dns_name": "",
            "fixed_ip": "10.1.1.66",
            "id": "940c5e51-9698-46e5-98d4-105c396966c5",
            "pool": "ExtNet",
            "port_id": "09e29d38-f47b-46ff-a401-c61415d60098",
            "region": "RegionOne",
            "subnet_id": null,
            "subnet_ids": null,
            "tags": [],
            "tenant_id": "9195d7d227cd4ae0bc96d491f3f59798",
            "timeouts": null,
            "value_specs": null
          },
          "sensitive_attributes": [],
          "private": "eyJlMmJmYjczMC1lY2FhLTExZTYtOGY4OC0zNDM2M2JjN2M0YzAiOnsiY3JlYXRlIjo2MDAwMDAwMDAwMDAsImRlbGV0ZSI6NjAwMDAwMDAwMDAwfX0=",
          "dependencies": [
            "data.openstack_networking_network_v2.extnet",
            "openstack_lb_loadbalancer_v2.load_balancer",
            "openstack_networking_network_v2.net1",
            "openstack_networking_subnet_v2.subnet1"
          ]
        }
      ]
    },
    {
      "mode": "managed",
      "type": "openstack_networking_network_v2",
      "name": "net1",
      "provider": "provider[\"registry.terraform.io/terraform-provider-openstack/openstack\"]",
      "instances": [
        {
          "schema_version": 0,
          "attributes": {
            "admin_state_up": true,
            "all_tags": [],
            "availability_zone_hints": [],
            "description": "",
            "dns_domain": "",
            "external": false,
            "id": "54139833-cee6-4567-b007-742328b90dd4",
            "mtu": 1450,
            "name": "Net1",
            "port_security_enabled": true,
            "qos_policy_id": "",
            "region": "RegionOne",
            "segments": [
              {
                "network_type": "vxlan",
                "physical_network": "",
                "segmentation_id": 140
              }
            ],
            "shared": false,
            "tags": [],
            "tenant_id": "9195d7d227cd4ae0bc96d491f3f59798",
            "timeouts": null,
            "transparent_vlan": false,
            "value_specs": null
          },
          "sensitive_attributes": [],
          "private": "eyJlMmJmYjczMC1lY2FhLTExZTYtOGY4OC0zNDM2M2JjN2M0YzAiOnsiY3JlYXRlIjo2MDAwMDAwMDAwMDAsImRlbGV0ZSI6NjAwMDAwMDAwMDAwfX0="
        }
      ]
    },
    {
      "mode": "managed",
      "type": "openstack_networking_network_v2",
      "name": "net2",
      "provider": "provider[\"registry.terraform.io/terraform-provider-openstack/openstack\"]",
      "instances": [
        {
          "schema_version": 0,
          "attributes": {
            "admin_state_up": true,
            "all_tags": [],
            "availability_zone_hints": [],
            "description": "",
            "dns_domain": "",
            "external": false,
            "id": "68a48b0b-7cf8-4885-a6fc-6ecaa6b02538",
            "mtu": 1450,
            "name": "Net2",
            "port_security_enabled": true,
            "qos_policy_id": "",
            "region": "RegionOne",
            "segments": [
              {
                "network_type": "vxlan",
                "physical_network": "",
                "segmentation_id": 334
              }
            ],
            "shared": false,
            "tags": [],
            "tenant_id": "9195d7d227cd4ae0bc96d491f3f59798",
            "timeouts": null,
            "transparent_vlan": false,
            "value_specs": null
          },
          "sensitive_attributes": [],
          "private": "eyJlMmJmYjczMC1lY2FhLTExZTYtOGY4OC0zNDM2M2JjN2M0YzAiOnsiY3JlYXRlIjo2MDAwMDAwMDAwMDAsImRlbGV0ZSI6NjAwMDAwMDAwMDAwfX0="
        }
      ]
    },
    {
      "mode": "managed",
      "type": "openstack_networking_port_v2",
      "name": "portBBDD_net2",
      "provider": "provider[\"registry.terraform.io/terraform-provider-openstack/openstack\"]",
      "instances": [
        {
          "schema_version": 0,
          "attributes": {
            "admin_state_up": true,
            "all_fixed_ips": [
              "10.1.2.83"
            ],
            "all_security_group_ids": [
              "c67b3e43-ffd3-4553-a862-09a1c21730f1"
            ],
            "all_tags": [],
            "allowed_address_pairs": [],
            "binding": [
              {
                "host_id": "compute2",
                "profile": "{}",
                "vif_details": {
                  "bound_drivers": "{\"0\":\"openvswitch\"}",
                  "bridge_name": "br-int",
                  "connectivity": "l2",
                  "datapath_type": "system",
                  "ovs_hybrid_plug": "true",
                  "port_filter": "true"
                },
                "vif_type": "ovs",
                "vnic_type": "normal"
              }
            ],
            "description": "",
            "device_id": "7bb64905-70c4-45ed-bb29-6d5ba7cf4ed8",
            "device_owner": "compute:nova",
            "dns_assignment": [],
            "dns_name": "",
            "extra_dhcp_option": [],
            "fixed_ip": [
              {
                "ip_address": "10.1.2.83",
                "subnet_id": "f46e106d-ba50-4c8e-8140-dc67ac783799"
              }
            ],
            "id": "5d9c5374-dccb-4c0f-a223-0181b979cd77",
            "mac_address": "fa:16:3e:2d:5f:5f",
            "name": "portBBDD_net2",
            "network_id": "68a48b0b-7cf8-4885-a6fc-6ecaa6b02538",
            "no_fixed_ip": null,
            "no_security_groups": null,
            "port_security_enabled": true,
            "qos_policy_id": "",
            "region": "RegionOne",
            "security_group_ids": [
              "c67b3e43-ffd3-4553-a862-09a1c21730f1"
            ],
            "tags": [],
            "tenant_id": "9195d7d227cd4ae0bc96d491f3f59798",
            "timeouts": null,
            "value_specs": null
          },
          "sensitive_attributes": [],
          "private": "eyJlMmJmYjczMC1lY2FhLTExZTYtOGY4OC0zNDM2M2JjN2M0YzAiOnsiY3JlYXRlIjo2MDAwMDAwMDAwMDAsImRlbGV0ZSI6NjAwMDAwMDAwMDAwfX0=",
          "dependencies": [
            "openstack_networking_network_v2.net2",
            "openstack_networking_secgroup_v2.my_security_group",
            "openstack_networking_subnet_v2.subnet2"
          ]
        }
      ]
    },
    {
      "mode": "managed",
      "type": "openstack_networking_port_v2",
      "name": "port_admin1",
      "provider": "provider[\"registry.terraform.io/terraform-provider-openstack/openstack\"]",
      "instances": [
        {
          "schema_version": 0,
          "attributes": {
            "admin_state_up": true,
            "all_fixed_ips": [
              "10.1.1.83"
            ],
            "all_security_group_ids": [
              "c67b3e43-ffd3-4553-a862-09a1c21730f1"
            ],
            "all_tags": [],
            "allowed_address_pairs": [],
            "binding": [
              {
                "host_id": "compute3",
                "profile": "{}",
                "vif_details": {
                  "bound_drivers": "{\"0\":\"openvswitch\"}",
                  "bridge_name": "br-int",
                  "connectivity": "l2",
                  "datapath_type": "system",
                  "ovs_hybrid_plug": "true",
                  "port_filter": "true"
                },
                "vif_type": "ovs",
                "vnic_type": "normal"
              }
            ],
            "description": "",
            "device_id": "2ca0908b-804d-4b25-97b2-ccf6cf7f6c68",
            "device_owner": "compute:nova",
            "dns_assignment": [],
            "dns_name": "",
            "extra_dhcp_option": [],
            "fixed_ip": [
              {
                "ip_address": "",
                "subnet_id": "bed6417b-d8b6-410e-b45f-828f1cd0ce39"
              }
            ],
            "id": "6f971c75-197c-4fa2-81ef-3ae05501b600",
            "mac_address": "fa:16:3e:05:e9:29",
            "name": "port_admin1",
            "network_id": "54139833-cee6-4567-b007-742328b90dd4",
            "no_fixed_ip": null,
            "no_security_groups": null,
            "port_security_enabled": true,
            "qos_policy_id": "",
            "region": "RegionOne",
            "security_group_ids": [
              "c67b3e43-ffd3-4553-a862-09a1c21730f1"
            ],
            "tags": [],
            "tenant_id": "9195d7d227cd4ae0bc96d491f3f59798",
            "timeouts": null,
            "value_specs": null
          },
          "sensitive_attributes": [],
          "private": "eyJlMmJmYjczMC1lY2FhLTExZTYtOGY4OC0zNDM2M2JjN2M0YzAiOnsiY3JlYXRlIjo2MDAwMDAwMDAwMDAsImRlbGV0ZSI6NjAwMDAwMDAwMDAwfX0=",
          "dependencies": [
            "openstack_networking_network_v2.net1",
            "openstack_networking_secgroup_v2.my_security_group",
            "openstack_networking_subnet_v2.subnet1"
          ]
        }
      ]
    },
    {
      "mode": "managed",
      "type": "openstack_networking_port_v2",
      "name": "port_admin2",
      "provider": "provider[\"registry.terraform.io/terraform-provider-openstack/openstack\"]",
      "instances": [
        {
          "schema_version": 0,
          "attributes": {
            "admin_state_up": true,
            "all_fixed_ips": [
              "10.1.2.99"
            ],
            "all_security_group_ids": [
              "c67b3e43-ffd3-4553-a862-09a1c21730f1"
            ],
            "all_tags": [],
            "allowed_address_pairs": [],
            "binding": [
              {
                "host_id": "compute3",
                "profile": "{}",
                "vif_details": {
                  "bound_drivers": "{\"0\":\"openvswitch\"}",
                  "bridge_name": "br-int",
                  "connectivity": "l2",
                  "datapath_type": "system",
                  "ovs_hybrid_plug": "true",
                  "port_filter": "true"
                },
                "vif_type": "ovs",
                "vnic_type": "normal"
              }
            ],
            "description": "",
            "device_id": "2ca0908b-804d-4b25-97b2-ccf6cf7f6c68",
            "device_owner": "compute:nova",
            "dns_assignment": [],
            "dns_name": "",
            "extra_dhcp_option": [],
            "fixed_ip": [
              {
                "ip_address": "",
                "subnet_id": "f46e106d-ba50-4c8e-8140-dc67ac783799"
              }
            ],
            "id": "b650a8b3-b06d-4259-a5eb-d00cced13a48",
            "mac_address": "fa:16:3e:db:5c:c6",
            "name": "port_admin2",
            "network_id": "68a48b0b-7cf8-4885-a6fc-6ecaa6b02538",
            "no_fixed_ip": null,
            "no_security_groups": null,
            "port_security_enabled": true,
            "qos_policy_id": "",
            "region": "RegionOne",
            "security_group_ids": [
              "c67b3e43-ffd3-4553-a862-09a1c21730f1"
            ],
            "tags": [],
            "tenant_id": "9195d7d227cd4ae0bc96d491f3f59798",
            "timeouts": null,
            "value_specs": null
          },
          "sensitive_attributes": [],
          "private": "eyJlMmJmYjczMC1lY2FhLTExZTYtOGY4OC0zNDM2M2JjN2M0YzAiOnsiY3JlYXRlIjo2MDAwMDAwMDAwMDAsImRlbGV0ZSI6NjAwMDAwMDAwMDAwfX0=",
          "dependencies": [
            "openstack_networking_network_v2.net2",
            "openstack_networking_secgroup_v2.my_security_group",
            "openstack_networking_subnet_v2.subnet2"
          ]
        }
      ]
    },
    {
      "mode": "managed",
      "type": "openstack_networking_port_v2",
      "name": "port_net1",
      "provider": "provider[\"registry.terraform.io/terraform-provider-openstack/openstack\"]",
      "instances": [
        {
          "index_key": "1",
          "schema_version": 0,
          "attributes": {
            "admin_state_up": true,
            "all_fixed_ips": [
              "10.1.1.71"
            ],
            "all_security_group_ids": [
              "c67b3e43-ffd3-4553-a862-09a1c21730f1"
            ],
            "all_tags": [],
            "allowed_address_pairs": [],
            "binding": [
              {
                "host_id": "compute1",
                "profile": "{}",
                "vif_details": {
                  "bound_drivers": "{\"0\":\"openvswitch\"}",
                  "bridge_name": "br-int",
                  "connectivity": "l2",
                  "datapath_type": "system",
                  "ovs_hybrid_plug": "true",
                  "port_filter": "true"
                },
                "vif_type": "ovs",
                "vnic_type": "normal"
              }
            ],
            "description": "",
            "device_id": "1cd751ec-4c67-4448-bd66-8f26ae3bce3a",
            "device_owner": "compute:nova",
            "dns_assignment": [],
            "dns_name": "",
            "extra_dhcp_option": [],
            "fixed_ip": [
              {
                "ip_address": "",
                "subnet_id": "bed6417b-d8b6-410e-b45f-828f1cd0ce39"
              }
            ],
            "id": "8c80c648-b6aa-4f5b-87e6-dc4fc430d21a",
            "mac_address": "fa:16:3e:a6:cb:ed",
            "name": "port1_net1",
            "network_id": "54139833-cee6-4567-b007-742328b90dd4",
            "no_fixed_ip": null,
            "no_security_groups": null,
            "port_security_enabled": true,
            "qos_policy_id": "",
            "region": "RegionOne",
            "security_group_ids": [
              "c67b3e43-ffd3-4553-a862-09a1c21730f1"
            ],
            "tags": [],
            "tenant_id": "9195d7d227cd4ae0bc96d491f3f59798",
            "timeouts": null,
            "value_specs": null
          },
          "sensitive_attributes": [],
          "private": "eyJlMmJmYjczMC1lY2FhLTExZTYtOGY4OC0zNDM2M2JjN2M0YzAiOnsiY3JlYXRlIjo2MDAwMDAwMDAwMDAsImRlbGV0ZSI6NjAwMDAwMDAwMDAwfX0=",
          "dependencies": [
            "openstack_networking_network_v2.net1",
            "openstack_networking_secgroup_v2.my_security_group",
            "openstack_networking_subnet_v2.subnet1"
          ]
        },
        {
          "index_key": "2",
          "schema_version": 0,
          "attributes": {
            "admin_state_up": true,
            "all_fixed_ips": [
              "10.1.1.36"
            ],
            "all_security_group_ids": [
              "c67b3e43-ffd3-4553-a862-09a1c21730f1"
            ],
            "all_tags": [],
            "allowed_address_pairs": [],
            "binding": [
              {
                "host_id": "compute1",
                "profile": "{}",
                "vif_details": {
                  "bound_drivers": "{\"0\":\"openvswitch\"}",
                  "bridge_name": "br-int",
                  "connectivity": "l2",
                  "datapath_type": "system",
                  "ovs_hybrid_plug": "true",
                  "port_filter": "true"
                },
                "vif_type": "ovs",
                "vnic_type": "normal"
              }
            ],
            "description": "",
            "device_id": "b20ac049-7015-4554-ba33-5bb8fdb7affd",
            "device_owner": "compute:nova",
            "dns_assignment": [],
            "dns_name": "",
            "extra_dhcp_option": [],
            "fixed_ip": [
              {
                "ip_address": "",
                "subnet_id": "bed6417b-d8b6-410e-b45f-828f1cd0ce39"
              }
            ],
            "id": "2a009d81-6514-4b3b-a108-32fc752f4b71",
            "mac_address": "fa:16:3e:98:31:e1",
            "name": "port2_net1",
            "network_id": "54139833-cee6-4567-b007-742328b90dd4",
            "no_fixed_ip": null,
            "no_security_groups": null,
            "port_security_enabled": true,
            "qos_policy_id": "",
            "region": "RegionOne",
            "security_group_ids": [
              "c67b3e43-ffd3-4553-a862-09a1c21730f1"
            ],
            "tags": [],
            "tenant_id": "9195d7d227cd4ae0bc96d491f3f59798",
            "timeouts": null,
            "value_specs": null
          },
          "sensitive_attributes": [],
          "private": "eyJlMmJmYjczMC1lY2FhLTExZTYtOGY4OC0zNDM2M2JjN2M0YzAiOnsiY3JlYXRlIjo2MDAwMDAwMDAwMDAsImRlbGV0ZSI6NjAwMDAwMDAwMDAwfX0=",
          "dependencies": [
            "openstack_networking_network_v2.net1",
            "openstack_networking_secgroup_v2.my_security_group",
            "openstack_networking_subnet_v2.subnet1"
          ]
        },
        {
          "index_key": "3",
          "schema_version": 0,
          "attributes": {
            "admin_state_up": true,
            "all_fixed_ips": [
              "10.1.1.7"
            ],
            "all_security_group_ids": [
              "c67b3e43-ffd3-4553-a862-09a1c21730f1"
            ],
            "all_tags": [],
            "allowed_address_pairs": [],
            "binding": [
              {
                "host_id": "compute1",
                "profile": "{}",
                "vif_details": {
                  "bound_drivers": "{\"0\":\"openvswitch\"}",
                  "bridge_name": "br-int",
                  "connectivity": "l2",
                  "datapath_type": "system",
                  "ovs_hybrid_plug": "true",
                  "port_filter": "true"
                },
                "vif_type": "ovs",
                "vnic_type": "normal"
              }
            ],
            "description": "",
            "device_id": "0c8e7bea-8bb8-472a-9dbf-076afdf083ed",
            "device_owner": "compute:nova",
            "dns_assignment": [],
            "dns_name": "",
            "extra_dhcp_option": [],
            "fixed_ip": [
              {
                "ip_address": "",
                "subnet_id": "bed6417b-d8b6-410e-b45f-828f1cd0ce39"
              }
            ],
            "id": "d38bbd7b-0883-49cb-a8d4-2408a0843c5a",
            "mac_address": "fa:16:3e:b4:48:b3",
            "name": "port3_net1",
            "network_id": "54139833-cee6-4567-b007-742328b90dd4",
            "no_fixed_ip": null,
            "no_security_groups": null,
            "port_security_enabled": true,
            "qos_policy_id": "",
            "region": "RegionOne",
            "security_group_ids": [
              "c67b3e43-ffd3-4553-a862-09a1c21730f1"
            ],
            "tags": [],
            "tenant_id": "9195d7d227cd4ae0bc96d491f3f59798",
            "timeouts": null,
            "value_specs": null
          },
          "sensitive_attributes": [],
          "private": "eyJlMmJmYjczMC1lY2FhLTExZTYtOGY4OC0zNDM2M2JjN2M0YzAiOnsiY3JlYXRlIjo2MDAwMDAwMDAwMDAsImRlbGV0ZSI6NjAwMDAwMDAwMDAwfX0=",
          "dependencies": [
            "openstack_networking_network_v2.net1",
            "openstack_networking_secgroup_v2.my_security_group",
            "openstack_networking_subnet_v2.subnet1"
          ]
        },
        {
          "index_key": "4",
          "schema_version": 0,
          "attributes": {
            "admin_state_up": true,
            "all_fixed_ips": [
              "10.1.1.61"
            ],
            "all_security_group_ids": [
              "c67b3e43-ffd3-4553-a862-09a1c21730f1"
            ],
            "all_tags": [],
            "allowed_address_pairs": [],
            "binding": [
              {
                "host_id": "",
                "profile": "{}",
                "vif_details": {},
                "vif_type": "unbound",
                "vnic_type": "normal"
              }
            ],
            "description": "",
            "device_id": "",
            "device_owner": "",
            "dns_assignment": [],
            "dns_name": "",
            "extra_dhcp_option": [],
            "fixed_ip": [
              {
                "ip_address": "",
                "subnet_id": "bed6417b-d8b6-410e-b45f-828f1cd0ce39"
              }
            ],
            "id": "f8700a30-1446-41b7-8561-4b3f7db4f32f",
            "mac_address": "fa:16:3e:09:6c:72",
            "name": "port4_net1",
            "network_id": "54139833-cee6-4567-b007-742328b90dd4",
            "no_fixed_ip": null,
            "no_security_groups": null,
            "port_security_enabled": true,
            "qos_policy_id": "",
            "region": "RegionOne",
            "security_group_ids": [
              "c67b3e43-ffd3-4553-a862-09a1c21730f1"
            ],
            "tags": null,
            "tenant_id": "9195d7d227cd4ae0bc96d491f3f59798",
            "timeouts": null,
            "value_specs": null
          },
          "sensitive_attributes": [],
          "private": "eyJlMmJmYjczMC1lY2FhLTExZTYtOGY4OC0zNDM2M2JjN2M0YzAiOnsiY3JlYXRlIjo2MDAwMDAwMDAwMDAsImRlbGV0ZSI6NjAwMDAwMDAwMDAwfX0=",
          "dependencies": [
            "openstack_networking_network_v2.net1",
            "openstack_networking_secgroup_v2.my_security_group",
            "openstack_networking_subnet_v2.subnet1"
          ]
        }
      ]
    },
    {
      "mode": "managed",
      "type": "openstack_networking_port_v2",
      "name": "port_net2",
      "provider": "provider[\"registry.terraform.io/terraform-provider-openstack/openstack\"]",
      "instances": [
        {
          "index_key": "1",
          "schema_version": 0,
          "attributes": {
            "admin_state_up": true,
            "all_fixed_ips": [
              "10.1.2.31"
            ],
            "all_security_group_ids": [
              "c67b3e43-ffd3-4553-a862-09a1c21730f1"
            ],
            "all_tags": [],
            "allowed_address_pairs": [],
            "binding": [
              {
                "host_id": "compute1",
                "profile": "{}",
                "vif_details": {
                  "bound_drivers": "{\"0\":\"openvswitch\"}",
                  "bridge_name": "br-int",
                  "connectivity": "l2",
                  "datapath_type": "system",
                  "ovs_hybrid_plug": "true",
                  "port_filter": "true"
                },
                "vif_type": "ovs",
                "vnic_type": "normal"
              }
            ],
            "description": "",
            "device_id": "1cd751ec-4c67-4448-bd66-8f26ae3bce3a",
            "device_owner": "compute:nova",
            "dns_assignment": [],
            "dns_name": "",
            "extra_dhcp_option": [],
            "fixed_ip": [
              {
                "ip_address": "",
                "subnet_id": "f46e106d-ba50-4c8e-8140-dc67ac783799"
              }
            ],
            "id": "0b5a27b7-ff22-4ff3-8dfd-c659fff54b50",
            "mac_address": "fa:16:3e:f2:06:9c",
            "name": "port1_net2",
            "network_id": "68a48b0b-7cf8-4885-a6fc-6ecaa6b02538",
            "no_fixed_ip": null,
            "no_security_groups": null,
            "port_security_enabled": true,
            "qos_policy_id": "",
            "region": "RegionOne",
            "security_group_ids": [
              "c67b3e43-ffd3-4553-a862-09a1c21730f1"
            ],
            "tags": [],
            "tenant_id": "9195d7d227cd4ae0bc96d491f3f59798",
            "timeouts": null,
            "value_specs": null
          },
          "sensitive_attributes": [],
          "private": "eyJlMmJmYjczMC1lY2FhLTExZTYtOGY4OC0zNDM2M2JjN2M0YzAiOnsiY3JlYXRlIjo2MDAwMDAwMDAwMDAsImRlbGV0ZSI6NjAwMDAwMDAwMDAwfX0=",
          "dependencies": [
            "openstack_networking_network_v2.net2",
            "openstack_networking_secgroup_v2.my_security_group",
            "openstack_networking_subnet_v2.subnet2"
          ]
        },
        {
          "index_key": "2",
          "schema_version": 0,
          "attributes": {
            "admin_state_up": true,
            "all_fixed_ips": [
              "10.1.2.55"
            ],
            "all_security_group_ids": [
              "c67b3e43-ffd3-4553-a862-09a1c21730f1"
            ],
            "all_tags": [],
            "allowed_address_pairs": [],
            "binding": [
              {
                "host_id": "compute1",
                "profile": "{}",
                "vif_details": {
                  "bound_drivers": "{\"0\":\"openvswitch\"}",
                  "bridge_name": "br-int",
                  "connectivity": "l2",
                  "datapath_type": "system",
                  "ovs_hybrid_plug": "true",
                  "port_filter": "true"
                },
                "vif_type": "ovs",
                "vnic_type": "normal"
              }
            ],
            "description": "",
            "device_id": "b20ac049-7015-4554-ba33-5bb8fdb7affd",
            "device_owner": "compute:nova",
            "dns_assignment": [],
            "dns_name": "",
            "extra_dhcp_option": [],
            "fixed_ip": [
              {
                "ip_address": "",
                "subnet_id": "f46e106d-ba50-4c8e-8140-dc67ac783799"
              }
            ],
            "id": "ae467f61-b2b4-459e-83dc-e16e12e496d4",
            "mac_address": "fa:16:3e:53:23:9b",
            "name": "port2_net2",
            "network_id": "68a48b0b-7cf8-4885-a6fc-6ecaa6b02538",
            "no_fixed_ip": null,
            "no_security_groups": null,
            "port_security_enabled": true,
            "qos_policy_id": "",
            "region": "RegionOne",
            "security_group_ids": [
              "c67b3e43-ffd3-4553-a862-09a1c21730f1"
            ],
            "tags": [],
            "tenant_id": "9195d7d227cd4ae0bc96d491f3f59798",
            "timeouts": null,
            "value_specs": null
          },
          "sensitive_attributes": [],
          "private": "eyJlMmJmYjczMC1lY2FhLTExZTYtOGY4OC0zNDM2M2JjN2M0YzAiOnsiY3JlYXRlIjo2MDAwMDAwMDAwMDAsImRlbGV0ZSI6NjAwMDAwMDAwMDAwfX0=",
          "dependencies": [
            "openstack_networking_network_v2.net2",
            "openstack_networking_secgroup_v2.my_security_group",
            "openstack_networking_subnet_v2.subnet2"
          ]
        },
        {
          "index_key": "3",
          "schema_version": 0,
          "attributes": {
            "admin_state_up": true,
            "all_fixed_ips": [
              "10.1.2.16"
            ],
            "all_security_group_ids": [
              "c67b3e43-ffd3-4553-a862-09a1c21730f1"
            ],
            "all_tags": [],
            "allowed_address_pairs": [],
            "binding": [
              {
                "host_id": "compute1",
                "profile": "{}",
                "vif_details": {
                  "bound_drivers": "{\"0\":\"openvswitch\"}",
                  "bridge_name": "br-int",
                  "connectivity": "l2",
                  "datapath_type": "system",
                  "ovs_hybrid_plug": "true",
                  "port_filter": "true"
                },
                "vif_type": "ovs",
                "vnic_type": "normal"
              }
            ],
            "description": "",
            "device_id": "0c8e7bea-8bb8-472a-9dbf-076afdf083ed",
            "device_owner": "compute:nova",
            "dns_assignment": [],
            "dns_name": "",
            "extra_dhcp_option": [],
            "fixed_ip": [
              {
                "ip_address": "",
                "subnet_id": "f46e106d-ba50-4c8e-8140-dc67ac783799"
              }
            ],
            "id": "e30a490a-d0d4-404b-9ad3-c8d3249f2de0",
            "mac_address": "fa:16:3e:dd:e2:6a",
            "name": "port3_net2",
            "network_id": "68a48b0b-7cf8-4885-a6fc-6ecaa6b02538",
            "no_fixed_ip": null,
            "no_security_groups": null,
            "port_security_enabled": true,
            "qos_policy_id": "",
            "region": "RegionOne",
            "security_group_ids": [
              "c67b3e43-ffd3-4553-a862-09a1c21730f1"
            ],
            "tags": [],
            "tenant_id": "9195d7d227cd4ae0bc96d491f3f59798",
            "timeouts": null,
            "value_specs": null
          },
          "sensitive_attributes": [],
          "private": "eyJlMmJmYjczMC1lY2FhLTExZTYtOGY4OC0zNDM2M2JjN2M0YzAiOnsiY3JlYXRlIjo2MDAwMDAwMDAwMDAsImRlbGV0ZSI6NjAwMDAwMDAwMDAwfX0=",
          "dependencies": [
            "openstack_networking_network_v2.net2",
            "openstack_networking_secgroup_v2.my_security_group",
            "openstack_networking_subnet_v2.subnet2"
          ]
        },
        {
          "index_key": "4",
          "schema_version": 0,
          "attributes": {
            "admin_state_up": true,
            "all_fixed_ips": [
              "10.1.2.12"
            ],
            "all_security_group_ids": [
              "c67b3e43-ffd3-4553-a862-09a1c21730f1"
            ],
            "all_tags": [],
            "allowed_address_pairs": [],
            "binding": [
              {
                "host_id": "",
                "profile": "{}",
                "vif_details": {},
                "vif_type": "unbound",
                "vnic_type": "normal"
              }
            ],
            "description": "",
            "device_id": "",
            "device_owner": "",
            "dns_assignment": [],
            "dns_name": "",
            "extra_dhcp_option": [],
            "fixed_ip": [
              {
                "ip_address": "",
                "subnet_id": "f46e106d-ba50-4c8e-8140-dc67ac783799"
              }
            ],
            "id": "0531bb39-326e-43b0-bf99-d87f0029c123",
            "mac_address": "fa:16:3e:81:20:c0",
            "name": "port4_net2",
            "network_id": "68a48b0b-7cf8-4885-a6fc-6ecaa6b02538",
            "no_fixed_ip": null,
            "no_security_groups": null,
            "port_security_enabled": true,
            "qos_policy_id": "",
            "region": "RegionOne",
            "security_group_ids": [
              "c67b3e43-ffd3-4553-a862-09a1c21730f1"
            ],
            "tags": null,
            "tenant_id": "9195d7d227cd4ae0bc96d491f3f59798",
            "timeouts": null,
            "value_specs": null
          },
          "sensitive_attributes": [],
          "private": "eyJlMmJmYjczMC1lY2FhLTExZTYtOGY4OC0zNDM2M2JjN2M0YzAiOnsiY3JlYXRlIjo2MDAwMDAwMDAwMDAsImRlbGV0ZSI6NjAwMDAwMDAwMDAwfX0=",
          "dependencies": [
            "openstack_networking_network_v2.net2",
            "openstack_networking_secgroup_v2.my_security_group",
            "openstack_networking_subnet_v2.subnet2"
          ]
        }
      ]
    },
    {
      "mode": "managed",
      "type": "openstack_networking_router_interface_v2",
      "name": "fw_router_inface",
      "provider": "provider[\"registry.terraform.io/terraform-provider-openstack/openstack\"]",
      "instances": [
        {
          "schema_version": 0,
          "attributes": {
            "force_destroy": false,
            "id": "54d72fa3-eacd-43ac-a4f7-0a9085580169",
            "port_id": "54d72fa3-eacd-43ac-a4f7-0a9085580169",
            "region": "RegionOne",
            "router_id": "a92b1e78-dea5-4a56-8359-b20fad5651e8",
            "subnet_id": "bed6417b-d8b6-410e-b45f-828f1cd0ce39",
            "timeouts": null
          },
          "sensitive_attributes": [],
          "private": "eyJlMmJmYjczMC1lY2FhLTExZTYtOGY4OC0zNDM2M2JjN2M0YzAiOnsiY3JlYXRlIjo2MDAwMDAwMDAwMDAsImRlbGV0ZSI6NjAwMDAwMDAwMDAwfX0=",
          "dependencies": [
            "data.openstack_networking_network_v2.extnet",
            "openstack_networking_network_v2.net1",
            "openstack_networking_router_v2.firewall_router",
            "openstack_networking_subnet_v2.subnet1"
          ]
        }
      ]
    },
    {
      "mode": "managed",
      "type": "openstack_networking_router_v2",
      "name": "firewall_router",
      "provider": "provider[\"registry.terraform.io/terraform-provider-openstack/openstack\"]",
      "instances": [
        {
          "schema_version": 0,
          "attributes": {
            "admin_state_up": true,
            "all_tags": [],
            "availability_zone_hints": [],
            "description": "",
            "distributed": false,
            "enable_snat": true,
            "external_fixed_ip": [
              {
                "ip_address": "10.0.10.164",
                "subnet_id": "45222c15-9a07-44ee-8d60-04c71959fe52"
              }
            ],
            "external_gateway": "716ea152-522e-4db5-87ee-d5a328edfc7f",
            "external_network_id": "716ea152-522e-4db5-87ee-d5a328edfc7f",
            "external_subnet_ids": null,
            "id": "a92b1e78-dea5-4a56-8359-b20fad5651e8",
            "name": "firewall_router",
            "region": "RegionOne",
            "tags": [],
            "tenant_id": "9195d7d227cd4ae0bc96d491f3f59798",
            "timeouts": null,
            "value_specs": null,
            "vendor_options": []
          },
          "sensitive_attributes": [],
          "private": "eyJlMmJmYjczMC1lY2FhLTExZTYtOGY4OC0zNDM2M2JjN2M0YzAiOnsiY3JlYXRlIjo2MDAwMDAwMDAwMDAsImRlbGV0ZSI6NjAwMDAwMDAwMDAwfX0=",
          "dependencies": [
            "data.openstack_networking_network_v2.extnet"
          ]
        }
      ]
    },
    {
      "mode": "managed",
      "type": "openstack_networking_secgroup_rule_v2",
      "name": "security_group_rule_engress",
      "provider": "provider[\"registry.terraform.io/terraform-provider-openstack/openstack\"]",
      "instances": [
        {
          "schema_version": 0,
          "attributes": {
            "description": "",
            "direction": "egress",
            "ethertype": "IPv4",
            "id": "a212201a-0607-4fbc-9a11-2a0403c3f1aa",
            "port_range_max": 0,
            "port_range_min": 0,
            "protocol": "tcp",
            "region": "RegionOne",
            "remote_group_id": "",
            "remote_ip_prefix": "0.0.0.0/0",
            "security_group_id": "c67b3e43-ffd3-4553-a862-09a1c21730f1",
            "tenant_id": "9195d7d227cd4ae0bc96d491f3f59798",
            "timeouts": null
          },
          "sensitive_attributes": [],
          "private": "eyJlMmJmYjczMC1lY2FhLTExZTYtOGY4OC0zNDM2M2JjN2M0YzAiOnsiZGVsZXRlIjo2MDAwMDAwMDAwMDB9fQ==",
          "dependencies": [
            "openstack_networking_secgroup_v2.my_security_group"
          ]
        }
      ]
    },
    {
      "mode": "managed",
      "type": "openstack_networking_secgroup_rule_v2",
      "name": "security_group_rule_ingress",
      "provider": "provider[\"registry.terraform.io/terraform-provider-openstack/openstack\"]",
      "instances": [
        {
          "schema_version": 0,
          "attributes": {
            "description": "",
            "direction": "ingress",
            "ethertype": "IPv4",
            "id": "d62bb728-08a0-4a51-9b2f-df61a1329017",
            "port_range_max": 0,
            "port_range_min": 0,
            "protocol": "tcp",
            "region": "RegionOne",
            "remote_group_id": "",
            "remote_ip_prefix": "0.0.0.0/0",
            "security_group_id": "c67b3e43-ffd3-4553-a862-09a1c21730f1",
            "tenant_id": "9195d7d227cd4ae0bc96d491f3f59798",
            "timeouts": null
          },
          "sensitive_attributes": [],
          "private": "eyJlMmJmYjczMC1lY2FhLTExZTYtOGY4OC0zNDM2M2JjN2M0YzAiOnsiZGVsZXRlIjo2MDAwMDAwMDAwMDB9fQ==",
          "dependencies": [
            "openstack_networking_secgroup_v2.my_security_group"
          ]
        }
      ]
    },
    {
      "mode": "managed",
      "type": "openstack_networking_secgroup_v2",
      "name": "my_security_group",
      "provider": "provider[\"registry.terraform.io/terraform-provider-openstack/openstack\"]",
      "instances": [
        {
          "schema_version": 0,
          "attributes": {
            "all_tags": [],
            "delete_default_rules": true,
            "description": "Grupo de Seguridad para permitir todo el trafico",
            "id": "c67b3e43-ffd3-4553-a862-09a1c21730f1",
            "name": "open",
            "region": "RegionOne",
            "tags": [],
            "tenant_id": "9195d7d227cd4ae0bc96d491f3f59798",
            "timeouts": null
          },
          "sensitive_attributes": [],
          "private": "eyJlMmJmYjczMC1lY2FhLTExZTYtOGY4OC0zNDM2M2JjN2M0YzAiOnsiZGVsZXRlIjo2MDAwMDAwMDAwMDB9fQ=="
        }
      ]
    },
    {
      "mode": "managed",
      "type": "openstack_networking_subnet_v2",
      "name": "subnet1",
      "provider": "provider[\"registry.terraform.io/terraform-provider-openstack/openstack\"]",
      "instances": [
        {
          "schema_version": 0,
          "attributes": {
            "all_tags": [],
            "allocation_pool": [
              {
                "end": "10.1.1.100",
                "start": "10.1.1.2"
              }
            ],
            "allocation_pools": [
              {
                "end": "10.1.1.100",
                "start": "10.1.1.2"
              }
            ],
            "cidr": "10.1.1.0/24",
            "description": "",
            "dns_nameservers": [
              "8.8.8.8"
            ],
            "enable_dhcp": true,
            "gateway_ip": "10.1.1.1",
            "host_routes": [],
            "id": "bed6417b-d8b6-410e-b45f-828f1cd0ce39",
            "ip_version": 4,
            "ipv6_address_mode": "",
            "ipv6_ra_mode": "",
            "name": "subnet1",
            "network_id": "54139833-cee6-4567-b007-742328b90dd4",
            "no_gateway": false,
            "prefix_length": null,
            "region": "RegionOne",
            "service_types": [],
            "subnetpool_id": "",
            "tags": [],
            "tenant_id": "9195d7d227cd4ae0bc96d491f3f59798",
            "timeouts": null,
            "value_specs": null
          },
          "sensitive_attributes": [],
          "private": "eyJlMmJmYjczMC1lY2FhLTExZTYtOGY4OC0zNDM2M2JjN2M0YzAiOnsiY3JlYXRlIjo2MDAwMDAwMDAwMDAsImRlbGV0ZSI6NjAwMDAwMDAwMDAwfX0=",
          "dependencies": [
            "openstack_networking_network_v2.net1"
          ]
        }
      ]
    },
    {
      "mode": "managed",
      "type": "openstack_networking_subnet_v2",
      "name": "subnet2",
      "provider": "provider[\"registry.terraform.io/terraform-provider-openstack/openstack\"]",
      "instances": [
        {
          "schema_version": 0,
          "attributes": {
            "all_tags": [],
            "allocation_pool": [
              {
                "end": "10.1.2.100",
                "start": "10.1.2.2"
              }
            ],
            "allocation_pools": [
              {
                "end": "10.1.2.100",
                "start": "10.1.2.2"
              }
            ],
            "cidr": "10.1.2.0/24",
            "description": "",
            "dns_nameservers": [],
            "enable_dhcp": true,
            "gateway_ip": "10.1.2.1",
            "host_routes": [],
            "id": "f46e106d-ba50-4c8e-8140-dc67ac783799",
            "ip_version": 4,
            "ipv6_address_mode": "",
            "ipv6_ra_mode": "",
            "name": "subnet2",
            "network_id": "68a48b0b-7cf8-4885-a6fc-6ecaa6b02538",
            "no_gateway": false,
            "prefix_length": null,
            "region": "RegionOne",
            "service_types": [],
            "subnetpool_id": "",
            "tags": [],
            "tenant_id": "9195d7d227cd4ae0bc96d491f3f59798",
            "timeouts": null,
            "value_specs": null
          },
          "sensitive_attributes": [],
          "private": "eyJlMmJmYjczMC1lY2FhLTExZTYtOGY4OC0zNDM2M2JjN2M0YzAiOnsiY3JlYXRlIjo2MDAwMDAwMDAwMDAsImRlbGV0ZSI6NjAwMDAwMDAwMDAwfX0=",
          "dependencies": [
            "openstack_networking_network_v2.net2"
          ]
        }
      ]
    }
  ],
  "check_results": null
}
