{
  "version": 4,
  "terraform_version": "1.9.2",
  "serial": 67,
  "lineage": "44ed16df-5237-2c31-a76f-4b02f1f3f925",
  "outputs": {
    "port1_net1_ip": {
      "value": "",
      "type": "string"
    },
    "port2_net1_ip": {
      "value": "",
      "type": "string"
    },
    "port3_net1_ip": {
      "value": "",
      "type": "string"
    }
  },
  "resources": [
    {
      "mode": "data",
      "type": "openstack_compute_flavor_v2",
      "name": "m1-large",
      "provider": "provider[\"registry.terraform.io/terraform-provider-openstack/openstack\"]",
      "instances": [
        {
          "schema_version": 0,
          "attributes": {
            "description": "",
            "disk": 5,
            "extra_specs": {},
            "flavor_id": "c0cfb66c-97fb-43d9-8bdb-d387d9134db4",
            "id": "c0cfb66c-97fb-43d9-8bdb-d387d9134db4",
            "is_public": true,
            "min_disk": null,
            "min_ram": null,
            "name": "m1.large",
            "ram": 512,
            "region": null,
            "rx_tx_factor": 1,
            "swap": 0,
            "vcpus": 1
          },
          "sensitive_attributes": []
        }
      ]
    },
    {
      "mode": "data",
      "type": "openstack_compute_flavor_v2",
      "name": "m1-smaller",
      "provider": "provider[\"registry.terraform.io/terraform-provider-openstack/openstack\"]",
      "instances": [
        {
          "schema_version": 0,
          "attributes": {
            "description": "",
            "disk": 3,
            "extra_specs": {},
            "flavor_id": "7b43a846-69c2-47ab-a57d-145f472dcfd0",
            "id": "7b43a846-69c2-47ab-a57d-145f472dcfd0",
            "is_public": true,
            "min_disk": null,
            "min_ram": null,
            "name": "m1.smaller",
            "ram": 512,
            "region": null,
            "rx_tx_factor": 1,
            "swap": 0,
            "vcpus": 1
          },
          "sensitive_attributes": []
        }
      ]
    },
    {
      "mode": "data",
      "type": "openstack_compute_keypair_v2",
      "name": "administrador",
      "provider": "provider[\"registry.terraform.io/terraform-provider-openstack/openstack\"]",
      "instances": [
        {
          "schema_version": 0,
          "attributes": {
            "fingerprint": "11:74:2a:86:4e:cc:5f:40:8b:cd:37:f0:38:36:66:71",
            "id": "administrador",
            "name": "administrador",
            "public_key": "ssh-rsa AAAAB3NzaC1yc2EAAAADAQABAAABAQC7Ngg5x0h/rnI7bU2gbsjf6URw6mcWxMrfFTT2ovmXPOohLEZeEvnmEE/ZsR2I/F4fnX+pPvSjSp6AUjA5OE9jFjpwTXGe3HCoX/ZyNJmXUiqsXMUafibj4DD6FyBd4XBoCkLcc8gYUEzgqN2RkUJK2GOnQTJkntowksOLQINw/GSL038ChZIg7Lov8lU3xWivw2D9JApbm7q/o00qlL8rN6GISvAQ8unG2CZlzGyDfNIhI9YeePmvZXv+PY1ps7rGgGshTglG6H/q2uL04Eb/me7SEO9IijZYqD1SptdNa49fx1K4LKv0SFPnBWbmBLM3sTPRbOgESaLFFskuQS4L Generated-by-Nova",
            "region": "RegionOne",
            "user_id": "0148e54cbb884ee3bd921e59e83ee7fc"
          },
          "sensitive_attributes": []
        }
      ]
    },
    {
      "mode": "data",
      "type": "openstack_compute_keypair_v2",
      "name": "bbdd",
      "provider": "provider[\"registry.terraform.io/terraform-provider-openstack/openstack\"]",
      "instances": [
        {
          "schema_version": 0,
          "attributes": {
            "fingerprint": "2d:63:0b:01:dc:38:52:8c:06:a8:1e:c4:c5:81:09:0b",
            "id": "bbdd",
            "name": "bbdd",
            "public_key": "ssh-rsa AAAAB3NzaC1yc2EAAAADAQABAAABAQDG6IL/gMbtf0qNsIUAcsV1pSKZWNU0FHPkq7KHJ/M9UtrdR6SZcVFfJXOv3vtGaX/q4QsGKR0c6XE0N7MFJZxlOlOiLkVI0qVwOF7mkxJSQ69MGOJMq/Djbh6PxBxbmhxRl8AQWoC0SS5A5yhxcpdoEltGZYBs1KkkEuILILM2a3j10Uox+wOsy0aAFRZI5P8jxqkmXlz1Sxly7yeRpIW6h8HA8u/tD/2kVnw/qxo8Uz4iMgwfgRXWxtmzcs95FCOyBsrDzINeH6ZJC+r7W/UrWDzfe0t7+j6P4TtvDZ4+HSFBb6ZcyiGFFrBJI9HLFuyJWxlMp5BGnBAA4cUvKBdN Generated-by-Nova",
            "region": "RegionOne",
            "user_id": "0148e54cbb884ee3bd921e59e83ee7fc"
          },
          "sensitive_attributes": []
        }
      ]
    },
    {
      "mode": "data",
      "type": "openstack_compute_keypair_v2",
      "name": "s1",
      "provider": "provider[\"registry.terraform.io/terraform-provider-openstack/openstack\"]",
      "instances": [
        {
          "schema_version": 0,
          "attributes": {
            "fingerprint": "14:9b:4f:e8:6b:6b:34:2c:9a:10:78:c9:84:9a:81:39",
            "id": "s1",
            "name": "s1",
            "public_key": "ssh-rsa AAAAB3NzaC1yc2EAAAADAQABAAABAQDbO3BokkcekBlfNkjR255uwRBnX+Q0kEM8rMWB4nSxHYdlNj5cqNPcJJymxaUGJOEQRAH3ATIAS5fKSDZZy2DlHKF7S7CqIuQidUFuNmty0vkfyO4icHeuUQszoLvUliCEUieqZn/wKaZlr4rb1MRUGAcpvSRX/A0T8iBUIYO5uLyg7JFazJCYM7On3PHHZeqg48PsttRTHp8JyYAfORi5XtFS5Ua3k4Hkz4k45QJXOZAXP4Drw+i9+AIq6aGUNGD21bGi3m83N+e9Fc164lhKNh5QZBvfP+N0oAu3lKGftwrqYe+JwxZRQw6VQIsLQWGkTyuBOdvdxoMSpD9C6rAn Generated-by-Nova",
            "region": "RegionOne",
            "user_id": "0148e54cbb884ee3bd921e59e83ee7fc"
          },
          "sensitive_attributes": []
        }
      ]
    },
    {
      "mode": "data",
      "type": "openstack_compute_keypair_v2",
      "name": "s2",
      "provider": "provider[\"registry.terraform.io/terraform-provider-openstack/openstack\"]",
      "instances": [
        {
          "schema_version": 0,
          "attributes": {
            "fingerprint": "65:1b:53:96:f9:e7:7e:24:17:a0:ef:5a:36:da:97:01",
            "id": "s2",
            "name": "s2",
            "public_key": "ssh-rsa AAAAB3NzaC1yc2EAAAADAQABAAABAQDvZfMNDELhqiWYuG4UwUs4HFDKhvBFfytuafHMMa5VCFrLxKjqbQEzMb7w8kNbLcE5eekfgxZQURJPl0epjuqbZP8YaVIjhhO3aTB1E5YU+cRxXBR+BWQir/T9vuUvqTEzmGkC8Nnglrzy85xs0TWWRg4fMv8U8ml4mYRHaZHetLoAMJdcLMKgAZqlUYACDu2iyIWpa8+TDSRluQQE/FB9PmSj50iM3rkdSPTZYIxWxz6gLzaO6GnaT2mb1HadKXQHRVTDZ4eHiC8QQvoFUUkdu/7SBgKHh0VEzl0IoFAtGEMJcphpAWqDcfgnyNvaLZPt9Yz8PCpcmwr/hHj09Xxp Generated-by-Nova",
            "region": "RegionOne",
            "user_id": "0148e54cbb884ee3bd921e59e83ee7fc"
          },
          "sensitive_attributes": []
        }
      ]
    },
    {
      "mode": "data",
      "type": "openstack_compute_keypair_v2",
      "name": "s3",
      "provider": "provider[\"registry.terraform.io/terraform-provider-openstack/openstack\"]",
      "instances": [
        {
          "schema_version": 0,
          "attributes": {
            "fingerprint": "2d:9c:0a:1a:14:2e:2b:59:25:4c:35:a7:17:ea:93:af",
            "id": "s3",
            "name": "s3",
            "public_key": "ssh-rsa AAAAB3NzaC1yc2EAAAADAQABAAABAQCpAR57+TsRfg1x1sDfHPKuaPqzEbngTnRARpvjwH0NXh9i7nL/ywLVoaGxFiDFxFQfT2QK9zK1caxtNV3nWA4+BiTWdo97Im4AYt27SQJyhlWf1XhE3Bighl3mpc36uU8qCYap92nkyvIBg12NmBzjuiHxQXQL5GomlJ73WQQ8yViuvkZMJbdsiceL6zGDjB/cDg4TUrWdwWYZ85NSUe/kATQA6BZIqR9pE+wiy4kHk1LAIPeWjZsvqPcJpBfRvFWW2GyULtuuG3BHIWES8E+R3sOadMrYde9JiVbcvwdZ9onuSCb5SpkVHreXrdVdAam+18EHZLiM1E6Q2v/scz5H Generated-by-Nova",
            "region": "RegionOne",
            "user_id": "0148e54cbb884ee3bd921e59e83ee7fc"
          },
          "sensitive_attributes": []
        }
      ]
    },
    {
      "mode": "data",
      "type": "openstack_images_image_v2",
      "name": "focal-administrador-vnx",
      "provider": "provider[\"registry.terraform.io/terraform-provider-openstack/openstack\"]",
      "instances": [
        {
          "schema_version": 0,
          "attributes": {
            "checksum": "bd052f725c9a1eb738319360f0b2ef3e",
            "container_format": "bare",
            "created_at": "2024-07-11T16:39:05Z",
            "disk_format": "qcow2",
            "file": "/v2/images/f348d7a6-4fd1-4964-8b11-a8e92777975d/file",
            "hidden": false,
            "id": "f348d7a6-4fd1-4964-8b11-a8e92777975d",
            "member_status": null,
            "metadata": {},
            "min_disk_gb": 0,
            "min_ram_mb": 0,
            "most_recent": false,
            "name": "focal-administrador-vnx",
            "name_regex": null,
            "owner": "0bbe02cb34ef4ed2a37af92663127c8c",
            "properties": {
              "os_hash_algo": "sha512",
              "os_hash_value": "515e6181fb5ab0cd1e459efe684472f97c524e347857f750d0ca58d9b6d0f714ad22f0c7ec5ff59cbb3ff7911e91cd69d3defb381ea10afb19bce3cccfa6ce77",
              "owner_specified.openstack.md5": "",
              "owner_specified.openstack.object": "images/focal-administrador-vnx",
              "owner_specified.openstack.sha256": "",
              "stores": "file"
            },
            "protected": false,
            "region": "RegionOne",
            "schema": "/v2/schemas/image",
            "size_bytes": 2326069248,
            "size_max": null,
            "size_min": null,
            "sort_direction": "asc",
            "sort_key": "name",
            "tag": null,
            "tags": [],
            "updated_at": "2024-07-11T16:39:27Z",
            "visibility": "public"
          },
          "sensitive_attributes": []
        }
      ]
    },
    {
      "mode": "data",
      "type": "openstack_images_image_v2",
      "name": "focal-bbdd-vnx",
      "provider": "provider[\"registry.terraform.io/terraform-provider-openstack/openstack\"]",
      "instances": [
        {
          "schema_version": 0,
          "attributes": {
            "checksum": "897899d96bde62f98d74aeb3e363fbc4",
            "container_format": "bare",
            "created_at": "2024-07-11T16:38:43Z",
            "disk_format": "qcow2",
            "file": "/v2/images/fffa3f72-3a92-47d8-ad88-f73bc241a847/file",
            "hidden": false,
            "id": "fffa3f72-3a92-47d8-ad88-f73bc241a847",
            "member_status": null,
            "metadata": {},
            "min_disk_gb": 0,
            "min_ram_mb": 0,
            "most_recent": false,
            "name": "focal-bbdd-vnx",
            "name_regex": null,
            "owner": "0bbe02cb34ef4ed2a37af92663127c8c",
            "properties": {
              "os_hash_algo": "sha512",
              "os_hash_value": "4e9bcf120c85357b78c7905b45f913411f82203a8f84e6fc05d3e6cfd437243c0cb63b905cb361f1b8cb1693539bf379966c0ffdefa3a4ffbf603183177133d7",
              "owner_specified.openstack.md5": "",
              "owner_specified.openstack.object": "images/focal-bbdd-vnx",
              "owner_specified.openstack.sha256": "",
              "stores": "file"
            },
            "protected": false,
            "region": "RegionOne",
            "schema": "/v2/schemas/image",
            "size_bytes": 3055484928,
            "size_max": null,
            "size_min": null,
            "sort_direction": "asc",
            "sort_key": "name",
            "tag": null,
            "tags": [],
            "updated_at": "2024-07-11T16:39:04Z",
            "visibility": "public"
          },
          "sensitive_attributes": []
        }
      ]
    },
    {
      "mode": "data",
      "type": "openstack_images_image_v2",
      "name": "focal-servers-vnx",
      "provider": "provider[\"registry.terraform.io/terraform-provider-openstack/openstack\"]",
      "instances": [
        {
          "schema_version": 0,
          "attributes": {
            "checksum": "695de7618e1f4a694538b9da8dbcb6d3",
            "container_format": "bare",
            "created_at": "2024-07-11T16:38:16Z",
            "disk_format": "qcow2",
            "file": "/v2/images/e7397ae7-958d-469d-824e-f0e1e01c12ea/file",
            "hidden": false,
            "id": "e7397ae7-958d-469d-824e-f0e1e01c12ea",
            "member_status": null,
            "metadata": {},
            "min_disk_gb": 0,
            "min_ram_mb": 0,
            "most_recent": false,
            "name": "focal-servers-vnx",
            "name_regex": null,
            "owner": "0bbe02cb34ef4ed2a37af92663127c8c",
            "properties": {
              "os_hash_algo": "sha512",
              "os_hash_value": "0e2489167719cadf5b27aa0c27e063ed188e2911f96d955c16f067a02f922b3005cf670145df64170dcf136c79e62376f3b91daf5f1526c9cd56368f077981e0",
              "owner_specified.openstack.md5": "",
              "owner_specified.openstack.object": "images/focal-servers-vnx",
              "owner_specified.openstack.sha256": "",
              "stores": "file"
            },
            "protected": false,
            "region": "RegionOne",
            "schema": "/v2/schemas/image",
            "size_bytes": 3354656768,
            "size_max": null,
            "size_min": null,
            "sort_direction": "asc",
            "sort_key": "name",
            "tag": null,
            "tags": [],
            "updated_at": "2024-07-11T16:38:42Z",
            "visibility": "public"
          },
          "sensitive_attributes": []
        }
      ]
    },
    {
      "mode": "data",
      "type": "openstack_networking_network_v2",
      "name": "extnet",
      "provider": "provider[\"registry.terraform.io/terraform-provider-openstack/openstack\"]",
      "instances": [
        {
          "schema_version": 0,
          "attributes": {
            "admin_state_up": "true",
            "all_tags": [],
            "availability_zone_hints": [],
            "description": "",
            "dns_domain": "",
            "external": true,
            "id": "69512626-95e4-4e9b-abe5-c5954f3de621",
            "matching_subnet_cidr": null,
            "mtu": 1500,
            "name": "ExtNet",
            "network_id": null,
            "region": "RegionOne",
            "segments": [
              {
                "network_type": "flat",
                "physical_network": "physnet2",
                "segmentation_id": 0
              }
            ],
            "shared": "true",
            "status": null,
            "subnets": [
              "3b5be07c-f2ea-4571-936b-a3696ceaca3d"
            ],
            "tags": null,
            "tenant_id": "0bbe02cb34ef4ed2a37af92663127c8c",
            "transparent_vlan": false
          },
          "sensitive_attributes": []
        }
      ]
    },
    {
      "mode": "managed",
      "type": "openstack_compute_instance_v2",
      "name": "administrador",
      "provider": "provider[\"registry.terraform.io/terraform-provider-openstack/openstack\"]",
      "instances": [
        {
          "schema_version": 0,
          "attributes": {
            "access_ip_v4": "10.1.1.24",
            "access_ip_v6": "",
            "admin_pass": null,
            "all_metadata": {},
            "all_tags": [],
            "availability_zone": "nova",
            "availability_zone_hints": null,
            "block_device": [],
            "config_drive": null,
            "created": "2024-07-11 17:38:59 +0000 UTC",
            "flavor_id": "7b43a846-69c2-47ab-a57d-145f472dcfd0",
            "flavor_name": "m1.smaller",
            "floating_ip": null,
            "force_delete": false,
            "id": "065c1f73-3e5c-4fe2-8955-33d777817d2c",
            "image_id": "f348d7a6-4fd1-4964-8b11-a8e92777975d",
            "image_name": "focal-administrador-vnx",
            "key_pair": "administrador",
            "metadata": null,
            "name": "administrador",
            "network": [
              {
                "access_network": false,
                "fixed_ip_v4": "10.1.1.24",
                "fixed_ip_v6": "",
                "floating_ip": "",
                "mac": "fa:16:3e:47:4d:45",
                "name": "Net1",
                "port": "9a87b3b1-5e64-4d82-beba-b4e2866b6a18",
                "uuid": "a2ff4028-29ef-4499-9770-ad08907a1fd2"
              },
              {
                "access_network": false,
                "fixed_ip_v4": "10.1.2.25",
                "fixed_ip_v6": "",
                "floating_ip": "",
                "mac": "fa:16:3e:50:9d:ba",
                "name": "Net2",
                "port": "7749af02-9c95-4419-8d0d-8469ccd4d9c3",
                "uuid": "2155b616-3830-4ca2-9106-b588aa0973dc"
              }
            ],
            "network_mode": null,
            "personality": [],
            "power_state": "active",
            "region": "RegionOne",
            "scheduler_hints": [],
            "security_groups": [
              "open"
            ],
            "stop_before_destroy": false,
            "tags": [],
            "timeouts": null,
            "updated": "2024-07-11 17:40:13 +0000 UTC",
            "user_data": "3c685b0f13c886aac0ada6bb543da0d51c3e6103",
            "vendor_options": [],
            "volume": []
          },
          "sensitive_attributes": [
            [
              {
                "type": "get_attr",
                "value": "admin_pass"
              }
            ]
          ],
          "private": "eyJlMmJmYjczMC1lY2FhLTExZTYtOGY4OC0zNDM2M2JjN2M0YzAiOnsiY3JlYXRlIjoxODAwMDAwMDAwMDAwLCJkZWxldGUiOjE4MDAwMDAwMDAwMDAsInVwZGF0ZSI6MTgwMDAwMDAwMDAwMH19",
          "dependencies": [
            "data.openstack_compute_flavor_v2.m1-smaller",
            "data.openstack_compute_keypair_v2.administrador",
            "data.openstack_images_image_v2.focal-administrador-vnx",
            "openstack_networking_network_v2.net1",
            "openstack_networking_network_v2.net2",
            "openstack_networking_port_v2.port_admin1",
            "openstack_networking_port_v2.port_admin2",
            "openstack_networking_secgroup_v2.my_security_group",
            "openstack_networking_subnet_v2.subnet1",
            "openstack_networking_subnet_v2.subnet2"
          ]
        }
      ]
    },
    {
      "mode": "managed",
      "type": "openstack_compute_instance_v2",
      "name": "bbdd",
      "provider": "provider[\"registry.terraform.io/terraform-provider-openstack/openstack\"]",
      "instances": [
        {
          "schema_version": 0,
          "attributes": {
            "access_ip_v4": "10.1.2.83",
            "access_ip_v6": "",
            "admin_pass": null,
            "all_metadata": {},
            "all_tags": [],
            "availability_zone": "nova",
            "availability_zone_hints": null,
            "block_device": [],
            "config_drive": null,
            "created": "2024-07-11 17:42:56 +0000 UTC",
            "flavor_id": "c0cfb66c-97fb-43d9-8bdb-d387d9134db4",
            "flavor_name": "m1.large",
            "floating_ip": null,
            "force_delete": false,
            "id": "2a30dc9f-3c7c-4ff5-ae18-cf9f36da782c",
            "image_id": "fffa3f72-3a92-47d8-ad88-f73bc241a847",
            "image_name": "focal-bbdd-vnx",
            "key_pair": "bbdd",
            "metadata": null,
            "name": "bbdd",
            "network": [
              {
                "access_network": false,
                "fixed_ip_v4": "10.1.2.83",
                "fixed_ip_v6": "",
                "floating_ip": "",
                "mac": "fa:16:3e:2c:b1:a6",
                "name": "Net2",
                "port": "d2da1c6f-274f-44b8-9f99-93aa53a18f77",
                "uuid": "2155b616-3830-4ca2-9106-b588aa0973dc"
              }
            ],
            "network_mode": null,
            "personality": [],
            "power_state": "active",
            "region": "RegionOne",
            "scheduler_hints": [],
            "security_groups": [
              "open"
            ],
            "stop_before_destroy": false,
            "tags": null,
            "timeouts": null,
            "updated": "2024-07-11 17:44:01 +0000 UTC",
            "user_data": "ba75a5abea1792e19919ea8c745f500702d9c4e0",
            "vendor_options": [],
            "volume": []
          },
          "sensitive_attributes": [
            [
              {
                "type": "get_attr",
                "value": "admin_pass"
              }
            ]
          ],
          "private": "eyJlMmJmYjczMC1lY2FhLTExZTYtOGY4OC0zNDM2M2JjN2M0YzAiOnsiY3JlYXRlIjoxODAwMDAwMDAwMDAwLCJkZWxldGUiOjE4MDAwMDAwMDAwMDAsInVwZGF0ZSI6MTgwMDAwMDAwMDAwMH19",
          "dependencies": [
            "data.openstack_compute_flavor_v2.m1-large",
            "data.openstack_compute_keypair_v2.bbdd",
            "data.openstack_images_image_v2.focal-bbdd-vnx",
            "openstack_networking_network_v2.net2",
            "openstack_networking_port_v2.portBBDD_net2",
            "openstack_networking_secgroup_v2.my_security_group",
            "openstack_networking_subnet_v2.subnet2"
          ]
        }
      ]
    },
    {
      "mode": "managed",
      "type": "openstack_compute_instance_v2",
      "name": "s1",
      "provider": "provider[\"registry.terraform.io/terraform-provider-openstack/openstack\"]",
      "instances": [
        {
          "schema_version": 0,
          "attributes": {
            "access_ip_v4": "10.1.1.25",
            "access_ip_v6": "",
            "admin_pass": null,
            "all_metadata": {},
            "all_tags": [],
            "availability_zone": "nova",
            "availability_zone_hints": null,
            "block_device": [],
            "config_drive": null,
            "created": "2024-07-11 17:31:23 +0000 UTC",
            "flavor_id": "c0cfb66c-97fb-43d9-8bdb-d387d9134db4",
            "flavor_name": "m1.large",
            "floating_ip": null,
            "force_delete": false,
            "id": "4453b11c-790b-4caf-bf0c-1c3c30231beb",
            "image_id": "e7397ae7-958d-469d-824e-f0e1e01c12ea",
            "image_name": "focal-servers-vnx",
            "key_pair": "s1",
            "metadata": null,
            "name": "s1",
            "network": [
              {
                "access_network": false,
                "fixed_ip_v4": "10.1.1.25",
                "fixed_ip_v6": "",
                "floating_ip": "",
                "mac": "fa:16:3e:12:1a:f6",
                "name": "Net1",
                "port": "e180ee0a-b7a2-486f-97b6-28ac62215f41",
                "uuid": "a2ff4028-29ef-4499-9770-ad08907a1fd2"
              },
              {
                "access_network": false,
                "fixed_ip_v4": "10.1.2.41",
                "fixed_ip_v6": "",
                "floating_ip": "",
                "mac": "fa:16:3e:1b:2d:72",
                "name": "Net2",
                "port": "85d9e8be-cf12-469b-aa5c-010bd83241a2",
                "uuid": "2155b616-3830-4ca2-9106-b588aa0973dc"
              }
            ],
            "network_mode": null,
            "personality": [],
            "power_state": "active",
            "region": "RegionOne",
            "scheduler_hints": [],
            "security_groups": [
              "open"
            ],
            "stop_before_destroy": false,
            "tags": [],
            "timeouts": null,
            "updated": "2024-07-11 17:33:28 +0000 UTC",
            "user_data": "c53684df0ab024c47c1859d453a7f79402b952e3",
            "vendor_options": [],
            "volume": []
          },
          "sensitive_attributes": [
            [
              {
                "type": "get_attr",
                "value": "admin_pass"
              }
            ]
          ],
          "private": "eyJlMmJmYjczMC1lY2FhLTExZTYtOGY4OC0zNDM2M2JjN2M0YzAiOnsiY3JlYXRlIjoxODAwMDAwMDAwMDAwLCJkZWxldGUiOjE4MDAwMDAwMDAwMDAsInVwZGF0ZSI6MTgwMDAwMDAwMDAwMH19",
          "dependencies": [
            "data.openstack_compute_flavor_v2.m1-large",
            "data.openstack_compute_keypair_v2.s1",
            "data.openstack_images_image_v2.focal-servers-vnx",
            "openstack_networking_network_v2.net1",
            "openstack_networking_network_v2.net2",
            "openstack_networking_port_v2.port1_net1",
            "openstack_networking_port_v2.port1_net2",
            "openstack_networking_secgroup_v2.my_security_group",
            "openstack_networking_subnet_v2.subnet1",
            "openstack_networking_subnet_v2.subnet2"
          ]
        }
      ]
    },
    {
      "mode": "managed",
      "type": "openstack_compute_instance_v2",
      "name": "s2",
      "provider": "provider[\"registry.terraform.io/terraform-provider-openstack/openstack\"]",
      "instances": [
        {
          "schema_version": 0,
          "attributes": {
            "access_ip_v4": "10.1.1.99",
            "access_ip_v6": "",
            "admin_pass": null,
            "all_metadata": {},
            "all_tags": [],
            "availability_zone": "nova",
            "availability_zone_hints": null,
            "block_device": [],
            "config_drive": null,
            "created": "2024-07-11 17:38:59 +0000 UTC",
            "flavor_id": "c0cfb66c-97fb-43d9-8bdb-d387d9134db4",
            "flavor_name": "m1.large",
            "floating_ip": null,
            "force_delete": false,
            "id": "de507f18-2e65-478f-8c3d-9cac07a10a12",
            "image_id": "e7397ae7-958d-469d-824e-f0e1e01c12ea",
            "image_name": "focal-servers-vnx",
            "key_pair": "s2",
            "metadata": null,
            "name": "s2",
            "network": [
              {
                "access_network": false,
                "fixed_ip_v4": "10.1.1.99",
                "fixed_ip_v6": "",
                "floating_ip": "",
                "mac": "fa:16:3e:fa:ac:2d",
                "name": "Net1",
                "port": "94fbdc9c-c7df-4ba1-93c8-ce1abd4dc303",
                "uuid": "a2ff4028-29ef-4499-9770-ad08907a1fd2"
              },
              {
                "access_network": false,
                "fixed_ip_v4": "10.1.2.48",
                "fixed_ip_v6": "",
                "floating_ip": "",
                "mac": "fa:16:3e:9a:d8:68",
                "name": "Net2",
                "port": "a7cc4803-97fa-4b76-93c6-f8385a6d252f",
                "uuid": "2155b616-3830-4ca2-9106-b588aa0973dc"
              }
            ],
            "network_mode": null,
            "personality": [],
            "power_state": "active",
            "region": "RegionOne",
            "scheduler_hints": [],
            "security_groups": [
              "open"
            ],
            "stop_before_destroy": false,
            "tags": [],
            "timeouts": null,
            "updated": "2024-07-11 17:40:39 +0000 UTC",
            "user_data": "263968b78ced7d949c0625430faf81e421861c35",
            "vendor_options": [],
            "volume": []
          },
          "sensitive_attributes": [
            [
              {
                "type": "get_attr",
                "value": "admin_pass"
              }
            ]
          ],
          "private": "eyJlMmJmYjczMC1lY2FhLTExZTYtOGY4OC0zNDM2M2JjN2M0YzAiOnsiY3JlYXRlIjoxODAwMDAwMDAwMDAwLCJkZWxldGUiOjE4MDAwMDAwMDAwMDAsInVwZGF0ZSI6MTgwMDAwMDAwMDAwMH19",
          "dependencies": [
            "data.openstack_compute_flavor_v2.m1-large",
            "data.openstack_compute_keypair_v2.s2",
            "data.openstack_images_image_v2.focal-servers-vnx",
            "openstack_networking_network_v2.net1",
            "openstack_networking_network_v2.net2",
            "openstack_networking_port_v2.port2_net1",
            "openstack_networking_port_v2.port2_net2",
            "openstack_networking_secgroup_v2.my_security_group",
            "openstack_networking_subnet_v2.subnet1",
            "openstack_networking_subnet_v2.subnet2"
          ]
        }
      ]
    },
    {
      "mode": "managed",
      "type": "openstack_compute_instance_v2",
      "name": "s3",
      "provider": "provider[\"registry.terraform.io/terraform-provider-openstack/openstack\"]",
      "instances": [
        {
          "schema_version": 0,
          "attributes": {
            "access_ip_v4": "10.1.1.23",
            "access_ip_v6": "",
            "admin_pass": null,
            "all_metadata": {},
            "all_tags": [],
            "availability_zone": "nova",
            "availability_zone_hints": null,
            "block_device": [],
            "config_drive": null,
            "created": "2024-07-11 17:31:23 +0000 UTC",
            "flavor_id": "c0cfb66c-97fb-43d9-8bdb-d387d9134db4",
            "flavor_name": "m1.large",
            "floating_ip": null,
            "force_delete": false,
            "id": "7b78c324-8903-48b1-abc1-e4bd6fb1e7e4",
            "image_id": "e7397ae7-958d-469d-824e-f0e1e01c12ea",
            "image_name": "focal-servers-vnx",
            "key_pair": "s3",
            "metadata": null,
            "name": "s3",
            "network": [
              {
                "access_network": false,
                "fixed_ip_v4": "10.1.1.23",
                "fixed_ip_v6": "",
                "floating_ip": "",
                "mac": "fa:16:3e:63:4e:1d",
                "name": "Net1",
                "port": "4671670e-6802-4c7b-9f0b-445fba0058ab",
                "uuid": "a2ff4028-29ef-4499-9770-ad08907a1fd2"
              },
              {
                "access_network": false,
                "fixed_ip_v4": "10.1.2.19",
                "fixed_ip_v6": "",
                "floating_ip": "",
                "mac": "fa:16:3e:b5:fa:74",
                "name": "Net2",
                "port": "13c962b8-57d5-402d-b66d-7d0dbb57501f",
                "uuid": "2155b616-3830-4ca2-9106-b588aa0973dc"
              }
            ],
            "network_mode": null,
            "personality": [],
            "power_state": "active",
            "region": "RegionOne",
            "scheduler_hints": [],
            "security_groups": [
              "open"
            ],
            "stop_before_destroy": false,
            "tags": [],
            "timeouts": null,
            "updated": "2024-07-11 17:33:26 +0000 UTC",
            "user_data": "7f5317a1ce41062cbf652bf7e8188e04cd352c00",
            "vendor_options": [],
            "volume": []
          },
          "sensitive_attributes": [
            [
              {
                "type": "get_attr",
                "value": "admin_pass"
              }
            ]
          ],
          "private": "eyJlMmJmYjczMC1lY2FhLTExZTYtOGY4OC0zNDM2M2JjN2M0YzAiOnsiY3JlYXRlIjoxODAwMDAwMDAwMDAwLCJkZWxldGUiOjE4MDAwMDAwMDAwMDAsInVwZGF0ZSI6MTgwMDAwMDAwMDAwMH19",
          "dependencies": [
            "data.openstack_compute_flavor_v2.m1-large",
            "data.openstack_compute_keypair_v2.s3",
            "data.openstack_images_image_v2.focal-servers-vnx",
            "openstack_networking_network_v2.net1",
            "openstack_networking_network_v2.net2",
            "openstack_networking_port_v2.port3_net1",
            "openstack_networking_port_v2.port3_net2",
            "openstack_networking_secgroup_v2.my_security_group",
            "openstack_networking_subnet_v2.subnet1",
            "openstack_networking_subnet_v2.subnet2"
          ]
        }
      ]
    },
    {
      "mode": "managed",
      "type": "openstack_lb_listener_v2",
      "name": "lb_listener",
      "provider": "provider[\"registry.terraform.io/terraform-provider-openstack/openstack\"]",
      "instances": [
        {
          "schema_version": 0,
          "attributes": {
            "admin_state_up": true,
            "allowed_cidrs": [],
            "connection_limit": -1,
            "default_pool_id": "",
            "default_tls_container_ref": "",
            "description": "",
            "id": "1f9d6c43-f663-4701-b133-2c407b1240cb",
            "insert_headers": {},
            "loadbalancer_id": "1c19427f-32a7-4c53-9a22-57acfb800481",
            "name": "lb_listener",
            "protocol": "HTTP",
            "protocol_port": 80,
            "region": "RegionOne",
            "sni_container_refs": [],
            "tags": [],
            "tenant_id": "0bbe02cb34ef4ed2a37af92663127c8c",
            "timeout_client_data": 50000,
            "timeout_member_connect": 5000,
            "timeout_member_data": 50000,
            "timeout_tcp_inspect": 0,
            "timeouts": null
          },
          "sensitive_attributes": [],
          "private": "eyJlMmJmYjczMC1lY2FhLTExZTYtOGY4OC0zNDM2M2JjN2M0YzAiOnsiY3JlYXRlIjo2MDAwMDAwMDAwMDAsImRlbGV0ZSI6NjAwMDAwMDAwMDAwLCJ1cGRhdGUiOjYwMDAwMDAwMDAwMH19",
          "dependencies": [
            "openstack_lb_loadbalancer_v2.load_balancer",
            "openstack_networking_network_v2.net1",
            "openstack_networking_subnet_v2.subnet1"
          ]
        }
      ]
    },
    {
      "mode": "managed",
      "type": "openstack_lb_loadbalancer_v2",
      "name": "load_balancer",
      "provider": "provider[\"registry.terraform.io/terraform-provider-openstack/openstack\"]",
      "instances": [
        {
          "schema_version": 0,
          "attributes": {
            "admin_state_up": true,
            "availability_zone": "",
            "description": "",
            "flavor_id": "",
            "id": "1c19427f-32a7-4c53-9a22-57acfb800481",
            "loadbalancer_provider": "amphora",
            "name": "load_balancer",
            "region": "RegionOne",
            "security_group_ids": [
              "53c93889-9aa4-4eb3-9f9e-f1f1cbcd8723"
            ],
            "tags": [],
            "tenant_id": "0bbe02cb34ef4ed2a37af92663127c8c",
            "timeouts": null,
            "vip_address": "10.1.1.18",
            "vip_network_id": "a2ff4028-29ef-4499-9770-ad08907a1fd2",
            "vip_port_id": "c0a55da8-3212-4e9d-ad2d-7d1b4d673d48",
            "vip_subnet_id": "e554f0ae-4991-46a6-a64c-b49713bff113"
          },
          "sensitive_attributes": [],
          "private": "eyJlMmJmYjczMC1lY2FhLTExZTYtOGY4OC0zNDM2M2JjN2M0YzAiOnsiY3JlYXRlIjo2MDAwMDAwMDAwMDAsImRlbGV0ZSI6MzAwMDAwMDAwMDAwLCJ1cGRhdGUiOjYwMDAwMDAwMDAwMH19",
          "dependencies": [
            "openstack_networking_network_v2.net1",
            "openstack_networking_subnet_v2.subnet1"
          ]
        }
      ]
    },
    {
      "mode": "managed",
      "type": "openstack_lb_members_v2",
      "name": "lb_members",
      "provider": "provider[\"registry.terraform.io/terraform-provider-openstack/openstack\"]",
      "instances": [
        {
          "schema_version": 0,
          "attributes": {
            "id": "655899c1-29b1-4bb8-aa18-803c4a568100",
            "member": [
              {
                "address": "10.1.1.23",
                "admin_state_up": true,
                "backup": false,
                "id": "70c8f171-b46d-4568-831a-bee0d597537a",
                "monitor_address": "",
                "monitor_port": 0,
                "name": "",
                "protocol_port": 80,
                "subnet_id": "",
                "weight": 1
              },
              {
                "address": "10.1.1.25",
                "admin_state_up": true,
                "backup": false,
                "id": "0f07cc06-12cc-44e4-ad4e-35ee74e7df0e",
                "monitor_address": "",
                "monitor_port": 0,
                "name": "",
                "protocol_port": 80,
                "subnet_id": "",
                "weight": 1
              },
              {
                "address": "10.1.1.99",
                "admin_state_up": true,
                "backup": false,
                "id": "51d4022d-836b-4e8e-9cee-178dd592d482",
                "monitor_address": "",
                "monitor_port": 0,
                "name": "",
                "protocol_port": 80,
                "subnet_id": "",
                "weight": 1
              }
            ],
            "pool_id": "655899c1-29b1-4bb8-aa18-803c4a568100",
            "region": "RegionOne",
            "timeouts": null
          },
          "sensitive_attributes": [],
          "private": "eyJlMmJmYjczMC1lY2FhLTExZTYtOGY4OC0zNDM2M2JjN2M0YzAiOnsiY3JlYXRlIjo2MDAwMDAwMDAwMDAsImRlbGV0ZSI6NjAwMDAwMDAwMDAwLCJ1cGRhdGUiOjYwMDAwMDAwMDAwMH19",
          "dependencies": [
            "data.openstack_compute_flavor_v2.m1-large",
            "data.openstack_compute_keypair_v2.s1",
            "data.openstack_compute_keypair_v2.s2",
            "data.openstack_compute_keypair_v2.s3",
            "data.openstack_images_image_v2.focal-servers-vnx",
            "openstack_compute_instance_v2.s1",
            "openstack_compute_instance_v2.s2",
            "openstack_compute_instance_v2.s3",
            "openstack_lb_listener_v2.lb_listener",
            "openstack_lb_loadbalancer_v2.load_balancer",
            "openstack_lb_pool_v2.lb_pool",
            "openstack_networking_network_v2.net1",
            "openstack_networking_network_v2.net2",
            "openstack_networking_port_v2.port1_net1",
            "openstack_networking_port_v2.port1_net2",
            "openstack_networking_port_v2.port2_net1",
            "openstack_networking_port_v2.port2_net2",
            "openstack_networking_port_v2.port3_net1",
            "openstack_networking_port_v2.port3_net2",
            "openstack_networking_secgroup_v2.my_security_group",
            "openstack_networking_subnet_v2.subnet1",
            "openstack_networking_subnet_v2.subnet2"
          ]
        }
      ]
    },
    {
      "mode": "managed",
      "type": "openstack_lb_pool_v2",
      "name": "lb_pool",
      "provider": "provider[\"registry.terraform.io/terraform-provider-openstack/openstack\"]",
      "instances": [
        {
          "schema_version": 0,
          "attributes": {
            "admin_state_up": true,
            "description": "",
            "id": "655899c1-29b1-4bb8-aa18-803c4a568100",
            "lb_method": "ROUND_ROBIN",
            "listener_id": "1f9d6c43-f663-4701-b133-2c407b1240cb",
            "loadbalancer_id": null,
            "name": "lb_pool",
            "persistence": [
              {
                "cookie_name": "",
                "type": ""
              }
            ],
            "protocol": "HTTP",
            "region": "RegionOne",
            "tenant_id": "0bbe02cb34ef4ed2a37af92663127c8c",
            "timeouts": null
          },
          "sensitive_attributes": [],
          "private": "eyJlMmJmYjczMC1lY2FhLTExZTYtOGY4OC0zNDM2M2JjN2M0YzAiOnsiY3JlYXRlIjo2MDAwMDAwMDAwMDAsImRlbGV0ZSI6NjAwMDAwMDAwMDAwLCJ1cGRhdGUiOjYwMDAwMDAwMDAwMH19",
          "dependencies": [
            "openstack_lb_listener_v2.lb_listener",
            "openstack_lb_loadbalancer_v2.load_balancer",
            "openstack_networking_network_v2.net1",
            "openstack_networking_subnet_v2.subnet1"
          ]
        }
      ]
    },
    {
      "mode": "managed",
      "type": "openstack_networking_floatingip_v2",
      "name": "floating_ipAdmin",
      "provider": "provider[\"registry.terraform.io/terraform-provider-openstack/openstack\"]",
      "instances": [
        {
          "schema_version": 0,
          "attributes": {
            "address": "10.0.10.146",
            "all_tags": [],
            "description": "",
            "dns_domain": "",
            "dns_name": "",
            "fixed_ip": "10.1.1.24",
            "id": "c739b13d-7b78-4442-822f-1d33a17b4028",
            "pool": "ExtNet",
            "port_id": "9a87b3b1-5e64-4d82-beba-b4e2866b6a18",
            "region": "RegionOne",
            "subnet_id": null,
            "subnet_ids": null,
            "tags": [],
            "tenant_id": "0bbe02cb34ef4ed2a37af92663127c8c",
            "timeouts": null,
            "value_specs": null
          },
          "sensitive_attributes": [],
          "private": "eyJlMmJmYjczMC1lY2FhLTExZTYtOGY4OC0zNDM2M2JjN2M0YzAiOnsiY3JlYXRlIjo2MDAwMDAwMDAwMDAsImRlbGV0ZSI6NjAwMDAwMDAwMDAwfX0=",
          "dependencies": [
            "data.openstack_networking_network_v2.extnet",
            "openstack_networking_network_v2.net1",
            "openstack_networking_port_v2.port_admin1",
            "openstack_networking_secgroup_v2.my_security_group",
            "openstack_networking_subnet_v2.subnet1"
          ]
        }
      ]
    },
    {
      "mode": "managed",
      "type": "openstack_networking_floatingip_v2",
      "name": "floating_ipLB",
      "provider": "provider[\"registry.terraform.io/terraform-provider-openstack/openstack\"]",
      "instances": [
        {
          "schema_version": 0,
          "attributes": {
            "address": "10.0.10.159",
            "all_tags": [],
            "description": "",
            "dns_domain": "",
            "dns_name": "",
            "fixed_ip": "10.1.1.18",
            "id": "5cc1fde6-b9bc-4298-9366-a3abb66bf8e8",
            "pool": "ExtNet",
            "port_id": "c0a55da8-3212-4e9d-ad2d-7d1b4d673d48",
            "region": "RegionOne",
            "subnet_id": null,
            "subnet_ids": null,
            "tags": [],
            "tenant_id": "0bbe02cb34ef4ed2a37af92663127c8c",
            "timeouts": null,
            "value_specs": null
          },
          "sensitive_attributes": [],
          "private": "eyJlMmJmYjczMC1lY2FhLTExZTYtOGY4OC0zNDM2M2JjN2M0YzAiOnsiY3JlYXRlIjo2MDAwMDAwMDAwMDAsImRlbGV0ZSI6NjAwMDAwMDAwMDAwfX0=",
          "dependencies": [
            "data.openstack_networking_network_v2.extnet",
            "openstack_lb_loadbalancer_v2.load_balancer",
            "openstack_networking_network_v2.net1",
            "openstack_networking_subnet_v2.subnet1"
          ]
        }
      ]
    },
    {
      "mode": "managed",
      "type": "openstack_networking_network_v2",
      "name": "net1",
      "provider": "provider[\"registry.terraform.io/terraform-provider-openstack/openstack\"]",
      "instances": [
        {
          "schema_version": 0,
          "attributes": {
            "admin_state_up": true,
            "all_tags": [],
            "availability_zone_hints": [],
            "description": "",
            "dns_domain": "",
            "external": false,
            "id": "a2ff4028-29ef-4499-9770-ad08907a1fd2",
            "mtu": 1450,
            "name": "Net1",
            "port_security_enabled": true,
            "qos_policy_id": "",
            "region": "RegionOne",
            "segments": [
              {
                "network_type": "vxlan",
                "physical_network": "",
                "segmentation_id": 450
              }
            ],
            "shared": false,
            "tags": [],
            "tenant_id": "0bbe02cb34ef4ed2a37af92663127c8c",
            "timeouts": null,
            "transparent_vlan": false,
            "value_specs": null
          },
          "sensitive_attributes": [],
          "private": "eyJlMmJmYjczMC1lY2FhLTExZTYtOGY4OC0zNDM2M2JjN2M0YzAiOnsiY3JlYXRlIjo2MDAwMDAwMDAwMDAsImRlbGV0ZSI6NjAwMDAwMDAwMDAwfX0="
        }
      ]
    },
    {
      "mode": "managed",
      "type": "openstack_networking_network_v2",
      "name": "net2",
      "provider": "provider[\"registry.terraform.io/terraform-provider-openstack/openstack\"]",
      "instances": [
        {
          "schema_version": 0,
          "attributes": {
            "admin_state_up": true,
            "all_tags": [],
            "availability_zone_hints": [],
            "description": "",
            "dns_domain": "",
            "external": false,
            "id": "2155b616-3830-4ca2-9106-b588aa0973dc",
            "mtu": 1450,
            "name": "Net2",
            "port_security_enabled": true,
            "qos_policy_id": "",
            "region": "RegionOne",
            "segments": [
              {
                "network_type": "vxlan",
                "physical_network": "",
                "segmentation_id": 873
              }
            ],
            "shared": false,
            "tags": [],
            "tenant_id": "0bbe02cb34ef4ed2a37af92663127c8c",
            "timeouts": null,
            "transparent_vlan": false,
            "value_specs": null
          },
          "sensitive_attributes": [],
          "private": "eyJlMmJmYjczMC1lY2FhLTExZTYtOGY4OC0zNDM2M2JjN2M0YzAiOnsiY3JlYXRlIjo2MDAwMDAwMDAwMDAsImRlbGV0ZSI6NjAwMDAwMDAwMDAwfX0="
        }
      ]
    },
    {
      "mode": "managed",
      "type": "openstack_networking_port_v2",
      "name": "port1_net1",
      "provider": "provider[\"registry.terraform.io/terraform-provider-openstack/openstack\"]",
      "instances": [
        {
          "schema_version": 0,
          "attributes": {
            "admin_state_up": true,
            "all_fixed_ips": [
              "10.1.1.25"
            ],
            "all_security_group_ids": [
              "18972a85-244d-4719-81cb-0c58ca80ac4e"
            ],
            "all_tags": [],
            "allowed_address_pairs": [],
            "binding": [
              {
                "host_id": "compute2",
                "profile": "{}",
                "vif_details": {
                  "bound_drivers": "{\"0\":\"openvswitch\"}",
                  "bridge_name": "br-int",
                  "connectivity": "l2",
                  "datapath_type": "system",
                  "ovs_hybrid_plug": "true",
                  "port_filter": "true"
                },
                "vif_type": "ovs",
                "vnic_type": "normal"
              }
            ],
            "description": "",
            "device_id": "4453b11c-790b-4caf-bf0c-1c3c30231beb",
            "device_owner": "compute:nova",
            "dns_assignment": [],
            "dns_name": "",
            "extra_dhcp_option": [],
            "fixed_ip": [
              {
                "ip_address": "",
                "subnet_id": "e554f0ae-4991-46a6-a64c-b49713bff113"
              }
            ],
            "id": "e180ee0a-b7a2-486f-97b6-28ac62215f41",
            "mac_address": "fa:16:3e:12:1a:f6",
            "name": "port1_net1",
            "network_id": "a2ff4028-29ef-4499-9770-ad08907a1fd2",
            "no_fixed_ip": null,
            "no_security_groups": null,
            "port_security_enabled": true,
            "qos_policy_id": "",
            "region": "RegionOne",
            "security_group_ids": [
              "18972a85-244d-4719-81cb-0c58ca80ac4e"
            ],
            "tags": [],
            "tenant_id": "0bbe02cb34ef4ed2a37af92663127c8c",
            "timeouts": null,
            "value_specs": null
          },
          "sensitive_attributes": [],
          "private": "eyJlMmJmYjczMC1lY2FhLTExZTYtOGY4OC0zNDM2M2JjN2M0YzAiOnsiY3JlYXRlIjo2MDAwMDAwMDAwMDAsImRlbGV0ZSI6NjAwMDAwMDAwMDAwfX0=",
          "dependencies": [
            "openstack_networking_network_v2.net1",
            "openstack_networking_secgroup_v2.my_security_group",
            "openstack_networking_subnet_v2.subnet1"
          ]
        }
      ]
    },
    {
      "mode": "managed",
      "type": "openstack_networking_port_v2",
      "name": "port1_net2",
      "provider": "provider[\"registry.terraform.io/terraform-provider-openstack/openstack\"]",
      "instances": [
        {
          "schema_version": 0,
          "attributes": {
            "admin_state_up": true,
            "all_fixed_ips": [
              "10.1.2.41"
            ],
            "all_security_group_ids": [
              "18972a85-244d-4719-81cb-0c58ca80ac4e"
            ],
            "all_tags": [],
            "allowed_address_pairs": [],
            "binding": [
              {
                "host_id": "compute2",
                "profile": "{}",
                "vif_details": {
                  "bound_drivers": "{\"0\":\"openvswitch\"}",
                  "bridge_name": "br-int",
                  "connectivity": "l2",
                  "datapath_type": "system",
                  "ovs_hybrid_plug": "true",
                  "port_filter": "true"
                },
                "vif_type": "ovs",
                "vnic_type": "normal"
              }
            ],
            "description": "",
            "device_id": "4453b11c-790b-4caf-bf0c-1c3c30231beb",
            "device_owner": "compute:nova",
            "dns_assignment": [],
            "dns_name": "",
            "extra_dhcp_option": [],
            "fixed_ip": [
              {
                "ip_address": "",
                "subnet_id": "edbac660-09a4-424a-a21e-256e8dd197c3"
              }
            ],
            "id": "85d9e8be-cf12-469b-aa5c-010bd83241a2",
            "mac_address": "fa:16:3e:1b:2d:72",
            "name": "port1_net2",
            "network_id": "2155b616-3830-4ca2-9106-b588aa0973dc",
            "no_fixed_ip": null,
            "no_security_groups": null,
            "port_security_enabled": true,
            "qos_policy_id": "",
            "region": "RegionOne",
            "security_group_ids": [
              "18972a85-244d-4719-81cb-0c58ca80ac4e"
            ],
            "tags": [],
            "tenant_id": "0bbe02cb34ef4ed2a37af92663127c8c",
            "timeouts": null,
            "value_specs": null
          },
          "sensitive_attributes": [],
          "private": "eyJlMmJmYjczMC1lY2FhLTExZTYtOGY4OC0zNDM2M2JjN2M0YzAiOnsiY3JlYXRlIjo2MDAwMDAwMDAwMDAsImRlbGV0ZSI6NjAwMDAwMDAwMDAwfX0=",
          "dependencies": [
            "openstack_networking_network_v2.net2",
            "openstack_networking_secgroup_v2.my_security_group",
            "openstack_networking_subnet_v2.subnet2"
          ]
        }
      ]
    },
    {
      "mode": "managed",
      "type": "openstack_networking_port_v2",
      "name": "port2_net1",
      "provider": "provider[\"registry.terraform.io/terraform-provider-openstack/openstack\"]",
      "instances": [
        {
          "schema_version": 0,
          "attributes": {
            "admin_state_up": true,
            "all_fixed_ips": [
              "10.1.1.99"
            ],
            "all_security_group_ids": [
              "18972a85-244d-4719-81cb-0c58ca80ac4e"
            ],
            "all_tags": [],
            "allowed_address_pairs": [],
            "binding": [
              {
                "host_id": "compute1",
                "profile": "{}",
                "vif_details": {
                  "bound_drivers": "{\"0\":\"openvswitch\"}",
                  "bridge_name": "br-int",
                  "connectivity": "l2",
                  "datapath_type": "system",
                  "ovs_hybrid_plug": "true",
                  "port_filter": "true"
                },
                "vif_type": "ovs",
                "vnic_type": "normal"
              }
            ],
            "description": "",
            "device_id": "de507f18-2e65-478f-8c3d-9cac07a10a12",
            "device_owner": "compute:nova",
            "dns_assignment": [],
            "dns_name": "",
            "extra_dhcp_option": [],
            "fixed_ip": [
              {
                "ip_address": "",
                "subnet_id": "e554f0ae-4991-46a6-a64c-b49713bff113"
              }
            ],
            "id": "94fbdc9c-c7df-4ba1-93c8-ce1abd4dc303",
            "mac_address": "fa:16:3e:fa:ac:2d",
            "name": "port2_net1",
            "network_id": "a2ff4028-29ef-4499-9770-ad08907a1fd2",
            "no_fixed_ip": null,
            "no_security_groups": null,
            "port_security_enabled": true,
            "qos_policy_id": "",
            "region": "RegionOne",
            "security_group_ids": [
              "18972a85-244d-4719-81cb-0c58ca80ac4e"
            ],
            "tags": [],
            "tenant_id": "0bbe02cb34ef4ed2a37af92663127c8c",
            "timeouts": null,
            "value_specs": null
          },
          "sensitive_attributes": [],
          "private": "eyJlMmJmYjczMC1lY2FhLTExZTYtOGY4OC0zNDM2M2JjN2M0YzAiOnsiY3JlYXRlIjo2MDAwMDAwMDAwMDAsImRlbGV0ZSI6NjAwMDAwMDAwMDAwfX0=",
          "dependencies": [
            "openstack_networking_network_v2.net1",
            "openstack_networking_secgroup_v2.my_security_group",
            "openstack_networking_subnet_v2.subnet1"
          ]
        }
      ]
    },
    {
      "mode": "managed",
      "type": "openstack_networking_port_v2",
      "name": "port2_net2",
      "provider": "provider[\"registry.terraform.io/terraform-provider-openstack/openstack\"]",
      "instances": [
        {
          "schema_version": 0,
          "attributes": {
            "admin_state_up": true,
            "all_fixed_ips": [
              "10.1.2.48"
            ],
            "all_security_group_ids": [
              "18972a85-244d-4719-81cb-0c58ca80ac4e"
            ],
            "all_tags": [],
            "allowed_address_pairs": [],
            "binding": [
              {
                "host_id": "compute1",
                "profile": "{}",
                "vif_details": {
                  "bound_drivers": "{\"0\":\"openvswitch\"}",
                  "bridge_name": "br-int",
                  "connectivity": "l2",
                  "datapath_type": "system",
                  "ovs_hybrid_plug": "true",
                  "port_filter": "true"
                },
                "vif_type": "ovs",
                "vnic_type": "normal"
              }
            ],
            "description": "",
            "device_id": "de507f18-2e65-478f-8c3d-9cac07a10a12",
            "device_owner": "compute:nova",
            "dns_assignment": [],
            "dns_name": "",
            "extra_dhcp_option": [],
            "fixed_ip": [
              {
                "ip_address": "",
                "subnet_id": "edbac660-09a4-424a-a21e-256e8dd197c3"
              }
            ],
            "id": "a7cc4803-97fa-4b76-93c6-f8385a6d252f",
            "mac_address": "fa:16:3e:9a:d8:68",
            "name": "port2_net2",
            "network_id": "2155b616-3830-4ca2-9106-b588aa0973dc",
            "no_fixed_ip": null,
            "no_security_groups": null,
            "port_security_enabled": true,
            "qos_policy_id": "",
            "region": "RegionOne",
            "security_group_ids": [
              "18972a85-244d-4719-81cb-0c58ca80ac4e"
            ],
            "tags": [],
            "tenant_id": "0bbe02cb34ef4ed2a37af92663127c8c",
            "timeouts": null,
            "value_specs": null
          },
          "sensitive_attributes": [],
          "private": "eyJlMmJmYjczMC1lY2FhLTExZTYtOGY4OC0zNDM2M2JjN2M0YzAiOnsiY3JlYXRlIjo2MDAwMDAwMDAwMDAsImRlbGV0ZSI6NjAwMDAwMDAwMDAwfX0=",
          "dependencies": [
            "openstack_networking_network_v2.net2",
            "openstack_networking_secgroup_v2.my_security_group",
            "openstack_networking_subnet_v2.subnet2"
          ]
        }
      ]
    },
    {
      "mode": "managed",
      "type": "openstack_networking_port_v2",
      "name": "port3_net1",
      "provider": "provider[\"registry.terraform.io/terraform-provider-openstack/openstack\"]",
      "instances": [
        {
          "schema_version": 0,
          "attributes": {
            "admin_state_up": true,
            "all_fixed_ips": [
              "10.1.1.23"
            ],
            "all_security_group_ids": [
              "18972a85-244d-4719-81cb-0c58ca80ac4e"
            ],
            "all_tags": [],
            "allowed_address_pairs": [],
            "binding": [
              {
                "host_id": "compute2",
                "profile": "{}",
                "vif_details": {
                  "bound_drivers": "{\"0\":\"openvswitch\"}",
                  "bridge_name": "br-int",
                  "connectivity": "l2",
                  "datapath_type": "system",
                  "ovs_hybrid_plug": "true",
                  "port_filter": "true"
                },
                "vif_type": "ovs",
                "vnic_type": "normal"
              }
            ],
            "description": "",
            "device_id": "7b78c324-8903-48b1-abc1-e4bd6fb1e7e4",
            "device_owner": "compute:nova",
            "dns_assignment": [],
            "dns_name": "",
            "extra_dhcp_option": [],
            "fixed_ip": [
              {
                "ip_address": "",
                "subnet_id": "e554f0ae-4991-46a6-a64c-b49713bff113"
              }
            ],
            "id": "4671670e-6802-4c7b-9f0b-445fba0058ab",
            "mac_address": "fa:16:3e:63:4e:1d",
            "name": "port3_net1",
            "network_id": "a2ff4028-29ef-4499-9770-ad08907a1fd2",
            "no_fixed_ip": null,
            "no_security_groups": null,
            "port_security_enabled": true,
            "qos_policy_id": "",
            "region": "RegionOne",
            "security_group_ids": [
              "18972a85-244d-4719-81cb-0c58ca80ac4e"
            ],
            "tags": [],
            "tenant_id": "0bbe02cb34ef4ed2a37af92663127c8c",
            "timeouts": null,
            "value_specs": null
          },
          "sensitive_attributes": [],
          "private": "eyJlMmJmYjczMC1lY2FhLTExZTYtOGY4OC0zNDM2M2JjN2M0YzAiOnsiY3JlYXRlIjo2MDAwMDAwMDAwMDAsImRlbGV0ZSI6NjAwMDAwMDAwMDAwfX0=",
          "dependencies": [
            "openstack_networking_network_v2.net1",
            "openstack_networking_secgroup_v2.my_security_group",
            "openstack_networking_subnet_v2.subnet1"
          ]
        }
      ]
    },
    {
      "mode": "managed",
      "type": "openstack_networking_port_v2",
      "name": "port3_net2",
      "provider": "provider[\"registry.terraform.io/terraform-provider-openstack/openstack\"]",
      "instances": [
        {
          "schema_version": 0,
          "attributes": {
            "admin_state_up": true,
            "all_fixed_ips": [
              "10.1.2.19"
            ],
            "all_security_group_ids": [
              "18972a85-244d-4719-81cb-0c58ca80ac4e"
            ],
            "all_tags": [],
            "allowed_address_pairs": [],
            "binding": [
              {
                "host_id": "compute2",
                "profile": "{}",
                "vif_details": {
                  "bound_drivers": "{\"0\":\"openvswitch\"}",
                  "bridge_name": "br-int",
                  "connectivity": "l2",
                  "datapath_type": "system",
                  "ovs_hybrid_plug": "true",
                  "port_filter": "true"
                },
                "vif_type": "ovs",
                "vnic_type": "normal"
              }
            ],
            "description": "",
            "device_id": "7b78c324-8903-48b1-abc1-e4bd6fb1e7e4",
            "device_owner": "compute:nova",
            "dns_assignment": [],
            "dns_name": "",
            "extra_dhcp_option": [],
            "fixed_ip": [
              {
                "ip_address": "",
                "subnet_id": "edbac660-09a4-424a-a21e-256e8dd197c3"
              }
            ],
            "id": "13c962b8-57d5-402d-b66d-7d0dbb57501f",
            "mac_address": "fa:16:3e:b5:fa:74",
            "name": "port3_net2",
            "network_id": "2155b616-3830-4ca2-9106-b588aa0973dc",
            "no_fixed_ip": null,
            "no_security_groups": null,
            "port_security_enabled": true,
            "qos_policy_id": "",
            "region": "RegionOne",
            "security_group_ids": [
              "18972a85-244d-4719-81cb-0c58ca80ac4e"
            ],
            "tags": [],
            "tenant_id": "0bbe02cb34ef4ed2a37af92663127c8c",
            "timeouts": null,
            "value_specs": null
          },
          "sensitive_attributes": [],
          "private": "eyJlMmJmYjczMC1lY2FhLTExZTYtOGY4OC0zNDM2M2JjN2M0YzAiOnsiY3JlYXRlIjo2MDAwMDAwMDAwMDAsImRlbGV0ZSI6NjAwMDAwMDAwMDAwfX0=",
          "dependencies": [
            "openstack_networking_network_v2.net2",
            "openstack_networking_secgroup_v2.my_security_group",
            "openstack_networking_subnet_v2.subnet2"
          ]
        }
      ]
    },
    {
      "mode": "managed",
      "type": "openstack_networking_port_v2",
      "name": "portBBDD_net2",
      "provider": "provider[\"registry.terraform.io/terraform-provider-openstack/openstack\"]",
      "instances": [
        {
          "schema_version": 0,
          "attributes": {
            "admin_state_up": true,
            "all_fixed_ips": [
              "10.1.2.83"
            ],
            "all_security_group_ids": [
              "18972a85-244d-4719-81cb-0c58ca80ac4e"
            ],
            "all_tags": [],
            "allowed_address_pairs": [],
            "binding": [
              {
                "host_id": "",
                "profile": "{}",
                "vif_details": {},
                "vif_type": "unbound",
                "vnic_type": "normal"
              }
            ],
            "description": "",
            "device_id": "",
            "device_owner": "",
            "dns_assignment": [],
            "dns_name": "",
            "extra_dhcp_option": [],
            "fixed_ip": [
              {
                "ip_address": "10.1.2.83",
                "subnet_id": "edbac660-09a4-424a-a21e-256e8dd197c3"
              }
            ],
            "id": "d2da1c6f-274f-44b8-9f99-93aa53a18f77",
            "mac_address": "fa:16:3e:2c:b1:a6",
            "name": "portBBDD_net2",
            "network_id": "2155b616-3830-4ca2-9106-b588aa0973dc",
            "no_fixed_ip": null,
            "no_security_groups": null,
            "port_security_enabled": true,
            "qos_policy_id": "",
            "region": "RegionOne",
            "security_group_ids": [
              "18972a85-244d-4719-81cb-0c58ca80ac4e"
            ],
            "tags": null,
            "tenant_id": "0bbe02cb34ef4ed2a37af92663127c8c",
            "timeouts": null,
            "value_specs": null
          },
          "sensitive_attributes": [],
          "private": "eyJlMmJmYjczMC1lY2FhLTExZTYtOGY4OC0zNDM2M2JjN2M0YzAiOnsiY3JlYXRlIjo2MDAwMDAwMDAwMDAsImRlbGV0ZSI6NjAwMDAwMDAwMDAwfX0=",
          "dependencies": [
            "openstack_networking_network_v2.net2",
            "openstack_networking_secgroup_v2.my_security_group",
            "openstack_networking_subnet_v2.subnet2"
          ]
        }
      ]
    },
    {
      "mode": "managed",
      "type": "openstack_networking_port_v2",
      "name": "port_admin1",
      "provider": "provider[\"registry.terraform.io/terraform-provider-openstack/openstack\"]",
      "instances": [
        {
          "schema_version": 0,
          "attributes": {
            "admin_state_up": true,
            "all_fixed_ips": [
              "10.1.1.24"
            ],
            "all_security_group_ids": [
              "18972a85-244d-4719-81cb-0c58ca80ac4e"
            ],
            "all_tags": [],
            "allowed_address_pairs": [],
            "binding": [
              {
                "host_id": "compute1",
                "profile": "{}",
                "vif_details": {
                  "bound_drivers": "{\"0\":\"openvswitch\"}",
                  "bridge_name": "br-int",
                  "connectivity": "l2",
                  "datapath_type": "system",
                  "ovs_hybrid_plug": "true",
                  "port_filter": "true"
                },
                "vif_type": "ovs",
                "vnic_type": "normal"
              }
            ],
            "description": "",
            "device_id": "065c1f73-3e5c-4fe2-8955-33d777817d2c",
            "device_owner": "compute:nova",
            "dns_assignment": [],
            "dns_name": "",
            "extra_dhcp_option": [],
            "fixed_ip": [
              {
                "ip_address": "",
                "subnet_id": "e554f0ae-4991-46a6-a64c-b49713bff113"
              }
            ],
            "id": "9a87b3b1-5e64-4d82-beba-b4e2866b6a18",
            "mac_address": "fa:16:3e:47:4d:45",
            "name": "port_admin1",
            "network_id": "a2ff4028-29ef-4499-9770-ad08907a1fd2",
            "no_fixed_ip": null,
            "no_security_groups": null,
            "port_security_enabled": true,
            "qos_policy_id": "",
            "region": "RegionOne",
            "security_group_ids": [
              "18972a85-244d-4719-81cb-0c58ca80ac4e"
            ],
            "tags": [],
            "tenant_id": "0bbe02cb34ef4ed2a37af92663127c8c",
            "timeouts": null,
            "value_specs": null
          },
          "sensitive_attributes": [],
          "private": "eyJlMmJmYjczMC1lY2FhLTExZTYtOGY4OC0zNDM2M2JjN2M0YzAiOnsiY3JlYXRlIjo2MDAwMDAwMDAwMDAsImRlbGV0ZSI6NjAwMDAwMDAwMDAwfX0=",
          "dependencies": [
            "openstack_networking_network_v2.net1",
            "openstack_networking_secgroup_v2.my_security_group",
            "openstack_networking_subnet_v2.subnet1"
          ]
        }
      ]
    },
    {
      "mode": "managed",
      "type": "openstack_networking_port_v2",
      "name": "port_admin2",
      "provider": "provider[\"registry.terraform.io/terraform-provider-openstack/openstack\"]",
      "instances": [
        {
          "schema_version": 0,
          "attributes": {
            "admin_state_up": true,
            "all_fixed_ips": [
              "10.1.2.25"
            ],
            "all_security_group_ids": [
              "18972a85-244d-4719-81cb-0c58ca80ac4e"
            ],
            "all_tags": [],
            "allowed_address_pairs": [],
            "binding": [
              {
                "host_id": "compute1",
                "profile": "{}",
                "vif_details": {
                  "bound_drivers": "{\"0\":\"openvswitch\"}",
                  "bridge_name": "br-int",
                  "connectivity": "l2",
                  "datapath_type": "system",
                  "ovs_hybrid_plug": "true",
                  "port_filter": "true"
                },
                "vif_type": "ovs",
                "vnic_type": "normal"
              }
            ],
            "description": "",
            "device_id": "065c1f73-3e5c-4fe2-8955-33d777817d2c",
            "device_owner": "compute:nova",
            "dns_assignment": [],
            "dns_name": "",
            "extra_dhcp_option": [],
            "fixed_ip": [
              {
                "ip_address": "",
                "subnet_id": "edbac660-09a4-424a-a21e-256e8dd197c3"
              }
            ],
            "id": "7749af02-9c95-4419-8d0d-8469ccd4d9c3",
            "mac_address": "fa:16:3e:50:9d:ba",
            "name": "port_admin2",
            "network_id": "2155b616-3830-4ca2-9106-b588aa0973dc",
            "no_fixed_ip": null,
            "no_security_groups": null,
            "port_security_enabled": true,
            "qos_policy_id": "",
            "region": "RegionOne",
            "security_group_ids": [
              "18972a85-244d-4719-81cb-0c58ca80ac4e"
            ],
            "tags": [],
            "tenant_id": "0bbe02cb34ef4ed2a37af92663127c8c",
            "timeouts": null,
            "value_specs": null
          },
          "sensitive_attributes": [],
          "private": "eyJlMmJmYjczMC1lY2FhLTExZTYtOGY4OC0zNDM2M2JjN2M0YzAiOnsiY3JlYXRlIjo2MDAwMDAwMDAwMDAsImRlbGV0ZSI6NjAwMDAwMDAwMDAwfX0=",
          "dependencies": [
            "openstack_networking_network_v2.net2",
            "openstack_networking_secgroup_v2.my_security_group",
            "openstack_networking_subnet_v2.subnet2"
          ]
        }
      ]
    },
    {
      "mode": "managed",
      "type": "openstack_networking_router_interface_v2",
      "name": "fw_router_inface",
      "provider": "provider[\"registry.terraform.io/terraform-provider-openstack/openstack\"]",
      "instances": [
        {
          "schema_version": 0,
          "attributes": {
            "force_destroy": false,
            "id": "8b0caed7-bc3d-453b-ab61-f21739827ecf",
            "port_id": "8b0caed7-bc3d-453b-ab61-f21739827ecf",
            "region": "RegionOne",
            "router_id": "3b8a7641-fe77-4c27-800a-b2214bbcc91b",
            "subnet_id": "e554f0ae-4991-46a6-a64c-b49713bff113",
            "timeouts": null
          },
          "sensitive_attributes": [],
          "private": "eyJlMmJmYjczMC1lY2FhLTExZTYtOGY4OC0zNDM2M2JjN2M0YzAiOnsiY3JlYXRlIjo2MDAwMDAwMDAwMDAsImRlbGV0ZSI6NjAwMDAwMDAwMDAwfX0=",
          "dependencies": [
            "data.openstack_networking_network_v2.extnet",
            "openstack_networking_network_v2.net1",
            "openstack_networking_router_v2.firewall_router",
            "openstack_networking_subnet_v2.subnet1"
          ]
        }
      ]
    },
    {
      "mode": "managed",
      "type": "openstack_networking_router_v2",
      "name": "firewall_router",
      "provider": "provider[\"registry.terraform.io/terraform-provider-openstack/openstack\"]",
      "instances": [
        {
          "schema_version": 0,
          "attributes": {
            "admin_state_up": true,
            "all_tags": [],
            "availability_zone_hints": [],
            "description": "",
            "distributed": false,
            "enable_snat": true,
            "external_fixed_ip": [
              {
                "ip_address": "10.0.10.175",
                "subnet_id": "3b5be07c-f2ea-4571-936b-a3696ceaca3d"
              }
            ],
            "external_gateway": "69512626-95e4-4e9b-abe5-c5954f3de621",
            "external_network_id": "69512626-95e4-4e9b-abe5-c5954f3de621",
            "external_subnet_ids": null,
            "id": "3b8a7641-fe77-4c27-800a-b2214bbcc91b",
            "name": "firewall_router",
            "region": "RegionOne",
            "tags": [],
            "tenant_id": "0bbe02cb34ef4ed2a37af92663127c8c",
            "timeouts": null,
            "value_specs": null,
            "vendor_options": []
          },
          "sensitive_attributes": [],
          "private": "eyJlMmJmYjczMC1lY2FhLTExZTYtOGY4OC0zNDM2M2JjN2M0YzAiOnsiY3JlYXRlIjo2MDAwMDAwMDAwMDAsImRlbGV0ZSI6NjAwMDAwMDAwMDAwfX0=",
          "dependencies": [
            "data.openstack_networking_network_v2.extnet"
          ]
        }
      ]
    },
    {
      "mode": "managed",
      "type": "openstack_networking_secgroup_rule_v2",
      "name": "security_group_rule_engress",
      "provider": "provider[\"registry.terraform.io/terraform-provider-openstack/openstack\"]",
      "instances": [
        {
          "schema_version": 0,
          "attributes": {
            "description": "",
            "direction": "egress",
            "ethertype": "IPv4",
            "id": "4115f0e0-3c89-4c58-9c58-d4948e5f4642",
            "port_range_max": 0,
            "port_range_min": 0,
            "protocol": "tcp",
            "region": "RegionOne",
            "remote_group_id": "",
            "remote_ip_prefix": "0.0.0.0/0",
            "security_group_id": "18972a85-244d-4719-81cb-0c58ca80ac4e",
            "tenant_id": "0bbe02cb34ef4ed2a37af92663127c8c",
            "timeouts": null
          },
          "sensitive_attributes": [],
          "private": "eyJlMmJmYjczMC1lY2FhLTExZTYtOGY4OC0zNDM2M2JjN2M0YzAiOnsiZGVsZXRlIjo2MDAwMDAwMDAwMDB9fQ==",
          "dependencies": [
            "openstack_networking_secgroup_v2.my_security_group"
          ]
        }
      ]
    },
    {
      "mode": "managed",
      "type": "openstack_networking_secgroup_rule_v2",
      "name": "security_group_rule_ingress",
      "provider": "provider[\"registry.terraform.io/terraform-provider-openstack/openstack\"]",
      "instances": [
        {
          "schema_version": 0,
          "attributes": {
            "description": "",
            "direction": "ingress",
            "ethertype": "IPv4",
            "id": "c01e3dde-81c5-4787-89c6-ce8f7608531d",
            "port_range_max": 0,
            "port_range_min": 0,
            "protocol": "tcp",
            "region": "RegionOne",
            "remote_group_id": "",
            "remote_ip_prefix": "0.0.0.0/0",
            "security_group_id": "18972a85-244d-4719-81cb-0c58ca80ac4e",
            "tenant_id": "0bbe02cb34ef4ed2a37af92663127c8c",
            "timeouts": null
          },
          "sensitive_attributes": [],
          "private": "eyJlMmJmYjczMC1lY2FhLTExZTYtOGY4OC0zNDM2M2JjN2M0YzAiOnsiZGVsZXRlIjo2MDAwMDAwMDAwMDB9fQ==",
          "dependencies": [
            "openstack_networking_secgroup_v2.my_security_group"
          ]
        }
      ]
    },
    {
      "mode": "managed",
      "type": "openstack_networking_secgroup_v2",
      "name": "my_security_group",
      "provider": "provider[\"registry.terraform.io/terraform-provider-openstack/openstack\"]",
      "instances": [
        {
          "schema_version": 0,
          "attributes": {
            "all_tags": [],
            "delete_default_rules": true,
            "description": "Grupo de Seguridad para permitir todo el trafico",
            "id": "18972a85-244d-4719-81cb-0c58ca80ac4e",
            "name": "open",
            "region": "RegionOne",
            "tags": [],
            "tenant_id": "0bbe02cb34ef4ed2a37af92663127c8c",
            "timeouts": null
          },
          "sensitive_attributes": [],
          "private": "eyJlMmJmYjczMC1lY2FhLTExZTYtOGY4OC0zNDM2M2JjN2M0YzAiOnsiZGVsZXRlIjo2MDAwMDAwMDAwMDB9fQ=="
        }
      ]
    },
    {
      "mode": "managed",
      "type": "openstack_networking_subnet_v2",
      "name": "subnet1",
      "provider": "provider[\"registry.terraform.io/terraform-provider-openstack/openstack\"]",
      "instances": [
        {
          "schema_version": 0,
          "attributes": {
            "all_tags": [],
            "allocation_pool": [
              {
                "end": "10.1.1.100",
                "start": "10.1.1.2"
              }
            ],
            "allocation_pools": [
              {
                "end": "10.1.1.100",
                "start": "10.1.1.2"
              }
            ],
            "cidr": "10.1.1.0/24",
            "description": "",
            "dns_nameservers": [
              "8.8.8.8"
            ],
            "enable_dhcp": true,
            "gateway_ip": "10.1.1.1",
            "host_routes": [],
            "id": "e554f0ae-4991-46a6-a64c-b49713bff113",
            "ip_version": 4,
            "ipv6_address_mode": "",
            "ipv6_ra_mode": "",
            "name": "subnet1",
            "network_id": "a2ff4028-29ef-4499-9770-ad08907a1fd2",
            "no_gateway": false,
            "prefix_length": null,
            "region": "RegionOne",
            "service_types": [],
            "subnetpool_id": "",
            "tags": [],
            "tenant_id": "0bbe02cb34ef4ed2a37af92663127c8c",
            "timeouts": null,
            "value_specs": null
          },
          "sensitive_attributes": [],
          "private": "eyJlMmJmYjczMC1lY2FhLTExZTYtOGY4OC0zNDM2M2JjN2M0YzAiOnsiY3JlYXRlIjo2MDAwMDAwMDAwMDAsImRlbGV0ZSI6NjAwMDAwMDAwMDAwfX0=",
          "dependencies": [
            "openstack_networking_network_v2.net1"
          ]
        }
      ]
    },
    {
      "mode": "managed",
      "type": "openstack_networking_subnet_v2",
      "name": "subnet2",
      "provider": "provider[\"registry.terraform.io/terraform-provider-openstack/openstack\"]",
      "instances": [
        {
          "schema_version": 0,
          "attributes": {
            "all_tags": [],
            "allocation_pool": [
              {
                "end": "10.1.2.100",
                "start": "10.1.2.2"
              }
            ],
            "allocation_pools": [
              {
                "end": "10.1.2.100",
                "start": "10.1.2.2"
              }
            ],
            "cidr": "10.1.2.0/24",
            "description": "",
            "dns_nameservers": [],
            "enable_dhcp": true,
            "gateway_ip": "10.1.2.1",
            "host_routes": [],
            "id": "edbac660-09a4-424a-a21e-256e8dd197c3",
            "ip_version": 4,
            "ipv6_address_mode": "",
            "ipv6_ra_mode": "",
            "name": "subnet2",
            "network_id": "2155b616-3830-4ca2-9106-b588aa0973dc",
            "no_gateway": false,
            "prefix_length": null,
            "region": "RegionOne",
            "service_types": [],
            "subnetpool_id": "",
            "tags": [],
            "tenant_id": "0bbe02cb34ef4ed2a37af92663127c8c",
            "timeouts": null,
            "value_specs": null
          },
          "sensitive_attributes": [],
          "private": "eyJlMmJmYjczMC1lY2FhLTExZTYtOGY4OC0zNDM2M2JjN2M0YzAiOnsiY3JlYXRlIjo2MDAwMDAwMDAwMDAsImRlbGV0ZSI6NjAwMDAwMDAwMDAwfX0=",
          "dependencies": [
            "openstack_networking_network_v2.net2"
          ]
        }
      ]
    }
  ],
  "check_results": null
}
