{
  "version": 4,
  "terraform_version": "1.9.2",
  "serial": 103,
  "lineage": "44ed16df-5237-2c31-a76f-4b02f1f3f925",
  "outputs": {},
  "resources": [
    {
      "mode": "data",
      "type": "openstack_compute_flavor_v2",
      "name": "m1-large",
      "provider": "provider[\"registry.terraform.io/terraform-provider-openstack/openstack\"]",
      "instances": [
        {
          "schema_version": 0,
          "attributes": {
            "description": "",
            "disk": 5,
            "extra_specs": {},
            "flavor_id": "838b7c9d-d9f5-47bc-bb14-d92b1cd10019",
            "id": "838b7c9d-d9f5-47bc-bb14-d92b1cd10019",
            "is_public": true,
            "min_disk": null,
            "min_ram": null,
            "name": "m1.large",
            "ram": 512,
            "region": null,
            "rx_tx_factor": 1,
            "swap": 0,
            "vcpus": 1
          },
          "sensitive_attributes": []
        }
      ]
    },
    {
      "mode": "data",
      "type": "openstack_compute_flavor_v2",
      "name": "m1-smaller",
      "provider": "provider[\"registry.terraform.io/terraform-provider-openstack/openstack\"]",
      "instances": [
        {
          "schema_version": 0,
          "attributes": {
            "description": "",
            "disk": 3,
            "extra_specs": {},
            "flavor_id": "988d3a0c-2ea2-4e8b-a099-e0320e5df1e1",
            "id": "988d3a0c-2ea2-4e8b-a099-e0320e5df1e1",
            "is_public": true,
            "min_disk": null,
            "min_ram": null,
            "name": "m1.smaller",
            "ram": 512,
            "region": null,
            "rx_tx_factor": 1,
            "swap": 0,
            "vcpus": 1
          },
          "sensitive_attributes": []
        }
      ]
    },
    {
      "mode": "data",
      "type": "openstack_compute_keypair_v2",
      "name": "administrador",
      "provider": "provider[\"registry.terraform.io/terraform-provider-openstack/openstack\"]",
      "instances": [
        {
          "schema_version": 0,
          "attributes": {
            "fingerprint": "13:00:23:99:00:9e:f2:d7:87:e8:ea:49:a1:f9:dd:98",
            "id": "administrador",
            "name": "administrador",
            "public_key": "ssh-rsa AAAAB3NzaC1yc2EAAAADAQABAAABAQDc2wY2E4lwwDbopNH1sT5ZTzH8n8il4XqfcKHdosp1qvr9y1RxM8dRP0KVdLHK0qlJ515278Eq7Ebyc8udvot0bp4Or3ykwOlDl2EpZZdtbxbdTbru8d6L0JOD5Wu6gOiRqswI/Jy30PdgDbLg/ge41waUSiskd6/NAqXoW5ktLDpqEKs4MtuhI/RoY0l3KLnzwq1wYDQPWvapux9PaQpjJC18uZhuQm10oK9KHH+YCSgHp3MUvsu3EE4MPbDfb/pPup2VpmSefe4l8KRNlvu78mwd+N9sF96VldUedPh5xKTeV3ElgqfqFogBSqCGWkgf4ZlI45KezQWiY7A2guu/ Generated-by-Nova",
            "region": "RegionOne",
            "user_id": "3918b5369b594e25936a5712f02b1675"
          },
          "sensitive_attributes": []
        }
      ]
    },
    {
      "mode": "data",
      "type": "openstack_compute_keypair_v2",
      "name": "bbdd",
      "provider": "provider[\"registry.terraform.io/terraform-provider-openstack/openstack\"]",
      "instances": [
        {
          "schema_version": 0,
          "attributes": {
            "fingerprint": "72:49:04:a9:c6:b0:3c:15:a2:73:d4:a0:36:59:49:bc",
            "id": "bbdd",
            "name": "bbdd",
            "public_key": "ssh-rsa AAAAB3NzaC1yc2EAAAADAQABAAABAQCemJKXS/HYVLWjaA89J4+Sk7maoqh8bQU48susVPZ/jBIUGTtS4lbzTRwk6StOjyXtQNLOmSmoGXmhlqBmWbciT/nnevag7aD54OzKY/BKzfCX6KgHNWmVR63Z0t4vBk6emaCucZ1ldyZPSKW5wFzPvKfVWxJujPnuMRqdLOFxwnc+3xy/b0zp5l0SGRyJ9nED7YD6xvowR6mtS0BL8p+45yToyCLrLgS5X9di3T43Vl0EN9tMGS5S062EsRobZBolvu61I52nNcKhwRNCSPL27P7lkREjNKbJh2dJDP+gJ/Q4ZB87sT+iln/ePIQHEjUT1PJI6G4miY5ddAVYkD/h Generated-by-Nova",
            "region": "RegionOne",
            "user_id": "3918b5369b594e25936a5712f02b1675"
          },
          "sensitive_attributes": []
        }
      ]
    },
    {
      "mode": "data",
      "type": "openstack_compute_keypair_v2",
      "name": "s1",
      "provider": "provider[\"registry.terraform.io/terraform-provider-openstack/openstack\"]",
      "instances": [
        {
          "schema_version": 0,
          "attributes": {
            "fingerprint": "ed:dc:1a:9d:63:82:14:d2:93:8b:b5:db:95:ec:3b:35",
            "id": "s1",
            "name": "s1",
            "public_key": "ssh-rsa AAAAB3NzaC1yc2EAAAADAQABAAABAQDVj+XfWidFTShooaXLkHeb6MXBgDrRglP9cleLFKxBWBK5WghfuqeGW/YsIBvxJNhAa+ra8SLXNuU2F7xgOrOqv6qw/5F2I7RKMXOwjEwFJCSsw7otGthSJrQKF4vz4gNs3/yusupKQrcALZ6CySAcPkx8sfAzTsQrZWqMvcwxdRmSDcMFWHWHiZ1SdN+OogUdbaGAj8mChtL9o4DoFrUIxk4NDCWtSJAXM8pe4CKPdxLOSdW5hthkybpIU6rbh30kk/XzQNFudJnEWkosiO920HFztdQ/Bu+TTK8MM17ZDMjmHXyXWgsS2yq0X8D15rmAEEe1vSy5BtSDYMWsdaKR Generated-by-Nova",
            "region": "RegionOne",
            "user_id": "3918b5369b594e25936a5712f02b1675"
          },
          "sensitive_attributes": []
        }
      ]
    },
    {
      "mode": "data",
      "type": "openstack_compute_keypair_v2",
      "name": "s2",
      "provider": "provider[\"registry.terraform.io/terraform-provider-openstack/openstack\"]",
      "instances": [
        {
          "schema_version": 0,
          "attributes": {
            "fingerprint": "69:4f:63:ed:2c:ab:4b:ef:c0:47:c4:e4:97:5e:61:ac",
            "id": "s2",
            "name": "s2",
            "public_key": "ssh-rsa AAAAB3NzaC1yc2EAAAADAQABAAABAQDkuNKnufH4lyKBnTiwe1MRS678O1QouM4vnQ3fx6Hk5H/7slf7wBkin393uZuVh8GG2COS83h0nFAz2rsIDGZELnTp7OzYMgRcKbdfWka4V55XhEtlU8tJh4jbzSAFpIHYpn5PRseRBeEHCM5qlLRRsFtz8K0hkuQwTTHMM2/vgLGsy3HUqUXsE6A74nKpFElkds8f+BDMoUy44GZ6YqIUIYiwmWgNBTxyPXD54qpuO9P/g5GTi3Sgv0SohXuiV/MwIvcaA4b4j2hxIlSFL3Go83JsvcnaPVlJS9I/2dnZ0d2BY8HNJ4T45OPCNdgrI3JQ0SjeA4+rxVDKn1OmxSJp Generated-by-Nova",
            "region": "RegionOne",
            "user_id": "3918b5369b594e25936a5712f02b1675"
          },
          "sensitive_attributes": []
        }
      ]
    },
    {
      "mode": "data",
      "type": "openstack_compute_keypair_v2",
      "name": "s3",
      "provider": "provider[\"registry.terraform.io/terraform-provider-openstack/openstack\"]",
      "instances": [
        {
          "schema_version": 0,
          "attributes": {
            "fingerprint": "7c:75:20:14:c9:9d:02:54:27:ff:0d:fe:5f:e1:93:f2",
            "id": "s3",
            "name": "s3",
            "public_key": "ssh-rsa AAAAB3NzaC1yc2EAAAADAQABAAABAQDCt2wJEIWvVtVKT8r0afQ7BQS53GJW+bumtc0JrFYBfzo3uFPUqnJIs2utIsUQK2gWSTscU2AyKQRFFE79RUgIW3goYNJ3Goh+wkCS/Pzb2eZJGpTPPftsQ8d4JqQsmSlbqvre8qziZu/16TXeg9pP+6v8HZ8mW/GFs7Ui6pekCE1PhfNA2eDj1uIev3ODnMKH2mwScsVlb4UirwuaO9BDsYAXg4DUEsOa7pt2L+pVLkvGqpDPqjE5p2VJV4A7Vf8aZXJH3F6HsqfAS36XiruQqgFlYu97ZPwcNIl+/Vlk0XW8UvQp9y9l9TEgfPq9uB29NVrEcYalvE97ra9Ke8yD Generated-by-Nova",
            "region": "RegionOne",
            "user_id": "3918b5369b594e25936a5712f02b1675"
          },
          "sensitive_attributes": []
        }
      ]
    },
    {
      "mode": "data",
      "type": "openstack_images_image_v2",
      "name": "focal-administrador-vnx",
      "provider": "provider[\"registry.terraform.io/terraform-provider-openstack/openstack\"]",
      "instances": [
        {
          "schema_version": 0,
          "attributes": {
            "checksum": "bd052f725c9a1eb738319360f0b2ef3e",
            "container_format": "bare",
            "created_at": "2024-07-12T09:11:58Z",
            "disk_format": "qcow2",
            "file": "/v2/images/018a7651-c387-4021-85af-d3f1a6f56c11/file",
            "hidden": false,
            "id": "018a7651-c387-4021-85af-d3f1a6f56c11",
            "member_status": null,
            "metadata": {},
            "min_disk_gb": 0,
            "min_ram_mb": 0,
            "most_recent": false,
            "name": "focal-administrador-vnx",
            "name_regex": null,
            "owner": "daa72564bd4a41beaf9403d4d1da69f8",
            "properties": {
              "os_hash_algo": "sha512",
              "os_hash_value": "515e6181fb5ab0cd1e459efe684472f97c524e347857f750d0ca58d9b6d0f714ad22f0c7ec5ff59cbb3ff7911e91cd69d3defb381ea10afb19bce3cccfa6ce77",
              "owner_specified.openstack.md5": "",
              "owner_specified.openstack.object": "images/focal-administrador-vnx",
              "owner_specified.openstack.sha256": "",
              "stores": "file"
            },
            "protected": false,
            "region": "RegionOne",
            "schema": "/v2/schemas/image",
            "size_bytes": 2326069248,
            "size_max": null,
            "size_min": null,
            "sort_direction": "asc",
            "sort_key": "name",
            "tag": null,
            "tags": [],
            "updated_at": "2024-07-12T09:12:25Z",
            "visibility": "public"
          },
          "sensitive_attributes": []
        }
      ]
    },
    {
      "mode": "data",
      "type": "openstack_images_image_v2",
      "name": "focal-bbdd-vnx",
      "provider": "provider[\"registry.terraform.io/terraform-provider-openstack/openstack\"]",
      "instances": [
        {
          "schema_version": 0,
          "attributes": {
            "checksum": "897899d96bde62f98d74aeb3e363fbc4",
            "container_format": "bare",
            "created_at": "2024-07-12T09:11:26Z",
            "disk_format": "qcow2",
            "file": "/v2/images/9eefddf1-0fa7-4d9c-9692-4cb95095bd6b/file",
            "hidden": false,
            "id": "9eefddf1-0fa7-4d9c-9692-4cb95095bd6b",
            "member_status": null,
            "metadata": {},
            "min_disk_gb": 0,
            "min_ram_mb": 0,
            "most_recent": false,
            "name": "focal-bbdd-vnx",
            "name_regex": null,
            "owner": "daa72564bd4a41beaf9403d4d1da69f8",
            "properties": {
              "os_hash_algo": "sha512",
              "os_hash_value": "4e9bcf120c85357b78c7905b45f913411f82203a8f84e6fc05d3e6cfd437243c0cb63b905cb361f1b8cb1693539bf379966c0ffdefa3a4ffbf603183177133d7",
              "owner_specified.openstack.md5": "",
              "owner_specified.openstack.object": "images/focal-bbdd-vnx",
              "owner_specified.openstack.sha256": "",
              "stores": "file"
            },
            "protected": false,
            "region": "RegionOne",
            "schema": "/v2/schemas/image",
            "size_bytes": 3055484928,
            "size_max": null,
            "size_min": null,
            "sort_direction": "asc",
            "sort_key": "name",
            "tag": null,
            "tags": [],
            "updated_at": "2024-07-12T09:11:57Z",
            "visibility": "public"
          },
          "sensitive_attributes": []
        }
      ]
    },
    {
      "mode": "data",
      "type": "openstack_images_image_v2",
      "name": "focal-servers-vnx",
      "provider": "provider[\"registry.terraform.io/terraform-provider-openstack/openstack\"]",
      "instances": [
        {
          "schema_version": 0,
          "attributes": {
            "checksum": "695de7618e1f4a694538b9da8dbcb6d3",
            "container_format": "bare",
            "created_at": "2024-07-12T09:10:55Z",
            "disk_format": "qcow2",
            "file": "/v2/images/a7d1239f-aefa-4959-b8c0-26f4b7a60a11/file",
            "hidden": false,
            "id": "a7d1239f-aefa-4959-b8c0-26f4b7a60a11",
            "member_status": null,
            "metadata": {},
            "min_disk_gb": 0,
            "min_ram_mb": 0,
            "most_recent": false,
            "name": "focal-servers-vnx",
            "name_regex": null,
            "owner": "daa72564bd4a41beaf9403d4d1da69f8",
            "properties": {
              "os_hash_algo": "sha512",
              "os_hash_value": "0e2489167719cadf5b27aa0c27e063ed188e2911f96d955c16f067a02f922b3005cf670145df64170dcf136c79e62376f3b91daf5f1526c9cd56368f077981e0",
              "owner_specified.openstack.md5": "",
              "owner_specified.openstack.object": "images/focal-servers-vnx",
              "owner_specified.openstack.sha256": "",
              "stores": "file"
            },
            "protected": false,
            "region": "RegionOne",
            "schema": "/v2/schemas/image",
            "size_bytes": 3354656768,
            "size_max": null,
            "size_min": null,
            "sort_direction": "asc",
            "sort_key": "name",
            "tag": null,
            "tags": [],
            "updated_at": "2024-07-12T09:11:25Z",
            "visibility": "public"
          },
          "sensitive_attributes": []
        }
      ]
    },
    {
      "mode": "data",
      "type": "openstack_networking_network_v2",
      "name": "extnet",
      "provider": "provider[\"registry.terraform.io/terraform-provider-openstack/openstack\"]",
      "instances": [
        {
          "schema_version": 0,
          "attributes": {
            "admin_state_up": "true",
            "all_tags": [],
            "availability_zone_hints": [],
            "description": "",
            "dns_domain": "",
            "external": true,
            "id": "226766a0-2925-4f26-af03-0bfe483fceb7",
            "matching_subnet_cidr": null,
            "mtu": 1500,
            "name": "ExtNet",
            "network_id": null,
            "region": "RegionOne",
            "segments": [
              {
                "network_type": "flat",
                "physical_network": "physnet2",
                "segmentation_id": 0
              }
            ],
            "shared": "true",
            "status": null,
            "subnets": [
              "edbc0829-d907-4e10-87e0-059dca30a255"
            ],
            "tags": null,
            "tenant_id": "daa72564bd4a41beaf9403d4d1da69f8",
            "transparent_vlan": false
          },
          "sensitive_attributes": []
        }
      ]
    },
    {
      "mode": "managed",
      "type": "openstack_compute_instance_v2",
      "name": "administrador",
      "provider": "provider[\"registry.terraform.io/terraform-provider-openstack/openstack\"]",
      "instances": [
        {
          "schema_version": 0,
          "attributes": {
            "access_ip_v4": "10.1.1.38",
            "access_ip_v6": "",
            "admin_pass": null,
            "all_metadata": {},
            "all_tags": [],
            "availability_zone": "nova",
            "availability_zone_hints": null,
            "block_device": [],
            "config_drive": null,
            "created": "2024-07-12 09:27:21 +0000 UTC",
            "flavor_id": "988d3a0c-2ea2-4e8b-a099-e0320e5df1e1",
            "flavor_name": "m1.smaller",
            "floating_ip": null,
            "force_delete": false,
            "id": "f859cd01-4aa6-45e8-8430-59d728585d51",
            "image_id": "018a7651-c387-4021-85af-d3f1a6f56c11",
            "image_name": "focal-administrador-vnx",
            "key_pair": "administrador",
            "metadata": null,
            "name": "administrador",
            "network": [
              {
                "access_network": false,
                "fixed_ip_v4": "10.1.1.38",
                "fixed_ip_v6": "",
                "floating_ip": "",
                "mac": "fa:16:3e:cb:b7:4b",
                "name": "Net1",
                "port": "6c73ebf1-91e2-4a82-ae3c-c7b2efb78583",
                "uuid": "a7ac4c2b-515f-49cf-9830-2f8fd7061869"
              },
              {
                "access_network": false,
                "fixed_ip_v4": "10.1.2.13",
                "fixed_ip_v6": "",
                "floating_ip": "",
                "mac": "fa:16:3e:c4:f8:84",
                "name": "Net2",
                "port": "a4f316d2-b9ae-4c18-91ef-0a0d013baa78",
                "uuid": "9d75f8f6-a606-47ee-be59-60b281c476ad"
              }
            ],
            "network_mode": null,
            "personality": [],
            "power_state": "active",
            "region": "RegionOne",
            "scheduler_hints": [],
            "security_groups": [
              "open"
            ],
            "stop_before_destroy": false,
            "tags": null,
            "timeouts": null,
            "updated": "2024-07-12 09:30:30 +0000 UTC",
            "user_data": "3c685b0f13c886aac0ada6bb543da0d51c3e6103",
            "vendor_options": [],
            "volume": []
          },
          "sensitive_attributes": [
            [
              {
                "type": "get_attr",
                "value": "admin_pass"
              }
            ]
          ],
          "private": "eyJlMmJmYjczMC1lY2FhLTExZTYtOGY4OC0zNDM2M2JjN2M0YzAiOnsiY3JlYXRlIjoxODAwMDAwMDAwMDAwLCJkZWxldGUiOjE4MDAwMDAwMDAwMDAsInVwZGF0ZSI6MTgwMDAwMDAwMDAwMH19",
          "dependencies": [
            "data.openstack_compute_flavor_v2.m1-smaller",
            "data.openstack_compute_keypair_v2.administrador",
            "data.openstack_images_image_v2.focal-administrador-vnx",
            "openstack_networking_network_v2.net1",
            "openstack_networking_network_v2.net2",
            "openstack_networking_port_v2.port_admin1",
            "openstack_networking_port_v2.port_admin2",
            "openstack_networking_secgroup_v2.my_security_group",
            "openstack_networking_subnet_v2.subnet1",
            "openstack_networking_subnet_v2.subnet2"
          ]
        }
      ]
    },
    {
      "mode": "managed",
      "type": "openstack_compute_instance_v2",
      "name": "bbdd",
      "provider": "provider[\"registry.terraform.io/terraform-provider-openstack/openstack\"]",
      "instances": [
        {
          "schema_version": 0,
          "attributes": {
            "access_ip_v4": "10.1.2.83",
            "access_ip_v6": "",
            "admin_pass": null,
            "all_metadata": {},
            "all_tags": [],
            "availability_zone": "nova",
            "availability_zone_hints": null,
            "block_device": [],
            "config_drive": null,
            "created": "2024-07-12 09:27:18 +0000 UTC",
            "flavor_id": "838b7c9d-d9f5-47bc-bb14-d92b1cd10019",
            "flavor_name": "m1.large",
            "floating_ip": null,
            "force_delete": false,
            "id": "0dc9b292-5d5c-4b30-8a07-288d4a0e795f",
            "image_id": "9eefddf1-0fa7-4d9c-9692-4cb95095bd6b",
            "image_name": "focal-bbdd-vnx",
            "key_pair": "bbdd",
            "metadata": null,
            "name": "bbdd",
            "network": [
              {
                "access_network": false,
                "fixed_ip_v4": "10.1.2.83",
                "fixed_ip_v6": "",
                "floating_ip": "",
                "mac": "fa:16:3e:62:6f:cf",
                "name": "Net2",
                "port": "d2ab5ae2-0f9a-4fcc-a8c3-81025a1a92a0",
                "uuid": "9d75f8f6-a606-47ee-be59-60b281c476ad"
              }
            ],
            "network_mode": null,
            "personality": [],
            "power_state": "active",
            "region": "RegionOne",
            "scheduler_hints": [],
            "security_groups": [
              "open"
            ],
            "stop_before_destroy": false,
            "tags": null,
            "timeouts": null,
            "updated": "2024-07-12 09:30:20 +0000 UTC",
            "user_data": "ba75a5abea1792e19919ea8c745f500702d9c4e0",
            "vendor_options": [],
            "volume": []
          },
          "sensitive_attributes": [
            [
              {
                "type": "get_attr",
                "value": "admin_pass"
              }
            ]
          ],
          "private": "eyJlMmJmYjczMC1lY2FhLTExZTYtOGY4OC0zNDM2M2JjN2M0YzAiOnsiY3JlYXRlIjoxODAwMDAwMDAwMDAwLCJkZWxldGUiOjE4MDAwMDAwMDAwMDAsInVwZGF0ZSI6MTgwMDAwMDAwMDAwMH19",
          "dependencies": [
            "data.openstack_compute_flavor_v2.m1-large",
            "data.openstack_compute_keypair_v2.bbdd",
            "data.openstack_images_image_v2.focal-bbdd-vnx",
            "openstack_networking_network_v2.net2",
            "openstack_networking_port_v2.portBBDD_net2",
            "openstack_networking_secgroup_v2.my_security_group",
            "openstack_networking_subnet_v2.subnet2"
          ]
        }
      ]
    },
    {
      "mode": "managed",
      "type": "openstack_compute_instance_v2",
      "name": "s1",
      "provider": "provider[\"registry.terraform.io/terraform-provider-openstack/openstack\"]",
      "instances": [
        {
          "schema_version": 0,
          "attributes": {
            "access_ip_v4": "10.1.1.67",
            "access_ip_v6": "",
            "admin_pass": null,
            "all_metadata": {},
            "all_tags": [],
            "availability_zone": "nova",
            "availability_zone_hints": null,
            "block_device": [],
            "config_drive": null,
            "created": "2024-07-12 09:27:21 +0000 UTC",
            "flavor_id": "838b7c9d-d9f5-47bc-bb14-d92b1cd10019",
            "flavor_name": "m1.large",
            "floating_ip": null,
            "force_delete": false,
            "id": "a899ef5a-df20-46d4-bdf5-f24cd70e8aa6",
            "image_id": "a7d1239f-aefa-4959-b8c0-26f4b7a60a11",
            "image_name": "focal-servers-vnx",
            "key_pair": "s1",
            "metadata": null,
            "name": "s1",
            "network": [
              {
                "access_network": false,
                "fixed_ip_v4": "10.1.1.67",
                "fixed_ip_v6": "",
                "floating_ip": "",
                "mac": "fa:16:3e:14:d6:1d",
                "name": "Net1",
                "port": "a9c21299-3a55-4cc0-b4d8-9e91d7f8ebaf",
                "uuid": "a7ac4c2b-515f-49cf-9830-2f8fd7061869"
              },
              {
                "access_network": false,
                "fixed_ip_v4": "10.1.2.91",
                "fixed_ip_v6": "",
                "floating_ip": "",
                "mac": "fa:16:3e:a7:68:c6",
                "name": "Net2",
                "port": "2e1ae5e4-7ef3-4911-bce3-a6de93928a24",
                "uuid": "9d75f8f6-a606-47ee-be59-60b281c476ad"
              }
            ],
            "network_mode": null,
            "personality": [],
            "power_state": "active",
            "region": "RegionOne",
            "scheduler_hints": [],
            "security_groups": [
              "open"
            ],
            "stop_before_destroy": false,
            "tags": null,
            "timeouts": null,
            "updated": "2024-07-12 09:31:37 +0000 UTC",
            "user_data": "c53684df0ab024c47c1859d453a7f79402b952e3",
            "vendor_options": [],
            "volume": []
          },
          "sensitive_attributes": [
            [
              {
                "type": "get_attr",
                "value": "admin_pass"
              }
            ]
          ],
          "private": "eyJlMmJmYjczMC1lY2FhLTExZTYtOGY4OC0zNDM2M2JjN2M0YzAiOnsiY3JlYXRlIjoxODAwMDAwMDAwMDAwLCJkZWxldGUiOjE4MDAwMDAwMDAwMDAsInVwZGF0ZSI6MTgwMDAwMDAwMDAwMH19",
          "dependencies": [
            "data.openstack_compute_flavor_v2.m1-large",
            "data.openstack_compute_keypair_v2.s1",
            "data.openstack_images_image_v2.focal-servers-vnx",
            "openstack_networking_network_v2.net1",
            "openstack_networking_network_v2.net2",
            "openstack_networking_port_v2.port1_net1",
            "openstack_networking_port_v2.port1_net2",
            "openstack_networking_secgroup_v2.my_security_group",
            "openstack_networking_subnet_v2.subnet1",
            "openstack_networking_subnet_v2.subnet2"
          ]
        }
      ]
    },
    {
      "mode": "managed",
      "type": "openstack_compute_instance_v2",
      "name": "s2",
      "provider": "provider[\"registry.terraform.io/terraform-provider-openstack/openstack\"]",
      "instances": [
        {
          "schema_version": 0,
          "attributes": {
            "access_ip_v4": "10.1.1.85",
            "access_ip_v6": "",
            "admin_pass": null,
            "all_metadata": {},
            "all_tags": [],
            "availability_zone": "nova",
            "availability_zone_hints": null,
            "block_device": [],
            "config_drive": null,
            "created": "2024-07-12 09:27:19 +0000 UTC",
            "flavor_id": "838b7c9d-d9f5-47bc-bb14-d92b1cd10019",
            "flavor_name": "m1.large",
            "floating_ip": null,
            "force_delete": false,
            "id": "ea2be046-a11b-486f-96f4-7b4ef6ddaaff",
            "image_id": "a7d1239f-aefa-4959-b8c0-26f4b7a60a11",
            "image_name": "focal-servers-vnx",
            "key_pair": "s2",
            "metadata": null,
            "name": "s2",
            "network": [
              {
                "access_network": false,
                "fixed_ip_v4": "10.1.1.85",
                "fixed_ip_v6": "",
                "floating_ip": "",
                "mac": "fa:16:3e:ef:ff:d0",
                "name": "Net1",
                "port": "204ba1d4-9926-4705-b50d-b845663d56e3",
                "uuid": "a7ac4c2b-515f-49cf-9830-2f8fd7061869"
              },
              {
                "access_network": false,
                "fixed_ip_v4": "10.1.2.74",
                "fixed_ip_v6": "",
                "floating_ip": "",
                "mac": "fa:16:3e:73:7d:1e",
                "name": "Net2",
                "port": "1790a89f-118c-4b6d-8087-5290ba8b51b5",
                "uuid": "9d75f8f6-a606-47ee-be59-60b281c476ad"
              }
            ],
            "network_mode": null,
            "personality": [],
            "power_state": "active",
            "region": "RegionOne",
            "scheduler_hints": [],
            "security_groups": [
              "open"
            ],
            "stop_before_destroy": false,
            "tags": null,
            "timeouts": null,
            "updated": "2024-07-12 09:31:45 +0000 UTC",
            "user_data": "263968b78ced7d949c0625430faf81e421861c35",
            "vendor_options": [],
            "volume": []
          },
          "sensitive_attributes": [
            [
              {
                "type": "get_attr",
                "value": "admin_pass"
              }
            ]
          ],
          "private": "eyJlMmJmYjczMC1lY2FhLTExZTYtOGY4OC0zNDM2M2JjN2M0YzAiOnsiY3JlYXRlIjoxODAwMDAwMDAwMDAwLCJkZWxldGUiOjE4MDAwMDAwMDAwMDAsInVwZGF0ZSI6MTgwMDAwMDAwMDAwMH19",
          "dependencies": [
            "data.openstack_compute_flavor_v2.m1-large",
            "data.openstack_compute_keypair_v2.s2",
            "data.openstack_images_image_v2.focal-servers-vnx",
            "openstack_networking_network_v2.net1",
            "openstack_networking_network_v2.net2",
            "openstack_networking_port_v2.port2_net1",
            "openstack_networking_port_v2.port2_net2",
            "openstack_networking_secgroup_v2.my_security_group",
            "openstack_networking_subnet_v2.subnet1",
            "openstack_networking_subnet_v2.subnet2"
          ]
        }
      ]
    },
    {
      "mode": "managed",
      "type": "openstack_compute_instance_v2",
      "name": "s3",
      "provider": "provider[\"registry.terraform.io/terraform-provider-openstack/openstack\"]",
      "instances": [
        {
          "schema_version": 0,
          "attributes": {
            "access_ip_v4": "10.1.1.37",
            "access_ip_v6": "",
            "admin_pass": null,
            "all_metadata": {},
            "all_tags": [],
            "availability_zone": "nova",
            "availability_zone_hints": null,
            "block_device": [],
            "config_drive": null,
            "created": "2024-07-12 09:27:31 +0000 UTC",
            "flavor_id": "838b7c9d-d9f5-47bc-bb14-d92b1cd10019",
            "flavor_name": "m1.large",
            "floating_ip": null,
            "force_delete": false,
            "id": "d58dbece-ded5-43a6-8d03-79a4c907104b",
            "image_id": "a7d1239f-aefa-4959-b8c0-26f4b7a60a11",
            "image_name": "focal-servers-vnx",
            "key_pair": "s3",
            "metadata": null,
            "name": "s3",
            "network": [
              {
                "access_network": false,
                "fixed_ip_v4": "10.1.1.37",
                "fixed_ip_v6": "",
                "floating_ip": "",
                "mac": "fa:16:3e:03:f0:48",
                "name": "Net1",
                "port": "871480ba-574b-460e-8168-6c8dc64fa973",
                "uuid": "a7ac4c2b-515f-49cf-9830-2f8fd7061869"
              },
              {
                "access_network": false,
                "fixed_ip_v4": "10.1.2.18",
                "fixed_ip_v6": "",
                "floating_ip": "",
                "mac": "fa:16:3e:75:4d:59",
                "name": "Net2",
                "port": "abc5883e-391f-4d6d-b900-2045865d60d5",
                "uuid": "9d75f8f6-a606-47ee-be59-60b281c476ad"
              }
            ],
            "network_mode": null,
            "personality": [],
            "power_state": "active",
            "region": "RegionOne",
            "scheduler_hints": [],
            "security_groups": [
              "open"
            ],
            "stop_before_destroy": false,
            "tags": null,
            "timeouts": null,
            "updated": "2024-07-12 09:31:52 +0000 UTC",
            "user_data": "7f5317a1ce41062cbf652bf7e8188e04cd352c00",
            "vendor_options": [],
            "volume": []
          },
          "sensitive_attributes": [
            [
              {
                "type": "get_attr",
                "value": "admin_pass"
              }
            ]
          ],
          "private": "eyJlMmJmYjczMC1lY2FhLTExZTYtOGY4OC0zNDM2M2JjN2M0YzAiOnsiY3JlYXRlIjoxODAwMDAwMDAwMDAwLCJkZWxldGUiOjE4MDAwMDAwMDAwMDAsInVwZGF0ZSI6MTgwMDAwMDAwMDAwMH19",
          "dependencies": [
            "data.openstack_compute_flavor_v2.m1-large",
            "data.openstack_compute_keypair_v2.s3",
            "data.openstack_images_image_v2.focal-servers-vnx",
            "openstack_networking_network_v2.net1",
            "openstack_networking_network_v2.net2",
            "openstack_networking_port_v2.port3_net1",
            "openstack_networking_port_v2.port3_net2",
            "openstack_networking_secgroup_v2.my_security_group",
            "openstack_networking_subnet_v2.subnet1",
            "openstack_networking_subnet_v2.subnet2"
          ]
        }
      ]
    },
    {
      "mode": "managed",
      "type": "openstack_fw_group_v2",
      "name": "group_1",
      "provider": "provider[\"registry.terraform.io/terraform-provider-openstack/openstack\"]",
      "instances": [
        {
          "schema_version": 0,
          "attributes": {
            "admin_state_up": true,
            "description": "",
            "egress_firewall_policy_id": "311b3fc1-2985-4d8e-8c20-d5fc7e8915ad",
            "id": "2cb603a1-0ece-45e4-8754-6f042b1cd4ff",
            "ingress_firewall_policy_id": "1e9452f0-3cf4-4044-a0c6-d252a93ba78c",
            "name": "firewall_group",
            "ports": null,
            "project_id": "daa72564bd4a41beaf9403d4d1da69f8",
            "region": "RegionOne",
            "shared": false,
            "status": "INACTIVE",
            "tenant_id": "daa72564bd4a41beaf9403d4d1da69f8",
            "timeouts": null
          },
          "sensitive_attributes": [],
          "private": "eyJlMmJmYjczMC1lY2FhLTExZTYtOGY4OC0zNDM2M2JjN2M0YzAiOnsiY3JlYXRlIjo2MDAwMDAwMDAwMDAsImRlbGV0ZSI6NjAwMDAwMDAwMDAwLCJ1cGRhdGUiOjYwMDAwMDAwMDAwMH19",
          "dependencies": [
            "data.openstack_compute_flavor_v2.m1-smaller",
            "data.openstack_compute_keypair_v2.administrador",
            "data.openstack_images_image_v2.focal-administrador-vnx",
            "openstack_compute_instance_v2.administrador",
            "openstack_fw_policy_v2.policy_engress",
            "openstack_fw_policy_v2.policy_ingress",
            "openstack_fw_rule_v2.server_connection_rule",
            "openstack_fw_rule_v2.ssh_admin_rule",
            "openstack_fw_rule_v2.www_lb_rule",
            "openstack_lb_loadbalancer_v2.load_balancer",
            "openstack_networking_network_v2.net1",
            "openstack_networking_network_v2.net2",
            "openstack_networking_port_v2.port_admin1",
            "openstack_networking_port_v2.port_admin2",
            "openstack_networking_secgroup_v2.my_security_group",
            "openstack_networking_subnet_v2.subnet1",
            "openstack_networking_subnet_v2.subnet2"
          ]
        }
      ]
    },
    {
      "mode": "managed",
      "type": "openstack_fw_policy_v2",
      "name": "policy_engress",
      "provider": "provider[\"registry.terraform.io/terraform-provider-openstack/openstack\"]",
      "instances": [
        {
          "schema_version": 0,
          "attributes": {
            "audited": false,
            "description": "",
            "id": "311b3fc1-2985-4d8e-8c20-d5fc7e8915ad",
            "name": "firewall_egress_policy",
            "project_id": "daa72564bd4a41beaf9403d4d1da69f8",
            "region": "RegionOne",
            "rules": [
              "ad0abd10-5498-4322-ab66-64dc0acdc4cc"
            ],
            "shared": false,
            "tenant_id": "daa72564bd4a41beaf9403d4d1da69f8",
            "timeouts": null
          },
          "sensitive_attributes": [],
          "private": "eyJlMmJmYjczMC1lY2FhLTExZTYtOGY4OC0zNDM2M2JjN2M0YzAiOnsiY3JlYXRlIjo2MDAwMDAwMDAwMDAsImRlbGV0ZSI6NjAwMDAwMDAwMDAwfX0=",
          "dependencies": [
            "openstack_fw_rule_v2.server_connection_rule",
            "openstack_networking_network_v2.net1",
            "openstack_networking_subnet_v2.subnet1"
          ]
        }
      ]
    },
    {
      "mode": "managed",
      "type": "openstack_fw_policy_v2",
      "name": "policy_ingress",
      "provider": "provider[\"registry.terraform.io/terraform-provider-openstack/openstack\"]",
      "instances": [
        {
          "schema_version": 0,
          "attributes": {
            "audited": false,
            "description": "",
            "id": "1e9452f0-3cf4-4044-a0c6-d252a93ba78c",
            "name": "firewall_ingress_policy",
            "project_id": "daa72564bd4a41beaf9403d4d1da69f8",
            "region": "RegionOne",
            "rules": [
              "73e89fe3-f461-49fa-b471-30148eed8af7",
              "241b06ee-3c61-4c45-8722-ec2866f467d3"
            ],
            "shared": false,
            "tenant_id": "daa72564bd4a41beaf9403d4d1da69f8",
            "timeouts": null
          },
          "sensitive_attributes": [],
          "private": "eyJlMmJmYjczMC1lY2FhLTExZTYtOGY4OC0zNDM2M2JjN2M0YzAiOnsiY3JlYXRlIjo2MDAwMDAwMDAwMDAsImRlbGV0ZSI6NjAwMDAwMDAwMDAwfX0=",
          "dependencies": [
            "data.openstack_compute_flavor_v2.m1-smaller",
            "data.openstack_compute_keypair_v2.administrador",
            "data.openstack_images_image_v2.focal-administrador-vnx",
            "openstack_compute_instance_v2.administrador",
            "openstack_fw_rule_v2.ssh_admin_rule",
            "openstack_fw_rule_v2.www_lb_rule",
            "openstack_lb_loadbalancer_v2.load_balancer",
            "openstack_networking_network_v2.net1",
            "openstack_networking_network_v2.net2",
            "openstack_networking_port_v2.port_admin1",
            "openstack_networking_port_v2.port_admin2",
            "openstack_networking_secgroup_v2.my_security_group",
            "openstack_networking_subnet_v2.subnet1",
            "openstack_networking_subnet_v2.subnet2"
          ]
        }
      ]
    },
    {
      "mode": "managed",
      "type": "openstack_fw_rule_v2",
      "name": "server_connection_rule",
      "provider": "provider[\"registry.terraform.io/terraform-provider-openstack/openstack\"]",
      "instances": [
        {
          "schema_version": 0,
          "attributes": {
            "action": "allow",
            "description": "",
            "destination_ip_address": "",
            "destination_port": "",
            "enabled": true,
            "id": "ad0abd10-5498-4322-ab66-64dc0acdc4cc",
            "ip_version": 4,
            "name": "server_connection",
            "project_id": "daa72564bd4a41beaf9403d4d1da69f8",
            "protocol": "any",
            "region": "RegionOne",
            "shared": false,
            "source_ip_address": "10.1.1.0/24",
            "source_port": "",
            "tenant_id": "daa72564bd4a41beaf9403d4d1da69f8"
          },
          "sensitive_attributes": [],
          "private": "bnVsbA==",
          "dependencies": [
            "openstack_networking_network_v2.net1",
            "openstack_networking_subnet_v2.subnet1"
          ]
        }
      ]
    },
    {
      "mode": "managed",
      "type": "openstack_fw_rule_v2",
      "name": "ssh_admin_rule",
      "provider": "provider[\"registry.terraform.io/terraform-provider-openstack/openstack\"]",
      "instances": [
        {
          "schema_version": 0,
          "attributes": {
            "action": "allow",
            "description": "",
            "destination_ip_address": "10.1.1.38",
            "destination_port": "2022",
            "enabled": true,
            "id": "73e89fe3-f461-49fa-b471-30148eed8af7",
            "ip_version": 4,
            "name": "ssh_admin",
            "project_id": "daa72564bd4a41beaf9403d4d1da69f8",
            "protocol": "tcp",
            "region": "RegionOne",
            "shared": false,
            "source_ip_address": "",
            "source_port": "",
            "tenant_id": "daa72564bd4a41beaf9403d4d1da69f8"
          },
          "sensitive_attributes": [],
          "private": "bnVsbA==",
          "dependencies": [
            "data.openstack_compute_flavor_v2.m1-smaller",
            "data.openstack_compute_keypair_v2.administrador",
            "data.openstack_images_image_v2.focal-administrador-vnx",
            "openstack_compute_instance_v2.administrador",
            "openstack_networking_network_v2.net1",
            "openstack_networking_network_v2.net2",
            "openstack_networking_port_v2.port_admin1",
            "openstack_networking_port_v2.port_admin2",
            "openstack_networking_secgroup_v2.my_security_group",
            "openstack_networking_subnet_v2.subnet1",
            "openstack_networking_subnet_v2.subnet2"
          ]
        }
      ]
    },
    {
      "mode": "managed",
      "type": "openstack_fw_rule_v2",
      "name": "www_lb_rule",
      "provider": "provider[\"registry.terraform.io/terraform-provider-openstack/openstack\"]",
      "instances": [
        {
          "schema_version": 0,
          "attributes": {
            "action": "allow",
            "description": "",
            "destination_ip_address": "10.1.1.97",
            "destination_port": "80",
            "enabled": true,
            "id": "241b06ee-3c61-4c45-8722-ec2866f467d3",
            "ip_version": 4,
            "name": "www_lb",
            "project_id": "daa72564bd4a41beaf9403d4d1da69f8",
            "protocol": "tcp",
            "region": "RegionOne",
            "shared": false,
            "source_ip_address": "",
            "source_port": "",
            "tenant_id": "daa72564bd4a41beaf9403d4d1da69f8"
          },
          "sensitive_attributes": [],
          "private": "bnVsbA==",
          "dependencies": [
            "openstack_lb_loadbalancer_v2.load_balancer",
            "openstack_networking_network_v2.net1",
            "openstack_networking_subnet_v2.subnet1"
          ]
        }
      ]
    },
    {
      "mode": "managed",
      "type": "openstack_lb_listener_v2",
      "name": "lb_listener",
      "provider": "provider[\"registry.terraform.io/terraform-provider-openstack/openstack\"]",
      "instances": [
        {
          "schema_version": 0,
          "attributes": {
            "admin_state_up": true,
            "allowed_cidrs": null,
            "connection_limit": -1,
            "default_pool_id": "",
            "default_tls_container_ref": "",
            "description": "",
            "id": "42824e94-8e0a-4487-8db8-f5987b52ae04",
            "insert_headers": null,
            "loadbalancer_id": "c30f7c72-2ab7-4006-9187-7f7036419384",
            "name": "lb_listener",
            "protocol": "HTTP",
            "protocol_port": 80,
            "region": "RegionOne",
            "sni_container_refs": null,
            "tags": null,
            "tenant_id": "daa72564bd4a41beaf9403d4d1da69f8",
            "timeout_client_data": 50000,
            "timeout_member_connect": 5000,
            "timeout_member_data": 50000,
            "timeout_tcp_inspect": 0,
            "timeouts": null
          },
          "sensitive_attributes": [],
          "private": "eyJlMmJmYjczMC1lY2FhLTExZTYtOGY4OC0zNDM2M2JjN2M0YzAiOnsiY3JlYXRlIjo2MDAwMDAwMDAwMDAsImRlbGV0ZSI6NjAwMDAwMDAwMDAwLCJ1cGRhdGUiOjYwMDAwMDAwMDAwMH19",
          "dependencies": [
            "openstack_lb_loadbalancer_v2.load_balancer",
            "openstack_networking_network_v2.net1",
            "openstack_networking_subnet_v2.subnet1"
          ]
        }
      ]
    },
    {
      "mode": "managed",
      "type": "openstack_lb_loadbalancer_v2",
      "name": "load_balancer",
      "provider": "provider[\"registry.terraform.io/terraform-provider-openstack/openstack\"]",
      "instances": [
        {
          "schema_version": 0,
          "attributes": {
            "admin_state_up": true,
            "availability_zone": "",
            "description": "",
            "flavor_id": "",
            "id": "c30f7c72-2ab7-4006-9187-7f7036419384",
            "loadbalancer_provider": "amphora",
            "name": "load_balancer",
            "region": "RegionOne",
            "security_group_ids": [
              "bae671df-6b65-4ee8-a542-78950219db8f"
            ],
            "tags": null,
            "tenant_id": "daa72564bd4a41beaf9403d4d1da69f8",
            "timeouts": null,
            "vip_address": "10.1.1.97",
            "vip_network_id": "a7ac4c2b-515f-49cf-9830-2f8fd7061869",
            "vip_port_id": "33b1b2fe-227f-45ef-b3f3-3d82fb0db88a",
            "vip_subnet_id": "b78ff027-fc29-49e6-bd3e-632a1a15dd42"
          },
          "sensitive_attributes": [],
          "private": "eyJlMmJmYjczMC1lY2FhLTExZTYtOGY4OC0zNDM2M2JjN2M0YzAiOnsiY3JlYXRlIjo2MDAwMDAwMDAwMDAsImRlbGV0ZSI6MzAwMDAwMDAwMDAwLCJ1cGRhdGUiOjYwMDAwMDAwMDAwMH19",
          "dependencies": [
            "openstack_networking_network_v2.net1",
            "openstack_networking_subnet_v2.subnet1"
          ]
        }
      ]
    },
    {
      "mode": "managed",
      "type": "openstack_lb_members_v2",
      "name": "lb_members",
      "provider": "provider[\"registry.terraform.io/terraform-provider-openstack/openstack\"]",
      "instances": [
        {
          "schema_version": 0,
          "attributes": {
            "id": "6372da41-52a1-4563-89a5-28cdb3e74aa7",
            "member": [
              {
                "address": "10.1.1.37",
                "admin_state_up": true,
                "backup": false,
                "id": "03eb7c91-05b0-449f-b12f-a5fba22f3224",
                "monitor_address": "",
                "monitor_port": 0,
                "name": "",
                "protocol_port": 80,
                "subnet_id": "",
                "weight": 1
              },
              {
                "address": "10.1.1.67",
                "admin_state_up": true,
                "backup": false,
                "id": "d862a952-add6-49c7-9dee-740d407df2ce",
                "monitor_address": "",
                "monitor_port": 0,
                "name": "",
                "protocol_port": 80,
                "subnet_id": "",
                "weight": 1
              },
              {
                "address": "10.1.1.85",
                "admin_state_up": true,
                "backup": false,
                "id": "60a541ca-4c09-48cc-aa64-c6fefae49445",
                "monitor_address": "",
                "monitor_port": 0,
                "name": "",
                "protocol_port": 80,
                "subnet_id": "",
                "weight": 1
              }
            ],
            "pool_id": "6372da41-52a1-4563-89a5-28cdb3e74aa7",
            "region": "RegionOne",
            "timeouts": null
          },
          "sensitive_attributes": [],
          "private": "eyJlMmJmYjczMC1lY2FhLTExZTYtOGY4OC0zNDM2M2JjN2M0YzAiOnsiY3JlYXRlIjo2MDAwMDAwMDAwMDAsImRlbGV0ZSI6NjAwMDAwMDAwMDAwLCJ1cGRhdGUiOjYwMDAwMDAwMDAwMH19",
          "dependencies": [
            "data.openstack_compute_flavor_v2.m1-large",
            "data.openstack_compute_keypair_v2.s1",
            "data.openstack_compute_keypair_v2.s2",
            "data.openstack_compute_keypair_v2.s3",
            "data.openstack_images_image_v2.focal-servers-vnx",
            "openstack_compute_instance_v2.s1",
            "openstack_compute_instance_v2.s2",
            "openstack_compute_instance_v2.s3",
            "openstack_lb_listener_v2.lb_listener",
            "openstack_lb_loadbalancer_v2.load_balancer",
            "openstack_lb_pool_v2.lb_pool",
            "openstack_networking_network_v2.net1",
            "openstack_networking_network_v2.net2",
            "openstack_networking_port_v2.port1_net1",
            "openstack_networking_port_v2.port1_net2",
            "openstack_networking_port_v2.port2_net1",
            "openstack_networking_port_v2.port2_net2",
            "openstack_networking_port_v2.port3_net1",
            "openstack_networking_port_v2.port3_net2",
            "openstack_networking_secgroup_v2.my_security_group",
            "openstack_networking_subnet_v2.subnet1",
            "openstack_networking_subnet_v2.subnet2"
          ]
        }
      ]
    },
    {
      "mode": "managed",
      "type": "openstack_lb_pool_v2",
      "name": "lb_pool",
      "provider": "provider[\"registry.terraform.io/terraform-provider-openstack/openstack\"]",
      "instances": [
        {
          "schema_version": 0,
          "attributes": {
            "admin_state_up": true,
            "description": "",
            "id": "6372da41-52a1-4563-89a5-28cdb3e74aa7",
            "lb_method": "ROUND_ROBIN",
            "listener_id": "42824e94-8e0a-4487-8db8-f5987b52ae04",
            "loadbalancer_id": null,
            "name": "lb_pool",
            "persistence": [
              {
                "cookie_name": "",
                "type": ""
              }
            ],
            "protocol": "HTTP",
            "region": "RegionOne",
            "tenant_id": "daa72564bd4a41beaf9403d4d1da69f8",
            "timeouts": null
          },
          "sensitive_attributes": [],
          "private": "eyJlMmJmYjczMC1lY2FhLTExZTYtOGY4OC0zNDM2M2JjN2M0YzAiOnsiY3JlYXRlIjo2MDAwMDAwMDAwMDAsImRlbGV0ZSI6NjAwMDAwMDAwMDAwLCJ1cGRhdGUiOjYwMDAwMDAwMDAwMH19",
          "dependencies": [
            "openstack_lb_listener_v2.lb_listener",
            "openstack_lb_loadbalancer_v2.load_balancer",
            "openstack_networking_network_v2.net1",
            "openstack_networking_subnet_v2.subnet1"
          ]
        }
      ]
    },
    {
      "mode": "managed",
      "type": "openstack_networking_floatingip_v2",
      "name": "floating_ipAdmin",
      "provider": "provider[\"registry.terraform.io/terraform-provider-openstack/openstack\"]",
      "instances": [
        {
          "schema_version": 0,
          "attributes": {
            "address": "10.0.10.125",
            "all_tags": [],
            "description": "",
            "dns_domain": "",
            "dns_name": "",
            "fixed_ip": "10.1.1.38",
            "id": "367d5967-fcdd-45bd-8141-b88d52ef83c9",
            "pool": "ExtNet",
            "port_id": "6c73ebf1-91e2-4a82-ae3c-c7b2efb78583",
            "region": "RegionOne",
            "subnet_id": null,
            "subnet_ids": null,
            "tags": null,
            "tenant_id": "daa72564bd4a41beaf9403d4d1da69f8",
            "timeouts": null,
            "value_specs": null
          },
          "sensitive_attributes": [],
          "private": "eyJlMmJmYjczMC1lY2FhLTExZTYtOGY4OC0zNDM2M2JjN2M0YzAiOnsiY3JlYXRlIjo2MDAwMDAwMDAwMDAsImRlbGV0ZSI6NjAwMDAwMDAwMDAwfX0=",
          "dependencies": [
            "data.openstack_networking_network_v2.extnet",
            "openstack_networking_network_v2.net1",
            "openstack_networking_port_v2.port_admin1",
            "openstack_networking_secgroup_v2.my_security_group",
            "openstack_networking_subnet_v2.subnet1"
          ]
        }
      ]
    },
    {
      "mode": "managed",
      "type": "openstack_networking_floatingip_v2",
      "name": "floating_ipLB",
      "provider": "provider[\"registry.terraform.io/terraform-provider-openstack/openstack\"]",
      "instances": [
        {
          "schema_version": 0,
          "attributes": {
            "address": "10.0.10.157",
            "all_tags": [],
            "description": "",
            "dns_domain": "",
            "dns_name": "",
            "fixed_ip": "10.1.1.97",
            "id": "575caf07-4dba-4728-8d6b-ab919ea59be7",
            "pool": "ExtNet",
            "port_id": "33b1b2fe-227f-45ef-b3f3-3d82fb0db88a",
            "region": "RegionOne",
            "subnet_id": null,
            "subnet_ids": null,
            "tags": null,
            "tenant_id": "daa72564bd4a41beaf9403d4d1da69f8",
            "timeouts": null,
            "value_specs": null
          },
          "sensitive_attributes": [],
          "private": "eyJlMmJmYjczMC1lY2FhLTExZTYtOGY4OC0zNDM2M2JjN2M0YzAiOnsiY3JlYXRlIjo2MDAwMDAwMDAwMDAsImRlbGV0ZSI6NjAwMDAwMDAwMDAwfX0=",
          "dependencies": [
            "data.openstack_networking_network_v2.extnet",
            "openstack_lb_loadbalancer_v2.load_balancer",
            "openstack_networking_network_v2.net1",
            "openstack_networking_subnet_v2.subnet1"
          ]
        }
      ]
    },
    {
      "mode": "managed",
      "type": "openstack_networking_network_v2",
      "name": "net1",
      "provider": "provider[\"registry.terraform.io/terraform-provider-openstack/openstack\"]",
      "instances": [
        {
          "schema_version": 0,
          "attributes": {
            "admin_state_up": true,
            "all_tags": [],
            "availability_zone_hints": [],
            "description": "",
            "dns_domain": "",
            "external": false,
            "id": "a7ac4c2b-515f-49cf-9830-2f8fd7061869",
            "mtu": 1450,
            "name": "Net1",
            "port_security_enabled": true,
            "qos_policy_id": "",
            "region": "RegionOne",
            "segments": [
              {
                "network_type": "vxlan",
                "physical_network": "",
                "segmentation_id": 955
              }
            ],
            "shared": false,
            "tags": null,
            "tenant_id": "daa72564bd4a41beaf9403d4d1da69f8",
            "timeouts": null,
            "transparent_vlan": false,
            "value_specs": null
          },
          "sensitive_attributes": [],
          "private": "eyJlMmJmYjczMC1lY2FhLTExZTYtOGY4OC0zNDM2M2JjN2M0YzAiOnsiY3JlYXRlIjo2MDAwMDAwMDAwMDAsImRlbGV0ZSI6NjAwMDAwMDAwMDAwfX0="
        }
      ]
    },
    {
      "mode": "managed",
      "type": "openstack_networking_network_v2",
      "name": "net2",
      "provider": "provider[\"registry.terraform.io/terraform-provider-openstack/openstack\"]",
      "instances": [
        {
          "schema_version": 0,
          "attributes": {
            "admin_state_up": true,
            "all_tags": [],
            "availability_zone_hints": [],
            "description": "",
            "dns_domain": "",
            "external": false,
            "id": "9d75f8f6-a606-47ee-be59-60b281c476ad",
            "mtu": 1450,
            "name": "Net2",
            "port_security_enabled": true,
            "qos_policy_id": "",
            "region": "RegionOne",
            "segments": [
              {
                "network_type": "vxlan",
                "physical_network": "",
                "segmentation_id": 315
              }
            ],
            "shared": false,
            "tags": null,
            "tenant_id": "daa72564bd4a41beaf9403d4d1da69f8",
            "timeouts": null,
            "transparent_vlan": false,
            "value_specs": null
          },
          "sensitive_attributes": [],
          "private": "eyJlMmJmYjczMC1lY2FhLTExZTYtOGY4OC0zNDM2M2JjN2M0YzAiOnsiY3JlYXRlIjo2MDAwMDAwMDAwMDAsImRlbGV0ZSI6NjAwMDAwMDAwMDAwfX0="
        }
      ]
    },
    {
      "mode": "managed",
      "type": "openstack_networking_port_v2",
      "name": "port1_net1",
      "provider": "provider[\"registry.terraform.io/terraform-provider-openstack/openstack\"]",
      "instances": [
        {
          "schema_version": 0,
          "attributes": {
            "admin_state_up": true,
            "all_fixed_ips": [
              "10.1.1.67"
            ],
            "all_security_group_ids": [
              "71ad3206-7e68-45a5-a6df-bec521849b7a"
            ],
            "all_tags": [],
            "allowed_address_pairs": [],
            "binding": [
              {
                "host_id": "",
                "profile": "{}",
                "vif_details": {},
                "vif_type": "unbound",
                "vnic_type": "normal"
              }
            ],
            "description": "",
            "device_id": "",
            "device_owner": "",
            "dns_assignment": [],
            "dns_name": "",
            "extra_dhcp_option": [],
            "fixed_ip": [
              {
                "ip_address": "",
                "subnet_id": "b78ff027-fc29-49e6-bd3e-632a1a15dd42"
              }
            ],
            "id": "a9c21299-3a55-4cc0-b4d8-9e91d7f8ebaf",
            "mac_address": "fa:16:3e:14:d6:1d",
            "name": "port1_net1",
            "network_id": "a7ac4c2b-515f-49cf-9830-2f8fd7061869",
            "no_fixed_ip": null,
            "no_security_groups": null,
            "port_security_enabled": true,
            "qos_policy_id": "",
            "region": "RegionOne",
            "security_group_ids": [
              "71ad3206-7e68-45a5-a6df-bec521849b7a"
            ],
            "tags": null,
            "tenant_id": "daa72564bd4a41beaf9403d4d1da69f8",
            "timeouts": null,
            "value_specs": null
          },
          "sensitive_attributes": [],
          "private": "eyJlMmJmYjczMC1lY2FhLTExZTYtOGY4OC0zNDM2M2JjN2M0YzAiOnsiY3JlYXRlIjo2MDAwMDAwMDAwMDAsImRlbGV0ZSI6NjAwMDAwMDAwMDAwfX0=",
          "dependencies": [
            "openstack_networking_network_v2.net1",
            "openstack_networking_secgroup_v2.my_security_group",
            "openstack_networking_subnet_v2.subnet1"
          ]
        }
      ]
    },
    {
      "mode": "managed",
      "type": "openstack_networking_port_v2",
      "name": "port1_net2",
      "provider": "provider[\"registry.terraform.io/terraform-provider-openstack/openstack\"]",
      "instances": [
        {
          "schema_version": 0,
          "attributes": {
            "admin_state_up": true,
            "all_fixed_ips": [
              "10.1.2.91"
            ],
            "all_security_group_ids": [
              "71ad3206-7e68-45a5-a6df-bec521849b7a"
            ],
            "all_tags": [],
            "allowed_address_pairs": [],
            "binding": [
              {
                "host_id": "",
                "profile": "{}",
                "vif_details": {},
                "vif_type": "unbound",
                "vnic_type": "normal"
              }
            ],
            "description": "",
            "device_id": "",
            "device_owner": "",
            "dns_assignment": [],
            "dns_name": "",
            "extra_dhcp_option": [],
            "fixed_ip": [
              {
                "ip_address": "",
                "subnet_id": "c827aaf9-d3d5-4778-aff1-c20b98c6bc12"
              }
            ],
            "id": "2e1ae5e4-7ef3-4911-bce3-a6de93928a24",
            "mac_address": "fa:16:3e:a7:68:c6",
            "name": "port1_net2",
            "network_id": "9d75f8f6-a606-47ee-be59-60b281c476ad",
            "no_fixed_ip": null,
            "no_security_groups": null,
            "port_security_enabled": true,
            "qos_policy_id": "",
            "region": "RegionOne",
            "security_group_ids": [
              "71ad3206-7e68-45a5-a6df-bec521849b7a"
            ],
            "tags": null,
            "tenant_id": "daa72564bd4a41beaf9403d4d1da69f8",
            "timeouts": null,
            "value_specs": null
          },
          "sensitive_attributes": [],
          "private": "eyJlMmJmYjczMC1lY2FhLTExZTYtOGY4OC0zNDM2M2JjN2M0YzAiOnsiY3JlYXRlIjo2MDAwMDAwMDAwMDAsImRlbGV0ZSI6NjAwMDAwMDAwMDAwfX0=",
          "dependencies": [
            "openstack_networking_network_v2.net2",
            "openstack_networking_secgroup_v2.my_security_group",
            "openstack_networking_subnet_v2.subnet2"
          ]
        }
      ]
    },
    {
      "mode": "managed",
      "type": "openstack_networking_port_v2",
      "name": "port2_net1",
      "provider": "provider[\"registry.terraform.io/terraform-provider-openstack/openstack\"]",
      "instances": [
        {
          "schema_version": 0,
          "attributes": {
            "admin_state_up": true,
            "all_fixed_ips": [
              "10.1.1.85"
            ],
            "all_security_group_ids": [
              "71ad3206-7e68-45a5-a6df-bec521849b7a"
            ],
            "all_tags": [],
            "allowed_address_pairs": [],
            "binding": [
              {
                "host_id": "",
                "profile": "{}",
                "vif_details": {},
                "vif_type": "unbound",
                "vnic_type": "normal"
              }
            ],
            "description": "",
            "device_id": "",
            "device_owner": "",
            "dns_assignment": [],
            "dns_name": "",
            "extra_dhcp_option": [],
            "fixed_ip": [
              {
                "ip_address": "",
                "subnet_id": "b78ff027-fc29-49e6-bd3e-632a1a15dd42"
              }
            ],
            "id": "204ba1d4-9926-4705-b50d-b845663d56e3",
            "mac_address": "fa:16:3e:ef:ff:d0",
            "name": "port2_net1",
            "network_id": "a7ac4c2b-515f-49cf-9830-2f8fd7061869",
            "no_fixed_ip": null,
            "no_security_groups": null,
            "port_security_enabled": true,
            "qos_policy_id": "",
            "region": "RegionOne",
            "security_group_ids": [
              "71ad3206-7e68-45a5-a6df-bec521849b7a"
            ],
            "tags": null,
            "tenant_id": "daa72564bd4a41beaf9403d4d1da69f8",
            "timeouts": null,
            "value_specs": null
          },
          "sensitive_attributes": [],
          "private": "eyJlMmJmYjczMC1lY2FhLTExZTYtOGY4OC0zNDM2M2JjN2M0YzAiOnsiY3JlYXRlIjo2MDAwMDAwMDAwMDAsImRlbGV0ZSI6NjAwMDAwMDAwMDAwfX0=",
          "dependencies": [
            "openstack_networking_network_v2.net1",
            "openstack_networking_secgroup_v2.my_security_group",
            "openstack_networking_subnet_v2.subnet1"
          ]
        }
      ]
    },
    {
      "mode": "managed",
      "type": "openstack_networking_port_v2",
      "name": "port2_net2",
      "provider": "provider[\"registry.terraform.io/terraform-provider-openstack/openstack\"]",
      "instances": [
        {
          "schema_version": 0,
          "attributes": {
            "admin_state_up": true,
            "all_fixed_ips": [
              "10.1.2.74"
            ],
            "all_security_group_ids": [
              "71ad3206-7e68-45a5-a6df-bec521849b7a"
            ],
            "all_tags": [],
            "allowed_address_pairs": [],
            "binding": [
              {
                "host_id": "",
                "profile": "{}",
                "vif_details": {},
                "vif_type": "unbound",
                "vnic_type": "normal"
              }
            ],
            "description": "",
            "device_id": "",
            "device_owner": "",
            "dns_assignment": [],
            "dns_name": "",
            "extra_dhcp_option": [],
            "fixed_ip": [
              {
                "ip_address": "",
                "subnet_id": "c827aaf9-d3d5-4778-aff1-c20b98c6bc12"
              }
            ],
            "id": "1790a89f-118c-4b6d-8087-5290ba8b51b5",
            "mac_address": "fa:16:3e:73:7d:1e",
            "name": "port2_net2",
            "network_id": "9d75f8f6-a606-47ee-be59-60b281c476ad",
            "no_fixed_ip": null,
            "no_security_groups": null,
            "port_security_enabled": true,
            "qos_policy_id": "",
            "region": "RegionOne",
            "security_group_ids": [
              "71ad3206-7e68-45a5-a6df-bec521849b7a"
            ],
            "tags": null,
            "tenant_id": "daa72564bd4a41beaf9403d4d1da69f8",
            "timeouts": null,
            "value_specs": null
          },
          "sensitive_attributes": [],
          "private": "eyJlMmJmYjczMC1lY2FhLTExZTYtOGY4OC0zNDM2M2JjN2M0YzAiOnsiY3JlYXRlIjo2MDAwMDAwMDAwMDAsImRlbGV0ZSI6NjAwMDAwMDAwMDAwfX0=",
          "dependencies": [
            "openstack_networking_network_v2.net2",
            "openstack_networking_secgroup_v2.my_security_group",
            "openstack_networking_subnet_v2.subnet2"
          ]
        }
      ]
    },
    {
      "mode": "managed",
      "type": "openstack_networking_port_v2",
      "name": "port3_net1",
      "provider": "provider[\"registry.terraform.io/terraform-provider-openstack/openstack\"]",
      "instances": [
        {
          "schema_version": 0,
          "attributes": {
            "admin_state_up": true,
            "all_fixed_ips": [
              "10.1.1.37"
            ],
            "all_security_group_ids": [
              "71ad3206-7e68-45a5-a6df-bec521849b7a"
            ],
            "all_tags": [],
            "allowed_address_pairs": [],
            "binding": [
              {
                "host_id": "",
                "profile": "{}",
                "vif_details": {},
                "vif_type": "unbound",
                "vnic_type": "normal"
              }
            ],
            "description": "",
            "device_id": "",
            "device_owner": "",
            "dns_assignment": [],
            "dns_name": "",
            "extra_dhcp_option": [],
            "fixed_ip": [
              {
                "ip_address": "",
                "subnet_id": "b78ff027-fc29-49e6-bd3e-632a1a15dd42"
              }
            ],
            "id": "871480ba-574b-460e-8168-6c8dc64fa973",
            "mac_address": "fa:16:3e:03:f0:48",
            "name": "port3_net1",
            "network_id": "a7ac4c2b-515f-49cf-9830-2f8fd7061869",
            "no_fixed_ip": null,
            "no_security_groups": null,
            "port_security_enabled": true,
            "qos_policy_id": "",
            "region": "RegionOne",
            "security_group_ids": [
              "71ad3206-7e68-45a5-a6df-bec521849b7a"
            ],
            "tags": null,
            "tenant_id": "daa72564bd4a41beaf9403d4d1da69f8",
            "timeouts": null,
            "value_specs": null
          },
          "sensitive_attributes": [],
          "private": "eyJlMmJmYjczMC1lY2FhLTExZTYtOGY4OC0zNDM2M2JjN2M0YzAiOnsiY3JlYXRlIjo2MDAwMDAwMDAwMDAsImRlbGV0ZSI6NjAwMDAwMDAwMDAwfX0=",
          "dependencies": [
            "openstack_networking_network_v2.net1",
            "openstack_networking_secgroup_v2.my_security_group",
            "openstack_networking_subnet_v2.subnet1"
          ]
        }
      ]
    },
    {
      "mode": "managed",
      "type": "openstack_networking_port_v2",
      "name": "port3_net2",
      "provider": "provider[\"registry.terraform.io/terraform-provider-openstack/openstack\"]",
      "instances": [
        {
          "schema_version": 0,
          "attributes": {
            "admin_state_up": true,
            "all_fixed_ips": [
              "10.1.2.18"
            ],
            "all_security_group_ids": [
              "71ad3206-7e68-45a5-a6df-bec521849b7a"
            ],
            "all_tags": [],
            "allowed_address_pairs": [],
            "binding": [
              {
                "host_id": "",
                "profile": "{}",
                "vif_details": {},
                "vif_type": "unbound",
                "vnic_type": "normal"
              }
            ],
            "description": "",
            "device_id": "",
            "device_owner": "",
            "dns_assignment": [],
            "dns_name": "",
            "extra_dhcp_option": [],
            "fixed_ip": [
              {
                "ip_address": "",
                "subnet_id": "c827aaf9-d3d5-4778-aff1-c20b98c6bc12"
              }
            ],
            "id": "abc5883e-391f-4d6d-b900-2045865d60d5",
            "mac_address": "fa:16:3e:75:4d:59",
            "name": "port3_net2",
            "network_id": "9d75f8f6-a606-47ee-be59-60b281c476ad",
            "no_fixed_ip": null,
            "no_security_groups": null,
            "port_security_enabled": true,
            "qos_policy_id": "",
            "region": "RegionOne",
            "security_group_ids": [
              "71ad3206-7e68-45a5-a6df-bec521849b7a"
            ],
            "tags": null,
            "tenant_id": "daa72564bd4a41beaf9403d4d1da69f8",
            "timeouts": null,
            "value_specs": null
          },
          "sensitive_attributes": [],
          "private": "eyJlMmJmYjczMC1lY2FhLTExZTYtOGY4OC0zNDM2M2JjN2M0YzAiOnsiY3JlYXRlIjo2MDAwMDAwMDAwMDAsImRlbGV0ZSI6NjAwMDAwMDAwMDAwfX0=",
          "dependencies": [
            "openstack_networking_network_v2.net2",
            "openstack_networking_secgroup_v2.my_security_group",
            "openstack_networking_subnet_v2.subnet2"
          ]
        }
      ]
    },
    {
      "mode": "managed",
      "type": "openstack_networking_port_v2",
      "name": "portBBDD_net2",
      "provider": "provider[\"registry.terraform.io/terraform-provider-openstack/openstack\"]",
      "instances": [
        {
          "schema_version": 0,
          "attributes": {
            "admin_state_up": true,
            "all_fixed_ips": [
              "10.1.2.83"
            ],
            "all_security_group_ids": [
              "71ad3206-7e68-45a5-a6df-bec521849b7a"
            ],
            "all_tags": [],
            "allowed_address_pairs": [],
            "binding": [
              {
                "host_id": "",
                "profile": "{}",
                "vif_details": {},
                "vif_type": "unbound",
                "vnic_type": "normal"
              }
            ],
            "description": "",
            "device_id": "",
            "device_owner": "",
            "dns_assignment": [],
            "dns_name": "",
            "extra_dhcp_option": [],
            "fixed_ip": [
              {
                "ip_address": "10.1.2.83",
                "subnet_id": "c827aaf9-d3d5-4778-aff1-c20b98c6bc12"
              }
            ],
            "id": "d2ab5ae2-0f9a-4fcc-a8c3-81025a1a92a0",
            "mac_address": "fa:16:3e:62:6f:cf",
            "name": "portBBDD_net2",
            "network_id": "9d75f8f6-a606-47ee-be59-60b281c476ad",
            "no_fixed_ip": null,
            "no_security_groups": null,
            "port_security_enabled": true,
            "qos_policy_id": "",
            "region": "RegionOne",
            "security_group_ids": [
              "71ad3206-7e68-45a5-a6df-bec521849b7a"
            ],
            "tags": null,
            "tenant_id": "daa72564bd4a41beaf9403d4d1da69f8",
            "timeouts": null,
            "value_specs": null
          },
          "sensitive_attributes": [],
          "private": "eyJlMmJmYjczMC1lY2FhLTExZTYtOGY4OC0zNDM2M2JjN2M0YzAiOnsiY3JlYXRlIjo2MDAwMDAwMDAwMDAsImRlbGV0ZSI6NjAwMDAwMDAwMDAwfX0=",
          "dependencies": [
            "openstack_networking_network_v2.net2",
            "openstack_networking_secgroup_v2.my_security_group",
            "openstack_networking_subnet_v2.subnet2"
          ]
        }
      ]
    },
    {
      "mode": "managed",
      "type": "openstack_networking_port_v2",
      "name": "port_admin1",
      "provider": "provider[\"registry.terraform.io/terraform-provider-openstack/openstack\"]",
      "instances": [
        {
          "schema_version": 0,
          "attributes": {
            "admin_state_up": true,
            "all_fixed_ips": [
              "10.1.1.38"
            ],
            "all_security_group_ids": [
              "71ad3206-7e68-45a5-a6df-bec521849b7a"
            ],
            "all_tags": [],
            "allowed_address_pairs": [],
            "binding": [
              {
                "host_id": "",
                "profile": "{}",
                "vif_details": {},
                "vif_type": "unbound",
                "vnic_type": "normal"
              }
            ],
            "description": "",
            "device_id": "",
            "device_owner": "",
            "dns_assignment": [],
            "dns_name": "",
            "extra_dhcp_option": [],
            "fixed_ip": [
              {
                "ip_address": "",
                "subnet_id": "b78ff027-fc29-49e6-bd3e-632a1a15dd42"
              }
            ],
            "id": "6c73ebf1-91e2-4a82-ae3c-c7b2efb78583",
            "mac_address": "fa:16:3e:cb:b7:4b",
            "name": "port_admin1",
            "network_id": "a7ac4c2b-515f-49cf-9830-2f8fd7061869",
            "no_fixed_ip": null,
            "no_security_groups": null,
            "port_security_enabled": true,
            "qos_policy_id": "",
            "region": "RegionOne",
            "security_group_ids": [
              "71ad3206-7e68-45a5-a6df-bec521849b7a"
            ],
            "tags": null,
            "tenant_id": "daa72564bd4a41beaf9403d4d1da69f8",
            "timeouts": null,
            "value_specs": null
          },
          "sensitive_attributes": [],
          "private": "eyJlMmJmYjczMC1lY2FhLTExZTYtOGY4OC0zNDM2M2JjN2M0YzAiOnsiY3JlYXRlIjo2MDAwMDAwMDAwMDAsImRlbGV0ZSI6NjAwMDAwMDAwMDAwfX0=",
          "dependencies": [
            "openstack_networking_network_v2.net1",
            "openstack_networking_secgroup_v2.my_security_group",
            "openstack_networking_subnet_v2.subnet1"
          ]
        }
      ]
    },
    {
      "mode": "managed",
      "type": "openstack_networking_port_v2",
      "name": "port_admin2",
      "provider": "provider[\"registry.terraform.io/terraform-provider-openstack/openstack\"]",
      "instances": [
        {
          "schema_version": 0,
          "attributes": {
            "admin_state_up": true,
            "all_fixed_ips": [
              "10.1.2.13"
            ],
            "all_security_group_ids": [
              "71ad3206-7e68-45a5-a6df-bec521849b7a"
            ],
            "all_tags": [],
            "allowed_address_pairs": [],
            "binding": [
              {
                "host_id": "",
                "profile": "{}",
                "vif_details": {},
                "vif_type": "unbound",
                "vnic_type": "normal"
              }
            ],
            "description": "",
            "device_id": "",
            "device_owner": "",
            "dns_assignment": [],
            "dns_name": "",
            "extra_dhcp_option": [],
            "fixed_ip": [
              {
                "ip_address": "",
                "subnet_id": "c827aaf9-d3d5-4778-aff1-c20b98c6bc12"
              }
            ],
            "id": "a4f316d2-b9ae-4c18-91ef-0a0d013baa78",
            "mac_address": "fa:16:3e:c4:f8:84",
            "name": "port_admin2",
            "network_id": "9d75f8f6-a606-47ee-be59-60b281c476ad",
            "no_fixed_ip": null,
            "no_security_groups": null,
            "port_security_enabled": true,
            "qos_policy_id": "",
            "region": "RegionOne",
            "security_group_ids": [
              "71ad3206-7e68-45a5-a6df-bec521849b7a"
            ],
            "tags": null,
            "tenant_id": "daa72564bd4a41beaf9403d4d1da69f8",
            "timeouts": null,
            "value_specs": null
          },
          "sensitive_attributes": [],
          "private": "eyJlMmJmYjczMC1lY2FhLTExZTYtOGY4OC0zNDM2M2JjN2M0YzAiOnsiY3JlYXRlIjo2MDAwMDAwMDAwMDAsImRlbGV0ZSI6NjAwMDAwMDAwMDAwfX0=",
          "dependencies": [
            "openstack_networking_network_v2.net2",
            "openstack_networking_secgroup_v2.my_security_group",
            "openstack_networking_subnet_v2.subnet2"
          ]
        }
      ]
    },
    {
      "mode": "managed",
      "type": "openstack_networking_router_interface_v2",
      "name": "fw_router_inface",
      "provider": "provider[\"registry.terraform.io/terraform-provider-openstack/openstack\"]",
      "instances": [
        {
          "schema_version": 0,
          "attributes": {
            "force_destroy": false,
            "id": "ba5d69dd-e15d-4ea7-b754-302ae1876167",
            "port_id": "ba5d69dd-e15d-4ea7-b754-302ae1876167",
            "region": "RegionOne",
            "router_id": "12c17347-6e24-47b5-8536-4d29f3c0c343",
            "subnet_id": "b78ff027-fc29-49e6-bd3e-632a1a15dd42",
            "timeouts": null
          },
          "sensitive_attributes": [],
          "private": "eyJlMmJmYjczMC1lY2FhLTExZTYtOGY4OC0zNDM2M2JjN2M0YzAiOnsiY3JlYXRlIjo2MDAwMDAwMDAwMDAsImRlbGV0ZSI6NjAwMDAwMDAwMDAwfX0=",
          "dependencies": [
            "data.openstack_networking_network_v2.extnet",
            "openstack_networking_network_v2.net1",
            "openstack_networking_router_v2.firewall_router",
            "openstack_networking_subnet_v2.subnet1"
          ]
        }
      ]
    },
    {
      "mode": "managed",
      "type": "openstack_networking_router_v2",
      "name": "firewall_router",
      "provider": "provider[\"registry.terraform.io/terraform-provider-openstack/openstack\"]",
      "instances": [
        {
          "schema_version": 0,
          "attributes": {
            "admin_state_up": true,
            "all_tags": [],
            "availability_zone_hints": [],
            "description": "",
            "distributed": false,
            "enable_snat": true,
            "external_fixed_ip": [
              {
                "ip_address": "10.0.10.182",
                "subnet_id": "edbc0829-d907-4e10-87e0-059dca30a255"
              }
            ],
            "external_gateway": "226766a0-2925-4f26-af03-0bfe483fceb7",
            "external_network_id": "226766a0-2925-4f26-af03-0bfe483fceb7",
            "external_subnet_ids": null,
            "id": "12c17347-6e24-47b5-8536-4d29f3c0c343",
            "name": "firewall_router",
            "region": "RegionOne",
            "tags": null,
            "tenant_id": "daa72564bd4a41beaf9403d4d1da69f8",
            "timeouts": null,
            "value_specs": null,
            "vendor_options": []
          },
          "sensitive_attributes": [],
          "private": "eyJlMmJmYjczMC1lY2FhLTExZTYtOGY4OC0zNDM2M2JjN2M0YzAiOnsiY3JlYXRlIjo2MDAwMDAwMDAwMDAsImRlbGV0ZSI6NjAwMDAwMDAwMDAwfX0=",
          "dependencies": [
            "data.openstack_networking_network_v2.extnet"
          ]
        }
      ]
    },
    {
      "mode": "managed",
      "type": "openstack_networking_secgroup_rule_v2",
      "name": "security_group_rule_engress",
      "provider": "provider[\"registry.terraform.io/terraform-provider-openstack/openstack\"]",
      "instances": [
        {
          "schema_version": 0,
          "attributes": {
            "description": "",
            "direction": "egress",
            "ethertype": "IPv4",
            "id": "672b24f9-0d7d-4a78-b495-c43a9043b760",
            "port_range_max": 0,
            "port_range_min": 0,
            "protocol": "tcp",
            "region": "RegionOne",
            "remote_group_id": "",
            "remote_ip_prefix": "0.0.0.0/0",
            "security_group_id": "71ad3206-7e68-45a5-a6df-bec521849b7a",
            "tenant_id": "daa72564bd4a41beaf9403d4d1da69f8",
            "timeouts": null
          },
          "sensitive_attributes": [],
          "private": "eyJlMmJmYjczMC1lY2FhLTExZTYtOGY4OC0zNDM2M2JjN2M0YzAiOnsiZGVsZXRlIjo2MDAwMDAwMDAwMDB9fQ==",
          "dependencies": [
            "openstack_networking_secgroup_v2.my_security_group"
          ]
        }
      ]
    },
    {
      "mode": "managed",
      "type": "openstack_networking_secgroup_rule_v2",
      "name": "security_group_rule_ingress",
      "provider": "provider[\"registry.terraform.io/terraform-provider-openstack/openstack\"]",
      "instances": [
        {
          "schema_version": 0,
          "attributes": {
            "description": "",
            "direction": "ingress",
            "ethertype": "IPv4",
            "id": "956d958b-7ec1-4372-8174-1813e5dd3ccc",
            "port_range_max": 0,
            "port_range_min": 0,
            "protocol": "tcp",
            "region": "RegionOne",
            "remote_group_id": "",
            "remote_ip_prefix": "0.0.0.0/0",
            "security_group_id": "71ad3206-7e68-45a5-a6df-bec521849b7a",
            "tenant_id": "daa72564bd4a41beaf9403d4d1da69f8",
            "timeouts": null
          },
          "sensitive_attributes": [],
          "private": "eyJlMmJmYjczMC1lY2FhLTExZTYtOGY4OC0zNDM2M2JjN2M0YzAiOnsiZGVsZXRlIjo2MDAwMDAwMDAwMDB9fQ==",
          "dependencies": [
            "openstack_networking_secgroup_v2.my_security_group"
          ]
        }
      ]
    },
    {
      "mode": "managed",
      "type": "openstack_networking_secgroup_v2",
      "name": "my_security_group",
      "provider": "provider[\"registry.terraform.io/terraform-provider-openstack/openstack\"]",
      "instances": [
        {
          "schema_version": 0,
          "attributes": {
            "all_tags": [],
            "delete_default_rules": true,
            "description": "Grupo de Seguridad para permitir todo el trafico",
            "id": "71ad3206-7e68-45a5-a6df-bec521849b7a",
            "name": "open",
            "region": "RegionOne",
            "tags": null,
            "tenant_id": "daa72564bd4a41beaf9403d4d1da69f8",
            "timeouts": null
          },
          "sensitive_attributes": [],
          "private": "eyJlMmJmYjczMC1lY2FhLTExZTYtOGY4OC0zNDM2M2JjN2M0YzAiOnsiZGVsZXRlIjo2MDAwMDAwMDAwMDB9fQ=="
        }
      ]
    },
    {
      "mode": "managed",
      "type": "openstack_networking_subnet_v2",
      "name": "subnet1",
      "provider": "provider[\"registry.terraform.io/terraform-provider-openstack/openstack\"]",
      "instances": [
        {
          "schema_version": 0,
          "attributes": {
            "all_tags": [],
            "allocation_pool": [
              {
                "end": "10.1.1.100",
                "start": "10.1.1.2"
              }
            ],
            "allocation_pools": [
              {
                "end": "10.1.1.100",
                "start": "10.1.1.2"
              }
            ],
            "cidr": "10.1.1.0/24",
            "description": "",
            "dns_nameservers": [
              "8.8.8.8"
            ],
            "enable_dhcp": true,
            "gateway_ip": "10.1.1.1",
            "host_routes": [],
            "id": "b78ff027-fc29-49e6-bd3e-632a1a15dd42",
            "ip_version": 4,
            "ipv6_address_mode": "",
            "ipv6_ra_mode": "",
            "name": "subnet1",
            "network_id": "a7ac4c2b-515f-49cf-9830-2f8fd7061869",
            "no_gateway": false,
            "prefix_length": null,
            "region": "RegionOne",
            "service_types": [],
            "subnetpool_id": "",
            "tags": null,
            "tenant_id": "daa72564bd4a41beaf9403d4d1da69f8",
            "timeouts": null,
            "value_specs": null
          },
          "sensitive_attributes": [],
          "private": "eyJlMmJmYjczMC1lY2FhLTExZTYtOGY4OC0zNDM2M2JjN2M0YzAiOnsiY3JlYXRlIjo2MDAwMDAwMDAwMDAsImRlbGV0ZSI6NjAwMDAwMDAwMDAwfX0=",
          "dependencies": [
            "openstack_networking_network_v2.net1"
          ]
        }
      ]
    },
    {
      "mode": "managed",
      "type": "openstack_networking_subnet_v2",
      "name": "subnet2",
      "provider": "provider[\"registry.terraform.io/terraform-provider-openstack/openstack\"]",
      "instances": [
        {
          "schema_version": 0,
          "attributes": {
            "all_tags": [],
            "allocation_pool": [
              {
                "end": "10.1.2.100",
                "start": "10.1.2.2"
              }
            ],
            "allocation_pools": [
              {
                "end": "10.1.2.100",
                "start": "10.1.2.2"
              }
            ],
            "cidr": "10.1.2.0/24",
            "description": "",
            "dns_nameservers": null,
            "enable_dhcp": true,
            "gateway_ip": "10.1.2.1",
            "host_routes": [],
            "id": "c827aaf9-d3d5-4778-aff1-c20b98c6bc12",
            "ip_version": 4,
            "ipv6_address_mode": "",
            "ipv6_ra_mode": "",
            "name": "subnet2",
            "network_id": "9d75f8f6-a606-47ee-be59-60b281c476ad",
            "no_gateway": false,
            "prefix_length": null,
            "region": "RegionOne",
            "service_types": [],
            "subnetpool_id": "",
            "tags": null,
            "tenant_id": "daa72564bd4a41beaf9403d4d1da69f8",
            "timeouts": null,
            "value_specs": null
          },
          "sensitive_attributes": [],
          "private": "eyJlMmJmYjczMC1lY2FhLTExZTYtOGY4OC0zNDM2M2JjN2M0YzAiOnsiY3JlYXRlIjo2MDAwMDAwMDAwMDAsImRlbGV0ZSI6NjAwMDAwMDAwMDAwfX0=",
          "dependencies": [
            "openstack_networking_network_v2.net2"
          ]
        }
      ]
    }
  ],
  "check_results": null
}
