{
  "version": 4,
  "terraform_version": "1.9.2",
  "serial": 554,
  "lineage": "44ed16df-5237-2c31-a76f-4b02f1f3f925",
  "outputs": {},
  "resources": [
    {
      "mode": "data",
      "type": "openstack_compute_flavor_v2",
      "name": "m1-large",
      "provider": "provider[\"registry.terraform.io/terraform-provider-openstack/openstack\"]",
      "instances": [
        {
          "schema_version": 0,
          "attributes": {
            "description": "",
            "disk": 5,
            "extra_specs": {},
            "flavor_id": "ec714d14-587b-4ecd-b764-16ad1c17ada7",
            "id": "ec714d14-587b-4ecd-b764-16ad1c17ada7",
            "is_public": true,
            "min_disk": null,
            "min_ram": null,
            "name": "m1.large",
            "ram": 512,
            "region": null,
            "rx_tx_factor": 1,
            "swap": 0,
            "vcpus": 1
          },
          "sensitive_attributes": []
        }
      ]
    },
    {
      "mode": "data",
      "type": "openstack_compute_flavor_v2",
      "name": "m1-smaller",
      "provider": "provider[\"registry.terraform.io/terraform-provider-openstack/openstack\"]",
      "instances": [
        {
          "schema_version": 0,
          "attributes": {
            "description": "",
            "disk": 3,
            "extra_specs": {},
            "flavor_id": "a6b5d687-421b-4841-947f-ee26f32c9622",
            "id": "a6b5d687-421b-4841-947f-ee26f32c9622",
            "is_public": true,
            "min_disk": null,
            "min_ram": null,
            "name": "m1.smaller",
            "ram": 512,
            "region": null,
            "rx_tx_factor": 1,
            "swap": 0,
            "vcpus": 1
          },
          "sensitive_attributes": []
        }
      ]
    },
    {
      "mode": "data",
      "type": "openstack_compute_keypair_v2",
      "name": "administrador",
      "provider": "provider[\"registry.terraform.io/terraform-provider-openstack/openstack\"]",
      "instances": [
        {
          "schema_version": 0,
          "attributes": {
            "fingerprint": "94:33:c8:97:d0:65:5a:34:21:fd:e1:88:26:fa:51:63",
            "id": "administrador",
            "name": "administrador",
            "public_key": "ssh-rsa AAAAB3NzaC1yc2EAAAADAQABAAABAQCQAc7ET2828+YbIhJQnh9TiDRcKTIFDZw84HPO5EPK+pVcc8o+FZxGPCxtULOvNMMvQhcUvoPYmIuk/0a5BwuBLfVSMEuou6XFXfmJE19BW1ApHcGGzVPDCX3P/q7iuF+8K3W6UlPwIg9dOEcAwwHq8efUtSmHetQTGE1fYxaT6mFmxskufm2V2cR+FxPn4NUAMMXoxkjAKYJFpbkrjgGLOhph9yC+b0HbyAkOIrLGXRLdXelieib78p2ob+188EIZMC5E3A+ddJ004bB6xHtIvjs28tbFoWIvOsebVZVmMm8IlNJ3yGyzqzkkpvqafD0NCms9iAVxxxQYKAGXlOVB Generated-by-Nova",
            "region": "RegionOne",
            "user_id": "32d57a57480c4516abb280d0b14c6c29"
          },
          "sensitive_attributes": []
        }
      ]
    },
    {
      "mode": "data",
      "type": "openstack_compute_keypair_v2",
      "name": "bbdd",
      "provider": "provider[\"registry.terraform.io/terraform-provider-openstack/openstack\"]",
      "instances": [
        {
          "schema_version": 0,
          "attributes": {
            "fingerprint": "12:e9:c8:06:36:a6:03:ed:19:95:0a:e4:d1:ba:34:df",
            "id": "bbdd",
            "name": "bbdd",
            "public_key": "ssh-rsa AAAAB3NzaC1yc2EAAAADAQABAAABAQCxEAg08p7rRHK3a3dngGcO7xlxqfEKNnjciQ9YCES8llCgz+wEqXWxBp9Lh0hHk7glC0r1pZ6sQOxyUEDaBchERvumejDPDocK3DEv0/BIsWdVr7ty5ez7ekCZDi+P71/F+6VR4qWNXCopqhvjkQ+86FDNMMe+IPi7oaZOY4dZTkn3LHts6Iu/DOWw3UKGIMe0F48ryljwfNcWkYU2vIuLiNeRJJ48/IkmYLN8ITFRkPcaG/1J3XEHc7bogACnG0ZcdeCqcM+IQThiYtecpW8hFbcuMvzEjB+WheOR1UjHf5h8ay2taRM3GrI562qIm7TlsNjDfGdh5UHcrcjoRp+R Generated-by-Nova",
            "region": "RegionOne",
            "user_id": "32d57a57480c4516abb280d0b14c6c29"
          },
          "sensitive_attributes": []
        }
      ]
    },
    {
      "mode": "data",
      "type": "openstack_compute_keypair_v2",
      "name": "s1",
      "provider": "provider[\"registry.terraform.io/terraform-provider-openstack/openstack\"]",
      "instances": [
        {
          "schema_version": 0,
          "attributes": {
            "fingerprint": "bc:78:2d:73:91:72:78:f6:e4:57:83:7e:aa:46:a8:0e",
            "id": "s1",
            "name": "s1",
            "public_key": "ssh-rsa AAAAB3NzaC1yc2EAAAADAQABAAABAQDYwUmctMsBu/WsewFwoAImkW5VM0lQRqZFxZHOzm+ktf8btRH/HvgM6w2f4UCZdzOFGgFVac22ZebwfNTsdDSZ5XoOUC7B5TAiFkvfZDRLuN3UdlbBx4FLhudT3WZ/0o4rY4fx3CWrdPrzDJFUeGaw1T7uHU7D5Zs/TXkHUGtnrfzSC87wW+3kvsB95HoDrasSKUyA7H0zCqtSNDHEJc40sxDWqWHV8JsvYJKovd7U0WVPCarhnWR90YfR8pplK7BVy2KrSVxG4JX/NU7enBx4oNjhCmx0nCZpfgYj1UW5rRXtZ8rQ7MTqPE7jWAqek6ETKyAuNwDk8JJZGORRAhfT Generated-by-Nova",
            "region": "RegionOne",
            "user_id": "32d57a57480c4516abb280d0b14c6c29"
          },
          "sensitive_attributes": []
        }
      ]
    },
    {
      "mode": "data",
      "type": "openstack_compute_keypair_v2",
      "name": "s2",
      "provider": "provider[\"registry.terraform.io/terraform-provider-openstack/openstack\"]",
      "instances": [
        {
          "schema_version": 0,
          "attributes": {
            "fingerprint": "c4:55:7b:11:c3:19:b4:23:d8:79:47:31:06:0c:49:6d",
            "id": "s2",
            "name": "s2",
            "public_key": "ssh-rsa AAAAB3NzaC1yc2EAAAADAQABAAABAQDBc5dUKg4oKLd7CIj4xiVupg8RKC1sT9tMvFX8YgaOUq4zh/5BYKLtGnQ4QzhoULlst1fmLDpyt/J+Ad1FotcqTWpCWPWc/NZYRW069NAuVtOqZLKdou5weg28ppdVbw79ZyDLsqu/YcbXvGlToYyd5dB2qB0j2A6d98Dnf0x1JwTn8buZd/Ssk+dYXSIYtwKabXm6Jn2mj5QnERrtV09yODYriGuIYEyvlfnFiykh7ah1uvscMJuN2TdxSlEieAVCPPjdgglDJl5Bg5M6xjw8BnH/rW5ARhxN9I9Aey7/b9T8AV+DbKr9KhG5gf52k0VPZjhK5vUbLJU2Ys4YDuBx Generated-by-Nova",
            "region": "RegionOne",
            "user_id": "32d57a57480c4516abb280d0b14c6c29"
          },
          "sensitive_attributes": []
        }
      ]
    },
    {
      "mode": "data",
      "type": "openstack_compute_keypair_v2",
      "name": "s3",
      "provider": "provider[\"registry.terraform.io/terraform-provider-openstack/openstack\"]",
      "instances": [
        {
          "schema_version": 0,
          "attributes": {
            "fingerprint": "73:09:bd:a7:06:f4:68:e1:4e:93:9f:e4:4a:48:ca:5e",
            "id": "s3",
            "name": "s3",
            "public_key": "ssh-rsa AAAAB3NzaC1yc2EAAAADAQABAAABAQC57BrrlUaGZ2P2AQ+kJX9AUhZ2wDd7D2btZ+NJXvawzsd07WYAZYQa1//IhO6C6uU/SpIec27nA6rqfif+sI14bcH1a4BWT0IUJg78JZ8rx0XyUqPRx798dQ4aQgLK5tU8GQ1bp2dOTL35YEPpVn4ydx8vEi5MJzBlSl8CZe9jtHS+Q6ZqwaJzYdl7St+QQaZFxlI91wlCdHQ65RPlqhkCTGsgMIUTgTnl0/2Z4CzUKfI7vIxigUC/04iYV1Ss8FCHsXYnxpW8K0PAf5HNjM2VPJl5cveTLT83MatZw404D0W9eGVl8zqamDaRzu8Ju6JyfF3gMs3bIHUokeMRVpxT Generated-by-Nova",
            "region": "RegionOne",
            "user_id": "32d57a57480c4516abb280d0b14c6c29"
          },
          "sensitive_attributes": []
        }
      ]
    },
    {
      "mode": "data",
      "type": "openstack_compute_keypair_v2",
      "name": "server_keypair",
      "provider": "provider[\"registry.terraform.io/terraform-provider-openstack/openstack\"]",
      "instances": [
        {
          "index_key": "1",
          "schema_version": 0,
          "attributes": {
            "fingerprint": "bc:78:2d:73:91:72:78:f6:e4:57:83:7e:aa:46:a8:0e",
            "id": "s1",
            "name": "s1",
            "public_key": "ssh-rsa AAAAB3NzaC1yc2EAAAADAQABAAABAQDYwUmctMsBu/WsewFwoAImkW5VM0lQRqZFxZHOzm+ktf8btRH/HvgM6w2f4UCZdzOFGgFVac22ZebwfNTsdDSZ5XoOUC7B5TAiFkvfZDRLuN3UdlbBx4FLhudT3WZ/0o4rY4fx3CWrdPrzDJFUeGaw1T7uHU7D5Zs/TXkHUGtnrfzSC87wW+3kvsB95HoDrasSKUyA7H0zCqtSNDHEJc40sxDWqWHV8JsvYJKovd7U0WVPCarhnWR90YfR8pplK7BVy2KrSVxG4JX/NU7enBx4oNjhCmx0nCZpfgYj1UW5rRXtZ8rQ7MTqPE7jWAqek6ETKyAuNwDk8JJZGORRAhfT Generated-by-Nova",
            "region": "RegionOne",
            "user_id": "32d57a57480c4516abb280d0b14c6c29"
          },
          "sensitive_attributes": []
        },
        {
          "index_key": "2",
          "schema_version": 0,
          "attributes": {
            "fingerprint": "c4:55:7b:11:c3:19:b4:23:d8:79:47:31:06:0c:49:6d",
            "id": "s2",
            "name": "s2",
            "public_key": "ssh-rsa AAAAB3NzaC1yc2EAAAADAQABAAABAQDBc5dUKg4oKLd7CIj4xiVupg8RKC1sT9tMvFX8YgaOUq4zh/5BYKLtGnQ4QzhoULlst1fmLDpyt/J+Ad1FotcqTWpCWPWc/NZYRW069NAuVtOqZLKdou5weg28ppdVbw79ZyDLsqu/YcbXvGlToYyd5dB2qB0j2A6d98Dnf0x1JwTn8buZd/Ssk+dYXSIYtwKabXm6Jn2mj5QnERrtV09yODYriGuIYEyvlfnFiykh7ah1uvscMJuN2TdxSlEieAVCPPjdgglDJl5Bg5M6xjw8BnH/rW5ARhxN9I9Aey7/b9T8AV+DbKr9KhG5gf52k0VPZjhK5vUbLJU2Ys4YDuBx Generated-by-Nova",
            "region": "RegionOne",
            "user_id": "32d57a57480c4516abb280d0b14c6c29"
          },
          "sensitive_attributes": []
        },
        {
          "index_key": "3",
          "schema_version": 0,
          "attributes": {
            "fingerprint": "73:09:bd:a7:06:f4:68:e1:4e:93:9f:e4:4a:48:ca:5e",
            "id": "s3",
            "name": "s3",
            "public_key": "ssh-rsa AAAAB3NzaC1yc2EAAAADAQABAAABAQC57BrrlUaGZ2P2AQ+kJX9AUhZ2wDd7D2btZ+NJXvawzsd07WYAZYQa1//IhO6C6uU/SpIec27nA6rqfif+sI14bcH1a4BWT0IUJg78JZ8rx0XyUqPRx798dQ4aQgLK5tU8GQ1bp2dOTL35YEPpVn4ydx8vEi5MJzBlSl8CZe9jtHS+Q6ZqwaJzYdl7St+QQaZFxlI91wlCdHQ65RPlqhkCTGsgMIUTgTnl0/2Z4CzUKfI7vIxigUC/04iYV1Ss8FCHsXYnxpW8K0PAf5HNjM2VPJl5cveTLT83MatZw404D0W9eGVl8zqamDaRzu8Ju6JyfF3gMs3bIHUokeMRVpxT Generated-by-Nova",
            "region": "RegionOne",
            "user_id": "32d57a57480c4516abb280d0b14c6c29"
          },
          "sensitive_attributes": []
        }
      ]
    },
    {
      "mode": "data",
      "type": "openstack_images_image_v2",
      "name": "focal-administrador-vnx",
      "provider": "provider[\"registry.terraform.io/terraform-provider-openstack/openstack\"]",
      "instances": [
        {
          "schema_version": 0,
          "attributes": {
            "checksum": "bd052f725c9a1eb738319360f0b2ef3e",
            "container_format": "bare",
            "created_at": "2024-07-18T10:14:39Z",
            "disk_format": "qcow2",
            "file": "/v2/images/4bd0a215-be71-4701-a91c-ebe807fd48c9/file",
            "hidden": false,
            "id": "4bd0a215-be71-4701-a91c-ebe807fd48c9",
            "member_status": null,
            "metadata": {},
            "min_disk_gb": 0,
            "min_ram_mb": 0,
            "most_recent": false,
            "name": "focal-administrador-vnx",
            "name_regex": null,
            "owner": "ac7ba7044493401ea8a5272447d9b4a4",
            "properties": {
              "os_hash_algo": "sha512",
              "os_hash_value": "515e6181fb5ab0cd1e459efe684472f97c524e347857f750d0ca58d9b6d0f714ad22f0c7ec5ff59cbb3ff7911e91cd69d3defb381ea10afb19bce3cccfa6ce77",
              "owner_specified.openstack.md5": "",
              "owner_specified.openstack.object": "images/focal-administrador-vnx",
              "owner_specified.openstack.sha256": "",
              "stores": "file"
            },
            "protected": false,
            "region": "RegionOne",
            "schema": "/v2/schemas/image",
            "size_bytes": 2326069248,
            "size_max": null,
            "size_min": null,
            "sort_direction": "asc",
            "sort_key": "name",
            "tag": null,
            "tags": [],
            "updated_at": "2024-07-18T10:15:03Z",
            "visibility": "public"
          },
          "sensitive_attributes": []
        }
      ]
    },
    {
      "mode": "data",
      "type": "openstack_images_image_v2",
      "name": "focal-bbdd-vnx",
      "provider": "provider[\"registry.terraform.io/terraform-provider-openstack/openstack\"]",
      "instances": [
        {
          "schema_version": 0,
          "attributes": {
            "checksum": "897899d96bde62f98d74aeb3e363fbc4",
            "container_format": "bare",
            "created_at": "2024-07-18T10:14:08Z",
            "disk_format": "qcow2",
            "file": "/v2/images/c8ff0588-0fa4-4849-a2d2-5745e69fc2ef/file",
            "hidden": false,
            "id": "c8ff0588-0fa4-4849-a2d2-5745e69fc2ef",
            "member_status": null,
            "metadata": {},
            "min_disk_gb": 0,
            "min_ram_mb": 0,
            "most_recent": false,
            "name": "focal-bbdd-vnx",
            "name_regex": null,
            "owner": "ac7ba7044493401ea8a5272447d9b4a4",
            "properties": {
              "os_hash_algo": "sha512",
              "os_hash_value": "4e9bcf120c85357b78c7905b45f913411f82203a8f84e6fc05d3e6cfd437243c0cb63b905cb361f1b8cb1693539bf379966c0ffdefa3a4ffbf603183177133d7",
              "owner_specified.openstack.md5": "",
              "owner_specified.openstack.object": "images/focal-bbdd-vnx",
              "owner_specified.openstack.sha256": "",
              "stores": "file"
            },
            "protected": false,
            "region": "RegionOne",
            "schema": "/v2/schemas/image",
            "size_bytes": 3055484928,
            "size_max": null,
            "size_min": null,
            "sort_direction": "asc",
            "sort_key": "name",
            "tag": null,
            "tags": [],
            "updated_at": "2024-07-18T10:14:38Z",
            "visibility": "public"
          },
          "sensitive_attributes": []
        }
      ]
    },
    {
      "mode": "data",
      "type": "openstack_images_image_v2",
      "name": "focal-servers-vnx",
      "provider": "provider[\"registry.terraform.io/terraform-provider-openstack/openstack\"]",
      "instances": [
        {
          "schema_version": 0,
          "attributes": {
            "checksum": "532e141ccea638b3e9650a92447a458c",
            "container_format": "bare",
            "created_at": "2024-07-18T10:13:18Z",
            "disk_format": "qcow2",
            "file": "/v2/images/bc1f2e31-d47d-412d-b316-8d1b3714b590/file",
            "hidden": false,
            "id": "bc1f2e31-d47d-412d-b316-8d1b3714b590",
            "member_status": null,
            "metadata": {},
            "min_disk_gb": 0,
            "min_ram_mb": 0,
            "most_recent": false,
            "name": "focal-servers-vnx",
            "name_regex": null,
            "owner": "ac7ba7044493401ea8a5272447d9b4a4",
            "properties": {
              "os_hash_algo": "sha512",
              "os_hash_value": "22b159bfd0d4030d424c1885e23fe2c8b51b22b57ed63b05fe42a0b2b1649edb78997fc23f3df249c8c737d59686bd236f1489049b8f362f3afd548de1fd3415",
              "owner_specified.openstack.md5": "",
              "owner_specified.openstack.object": "images/focal-servers-vnx",
              "owner_specified.openstack.sha256": "",
              "stores": "file"
            },
            "protected": false,
            "region": "RegionOne",
            "schema": "/v2/schemas/image",
            "size_bytes": 4874764288,
            "size_max": null,
            "size_min": null,
            "sort_direction": "asc",
            "sort_key": "name",
            "tag": null,
            "tags": [],
            "updated_at": "2024-07-18T10:14:06Z",
            "visibility": "public"
          },
          "sensitive_attributes": []
        }
      ]
    },
    {
      "mode": "data",
      "type": "openstack_networking_network_v2",
      "name": "extnet",
      "provider": "provider[\"registry.terraform.io/terraform-provider-openstack/openstack\"]",
      "instances": [
        {
          "schema_version": 0,
          "attributes": {
            "admin_state_up": "true",
            "all_tags": [],
            "availability_zone_hints": [],
            "description": "",
            "dns_domain": "",
            "external": true,
            "id": "4b86352f-9099-47d0-bf0a-d3702d223722",
            "matching_subnet_cidr": null,
            "mtu": 1500,
            "name": "ExtNet",
            "network_id": null,
            "region": "RegionOne",
            "segments": [
              {
                "network_type": "flat",
                "physical_network": "physnet2",
                "segmentation_id": 0
              }
            ],
            "shared": "true",
            "status": null,
            "subnets": [
              "ffee4509-7285-456c-b613-eed5c26084c8"
            ],
            "tags": null,
            "tenant_id": "ac7ba7044493401ea8a5272447d9b4a4",
            "transparent_vlan": false
          },
          "sensitive_attributes": []
        }
      ]
    },
    {
      "mode": "managed",
      "type": "openstack_compute_instance_v2",
      "name": "administrador",
      "provider": "provider[\"registry.terraform.io/terraform-provider-openstack/openstack\"]",
      "instances": [
        {
          "schema_version": 0,
          "attributes": {
            "access_ip_v4": "10.1.1.50",
            "access_ip_v6": "",
            "admin_pass": null,
            "all_metadata": {},
            "all_tags": [],
            "availability_zone": "nova",
            "availability_zone_hints": null,
            "block_device": [],
            "config_drive": null,
            "created": "2024-07-18 18:10:25 +0000 UTC",
            "flavor_id": "a6b5d687-421b-4841-947f-ee26f32c9622",
            "flavor_name": "m1.smaller",
            "floating_ip": null,
            "force_delete": false,
            "id": "d9f8d62f-96d3-467b-94d8-6b6c4a27a589",
            "image_id": "4bd0a215-be71-4701-a91c-ebe807fd48c9",
            "image_name": "focal-administrador-vnx",
            "key_pair": "administrador",
            "metadata": null,
            "name": "administrador",
            "network": [
              {
                "access_network": false,
                "fixed_ip_v4": "10.1.1.50",
                "fixed_ip_v6": "",
                "floating_ip": "",
                "mac": "fa:16:3e:e2:73:48",
                "name": "Net1",
                "port": "f2cbce5c-b644-47d5-9429-eb695830a52b",
                "uuid": "d49f75ba-e102-4091-8756-8131e24a2992"
              },
              {
                "access_network": false,
                "fixed_ip_v4": "10.1.2.52",
                "fixed_ip_v6": "",
                "floating_ip": "",
                "mac": "fa:16:3e:7d:fb:80",
                "name": "Net2",
                "port": "75be5ef0-320f-4261-a356-a9c36081ab17",
                "uuid": "74222e88-b0d2-4d63-9cc7-0b2e10e8a774"
              }
            ],
            "network_mode": null,
            "personality": [],
            "power_state": "active",
            "region": "RegionOne",
            "scheduler_hints": [],
            "security_groups": [
              "open"
            ],
            "stop_before_destroy": false,
            "tags": [],
            "timeouts": null,
            "updated": "2024-07-18 18:10:42 +0000 UTC",
            "user_data": "3c685b0f13c886aac0ada6bb543da0d51c3e6103",
            "vendor_options": [],
            "volume": []
          },
          "sensitive_attributes": [
            [
              {
                "type": "get_attr",
                "value": "admin_pass"
              }
            ]
          ],
          "private": "eyJlMmJmYjczMC1lY2FhLTExZTYtOGY4OC0zNDM2M2JjN2M0YzAiOnsiY3JlYXRlIjoxODAwMDAwMDAwMDAwLCJkZWxldGUiOjE4MDAwMDAwMDAwMDAsInVwZGF0ZSI6MTgwMDAwMDAwMDAwMH19",
          "dependencies": [
            "data.openstack_compute_flavor_v2.m1-smaller",
            "data.openstack_compute_keypair_v2.administrador",
            "data.openstack_images_image_v2.focal-administrador-vnx",
            "openstack_networking_network_v2.net1",
            "openstack_networking_network_v2.net2",
            "openstack_networking_port_v2.port_admin1",
            "openstack_networking_port_v2.port_admin2",
            "openstack_networking_secgroup_v2.my_security_group",
            "openstack_networking_subnet_v2.subnet1",
            "openstack_networking_subnet_v2.subnet2"
          ]
        }
      ]
    },
    {
      "mode": "managed",
      "type": "openstack_compute_instance_v2",
      "name": "bbdd",
      "provider": "provider[\"registry.terraform.io/terraform-provider-openstack/openstack\"]",
      "instances": [
        {
          "schema_version": 0,
          "attributes": {
            "access_ip_v4": "10.1.2.83",
            "access_ip_v6": "",
            "admin_pass": null,
            "all_metadata": {},
            "all_tags": [],
            "availability_zone": "nova",
            "availability_zone_hints": null,
            "block_device": [],
            "config_drive": null,
            "created": "2024-07-18 18:10:25 +0000 UTC",
            "flavor_id": "ec714d14-587b-4ecd-b764-16ad1c17ada7",
            "flavor_name": "m1.large",
            "floating_ip": null,
            "force_delete": false,
            "id": "936b66e7-16cc-48f1-bf4f-82314d5e41b6",
            "image_id": "c8ff0588-0fa4-4849-a2d2-5745e69fc2ef",
            "image_name": "focal-bbdd-vnx",
            "key_pair": "bbdd",
            "metadata": null,
            "name": "bbdd",
            "network": [
              {
                "access_network": false,
                "fixed_ip_v4": "10.1.2.83",
                "fixed_ip_v6": "",
                "floating_ip": "",
                "mac": "fa:16:3e:ca:e8:e9",
                "name": "Net2",
                "port": "220af347-8f90-426e-abe9-4588e95bdefe",
                "uuid": "74222e88-b0d2-4d63-9cc7-0b2e10e8a774"
              }
            ],
            "network_mode": null,
            "personality": [],
            "power_state": "active",
            "region": "RegionOne",
            "scheduler_hints": [],
            "security_groups": [
              "open"
            ],
            "stop_before_destroy": false,
            "tags": [],
            "timeouts": null,
            "updated": "2024-07-18 18:10:42 +0000 UTC",
            "user_data": "ba75a5abea1792e19919ea8c745f500702d9c4e0",
            "vendor_options": [],
            "volume": []
          },
          "sensitive_attributes": [
            [
              {
                "type": "get_attr",
                "value": "admin_pass"
              }
            ]
          ],
          "private": "eyJlMmJmYjczMC1lY2FhLTExZTYtOGY4OC0zNDM2M2JjN2M0YzAiOnsiY3JlYXRlIjoxODAwMDAwMDAwMDAwLCJkZWxldGUiOjE4MDAwMDAwMDAwMDAsInVwZGF0ZSI6MTgwMDAwMDAwMDAwMH19",
          "dependencies": [
            "data.openstack_compute_flavor_v2.m1-large",
            "data.openstack_compute_keypair_v2.bbdd",
            "data.openstack_images_image_v2.focal-bbdd-vnx",
            "openstack_networking_network_v2.net2",
            "openstack_networking_port_v2.portBBDD_net2",
            "openstack_networking_secgroup_v2.my_security_group",
            "openstack_networking_subnet_v2.subnet2"
          ]
        }
      ]
    },
    {
      "mode": "managed",
      "type": "openstack_compute_instance_v2",
      "name": "server_instance",
      "provider": "provider[\"registry.terraform.io/terraform-provider-openstack/openstack\"]",
      "instances": [
        {
          "index_key": "1",
          "schema_version": 0,
          "attributes": {
            "access_ip_v4": "10.1.1.37",
            "access_ip_v6": "",
            "admin_pass": null,
            "all_metadata": {},
            "all_tags": [],
            "availability_zone": "nova",
            "availability_zone_hints": null,
            "block_device": [],
            "config_drive": null,
            "created": "2024-07-18 18:18:03 +0000 UTC",
            "flavor_id": "ec714d14-587b-4ecd-b764-16ad1c17ada7",
            "flavor_name": "m1.large",
            "floating_ip": null,
            "force_delete": false,
            "id": "135f0ebf-04ca-4107-b494-0603c9f2b741",
            "image_id": "bc1f2e31-d47d-412d-b316-8d1b3714b590",
            "image_name": "focal-servers-vnx",
            "key_pair": "s1",
            "metadata": null,
            "name": "s1",
            "network": [
              {
                "access_network": false,
                "fixed_ip_v4": "10.1.1.37",
                "fixed_ip_v6": "",
                "floating_ip": "",
                "mac": "fa:16:3e:54:ff:c2",
                "name": "Net1",
                "port": "8f8a1444-5edf-4db7-88fc-757fa9048150",
                "uuid": "d49f75ba-e102-4091-8756-8131e24a2992"
              },
              {
                "access_network": false,
                "fixed_ip_v4": "10.1.2.24",
                "fixed_ip_v6": "",
                "floating_ip": "",
                "mac": "fa:16:3e:31:8e:e0",
                "name": "Net2",
                "port": "4261bd77-82bf-402e-bf4a-566efd077a0f",
                "uuid": "74222e88-b0d2-4d63-9cc7-0b2e10e8a774"
              }
            ],
            "network_mode": null,
            "personality": [],
            "power_state": "active",
            "region": "RegionOne",
            "scheduler_hints": [],
            "security_groups": [
              "open"
            ],
            "stop_before_destroy": false,
            "tags": [],
            "timeouts": null,
            "updated": "2024-07-18 18:18:16 +0000 UTC",
            "user_data": "13c516fe59f98d0e29e15db7d14036a0eeeca865",
            "vendor_options": [],
            "volume": []
          },
          "sensitive_attributes": [
            [
              {
                "type": "get_attr",
                "value": "admin_pass"
              }
            ]
          ],
          "private": "eyJlMmJmYjczMC1lY2FhLTExZTYtOGY4OC0zNDM2M2JjN2M0YzAiOnsiY3JlYXRlIjoxODAwMDAwMDAwMDAwLCJkZWxldGUiOjE4MDAwMDAwMDAwMDAsInVwZGF0ZSI6MTgwMDAwMDAwMDAwMH19",
          "dependencies": [
            "data.openstack_compute_flavor_v2.m1-large",
            "data.openstack_compute_keypair_v2.server_keypair",
            "data.openstack_images_image_v2.focal-servers-vnx",
            "openstack_networking_network_v2.net1",
            "openstack_networking_network_v2.net2",
            "openstack_networking_port_v2.port_net1",
            "openstack_networking_port_v2.port_net2",
            "openstack_networking_secgroup_v2.my_security_group",
            "openstack_networking_subnet_v2.subnet1",
            "openstack_networking_subnet_v2.subnet2"
          ]
        },
        {
          "index_key": "2",
          "schema_version": 0,
          "attributes": {
            "access_ip_v4": "10.1.1.58",
            "access_ip_v6": "",
            "admin_pass": null,
            "all_metadata": {},
            "all_tags": [],
            "availability_zone": "nova",
            "availability_zone_hints": null,
            "block_device": [],
            "config_drive": null,
            "created": "2024-07-18 18:18:02 +0000 UTC",
            "flavor_id": "ec714d14-587b-4ecd-b764-16ad1c17ada7",
            "flavor_name": "m1.large",
            "floating_ip": null,
            "force_delete": false,
            "id": "35577703-de04-4452-b715-a89826c9c270",
            "image_id": "bc1f2e31-d47d-412d-b316-8d1b3714b590",
            "image_name": "focal-servers-vnx",
            "key_pair": "s2",
            "metadata": null,
            "name": "s2",
            "network": [
              {
                "access_network": false,
                "fixed_ip_v4": "10.1.1.58",
                "fixed_ip_v6": "",
                "floating_ip": "",
                "mac": "fa:16:3e:98:45:a2",
                "name": "Net1",
                "port": "55e71cde-c629-4ad5-b6aa-35d383830dd4",
                "uuid": "d49f75ba-e102-4091-8756-8131e24a2992"
              },
              {
                "access_network": false,
                "fixed_ip_v4": "10.1.2.65",
                "fixed_ip_v6": "",
                "floating_ip": "",
                "mac": "fa:16:3e:6b:76:99",
                "name": "Net2",
                "port": "5b6157f9-de61-4108-a38f-d8c435b1203b",
                "uuid": "74222e88-b0d2-4d63-9cc7-0b2e10e8a774"
              }
            ],
            "network_mode": null,
            "personality": [],
            "power_state": "active",
            "region": "RegionOne",
            "scheduler_hints": [],
            "security_groups": [
              "open"
            ],
            "stop_before_destroy": false,
            "tags": [],
            "timeouts": null,
            "updated": "2024-07-18 18:18:17 +0000 UTC",
            "user_data": "e3ed146da3382a694e7718d45262f7fd3dfa745b",
            "vendor_options": [],
            "volume": []
          },
          "sensitive_attributes": [
            [
              {
                "type": "get_attr",
                "value": "admin_pass"
              }
            ]
          ],
          "private": "eyJlMmJmYjczMC1lY2FhLTExZTYtOGY4OC0zNDM2M2JjN2M0YzAiOnsiY3JlYXRlIjoxODAwMDAwMDAwMDAwLCJkZWxldGUiOjE4MDAwMDAwMDAwMDAsInVwZGF0ZSI6MTgwMDAwMDAwMDAwMH19",
          "dependencies": [
            "data.openstack_compute_flavor_v2.m1-large",
            "data.openstack_compute_keypair_v2.server_keypair",
            "data.openstack_images_image_v2.focal-servers-vnx",
            "openstack_networking_network_v2.net1",
            "openstack_networking_network_v2.net2",
            "openstack_networking_port_v2.port_net1",
            "openstack_networking_port_v2.port_net2",
            "openstack_networking_secgroup_v2.my_security_group",
            "openstack_networking_subnet_v2.subnet1",
            "openstack_networking_subnet_v2.subnet2"
          ]
        },
        {
          "index_key": "3",
          "schema_version": 0,
          "attributes": {
            "access_ip_v4": "10.1.1.87",
            "access_ip_v6": "",
            "admin_pass": null,
            "all_metadata": {},
            "all_tags": [],
            "availability_zone": "nova",
            "availability_zone_hints": null,
            "block_device": [],
            "config_drive": null,
            "created": "2024-07-18 18:18:02 +0000 UTC",
            "flavor_id": "ec714d14-587b-4ecd-b764-16ad1c17ada7",
            "flavor_name": "m1.large",
            "floating_ip": null,
            "force_delete": false,
            "id": "a46f91f7-206b-46cd-b1cd-63649424d286",
            "image_id": "bc1f2e31-d47d-412d-b316-8d1b3714b590",
            "image_name": "focal-servers-vnx",
            "key_pair": "s3",
            "metadata": null,
            "name": "s3",
            "network": [
              {
                "access_network": false,
                "fixed_ip_v4": "10.1.1.87",
                "fixed_ip_v6": "",
                "floating_ip": "",
                "mac": "fa:16:3e:63:32:ab",
                "name": "Net1",
                "port": "233e762d-a972-4aef-85f5-0dfc714eeda8",
                "uuid": "d49f75ba-e102-4091-8756-8131e24a2992"
              },
              {
                "access_network": false,
                "fixed_ip_v4": "10.1.2.33",
                "fixed_ip_v6": "",
                "floating_ip": "",
                "mac": "fa:16:3e:ec:7b:a5",
                "name": "Net2",
                "port": "77ff29c1-89e0-49d2-bfb0-c544ae56bf9d",
                "uuid": "74222e88-b0d2-4d63-9cc7-0b2e10e8a774"
              }
            ],
            "network_mode": null,
            "personality": [],
            "power_state": "active",
            "region": "RegionOne",
            "scheduler_hints": [],
            "security_groups": [
              "open"
            ],
            "stop_before_destroy": false,
            "tags": [],
            "timeouts": null,
            "updated": "2024-07-18 18:18:16 +0000 UTC",
            "user_data": "f6ef87bca4ea5c2b1cf5bc73c746e1608df9a852",
            "vendor_options": [],
            "volume": []
          },
          "sensitive_attributes": [
            [
              {
                "type": "get_attr",
                "value": "admin_pass"
              }
            ]
          ],
          "private": "eyJlMmJmYjczMC1lY2FhLTExZTYtOGY4OC0zNDM2M2JjN2M0YzAiOnsiY3JlYXRlIjoxODAwMDAwMDAwMDAwLCJkZWxldGUiOjE4MDAwMDAwMDAwMDAsInVwZGF0ZSI6MTgwMDAwMDAwMDAwMH19",
          "dependencies": [
            "data.openstack_compute_flavor_v2.m1-large",
            "data.openstack_compute_keypair_v2.server_keypair",
            "data.openstack_images_image_v2.focal-servers-vnx",
            "openstack_networking_network_v2.net1",
            "openstack_networking_network_v2.net2",
            "openstack_networking_port_v2.port_net1",
            "openstack_networking_port_v2.port_net2",
            "openstack_networking_secgroup_v2.my_security_group",
            "openstack_networking_subnet_v2.subnet1",
            "openstack_networking_subnet_v2.subnet2"
          ]
        }
      ]
    },
    {
      "mode": "managed",
      "type": "openstack_fw_group_v2",
      "name": "group_1",
      "provider": "provider[\"registry.terraform.io/terraform-provider-openstack/openstack\"]",
      "instances": [
        {
          "schema_version": 0,
          "attributes": {
            "admin_state_up": true,
            "description": "",
            "egress_firewall_policy_id": "24bf1383-7e00-482a-b0c8-4b9574453556",
            "id": "fd7cfad7-4f68-4d1e-b0e9-f160299510ee",
            "ingress_firewall_policy_id": "cead7dfd-a094-4ced-857d-066333f9816e",
            "name": "firewall_group",
            "ports": [],
            "project_id": "ac7ba7044493401ea8a5272447d9b4a4",
            "region": "RegionOne",
            "shared": false,
            "status": "INACTIVE",
            "tenant_id": "ac7ba7044493401ea8a5272447d9b4a4",
            "timeouts": null
          },
          "sensitive_attributes": [],
          "private": "eyJlMmJmYjczMC1lY2FhLTExZTYtOGY4OC0zNDM2M2JjN2M0YzAiOnsiY3JlYXRlIjo2MDAwMDAwMDAwMDAsImRlbGV0ZSI6NjAwMDAwMDAwMDAwLCJ1cGRhdGUiOjYwMDAwMDAwMDAwMH19",
          "dependencies": [
            "data.openstack_compute_flavor_v2.m1-smaller",
            "data.openstack_compute_keypair_v2.administrador",
            "data.openstack_images_image_v2.focal-administrador-vnx",
            "openstack_compute_instance_v2.administrador",
            "openstack_fw_policy_v2.policy_engress",
            "openstack_fw_policy_v2.policy_ingress",
            "openstack_fw_rule_v2.server_connection_rule",
            "openstack_fw_rule_v2.ssh_admin_rule",
            "openstack_fw_rule_v2.www_lb_rule",
            "openstack_lb_loadbalancer_v2.load_balancer",
            "openstack_networking_network_v2.net1",
            "openstack_networking_network_v2.net2",
            "openstack_networking_port_v2.port_admin1",
            "openstack_networking_port_v2.port_admin2",
            "openstack_networking_secgroup_v2.my_security_group",
            "openstack_networking_subnet_v2.subnet1",
            "openstack_networking_subnet_v2.subnet2"
          ]
        }
      ]
    },
    {
      "mode": "managed",
      "type": "openstack_fw_policy_v2",
      "name": "policy_engress",
      "provider": "provider[\"registry.terraform.io/terraform-provider-openstack/openstack\"]",
      "instances": [
        {
          "schema_version": 0,
          "attributes": {
            "audited": false,
            "description": "",
            "id": "24bf1383-7e00-482a-b0c8-4b9574453556",
            "name": "firewall_egress_policy",
            "project_id": "ac7ba7044493401ea8a5272447d9b4a4",
            "region": "RegionOne",
            "rules": [
              "5fddf5cb-51be-451e-ae35-ae1bbb7f4683"
            ],
            "shared": false,
            "tenant_id": "ac7ba7044493401ea8a5272447d9b4a4",
            "timeouts": null
          },
          "sensitive_attributes": [],
          "private": "eyJlMmJmYjczMC1lY2FhLTExZTYtOGY4OC0zNDM2M2JjN2M0YzAiOnsiY3JlYXRlIjo2MDAwMDAwMDAwMDAsImRlbGV0ZSI6NjAwMDAwMDAwMDAwfX0=",
          "dependencies": [
            "openstack_fw_rule_v2.server_connection_rule",
            "openstack_networking_network_v2.net1",
            "openstack_networking_subnet_v2.subnet1"
          ]
        }
      ]
    },
    {
      "mode": "managed",
      "type": "openstack_fw_policy_v2",
      "name": "policy_ingress",
      "provider": "provider[\"registry.terraform.io/terraform-provider-openstack/openstack\"]",
      "instances": [
        {
          "schema_version": 0,
          "attributes": {
            "audited": false,
            "description": "",
            "id": "cead7dfd-a094-4ced-857d-066333f9816e",
            "name": "firewall_ingress_policy",
            "project_id": "ac7ba7044493401ea8a5272447d9b4a4",
            "region": "RegionOne",
            "rules": [
              "41999a13-162e-41de-a5bc-3876ec143be9",
              "f88237e5-4d01-4338-a0c2-733decba1026"
            ],
            "shared": false,
            "tenant_id": "ac7ba7044493401ea8a5272447d9b4a4",
            "timeouts": null
          },
          "sensitive_attributes": [],
          "private": "eyJlMmJmYjczMC1lY2FhLTExZTYtOGY4OC0zNDM2M2JjN2M0YzAiOnsiY3JlYXRlIjo2MDAwMDAwMDAwMDAsImRlbGV0ZSI6NjAwMDAwMDAwMDAwfX0=",
          "dependencies": [
            "data.openstack_compute_flavor_v2.m1-smaller",
            "data.openstack_compute_keypair_v2.administrador",
            "data.openstack_images_image_v2.focal-administrador-vnx",
            "openstack_compute_instance_v2.administrador",
            "openstack_fw_rule_v2.ssh_admin_rule",
            "openstack_fw_rule_v2.www_lb_rule",
            "openstack_lb_loadbalancer_v2.load_balancer",
            "openstack_networking_network_v2.net1",
            "openstack_networking_network_v2.net2",
            "openstack_networking_port_v2.port_admin1",
            "openstack_networking_port_v2.port_admin2",
            "openstack_networking_secgroup_v2.my_security_group",
            "openstack_networking_subnet_v2.subnet1",
            "openstack_networking_subnet_v2.subnet2"
          ]
        }
      ]
    },
    {
      "mode": "managed",
      "type": "openstack_fw_rule_v2",
      "name": "server_connection_rule",
      "provider": "provider[\"registry.terraform.io/terraform-provider-openstack/openstack\"]",
      "instances": [
        {
          "schema_version": 0,
          "attributes": {
            "action": "allow",
            "description": "",
            "destination_ip_address": "",
            "destination_port": "",
            "enabled": true,
            "id": "5fddf5cb-51be-451e-ae35-ae1bbb7f4683",
            "ip_version": 4,
            "name": "server_connection",
            "project_id": "ac7ba7044493401ea8a5272447d9b4a4",
            "protocol": "any",
            "region": "RegionOne",
            "shared": false,
            "source_ip_address": "10.1.1.0/24",
            "source_port": "",
            "tenant_id": "ac7ba7044493401ea8a5272447d9b4a4"
          },
          "sensitive_attributes": [],
          "private": "bnVsbA==",
          "dependencies": [
            "openstack_networking_network_v2.net1",
            "openstack_networking_subnet_v2.subnet1"
          ]
        }
      ]
    },
    {
      "mode": "managed",
      "type": "openstack_fw_rule_v2",
      "name": "ssh_admin_rule",
      "provider": "provider[\"registry.terraform.io/terraform-provider-openstack/openstack\"]",
      "instances": [
        {
          "schema_version": 0,
          "attributes": {
            "action": "allow",
            "description": "",
            "destination_ip_address": "10.1.1.50",
            "destination_port": "2022",
            "enabled": true,
            "id": "41999a13-162e-41de-a5bc-3876ec143be9",
            "ip_version": 4,
            "name": "ssh_admin",
            "project_id": "ac7ba7044493401ea8a5272447d9b4a4",
            "protocol": "tcp",
            "region": "RegionOne",
            "shared": false,
            "source_ip_address": "",
            "source_port": "",
            "tenant_id": "ac7ba7044493401ea8a5272447d9b4a4"
          },
          "sensitive_attributes": [],
          "private": "bnVsbA==",
          "dependencies": [
            "data.openstack_compute_flavor_v2.m1-smaller",
            "data.openstack_compute_keypair_v2.administrador",
            "data.openstack_images_image_v2.focal-administrador-vnx",
            "openstack_compute_instance_v2.administrador",
            "openstack_networking_network_v2.net1",
            "openstack_networking_network_v2.net2",
            "openstack_networking_port_v2.port_admin1",
            "openstack_networking_port_v2.port_admin2",
            "openstack_networking_secgroup_v2.my_security_group",
            "openstack_networking_subnet_v2.subnet1",
            "openstack_networking_subnet_v2.subnet2"
          ]
        }
      ]
    },
    {
      "mode": "managed",
      "type": "openstack_fw_rule_v2",
      "name": "www_lb_rule",
      "provider": "provider[\"registry.terraform.io/terraform-provider-openstack/openstack\"]",
      "instances": [
        {
          "schema_version": 0,
          "attributes": {
            "action": "allow",
            "description": "",
            "destination_ip_address": "10.1.1.93",
            "destination_port": "80",
            "enabled": true,
            "id": "f88237e5-4d01-4338-a0c2-733decba1026",
            "ip_version": 4,
            "name": "www_lb",
            "project_id": "ac7ba7044493401ea8a5272447d9b4a4",
            "protocol": "tcp",
            "region": "RegionOne",
            "shared": false,
            "source_ip_address": "",
            "source_port": "",
            "tenant_id": "ac7ba7044493401ea8a5272447d9b4a4"
          },
          "sensitive_attributes": [],
          "private": "bnVsbA==",
          "dependencies": [
            "openstack_lb_loadbalancer_v2.load_balancer",
            "openstack_networking_network_v2.net1",
            "openstack_networking_subnet_v2.subnet1"
          ]
        }
      ]
    },
    {
      "mode": "managed",
      "type": "openstack_lb_listener_v2",
      "name": "lb_listener",
      "provider": "provider[\"registry.terraform.io/terraform-provider-openstack/openstack\"]",
      "instances": [
        {
          "schema_version": 0,
          "attributes": {
            "admin_state_up": true,
            "allowed_cidrs": [],
            "connection_limit": -1,
            "default_pool_id": "35a3a2e0-5814-4f59-ae10-8b34464f3a84",
            "default_tls_container_ref": "",
            "description": "",
            "id": "55698bb8-ef17-4ed5-8395-72f9f79ca0cb",
            "insert_headers": {},
            "loadbalancer_id": "a80bf497-a945-4956-b3b8-db953b8b9168",
            "name": "lb_listener",
            "protocol": "HTTP",
            "protocol_port": 80,
            "region": "RegionOne",
            "sni_container_refs": [],
            "tags": [],
            "tenant_id": "ac7ba7044493401ea8a5272447d9b4a4",
            "timeout_client_data": 50000,
            "timeout_member_connect": 5000,
            "timeout_member_data": 50000,
            "timeout_tcp_inspect": 0,
            "timeouts": null
          },
          "sensitive_attributes": [],
          "private": "eyJlMmJmYjczMC1lY2FhLTExZTYtOGY4OC0zNDM2M2JjN2M0YzAiOnsiY3JlYXRlIjo2MDAwMDAwMDAwMDAsImRlbGV0ZSI6NjAwMDAwMDAwMDAwLCJ1cGRhdGUiOjYwMDAwMDAwMDAwMH19",
          "dependencies": [
            "openstack_lb_loadbalancer_v2.load_balancer",
            "openstack_networking_network_v2.net1",
            "openstack_networking_subnet_v2.subnet1"
          ]
        }
      ]
    },
    {
      "mode": "managed",
      "type": "openstack_lb_loadbalancer_v2",
      "name": "load_balancer",
      "provider": "provider[\"registry.terraform.io/terraform-provider-openstack/openstack\"]",
      "instances": [
        {
          "schema_version": 0,
          "attributes": {
            "admin_state_up": true,
            "availability_zone": "",
            "description": "",
            "flavor_id": "",
            "id": "a80bf497-a945-4956-b3b8-db953b8b9168",
            "loadbalancer_provider": "amphora",
            "name": "load_balancer",
            "region": "RegionOne",
            "security_group_ids": [
              "05ef0d6b-bf69-4436-a3f9-5834be0ac5e3"
            ],
            "tags": [],
            "tenant_id": "ac7ba7044493401ea8a5272447d9b4a4",
            "timeouts": null,
            "vip_address": "10.1.1.93",
            "vip_network_id": "d49f75ba-e102-4091-8756-8131e24a2992",
            "vip_port_id": "6c1ad788-d92b-4123-9895-e74754644e93",
            "vip_subnet_id": "066323f7-a75c-45bc-900a-fe777f5286b7"
          },
          "sensitive_attributes": [],
          "private": "eyJlMmJmYjczMC1lY2FhLTExZTYtOGY4OC0zNDM2M2JjN2M0YzAiOnsiY3JlYXRlIjo2MDAwMDAwMDAwMDAsImRlbGV0ZSI6MzAwMDAwMDAwMDAwLCJ1cGRhdGUiOjYwMDAwMDAwMDAwMH19",
          "dependencies": [
            "openstack_networking_network_v2.net1",
            "openstack_networking_subnet_v2.subnet1"
          ]
        }
      ]
    },
    {
      "mode": "managed",
      "type": "openstack_lb_member_v2",
      "name": "lb_member",
      "provider": "provider[\"registry.terraform.io/terraform-provider-openstack/openstack\"]",
      "instances": [
        {
          "index_key": "1",
          "schema_version": 0,
          "attributes": {
            "address": "10.1.1.37",
            "admin_state_up": true,
            "backup": false,
            "id": "8a7386a3-505b-4c82-b0f4-90cae48199bc",
            "monitor_address": "",
            "monitor_port": 0,
            "name": "",
            "pool_id": "35a3a2e0-5814-4f59-ae10-8b34464f3a84",
            "protocol_port": 80,
            "region": "RegionOne",
            "subnet_id": "",
            "tenant_id": "ac7ba7044493401ea8a5272447d9b4a4",
            "timeouts": null,
            "weight": 1
          },
          "sensitive_attributes": [],
          "private": "eyJlMmJmYjczMC1lY2FhLTExZTYtOGY4OC0zNDM2M2JjN2M0YzAiOnsiY3JlYXRlIjo2MDAwMDAwMDAwMDAsImRlbGV0ZSI6NjAwMDAwMDAwMDAwLCJ1cGRhdGUiOjYwMDAwMDAwMDAwMH19",
          "dependencies": [
            "data.openstack_compute_flavor_v2.m1-large",
            "data.openstack_compute_keypair_v2.server_keypair",
            "data.openstack_images_image_v2.focal-servers-vnx",
            "openstack_compute_instance_v2.server_instance",
            "openstack_lb_listener_v2.lb_listener",
            "openstack_lb_loadbalancer_v2.load_balancer",
            "openstack_lb_pool_v2.lb_pool",
            "openstack_networking_network_v2.net1",
            "openstack_networking_network_v2.net2",
            "openstack_networking_port_v2.port_net1",
            "openstack_networking_port_v2.port_net2",
            "openstack_networking_secgroup_v2.my_security_group",
            "openstack_networking_subnet_v2.subnet1",
            "openstack_networking_subnet_v2.subnet2"
          ]
        },
        {
          "index_key": "2",
          "schema_version": 0,
          "attributes": {
            "address": "10.1.1.58",
            "admin_state_up": true,
            "backup": false,
            "id": "46fab36e-4317-491a-b38e-f81b75424496",
            "monitor_address": "",
            "monitor_port": 0,
            "name": "",
            "pool_id": "35a3a2e0-5814-4f59-ae10-8b34464f3a84",
            "protocol_port": 80,
            "region": "RegionOne",
            "subnet_id": "",
            "tenant_id": "ac7ba7044493401ea8a5272447d9b4a4",
            "timeouts": null,
            "weight": 1
          },
          "sensitive_attributes": [],
          "private": "eyJlMmJmYjczMC1lY2FhLTExZTYtOGY4OC0zNDM2M2JjN2M0YzAiOnsiY3JlYXRlIjo2MDAwMDAwMDAwMDAsImRlbGV0ZSI6NjAwMDAwMDAwMDAwLCJ1cGRhdGUiOjYwMDAwMDAwMDAwMH19",
          "dependencies": [
            "data.openstack_compute_flavor_v2.m1-large",
            "data.openstack_compute_keypair_v2.server_keypair",
            "data.openstack_images_image_v2.focal-servers-vnx",
            "openstack_compute_instance_v2.server_instance",
            "openstack_lb_listener_v2.lb_listener",
            "openstack_lb_loadbalancer_v2.load_balancer",
            "openstack_lb_pool_v2.lb_pool",
            "openstack_networking_network_v2.net1",
            "openstack_networking_network_v2.net2",
            "openstack_networking_port_v2.port_net1",
            "openstack_networking_port_v2.port_net2",
            "openstack_networking_secgroup_v2.my_security_group",
            "openstack_networking_subnet_v2.subnet1",
            "openstack_networking_subnet_v2.subnet2"
          ]
        },
        {
          "index_key": "3",
          "schema_version": 0,
          "attributes": {
            "address": "10.1.1.87",
            "admin_state_up": true,
            "backup": false,
            "id": "b5cd5d01-c9d7-4bc7-a958-1b1ced4b469e",
            "monitor_address": "",
            "monitor_port": 0,
            "name": "",
            "pool_id": "35a3a2e0-5814-4f59-ae10-8b34464f3a84",
            "protocol_port": 80,
            "region": "RegionOne",
            "subnet_id": "",
            "tenant_id": "ac7ba7044493401ea8a5272447d9b4a4",
            "timeouts": null,
            "weight": 1
          },
          "sensitive_attributes": [],
          "private": "eyJlMmJmYjczMC1lY2FhLTExZTYtOGY4OC0zNDM2M2JjN2M0YzAiOnsiY3JlYXRlIjo2MDAwMDAwMDAwMDAsImRlbGV0ZSI6NjAwMDAwMDAwMDAwLCJ1cGRhdGUiOjYwMDAwMDAwMDAwMH19",
          "dependencies": [
            "data.openstack_compute_flavor_v2.m1-large",
            "data.openstack_compute_keypair_v2.server_keypair",
            "data.openstack_images_image_v2.focal-servers-vnx",
            "openstack_compute_instance_v2.server_instance",
            "openstack_lb_listener_v2.lb_listener",
            "openstack_lb_loadbalancer_v2.load_balancer",
            "openstack_lb_pool_v2.lb_pool",
            "openstack_networking_network_v2.net1",
            "openstack_networking_network_v2.net2",
            "openstack_networking_port_v2.port_net1",
            "openstack_networking_port_v2.port_net2",
            "openstack_networking_secgroup_v2.my_security_group",
            "openstack_networking_subnet_v2.subnet1",
            "openstack_networking_subnet_v2.subnet2"
          ]
        }
      ]
    },
    {
      "mode": "managed",
      "type": "openstack_lb_pool_v2",
      "name": "lb_pool",
      "provider": "provider[\"registry.terraform.io/terraform-provider-openstack/openstack\"]",
      "instances": [
        {
          "schema_version": 0,
          "attributes": {
            "admin_state_up": true,
            "description": "",
            "id": "35a3a2e0-5814-4f59-ae10-8b34464f3a84",
            "lb_method": "ROUND_ROBIN",
            "listener_id": "55698bb8-ef17-4ed5-8395-72f9f79ca0cb",
            "loadbalancer_id": null,
            "name": "lb_pool",
            "persistence": [
              {
                "cookie_name": "",
                "type": ""
              }
            ],
            "protocol": "HTTP",
            "region": "RegionOne",
            "tenant_id": "ac7ba7044493401ea8a5272447d9b4a4",
            "timeouts": null
          },
          "sensitive_attributes": [],
          "private": "eyJlMmJmYjczMC1lY2FhLTExZTYtOGY4OC0zNDM2M2JjN2M0YzAiOnsiY3JlYXRlIjo2MDAwMDAwMDAwMDAsImRlbGV0ZSI6NjAwMDAwMDAwMDAwLCJ1cGRhdGUiOjYwMDAwMDAwMDAwMH19",
          "dependencies": [
            "openstack_lb_listener_v2.lb_listener",
            "openstack_lb_loadbalancer_v2.load_balancer",
            "openstack_networking_network_v2.net1",
            "openstack_networking_subnet_v2.subnet1"
          ]
        }
      ]
    },
    {
      "mode": "managed",
      "type": "openstack_networking_floatingip_v2",
      "name": "floating_ipAdmin",
      "provider": "provider[\"registry.terraform.io/terraform-provider-openstack/openstack\"]",
      "instances": [
        {
          "schema_version": 0,
          "attributes": {
            "address": "10.0.10.103",
            "all_tags": [],
            "description": "IP Flotante del servidor de Administración",
            "dns_domain": "",
            "dns_name": "",
            "fixed_ip": "10.1.1.50",
            "id": "7b42fd1c-651a-43bd-9ab1-b5bef273b8e7",
            "pool": "ExtNet",
            "port_id": "f2cbce5c-b644-47d5-9429-eb695830a52b",
            "region": "RegionOne",
            "subnet_id": null,
            "subnet_ids": null,
            "tags": [],
            "tenant_id": "ac7ba7044493401ea8a5272447d9b4a4",
            "timeouts": null,
            "value_specs": null
          },
          "sensitive_attributes": [],
          "private": "eyJlMmJmYjczMC1lY2FhLTExZTYtOGY4OC0zNDM2M2JjN2M0YzAiOnsiY3JlYXRlIjo2MDAwMDAwMDAwMDAsImRlbGV0ZSI6NjAwMDAwMDAwMDAwfX0=",
          "dependencies": [
            "data.openstack_networking_network_v2.extnet",
            "openstack_networking_network_v2.net1",
            "openstack_networking_port_v2.port_admin1",
            "openstack_networking_secgroup_v2.my_security_group",
            "openstack_networking_subnet_v2.subnet1"
          ]
        }
      ]
    },
    {
      "mode": "managed",
      "type": "openstack_networking_floatingip_v2",
      "name": "floating_ipLB",
      "provider": "provider[\"registry.terraform.io/terraform-provider-openstack/openstack\"]",
      "instances": [
        {
          "schema_version": 0,
          "attributes": {
            "address": "10.0.10.159",
            "all_tags": [],
            "description": "IP Flotante del Balanceador de Carga",
            "dns_domain": "",
            "dns_name": "",
            "fixed_ip": "10.1.1.93",
            "id": "d251b760-c821-4a0d-9e88-151cc33af504",
            "pool": "ExtNet",
            "port_id": "6c1ad788-d92b-4123-9895-e74754644e93",
            "region": "RegionOne",
            "subnet_id": null,
            "subnet_ids": null,
            "tags": [],
            "tenant_id": "ac7ba7044493401ea8a5272447d9b4a4",
            "timeouts": null,
            "value_specs": null
          },
          "sensitive_attributes": [],
          "private": "eyJlMmJmYjczMC1lY2FhLTExZTYtOGY4OC0zNDM2M2JjN2M0YzAiOnsiY3JlYXRlIjo2MDAwMDAwMDAwMDAsImRlbGV0ZSI6NjAwMDAwMDAwMDAwfX0=",
          "dependencies": [
            "data.openstack_networking_network_v2.extnet",
            "openstack_lb_loadbalancer_v2.load_balancer",
            "openstack_networking_network_v2.net1",
            "openstack_networking_subnet_v2.subnet1"
          ]
        }
      ]
    },
    {
      "mode": "managed",
      "type": "openstack_networking_network_v2",
      "name": "net1",
      "provider": "provider[\"registry.terraform.io/terraform-provider-openstack/openstack\"]",
      "instances": [
        {
          "schema_version": 0,
          "attributes": {
            "admin_state_up": true,
            "all_tags": [],
            "availability_zone_hints": [],
            "description": "",
            "dns_domain": "",
            "external": false,
            "id": "d49f75ba-e102-4091-8756-8131e24a2992",
            "mtu": 1450,
            "name": "Net1",
            "port_security_enabled": true,
            "qos_policy_id": "",
            "region": "RegionOne",
            "segments": [
              {
                "network_type": "vxlan",
                "physical_network": "",
                "segmentation_id": 333
              }
            ],
            "shared": false,
            "tags": [],
            "tenant_id": "ac7ba7044493401ea8a5272447d9b4a4",
            "timeouts": null,
            "transparent_vlan": false,
            "value_specs": null
          },
          "sensitive_attributes": [],
          "private": "eyJlMmJmYjczMC1lY2FhLTExZTYtOGY4OC0zNDM2M2JjN2M0YzAiOnsiY3JlYXRlIjo2MDAwMDAwMDAwMDAsImRlbGV0ZSI6NjAwMDAwMDAwMDAwfX0="
        }
      ]
    },
    {
      "mode": "managed",
      "type": "openstack_networking_network_v2",
      "name": "net2",
      "provider": "provider[\"registry.terraform.io/terraform-provider-openstack/openstack\"]",
      "instances": [
        {
          "schema_version": 0,
          "attributes": {
            "admin_state_up": true,
            "all_tags": [],
            "availability_zone_hints": [],
            "description": "",
            "dns_domain": "",
            "external": false,
            "id": "74222e88-b0d2-4d63-9cc7-0b2e10e8a774",
            "mtu": 1450,
            "name": "Net2",
            "port_security_enabled": true,
            "qos_policy_id": "",
            "region": "RegionOne",
            "segments": [
              {
                "network_type": "vxlan",
                "physical_network": "",
                "segmentation_id": 708
              }
            ],
            "shared": false,
            "tags": [],
            "tenant_id": "ac7ba7044493401ea8a5272447d9b4a4",
            "timeouts": null,
            "transparent_vlan": false,
            "value_specs": null
          },
          "sensitive_attributes": [],
          "private": "eyJlMmJmYjczMC1lY2FhLTExZTYtOGY4OC0zNDM2M2JjN2M0YzAiOnsiY3JlYXRlIjo2MDAwMDAwMDAwMDAsImRlbGV0ZSI6NjAwMDAwMDAwMDAwfX0="
        }
      ]
    },
    {
      "mode": "managed",
      "type": "openstack_networking_port_v2",
      "name": "portBBDD_net2",
      "provider": "provider[\"registry.terraform.io/terraform-provider-openstack/openstack\"]",
      "instances": [
        {
          "schema_version": 0,
          "attributes": {
            "admin_state_up": true,
            "all_fixed_ips": [
              "10.1.2.83"
            ],
            "all_security_group_ids": [
              "892e785c-a0c2-48b4-bf27-11039737e135"
            ],
            "all_tags": [],
            "allowed_address_pairs": [],
            "binding": [
              {
                "host_id": "compute2",
                "profile": "{}",
                "vif_details": {
                  "bound_drivers": "{\"0\":\"openvswitch\"}",
                  "bridge_name": "br-int",
                  "connectivity": "l2",
                  "datapath_type": "system",
                  "ovs_hybrid_plug": "true",
                  "port_filter": "true"
                },
                "vif_type": "ovs",
                "vnic_type": "normal"
              }
            ],
            "description": "",
            "device_id": "936b66e7-16cc-48f1-bf4f-82314d5e41b6",
            "device_owner": "compute:nova",
            "dns_assignment": [],
            "dns_name": "",
            "extra_dhcp_option": [],
            "fixed_ip": [
              {
                "ip_address": "10.1.2.83",
                "subnet_id": "86b080e2-bea0-4848-9249-4bcfd6b2113f"
              }
            ],
            "id": "220af347-8f90-426e-abe9-4588e95bdefe",
            "mac_address": "fa:16:3e:ca:e8:e9",
            "name": "portBBDD_net2",
            "network_id": "74222e88-b0d2-4d63-9cc7-0b2e10e8a774",
            "no_fixed_ip": null,
            "no_security_groups": null,
            "port_security_enabled": true,
            "qos_policy_id": "",
            "region": "RegionOne",
            "security_group_ids": [
              "892e785c-a0c2-48b4-bf27-11039737e135"
            ],
            "tags": [],
            "tenant_id": "ac7ba7044493401ea8a5272447d9b4a4",
            "timeouts": null,
            "value_specs": null
          },
          "sensitive_attributes": [],
          "private": "eyJlMmJmYjczMC1lY2FhLTExZTYtOGY4OC0zNDM2M2JjN2M0YzAiOnsiY3JlYXRlIjo2MDAwMDAwMDAwMDAsImRlbGV0ZSI6NjAwMDAwMDAwMDAwfX0=",
          "dependencies": [
            "openstack_networking_network_v2.net2",
            "openstack_networking_secgroup_v2.my_security_group",
            "openstack_networking_subnet_v2.subnet2"
          ]
        }
      ]
    },
    {
      "mode": "managed",
      "type": "openstack_networking_port_v2",
      "name": "port_admin1",
      "provider": "provider[\"registry.terraform.io/terraform-provider-openstack/openstack\"]",
      "instances": [
        {
          "schema_version": 0,
          "attributes": {
            "admin_state_up": true,
            "all_fixed_ips": [
              "10.1.1.50"
            ],
            "all_security_group_ids": [
              "892e785c-a0c2-48b4-bf27-11039737e135"
            ],
            "all_tags": [],
            "allowed_address_pairs": [],
            "binding": [
              {
                "host_id": "compute2",
                "profile": "{}",
                "vif_details": {
                  "bound_drivers": "{\"0\":\"openvswitch\"}",
                  "bridge_name": "br-int",
                  "connectivity": "l2",
                  "datapath_type": "system",
                  "ovs_hybrid_plug": "true",
                  "port_filter": "true"
                },
                "vif_type": "ovs",
                "vnic_type": "normal"
              }
            ],
            "description": "",
            "device_id": "d9f8d62f-96d3-467b-94d8-6b6c4a27a589",
            "device_owner": "compute:nova",
            "dns_assignment": [],
            "dns_name": "",
            "extra_dhcp_option": [],
            "fixed_ip": [
              {
                "ip_address": "",
                "subnet_id": "066323f7-a75c-45bc-900a-fe777f5286b7"
              }
            ],
            "id": "f2cbce5c-b644-47d5-9429-eb695830a52b",
            "mac_address": "fa:16:3e:e2:73:48",
            "name": "port_admin1",
            "network_id": "d49f75ba-e102-4091-8756-8131e24a2992",
            "no_fixed_ip": null,
            "no_security_groups": null,
            "port_security_enabled": true,
            "qos_policy_id": "",
            "region": "RegionOne",
            "security_group_ids": [
              "892e785c-a0c2-48b4-bf27-11039737e135"
            ],
            "tags": [],
            "tenant_id": "ac7ba7044493401ea8a5272447d9b4a4",
            "timeouts": null,
            "value_specs": null
          },
          "sensitive_attributes": [],
          "private": "eyJlMmJmYjczMC1lY2FhLTExZTYtOGY4OC0zNDM2M2JjN2M0YzAiOnsiY3JlYXRlIjo2MDAwMDAwMDAwMDAsImRlbGV0ZSI6NjAwMDAwMDAwMDAwfX0=",
          "dependencies": [
            "openstack_networking_network_v2.net1",
            "openstack_networking_secgroup_v2.my_security_group",
            "openstack_networking_subnet_v2.subnet1"
          ]
        }
      ]
    },
    {
      "mode": "managed",
      "type": "openstack_networking_port_v2",
      "name": "port_admin2",
      "provider": "provider[\"registry.terraform.io/terraform-provider-openstack/openstack\"]",
      "instances": [
        {
          "schema_version": 0,
          "attributes": {
            "admin_state_up": true,
            "all_fixed_ips": [
              "10.1.2.52"
            ],
            "all_security_group_ids": [
              "892e785c-a0c2-48b4-bf27-11039737e135"
            ],
            "all_tags": [],
            "allowed_address_pairs": [],
            "binding": [
              {
                "host_id": "compute2",
                "profile": "{}",
                "vif_details": {
                  "bound_drivers": "{\"0\":\"openvswitch\"}",
                  "bridge_name": "br-int",
                  "connectivity": "l2",
                  "datapath_type": "system",
                  "ovs_hybrid_plug": "true",
                  "port_filter": "true"
                },
                "vif_type": "ovs",
                "vnic_type": "normal"
              }
            ],
            "description": "",
            "device_id": "d9f8d62f-96d3-467b-94d8-6b6c4a27a589",
            "device_owner": "compute:nova",
            "dns_assignment": [],
            "dns_name": "",
            "extra_dhcp_option": [],
            "fixed_ip": [
              {
                "ip_address": "",
                "subnet_id": "86b080e2-bea0-4848-9249-4bcfd6b2113f"
              }
            ],
            "id": "75be5ef0-320f-4261-a356-a9c36081ab17",
            "mac_address": "fa:16:3e:7d:fb:80",
            "name": "port_admin2",
            "network_id": "74222e88-b0d2-4d63-9cc7-0b2e10e8a774",
            "no_fixed_ip": null,
            "no_security_groups": null,
            "port_security_enabled": true,
            "qos_policy_id": "",
            "region": "RegionOne",
            "security_group_ids": [
              "892e785c-a0c2-48b4-bf27-11039737e135"
            ],
            "tags": [],
            "tenant_id": "ac7ba7044493401ea8a5272447d9b4a4",
            "timeouts": null,
            "value_specs": null
          },
          "sensitive_attributes": [],
          "private": "eyJlMmJmYjczMC1lY2FhLTExZTYtOGY4OC0zNDM2M2JjN2M0YzAiOnsiY3JlYXRlIjo2MDAwMDAwMDAwMDAsImRlbGV0ZSI6NjAwMDAwMDAwMDAwfX0=",
          "dependencies": [
            "openstack_networking_network_v2.net2",
            "openstack_networking_secgroup_v2.my_security_group",
            "openstack_networking_subnet_v2.subnet2"
          ]
        }
      ]
    },
    {
      "mode": "managed",
      "type": "openstack_networking_port_v2",
      "name": "port_net1",
      "provider": "provider[\"registry.terraform.io/terraform-provider-openstack/openstack\"]",
      "instances": [
        {
          "index_key": "1",
          "schema_version": 0,
          "attributes": {
            "admin_state_up": true,
            "all_fixed_ips": [
              "10.1.1.37"
            ],
            "all_security_group_ids": [
              "892e785c-a0c2-48b4-bf27-11039737e135"
            ],
            "all_tags": [],
            "allowed_address_pairs": [],
            "binding": [
              {
                "host_id": "compute3",
                "profile": "{}",
                "vif_details": {
                  "bound_drivers": "{\"0\":\"openvswitch\"}",
                  "bridge_name": "br-int",
                  "connectivity": "l2",
                  "datapath_type": "system",
                  "ovs_hybrid_plug": "true",
                  "port_filter": "true"
                },
                "vif_type": "ovs",
                "vnic_type": "normal"
              }
            ],
            "description": "",
            "device_id": "135f0ebf-04ca-4107-b494-0603c9f2b741",
            "device_owner": "compute:nova",
            "dns_assignment": [],
            "dns_name": "",
            "extra_dhcp_option": [],
            "fixed_ip": [
              {
                "ip_address": "",
                "subnet_id": "066323f7-a75c-45bc-900a-fe777f5286b7"
              }
            ],
            "id": "8f8a1444-5edf-4db7-88fc-757fa9048150",
            "mac_address": "fa:16:3e:54:ff:c2",
            "name": "port1_net1",
            "network_id": "d49f75ba-e102-4091-8756-8131e24a2992",
            "no_fixed_ip": null,
            "no_security_groups": null,
            "port_security_enabled": true,
            "qos_policy_id": "",
            "region": "RegionOne",
            "security_group_ids": [
              "892e785c-a0c2-48b4-bf27-11039737e135"
            ],
            "tags": [],
            "tenant_id": "ac7ba7044493401ea8a5272447d9b4a4",
            "timeouts": null,
            "value_specs": null
          },
          "sensitive_attributes": [],
          "private": "eyJlMmJmYjczMC1lY2FhLTExZTYtOGY4OC0zNDM2M2JjN2M0YzAiOnsiY3JlYXRlIjo2MDAwMDAwMDAwMDAsImRlbGV0ZSI6NjAwMDAwMDAwMDAwfX0=",
          "dependencies": [
            "openstack_networking_network_v2.net1",
            "openstack_networking_secgroup_v2.my_security_group",
            "openstack_networking_subnet_v2.subnet1"
          ]
        },
        {
          "index_key": "2",
          "schema_version": 0,
          "attributes": {
            "admin_state_up": true,
            "all_fixed_ips": [
              "10.1.1.58"
            ],
            "all_security_group_ids": [
              "892e785c-a0c2-48b4-bf27-11039737e135"
            ],
            "all_tags": [],
            "allowed_address_pairs": [],
            "binding": [
              {
                "host_id": "compute3",
                "profile": "{}",
                "vif_details": {
                  "bound_drivers": "{\"0\":\"openvswitch\"}",
                  "bridge_name": "br-int",
                  "connectivity": "l2",
                  "datapath_type": "system",
                  "ovs_hybrid_plug": "true",
                  "port_filter": "true"
                },
                "vif_type": "ovs",
                "vnic_type": "normal"
              }
            ],
            "description": "",
            "device_id": "35577703-de04-4452-b715-a89826c9c270",
            "device_owner": "compute:nova",
            "dns_assignment": [],
            "dns_name": "",
            "extra_dhcp_option": [],
            "fixed_ip": [
              {
                "ip_address": "",
                "subnet_id": "066323f7-a75c-45bc-900a-fe777f5286b7"
              }
            ],
            "id": "55e71cde-c629-4ad5-b6aa-35d383830dd4",
            "mac_address": "fa:16:3e:98:45:a2",
            "name": "port2_net1",
            "network_id": "d49f75ba-e102-4091-8756-8131e24a2992",
            "no_fixed_ip": null,
            "no_security_groups": null,
            "port_security_enabled": true,
            "qos_policy_id": "",
            "region": "RegionOne",
            "security_group_ids": [
              "892e785c-a0c2-48b4-bf27-11039737e135"
            ],
            "tags": [],
            "tenant_id": "ac7ba7044493401ea8a5272447d9b4a4",
            "timeouts": null,
            "value_specs": null
          },
          "sensitive_attributes": [],
          "private": "eyJlMmJmYjczMC1lY2FhLTExZTYtOGY4OC0zNDM2M2JjN2M0YzAiOnsiY3JlYXRlIjo2MDAwMDAwMDAwMDAsImRlbGV0ZSI6NjAwMDAwMDAwMDAwfX0=",
          "dependencies": [
            "openstack_networking_network_v2.net1",
            "openstack_networking_secgroup_v2.my_security_group",
            "openstack_networking_subnet_v2.subnet1"
          ]
        },
        {
          "index_key": "3",
          "schema_version": 0,
          "attributes": {
            "admin_state_up": true,
            "all_fixed_ips": [
              "10.1.1.87"
            ],
            "all_security_group_ids": [
              "892e785c-a0c2-48b4-bf27-11039737e135"
            ],
            "all_tags": [],
            "allowed_address_pairs": [],
            "binding": [
              {
                "host_id": "compute3",
                "profile": "{}",
                "vif_details": {
                  "bound_drivers": "{\"0\":\"openvswitch\"}",
                  "bridge_name": "br-int",
                  "connectivity": "l2",
                  "datapath_type": "system",
                  "ovs_hybrid_plug": "true",
                  "port_filter": "true"
                },
                "vif_type": "ovs",
                "vnic_type": "normal"
              }
            ],
            "description": "",
            "device_id": "a46f91f7-206b-46cd-b1cd-63649424d286",
            "device_owner": "compute:nova",
            "dns_assignment": [],
            "dns_name": "",
            "extra_dhcp_option": [],
            "fixed_ip": [
              {
                "ip_address": "",
                "subnet_id": "066323f7-a75c-45bc-900a-fe777f5286b7"
              }
            ],
            "id": "233e762d-a972-4aef-85f5-0dfc714eeda8",
            "mac_address": "fa:16:3e:63:32:ab",
            "name": "port3_net1",
            "network_id": "d49f75ba-e102-4091-8756-8131e24a2992",
            "no_fixed_ip": null,
            "no_security_groups": null,
            "port_security_enabled": true,
            "qos_policy_id": "",
            "region": "RegionOne",
            "security_group_ids": [
              "892e785c-a0c2-48b4-bf27-11039737e135"
            ],
            "tags": [],
            "tenant_id": "ac7ba7044493401ea8a5272447d9b4a4",
            "timeouts": null,
            "value_specs": null
          },
          "sensitive_attributes": [],
          "private": "eyJlMmJmYjczMC1lY2FhLTExZTYtOGY4OC0zNDM2M2JjN2M0YzAiOnsiY3JlYXRlIjo2MDAwMDAwMDAwMDAsImRlbGV0ZSI6NjAwMDAwMDAwMDAwfX0=",
          "dependencies": [
            "openstack_networking_network_v2.net1",
            "openstack_networking_secgroup_v2.my_security_group",
            "openstack_networking_subnet_v2.subnet1"
          ]
        }
      ]
    },
    {
      "mode": "managed",
      "type": "openstack_networking_port_v2",
      "name": "port_net2",
      "provider": "provider[\"registry.terraform.io/terraform-provider-openstack/openstack\"]",
      "instances": [
        {
          "index_key": "1",
          "schema_version": 0,
          "attributes": {
            "admin_state_up": true,
            "all_fixed_ips": [
              "10.1.2.24"
            ],
            "all_security_group_ids": [
              "892e785c-a0c2-48b4-bf27-11039737e135"
            ],
            "all_tags": [],
            "allowed_address_pairs": [],
            "binding": [
              {
                "host_id": "compute3",
                "profile": "{}",
                "vif_details": {
                  "bound_drivers": "{\"0\":\"openvswitch\"}",
                  "bridge_name": "br-int",
                  "connectivity": "l2",
                  "datapath_type": "system",
                  "ovs_hybrid_plug": "true",
                  "port_filter": "true"
                },
                "vif_type": "ovs",
                "vnic_type": "normal"
              }
            ],
            "description": "",
            "device_id": "135f0ebf-04ca-4107-b494-0603c9f2b741",
            "device_owner": "compute:nova",
            "dns_assignment": [],
            "dns_name": "",
            "extra_dhcp_option": [],
            "fixed_ip": [
              {
                "ip_address": "",
                "subnet_id": "86b080e2-bea0-4848-9249-4bcfd6b2113f"
              }
            ],
            "id": "4261bd77-82bf-402e-bf4a-566efd077a0f",
            "mac_address": "fa:16:3e:31:8e:e0",
            "name": "port1_net2",
            "network_id": "74222e88-b0d2-4d63-9cc7-0b2e10e8a774",
            "no_fixed_ip": null,
            "no_security_groups": null,
            "port_security_enabled": true,
            "qos_policy_id": "",
            "region": "RegionOne",
            "security_group_ids": [
              "892e785c-a0c2-48b4-bf27-11039737e135"
            ],
            "tags": [],
            "tenant_id": "ac7ba7044493401ea8a5272447d9b4a4",
            "timeouts": null,
            "value_specs": null
          },
          "sensitive_attributes": [],
          "private": "eyJlMmJmYjczMC1lY2FhLTExZTYtOGY4OC0zNDM2M2JjN2M0YzAiOnsiY3JlYXRlIjo2MDAwMDAwMDAwMDAsImRlbGV0ZSI6NjAwMDAwMDAwMDAwfX0=",
          "dependencies": [
            "openstack_networking_network_v2.net2",
            "openstack_networking_secgroup_v2.my_security_group",
            "openstack_networking_subnet_v2.subnet2"
          ]
        },
        {
          "index_key": "2",
          "schema_version": 0,
          "attributes": {
            "admin_state_up": true,
            "all_fixed_ips": [
              "10.1.2.65"
            ],
            "all_security_group_ids": [
              "892e785c-a0c2-48b4-bf27-11039737e135"
            ],
            "all_tags": [],
            "allowed_address_pairs": [],
            "binding": [
              {
                "host_id": "compute3",
                "profile": "{}",
                "vif_details": {
                  "bound_drivers": "{\"0\":\"openvswitch\"}",
                  "bridge_name": "br-int",
                  "connectivity": "l2",
                  "datapath_type": "system",
                  "ovs_hybrid_plug": "true",
                  "port_filter": "true"
                },
                "vif_type": "ovs",
                "vnic_type": "normal"
              }
            ],
            "description": "",
            "device_id": "35577703-de04-4452-b715-a89826c9c270",
            "device_owner": "compute:nova",
            "dns_assignment": [],
            "dns_name": "",
            "extra_dhcp_option": [],
            "fixed_ip": [
              {
                "ip_address": "",
                "subnet_id": "86b080e2-bea0-4848-9249-4bcfd6b2113f"
              }
            ],
            "id": "5b6157f9-de61-4108-a38f-d8c435b1203b",
            "mac_address": "fa:16:3e:6b:76:99",
            "name": "port2_net2",
            "network_id": "74222e88-b0d2-4d63-9cc7-0b2e10e8a774",
            "no_fixed_ip": null,
            "no_security_groups": null,
            "port_security_enabled": true,
            "qos_policy_id": "",
            "region": "RegionOne",
            "security_group_ids": [
              "892e785c-a0c2-48b4-bf27-11039737e135"
            ],
            "tags": [],
            "tenant_id": "ac7ba7044493401ea8a5272447d9b4a4",
            "timeouts": null,
            "value_specs": null
          },
          "sensitive_attributes": [],
          "private": "eyJlMmJmYjczMC1lY2FhLTExZTYtOGY4OC0zNDM2M2JjN2M0YzAiOnsiY3JlYXRlIjo2MDAwMDAwMDAwMDAsImRlbGV0ZSI6NjAwMDAwMDAwMDAwfX0=",
          "dependencies": [
            "openstack_networking_network_v2.net2",
            "openstack_networking_secgroup_v2.my_security_group",
            "openstack_networking_subnet_v2.subnet2"
          ]
        },
        {
          "index_key": "3",
          "schema_version": 0,
          "attributes": {
            "admin_state_up": true,
            "all_fixed_ips": [
              "10.1.2.33"
            ],
            "all_security_group_ids": [
              "892e785c-a0c2-48b4-bf27-11039737e135"
            ],
            "all_tags": [],
            "allowed_address_pairs": [],
            "binding": [
              {
                "host_id": "compute3",
                "profile": "{}",
                "vif_details": {
                  "bound_drivers": "{\"0\":\"openvswitch\"}",
                  "bridge_name": "br-int",
                  "connectivity": "l2",
                  "datapath_type": "system",
                  "ovs_hybrid_plug": "true",
                  "port_filter": "true"
                },
                "vif_type": "ovs",
                "vnic_type": "normal"
              }
            ],
            "description": "",
            "device_id": "a46f91f7-206b-46cd-b1cd-63649424d286",
            "device_owner": "compute:nova",
            "dns_assignment": [],
            "dns_name": "",
            "extra_dhcp_option": [],
            "fixed_ip": [
              {
                "ip_address": "",
                "subnet_id": "86b080e2-bea0-4848-9249-4bcfd6b2113f"
              }
            ],
            "id": "77ff29c1-89e0-49d2-bfb0-c544ae56bf9d",
            "mac_address": "fa:16:3e:ec:7b:a5",
            "name": "port3_net2",
            "network_id": "74222e88-b0d2-4d63-9cc7-0b2e10e8a774",
            "no_fixed_ip": null,
            "no_security_groups": null,
            "port_security_enabled": true,
            "qos_policy_id": "",
            "region": "RegionOne",
            "security_group_ids": [
              "892e785c-a0c2-48b4-bf27-11039737e135"
            ],
            "tags": [],
            "tenant_id": "ac7ba7044493401ea8a5272447d9b4a4",
            "timeouts": null,
            "value_specs": null
          },
          "sensitive_attributes": [],
          "private": "eyJlMmJmYjczMC1lY2FhLTExZTYtOGY4OC0zNDM2M2JjN2M0YzAiOnsiY3JlYXRlIjo2MDAwMDAwMDAwMDAsImRlbGV0ZSI6NjAwMDAwMDAwMDAwfX0=",
          "dependencies": [
            "openstack_networking_network_v2.net2",
            "openstack_networking_secgroup_v2.my_security_group",
            "openstack_networking_subnet_v2.subnet2"
          ]
        }
      ]
    },
    {
      "mode": "managed",
      "type": "openstack_networking_router_interface_v2",
      "name": "fw_router_inface",
      "provider": "provider[\"registry.terraform.io/terraform-provider-openstack/openstack\"]",
      "instances": [
        {
          "schema_version": 0,
          "attributes": {
            "force_destroy": false,
            "id": "ef1706c5-b6e1-45fb-8a52-3592c5a1ecbe",
            "port_id": "ef1706c5-b6e1-45fb-8a52-3592c5a1ecbe",
            "region": "RegionOne",
            "router_id": "e8357053-e369-4833-a71a-57553d219341",
            "subnet_id": "066323f7-a75c-45bc-900a-fe777f5286b7",
            "timeouts": null
          },
          "sensitive_attributes": [],
          "private": "eyJlMmJmYjczMC1lY2FhLTExZTYtOGY4OC0zNDM2M2JjN2M0YzAiOnsiY3JlYXRlIjo2MDAwMDAwMDAwMDAsImRlbGV0ZSI6NjAwMDAwMDAwMDAwfX0=",
          "dependencies": [
            "data.openstack_networking_network_v2.extnet",
            "openstack_networking_network_v2.net1",
            "openstack_networking_router_v2.firewall_router",
            "openstack_networking_subnet_v2.subnet1"
          ]
        }
      ]
    },
    {
      "mode": "managed",
      "type": "openstack_networking_router_v2",
      "name": "firewall_router",
      "provider": "provider[\"registry.terraform.io/terraform-provider-openstack/openstack\"]",
      "instances": [
        {
          "schema_version": 0,
          "attributes": {
            "admin_state_up": true,
            "all_tags": [],
            "availability_zone_hints": [],
            "description": "",
            "distributed": false,
            "enable_snat": true,
            "external_fixed_ip": [
              {
                "ip_address": "10.0.10.167",
                "subnet_id": "ffee4509-7285-456c-b613-eed5c26084c8"
              }
            ],
            "external_gateway": "4b86352f-9099-47d0-bf0a-d3702d223722",
            "external_network_id": "4b86352f-9099-47d0-bf0a-d3702d223722",
            "external_subnet_ids": null,
            "id": "e8357053-e369-4833-a71a-57553d219341",
            "name": "firewall_router",
            "region": "RegionOne",
            "tags": [],
            "tenant_id": "ac7ba7044493401ea8a5272447d9b4a4",
            "timeouts": null,
            "value_specs": null,
            "vendor_options": []
          },
          "sensitive_attributes": [],
          "private": "eyJlMmJmYjczMC1lY2FhLTExZTYtOGY4OC0zNDM2M2JjN2M0YzAiOnsiY3JlYXRlIjo2MDAwMDAwMDAwMDAsImRlbGV0ZSI6NjAwMDAwMDAwMDAwfX0=",
          "dependencies": [
            "data.openstack_networking_network_v2.extnet"
          ]
        }
      ]
    },
    {
      "mode": "managed",
      "type": "openstack_networking_secgroup_rule_v2",
      "name": "security_group_rule_engress",
      "provider": "provider[\"registry.terraform.io/terraform-provider-openstack/openstack\"]",
      "instances": [
        {
          "schema_version": 0,
          "attributes": {
            "description": "",
            "direction": "egress",
            "ethertype": "IPv4",
            "id": "7a8005ca-4655-4afd-bec4-bd365834e833",
            "port_range_max": 0,
            "port_range_min": 0,
            "protocol": "tcp",
            "region": "RegionOne",
            "remote_group_id": "",
            "remote_ip_prefix": "0.0.0.0/0",
            "security_group_id": "892e785c-a0c2-48b4-bf27-11039737e135",
            "tenant_id": "ac7ba7044493401ea8a5272447d9b4a4",
            "timeouts": null
          },
          "sensitive_attributes": [],
          "private": "eyJlMmJmYjczMC1lY2FhLTExZTYtOGY4OC0zNDM2M2JjN2M0YzAiOnsiZGVsZXRlIjo2MDAwMDAwMDAwMDB9fQ==",
          "dependencies": [
            "openstack_networking_secgroup_v2.my_security_group"
          ]
        }
      ]
    },
    {
      "mode": "managed",
      "type": "openstack_networking_secgroup_rule_v2",
      "name": "security_group_rule_ingress",
      "provider": "provider[\"registry.terraform.io/terraform-provider-openstack/openstack\"]",
      "instances": [
        {
          "schema_version": 0,
          "attributes": {
            "description": "",
            "direction": "ingress",
            "ethertype": "IPv4",
            "id": "50e3ed92-3f96-42c2-9e69-a0d027d7f20c",
            "port_range_max": 0,
            "port_range_min": 0,
            "protocol": "tcp",
            "region": "RegionOne",
            "remote_group_id": "",
            "remote_ip_prefix": "0.0.0.0/0",
            "security_group_id": "892e785c-a0c2-48b4-bf27-11039737e135",
            "tenant_id": "ac7ba7044493401ea8a5272447d9b4a4",
            "timeouts": null
          },
          "sensitive_attributes": [],
          "private": "eyJlMmJmYjczMC1lY2FhLTExZTYtOGY4OC0zNDM2M2JjN2M0YzAiOnsiZGVsZXRlIjo2MDAwMDAwMDAwMDB9fQ==",
          "dependencies": [
            "openstack_networking_secgroup_v2.my_security_group"
          ]
        }
      ]
    },
    {
      "mode": "managed",
      "type": "openstack_networking_secgroup_v2",
      "name": "my_security_group",
      "provider": "provider[\"registry.terraform.io/terraform-provider-openstack/openstack\"]",
      "instances": [
        {
          "schema_version": 0,
          "attributes": {
            "all_tags": [],
            "delete_default_rules": true,
            "description": "Grupo de Seguridad para permitir todo el trafico",
            "id": "892e785c-a0c2-48b4-bf27-11039737e135",
            "name": "open",
            "region": "RegionOne",
            "tags": [],
            "tenant_id": "ac7ba7044493401ea8a5272447d9b4a4",
            "timeouts": null
          },
          "sensitive_attributes": [],
          "private": "eyJlMmJmYjczMC1lY2FhLTExZTYtOGY4OC0zNDM2M2JjN2M0YzAiOnsiZGVsZXRlIjo2MDAwMDAwMDAwMDB9fQ=="
        }
      ]
    },
    {
      "mode": "managed",
      "type": "openstack_networking_subnet_v2",
      "name": "subnet1",
      "provider": "provider[\"registry.terraform.io/terraform-provider-openstack/openstack\"]",
      "instances": [
        {
          "schema_version": 0,
          "attributes": {
            "all_tags": [],
            "allocation_pool": [
              {
                "end": "10.1.1.100",
                "start": "10.1.1.2"
              }
            ],
            "allocation_pools": [
              {
                "end": "10.1.1.100",
                "start": "10.1.1.2"
              }
            ],
            "cidr": "10.1.1.0/24",
            "description": "",
            "dns_nameservers": [
              "8.8.8.8"
            ],
            "enable_dhcp": true,
            "gateway_ip": "10.1.1.1",
            "host_routes": [],
            "id": "066323f7-a75c-45bc-900a-fe777f5286b7",
            "ip_version": 4,
            "ipv6_address_mode": "",
            "ipv6_ra_mode": "",
            "name": "subnet1",
            "network_id": "d49f75ba-e102-4091-8756-8131e24a2992",
            "no_gateway": false,
            "prefix_length": null,
            "region": "RegionOne",
            "service_types": [],
            "subnetpool_id": "",
            "tags": [],
            "tenant_id": "ac7ba7044493401ea8a5272447d9b4a4",
            "timeouts": null,
            "value_specs": null
          },
          "sensitive_attributes": [],
          "private": "eyJlMmJmYjczMC1lY2FhLTExZTYtOGY4OC0zNDM2M2JjN2M0YzAiOnsiY3JlYXRlIjo2MDAwMDAwMDAwMDAsImRlbGV0ZSI6NjAwMDAwMDAwMDAwfX0=",
          "dependencies": [
            "openstack_networking_network_v2.net1"
          ]
        }
      ]
    },
    {
      "mode": "managed",
      "type": "openstack_networking_subnet_v2",
      "name": "subnet2",
      "provider": "provider[\"registry.terraform.io/terraform-provider-openstack/openstack\"]",
      "instances": [
        {
          "schema_version": 0,
          "attributes": {
            "all_tags": [],
            "allocation_pool": [
              {
                "end": "10.1.2.100",
                "start": "10.1.2.2"
              }
            ],
            "allocation_pools": [
              {
                "end": "10.1.2.100",
                "start": "10.1.2.2"
              }
            ],
            "cidr": "10.1.2.0/24",
            "description": "",
            "dns_nameservers": [],
            "enable_dhcp": true,
            "gateway_ip": "10.1.2.1",
            "host_routes": [],
            "id": "86b080e2-bea0-4848-9249-4bcfd6b2113f",
            "ip_version": 4,
            "ipv6_address_mode": "",
            "ipv6_ra_mode": "",
            "name": "subnet2",
            "network_id": "74222e88-b0d2-4d63-9cc7-0b2e10e8a774",
            "no_gateway": false,
            "prefix_length": null,
            "region": "RegionOne",
            "service_types": [],
            "subnetpool_id": "",
            "tags": [],
            "tenant_id": "ac7ba7044493401ea8a5272447d9b4a4",
            "timeouts": null,
            "value_specs": null
          },
          "sensitive_attributes": [],
          "private": "eyJlMmJmYjczMC1lY2FhLTExZTYtOGY4OC0zNDM2M2JjN2M0YzAiOnsiY3JlYXRlIjo2MDAwMDAwMDAwMDAsImRlbGV0ZSI6NjAwMDAwMDAwMDAwfX0=",
          "dependencies": [
            "openstack_networking_network_v2.net2"
          ]
        }
      ]
    }
  ],
  "check_results": null
}
