{
  "version": 4,
  "terraform_version": "1.9.2",
  "serial": 796,
  "lineage": "44ed16df-5237-2c31-a76f-4b02f1f3f925",
  "outputs": {},
  "resources": [
    {
      "mode": "data",
      "type": "openstack_compute_flavor_v2",
      "name": "m1-large",
      "provider": "provider[\"registry.terraform.io/terraform-provider-openstack/openstack\"]",
      "instances": [
        {
          "schema_version": 0,
          "attributes": {
            "description": "",
            "disk": 5,
            "extra_specs": {},
            "flavor_id": "b515b64a-1d0b-46e7-840c-c67933715de2",
            "id": "b515b64a-1d0b-46e7-840c-c67933715de2",
            "is_public": true,
            "min_disk": null,
            "min_ram": null,
            "name": "m1.large",
            "ram": 512,
            "region": null,
            "rx_tx_factor": 1,
            "swap": 0,
            "vcpus": 1
          },
          "sensitive_attributes": []
        }
      ]
    },
    {
      "mode": "data",
      "type": "openstack_compute_flavor_v2",
      "name": "m1-smaller",
      "provider": "provider[\"registry.terraform.io/terraform-provider-openstack/openstack\"]",
      "instances": [
        {
          "schema_version": 0,
          "attributes": {
            "description": "",
            "disk": 3,
            "extra_specs": {},
            "flavor_id": "b8281a7b-597b-4928-a3fb-351dc9b17f49",
            "id": "b8281a7b-597b-4928-a3fb-351dc9b17f49",
            "is_public": true,
            "min_disk": null,
            "min_ram": null,
            "name": "m1.smaller",
            "ram": 512,
            "region": null,
            "rx_tx_factor": 1,
            "swap": 0,
            "vcpus": 1
          },
          "sensitive_attributes": []
        }
      ]
    },
    {
      "mode": "data",
      "type": "openstack_compute_keypair_v2",
      "name": "administrador",
      "provider": "provider[\"registry.terraform.io/terraform-provider-openstack/openstack\"]",
      "instances": [
        {
          "schema_version": 0,
          "attributes": {
            "fingerprint": "ef:c7:44:bb:c0:c9:93:a3:ff:0c:ff:4c:97:a2:52:78",
            "id": "administrador",
            "name": "administrador",
            "public_key": "ssh-rsa AAAAB3NzaC1yc2EAAAADAQABAAABAQC6FxUeoLb7+FFa3C02l0kotPNATg1i64qdLMCapkhCXSUyuscHni+H1p/8pkCtP60ulcBEpLg4GAI6NXKTGs1/eNOrw3qvRuN47A/jEqQk0aIFwMWzZqxSFt0DwcxyrEqwieEIi8HBSWIIX/TLT7/nUjJ4zByDPXHBVckXeeKdRK2KiNTOQVFd/eP9z1XEWozo15cqzC7zuHE0oXnMtim9/D9pimF9tg6vl96P2GuPHzxSsPQEiIz8oe1f+aRs/eCbDmyDEdgsPa/cmJu7f3x9F3a+VD8/b8exQzHXO+vBfNsAuQUFlp0SLEVOE16nJ1AlZ3Vb7V+yzT46oLS+ogtz Generated-by-Nova",
            "region": "RegionOne",
            "user_id": "464880409f484d809a2c95f0b1b8d16c"
          },
          "sensitive_attributes": []
        }
      ]
    },
    {
      "mode": "data",
      "type": "openstack_compute_keypair_v2",
      "name": "bbdd",
      "provider": "provider[\"registry.terraform.io/terraform-provider-openstack/openstack\"]",
      "instances": [
        {
          "schema_version": 0,
          "attributes": {
            "fingerprint": "de:31:1b:b0:e1:0a:5e:b1:c7:08:92:5f:2b:06:f3:96",
            "id": "bbdd",
            "name": "bbdd",
            "public_key": "ssh-rsa AAAAB3NzaC1yc2EAAAADAQABAAABAQCp0I62rUOZRzVEGinXLTdo57TM3sOrHjbKESb7EiITxfxvbtjMilhulIgeQWZaPYaNGYNg6l9GF+cV3cnLslycw02qjAecas4F2OCCfjSYquQQuEs0m1P7FVh/DVRnSNrHV7R1T3aauPguV3NM52xxYOV8kcj/uGCgzH+TmsJBMLQ/n30qSy1/P9GDrQQNTie5LyGUDUBQq3baN9TZaOtJUFI1oagcDKa7PnN/QDqIinSd49+oAOPCypXi8WAfIRwJ5YAcuhBhHKIfEMS/6DA0dRAm0hM3K+NRDfYa6HD+WbJnfcvHH3Run1gwqp+GAHBzybAQVpK9Bfcnpj74VO7l Generated-by-Nova",
            "region": "RegionOne",
            "user_id": "464880409f484d809a2c95f0b1b8d16c"
          },
          "sensitive_attributes": []
        }
      ]
    },
    {
      "mode": "data",
      "type": "openstack_compute_keypair_v2",
      "name": "s1",
      "provider": "provider[\"registry.terraform.io/terraform-provider-openstack/openstack\"]",
      "instances": [
        {
          "schema_version": 0,
          "attributes": {
            "fingerprint": "2a:dd:b0:df:f3:07:98:0b:07:ea:3a:6d:7a:01:01:56",
            "id": "s1",
            "name": "s1",
            "public_key": "ssh-rsa AAAAB3NzaC1yc2EAAAADAQABAAABAQCzxzI9xuHgbF4sVBpKukVUwnwdHFJnz5iNmhFFgwDELM8ZMA4Zz21F6OYhZlP45WQ8QweWIPEob9iqmnBO7T2bZtxS4FczR10bYipTn2YFkxqBOtn2YrGgBya9vOvPqYT38vaZYmzggyj93a0VVBBTOPg3bcYHmLEiVP2iK2CwcZvZVffZQIUnPAI95N2iZ0ajpcAisCrXp0vscl1EROH4YY9WNyenGFJRNgTlFFYU9KwMUWd9Qu88U10m/T9Kbgc3Ty6+hECjtD9map4h2JQQt1GuucYO/i9nZNG2j4+2LP6KISCVQwYmSNUJC+SgqoLJrXlJE7gOC8kSjFW35b2Z Generated-by-Nova",
            "region": "RegionOne",
            "user_id": "464880409f484d809a2c95f0b1b8d16c"
          },
          "sensitive_attributes": []
        }
      ]
    },
    {
      "mode": "data",
      "type": "openstack_compute_keypair_v2",
      "name": "s2",
      "provider": "provider[\"registry.terraform.io/terraform-provider-openstack/openstack\"]",
      "instances": [
        {
          "schema_version": 0,
          "attributes": {
            "fingerprint": "ea:d6:9c:88:8b:ed:60:cf:31:8c:5f:62:69:45:ce:8f",
            "id": "s2",
            "name": "s2",
            "public_key": "ssh-rsa AAAAB3NzaC1yc2EAAAADAQABAAABAQDvUlEEWe4fpgPsnp1W2o778WrCo/dwC4CiJWFUo2XDnMfHQI8lzsrPb89a/pp5ZDX/nBRj3ZfsVGSHIzKdQ4dQDTI1tjfNExQCYOI4NO/tFEv49Je0VTR6O7DoyMgf+z2MnY7QK4tiGK/9iYMAYz88oy4g/5REJGid8Mzr67f6+Ve4u0cscEzOcapSFHIOemSGlm8nX0l6OL1D69B34O3g/IteaiDEsn2XLuRz6fcYpokCLXeWbwsgXsWlyHsERf/QrCBgEcBoxpjwD10IXEAWx/eXn0pZmwex4/sL3g+HB5NtcHHMHtoj5CUhL4NdskTRW1KKz7gkaqE3jp+rCkDv Generated-by-Nova",
            "region": "RegionOne",
            "user_id": "464880409f484d809a2c95f0b1b8d16c"
          },
          "sensitive_attributes": []
        }
      ]
    },
    {
      "mode": "data",
      "type": "openstack_compute_keypair_v2",
      "name": "s3",
      "provider": "provider[\"registry.terraform.io/terraform-provider-openstack/openstack\"]",
      "instances": [
        {
          "schema_version": 0,
          "attributes": {
            "fingerprint": "ac:85:db:1a:61:39:82:a4:c5:76:9a:2c:91:ec:f6:07",
            "id": "s3",
            "name": "s3",
            "public_key": "ssh-rsa AAAAB3NzaC1yc2EAAAADAQABAAABAQDEbjjqzQojn1Z/HXMu0Cekx150KTOdAjiYcQcBVzV8rFu3nKQnEWaGwPcxMyBq/MpoepDECR/XgHX4+TTnDwgfyJxw7H/P4sM4NYLwg/J2nVBGpgsLh7qHcL/sHFIttkENkkLyBuYxD6biNUFjI1ysN6HTjNCZhgYqXQfPaVcL3mV/oilVj/Zi0RWiqz34WVxrzuP37vrWpM878GiFNarh9cgJXCeQne0I6/BycO9/UJ/mh/x03JaeVcB6tlK+8GkDQCok6xRIULXW9aSpfoY9eai/dqmCf9epm5jjKSP20pm2qLXskqR+ZBi4+k2wi4obkemsOWWjDkcqHoM0NiVH Generated-by-Nova",
            "region": "RegionOne",
            "user_id": "464880409f484d809a2c95f0b1b8d16c"
          },
          "sensitive_attributes": []
        }
      ]
    },
    {
      "mode": "data",
      "type": "openstack_compute_keypair_v2",
      "name": "server_keypair",
      "provider": "provider[\"registry.terraform.io/terraform-provider-openstack/openstack\"]",
      "instances": [
        {
          "index_key": "1",
          "schema_version": 0,
          "attributes": {
            "fingerprint": "2a:dd:b0:df:f3:07:98:0b:07:ea:3a:6d:7a:01:01:56",
            "id": "s1",
            "name": "s1",
            "public_key": "ssh-rsa AAAAB3NzaC1yc2EAAAADAQABAAABAQCzxzI9xuHgbF4sVBpKukVUwnwdHFJnz5iNmhFFgwDELM8ZMA4Zz21F6OYhZlP45WQ8QweWIPEob9iqmnBO7T2bZtxS4FczR10bYipTn2YFkxqBOtn2YrGgBya9vOvPqYT38vaZYmzggyj93a0VVBBTOPg3bcYHmLEiVP2iK2CwcZvZVffZQIUnPAI95N2iZ0ajpcAisCrXp0vscl1EROH4YY9WNyenGFJRNgTlFFYU9KwMUWd9Qu88U10m/T9Kbgc3Ty6+hECjtD9map4h2JQQt1GuucYO/i9nZNG2j4+2LP6KISCVQwYmSNUJC+SgqoLJrXlJE7gOC8kSjFW35b2Z Generated-by-Nova",
            "region": "RegionOne",
            "user_id": "464880409f484d809a2c95f0b1b8d16c"
          },
          "sensitive_attributes": []
        },
        {
          "index_key": "2",
          "schema_version": 0,
          "attributes": {
            "fingerprint": "ea:d6:9c:88:8b:ed:60:cf:31:8c:5f:62:69:45:ce:8f",
            "id": "s2",
            "name": "s2",
            "public_key": "ssh-rsa AAAAB3NzaC1yc2EAAAADAQABAAABAQDvUlEEWe4fpgPsnp1W2o778WrCo/dwC4CiJWFUo2XDnMfHQI8lzsrPb89a/pp5ZDX/nBRj3ZfsVGSHIzKdQ4dQDTI1tjfNExQCYOI4NO/tFEv49Je0VTR6O7DoyMgf+z2MnY7QK4tiGK/9iYMAYz88oy4g/5REJGid8Mzr67f6+Ve4u0cscEzOcapSFHIOemSGlm8nX0l6OL1D69B34O3g/IteaiDEsn2XLuRz6fcYpokCLXeWbwsgXsWlyHsERf/QrCBgEcBoxpjwD10IXEAWx/eXn0pZmwex4/sL3g+HB5NtcHHMHtoj5CUhL4NdskTRW1KKz7gkaqE3jp+rCkDv Generated-by-Nova",
            "region": "RegionOne",
            "user_id": "464880409f484d809a2c95f0b1b8d16c"
          },
          "sensitive_attributes": []
        },
        {
          "index_key": "3",
          "schema_version": 0,
          "attributes": {
            "fingerprint": "ac:85:db:1a:61:39:82:a4:c5:76:9a:2c:91:ec:f6:07",
            "id": "s3",
            "name": "s3",
            "public_key": "ssh-rsa AAAAB3NzaC1yc2EAAAADAQABAAABAQDEbjjqzQojn1Z/HXMu0Cekx150KTOdAjiYcQcBVzV8rFu3nKQnEWaGwPcxMyBq/MpoepDECR/XgHX4+TTnDwgfyJxw7H/P4sM4NYLwg/J2nVBGpgsLh7qHcL/sHFIttkENkkLyBuYxD6biNUFjI1ysN6HTjNCZhgYqXQfPaVcL3mV/oilVj/Zi0RWiqz34WVxrzuP37vrWpM878GiFNarh9cgJXCeQne0I6/BycO9/UJ/mh/x03JaeVcB6tlK+8GkDQCok6xRIULXW9aSpfoY9eai/dqmCf9epm5jjKSP20pm2qLXskqR+ZBi4+k2wi4obkemsOWWjDkcqHoM0NiVH Generated-by-Nova",
            "region": "RegionOne",
            "user_id": "464880409f484d809a2c95f0b1b8d16c"
          },
          "sensitive_attributes": []
        }
      ]
    },
    {
      "mode": "data",
      "type": "openstack_images_image_v2",
      "name": "focal-administrador-vnx",
      "provider": "provider[\"registry.terraform.io/terraform-provider-openstack/openstack\"]",
      "instances": [
        {
          "schema_version": 0,
          "attributes": {
            "checksum": "bd052f725c9a1eb738319360f0b2ef3e",
            "container_format": "bare",
            "created_at": "2024-07-19T11:31:43Z",
            "disk_format": "qcow2",
            "file": "/v2/images/5b1370c6-421d-4a0a-8043-618e4e18fdc2/file",
            "hidden": false,
            "id": "5b1370c6-421d-4a0a-8043-618e4e18fdc2",
            "member_status": null,
            "metadata": {},
            "min_disk_gb": 0,
            "min_ram_mb": 0,
            "most_recent": false,
            "name": "focal-administrador-vnx",
            "name_regex": null,
            "owner": "b4c08abf44354d38b9173c6381b8570d",
            "properties": {
              "os_hash_algo": "sha512",
              "os_hash_value": "515e6181fb5ab0cd1e459efe684472f97c524e347857f750d0ca58d9b6d0f714ad22f0c7ec5ff59cbb3ff7911e91cd69d3defb381ea10afb19bce3cccfa6ce77",
              "owner_specified.openstack.md5": "",
              "owner_specified.openstack.object": "images/focal-administrador-vnx",
              "owner_specified.openstack.sha256": "",
              "stores": "file"
            },
            "protected": false,
            "region": "RegionOne",
            "schema": "/v2/schemas/image",
            "size_bytes": 2326069248,
            "size_max": null,
            "size_min": null,
            "sort_direction": "asc",
            "sort_key": "name",
            "tag": null,
            "tags": [],
            "updated_at": "2024-07-19T11:32:03Z",
            "visibility": "public"
          },
          "sensitive_attributes": []
        }
      ]
    },
    {
      "mode": "data",
      "type": "openstack_images_image_v2",
      "name": "focal-bbdd-vnx",
      "provider": "provider[\"registry.terraform.io/terraform-provider-openstack/openstack\"]",
      "instances": [
        {
          "schema_version": 0,
          "attributes": {
            "checksum": "897899d96bde62f98d74aeb3e363fbc4",
            "container_format": "bare",
            "created_at": "2024-07-19T11:31:09Z",
            "disk_format": "qcow2",
            "file": "/v2/images/e31cccbe-f973-4038-9d69-e6a61425826a/file",
            "hidden": false,
            "id": "e31cccbe-f973-4038-9d69-e6a61425826a",
            "member_status": null,
            "metadata": {},
            "min_disk_gb": 0,
            "min_ram_mb": 0,
            "most_recent": false,
            "name": "focal-bbdd-vnx",
            "name_regex": null,
            "owner": "b4c08abf44354d38b9173c6381b8570d",
            "properties": {
              "os_hash_algo": "sha512",
              "os_hash_value": "4e9bcf120c85357b78c7905b45f913411f82203a8f84e6fc05d3e6cfd437243c0cb63b905cb361f1b8cb1693539bf379966c0ffdefa3a4ffbf603183177133d7",
              "owner_specified.openstack.md5": "",
              "owner_specified.openstack.object": "images/focal-bbdd-vnx",
              "owner_specified.openstack.sha256": "",
              "stores": "file"
            },
            "protected": false,
            "region": "RegionOne",
            "schema": "/v2/schemas/image",
            "size_bytes": 3055484928,
            "size_max": null,
            "size_min": null,
            "sort_direction": "asc",
            "sort_key": "name",
            "tag": null,
            "tags": [],
            "updated_at": "2024-07-19T11:31:42Z",
            "visibility": "public"
          },
          "sensitive_attributes": []
        }
      ]
    },
    {
      "mode": "data",
      "type": "openstack_images_image_v2",
      "name": "focal-servers-vnx",
      "provider": "provider[\"registry.terraform.io/terraform-provider-openstack/openstack\"]",
      "instances": [
        {
          "schema_version": 0,
          "attributes": {
            "checksum": "532e141ccea638b3e9650a92447a458c",
            "container_format": "bare",
            "created_at": "2024-07-19T11:30:20Z",
            "disk_format": "qcow2",
            "file": "/v2/images/3d2527f3-773d-4858-a523-9d9ce0f73af8/file",
            "hidden": false,
            "id": "3d2527f3-773d-4858-a523-9d9ce0f73af8",
            "member_status": null,
            "metadata": {},
            "min_disk_gb": 0,
            "min_ram_mb": 0,
            "most_recent": false,
            "name": "focal-servers-vnx",
            "name_regex": null,
            "owner": "b4c08abf44354d38b9173c6381b8570d",
            "properties": {
              "os_hash_algo": "sha512",
              "os_hash_value": "22b159bfd0d4030d424c1885e23fe2c8b51b22b57ed63b05fe42a0b2b1649edb78997fc23f3df249c8c737d59686bd236f1489049b8f362f3afd548de1fd3415",
              "owner_specified.openstack.md5": "",
              "owner_specified.openstack.object": "images/focal-servers-vnx",
              "owner_specified.openstack.sha256": "",
              "stores": "file"
            },
            "protected": false,
            "region": "RegionOne",
            "schema": "/v2/schemas/image",
            "size_bytes": 4874764288,
            "size_max": null,
            "size_min": null,
            "sort_direction": "asc",
            "sort_key": "name",
            "tag": null,
            "tags": [],
            "updated_at": "2024-07-19T11:31:08Z",
            "visibility": "public"
          },
          "sensitive_attributes": []
        }
      ]
    },
    {
      "mode": "data",
      "type": "openstack_networking_network_v2",
      "name": "extnet",
      "provider": "provider[\"registry.terraform.io/terraform-provider-openstack/openstack\"]",
      "instances": [
        {
          "schema_version": 0,
          "attributes": {
            "admin_state_up": "true",
            "all_tags": [],
            "availability_zone_hints": [],
            "description": "",
            "dns_domain": "",
            "external": true,
            "id": "2cc7a8a9-5976-4f17-8ee5-0e31fb1936ad",
            "matching_subnet_cidr": null,
            "mtu": 1500,
            "name": "ExtNet",
            "network_id": null,
            "region": "RegionOne",
            "segments": [
              {
                "network_type": "flat",
                "physical_network": "physnet2",
                "segmentation_id": 0
              }
            ],
            "shared": "true",
            "status": null,
            "subnets": [
              "c899dcfe-7340-4815-9afc-f7d75c789250"
            ],
            "tags": null,
            "tenant_id": "b4c08abf44354d38b9173c6381b8570d",
            "transparent_vlan": false
          },
          "sensitive_attributes": []
        }
      ]
    },
    {
      "mode": "managed",
      "type": "openstack_compute_instance_v2",
      "name": "administrador",
      "provider": "provider[\"registry.terraform.io/terraform-provider-openstack/openstack\"]",
      "instances": [
        {
          "schema_version": 0,
          "attributes": {
            "access_ip_v4": "10.1.1.97",
            "access_ip_v6": "",
            "admin_pass": null,
            "all_metadata": {},
            "all_tags": [],
            "availability_zone": "nova",
            "availability_zone_hints": null,
            "block_device": [],
            "config_drive": null,
            "created": "2024-07-19 17:34:02 +0000 UTC",
            "flavor_id": "b8281a7b-597b-4928-a3fb-351dc9b17f49",
            "flavor_name": "m1.smaller",
            "floating_ip": null,
            "force_delete": false,
            "id": "4de50b7a-2319-40b8-9ff6-42a88d8aa337",
            "image_id": "5b1370c6-421d-4a0a-8043-618e4e18fdc2",
            "image_name": "focal-administrador-vnx",
            "key_pair": "administrador",
            "metadata": null,
            "name": "administrador",
            "network": [
              {
                "access_network": false,
                "fixed_ip_v4": "10.1.1.97",
                "fixed_ip_v6": "",
                "floating_ip": "",
                "mac": "fa:16:3e:90:9c:a7",
                "name": "Net1",
                "port": "f31fd673-11ed-4f4a-a9e6-9e33beb9d285",
                "uuid": "fd1c72bc-154e-4281-881e-d81930ea7965"
              },
              {
                "access_network": false,
                "fixed_ip_v4": "10.1.2.68",
                "fixed_ip_v6": "",
                "floating_ip": "",
                "mac": "fa:16:3e:0f:7f:f0",
                "name": "Net2",
                "port": "2f0a9719-5cec-4237-b4f0-cb98a831851f",
                "uuid": "1d85b234-e0de-4b9a-af47-7776d4b4bfe0"
              }
            ],
            "network_mode": null,
            "personality": [],
            "power_state": "active",
            "region": "RegionOne",
            "scheduler_hints": [],
            "security_groups": [
              "open"
            ],
            "stop_before_destroy": false,
            "tags": [],
            "timeouts": null,
            "updated": "2024-07-19 17:34:55 +0000 UTC",
            "user_data": "3c685b0f13c886aac0ada6bb543da0d51c3e6103",
            "vendor_options": [],
            "volume": []
          },
          "sensitive_attributes": [
            [
              {
                "type": "get_attr",
                "value": "admin_pass"
              }
            ]
          ],
          "private": "eyJlMmJmYjczMC1lY2FhLTExZTYtOGY4OC0zNDM2M2JjN2M0YzAiOnsiY3JlYXRlIjoxODAwMDAwMDAwMDAwLCJkZWxldGUiOjE4MDAwMDAwMDAwMDAsInVwZGF0ZSI6MTgwMDAwMDAwMDAwMH19",
          "dependencies": [
            "data.openstack_compute_flavor_v2.m1-smaller",
            "data.openstack_compute_keypair_v2.administrador",
            "data.openstack_images_image_v2.focal-administrador-vnx",
            "openstack_networking_network_v2.net1",
            "openstack_networking_network_v2.net2",
            "openstack_networking_port_v2.port_admin1",
            "openstack_networking_port_v2.port_admin2",
            "openstack_networking_secgroup_v2.my_security_group",
            "openstack_networking_subnet_v2.subnet1",
            "openstack_networking_subnet_v2.subnet2"
          ]
        }
      ]
    },
    {
      "mode": "managed",
      "type": "openstack_compute_instance_v2",
      "name": "bbdd",
      "provider": "provider[\"registry.terraform.io/terraform-provider-openstack/openstack\"]",
      "instances": [
        {
          "schema_version": 0,
          "attributes": {
            "access_ip_v4": "10.1.2.83",
            "access_ip_v6": "",
            "admin_pass": null,
            "all_metadata": {},
            "all_tags": [],
            "availability_zone": "nova",
            "availability_zone_hints": null,
            "block_device": [],
            "config_drive": null,
            "created": "2024-07-19 17:33:58 +0000 UTC",
            "flavor_id": "b515b64a-1d0b-46e7-840c-c67933715de2",
            "flavor_name": "m1.large",
            "floating_ip": null,
            "force_delete": false,
            "id": "5ef60b85-eae9-4d64-a7ff-956ad8837168",
            "image_id": "e31cccbe-f973-4038-9d69-e6a61425826a",
            "image_name": "focal-bbdd-vnx",
            "key_pair": "bbdd",
            "metadata": null,
            "name": "bbdd",
            "network": [
              {
                "access_network": false,
                "fixed_ip_v4": "10.1.2.83",
                "fixed_ip_v6": "",
                "floating_ip": "",
                "mac": "fa:16:3e:ba:50:53",
                "name": "Net2",
                "port": "f022d06b-f855-4b81-88dc-200f5bc64a56",
                "uuid": "1d85b234-e0de-4b9a-af47-7776d4b4bfe0"
              }
            ],
            "network_mode": null,
            "personality": [],
            "power_state": "active",
            "region": "RegionOne",
            "scheduler_hints": [],
            "security_groups": [
              "open"
            ],
            "stop_before_destroy": false,
            "tags": [],
            "timeouts": null,
            "updated": "2024-07-19 17:34:13 +0000 UTC",
            "user_data": "ba75a5abea1792e19919ea8c745f500702d9c4e0",
            "vendor_options": [],
            "volume": []
          },
          "sensitive_attributes": [
            [
              {
                "type": "get_attr",
                "value": "admin_pass"
              }
            ]
          ],
          "private": "eyJlMmJmYjczMC1lY2FhLTExZTYtOGY4OC0zNDM2M2JjN2M0YzAiOnsiY3JlYXRlIjoxODAwMDAwMDAwMDAwLCJkZWxldGUiOjE4MDAwMDAwMDAwMDAsInVwZGF0ZSI6MTgwMDAwMDAwMDAwMH19",
          "dependencies": [
            "data.openstack_compute_flavor_v2.m1-large",
            "data.openstack_compute_keypair_v2.bbdd",
            "data.openstack_images_image_v2.focal-bbdd-vnx",
            "openstack_networking_network_v2.net2",
            "openstack_networking_port_v2.portBBDD_net2",
            "openstack_networking_secgroup_v2.my_security_group",
            "openstack_networking_subnet_v2.subnet2"
          ]
        }
      ]
    },
    {
      "mode": "managed",
      "type": "openstack_compute_instance_v2",
      "name": "server_instance",
      "provider": "provider[\"registry.terraform.io/terraform-provider-openstack/openstack\"]",
      "instances": [
        {
          "index_key": "1",
          "schema_version": 0,
          "attributes": {
            "access_ip_v4": "10.1.1.41",
            "access_ip_v6": "",
            "admin_pass": null,
            "all_metadata": {},
            "all_tags": [],
            "availability_zone": "nova",
            "availability_zone_hints": null,
            "block_device": [],
            "config_drive": null,
            "created": "2024-07-19 17:34:01 +0000 UTC",
            "flavor_id": "b515b64a-1d0b-46e7-840c-c67933715de2",
            "flavor_name": "m1.large",
            "floating_ip": null,
            "force_delete": false,
            "id": "12b6cdcf-2ec9-47a6-a795-1f49aeaad486",
            "image_id": "3d2527f3-773d-4858-a523-9d9ce0f73af8",
            "image_name": "focal-servers-vnx",
            "key_pair": "s1",
            "metadata": null,
            "name": "s1",
            "network": [
              {
                "access_network": false,
                "fixed_ip_v4": "10.1.1.41",
                "fixed_ip_v6": "",
                "floating_ip": "",
                "mac": "fa:16:3e:2e:bf:96",
                "name": "Net1",
                "port": "4c00da02-8031-4ba3-9811-ec08b4a7b58f",
                "uuid": "fd1c72bc-154e-4281-881e-d81930ea7965"
              },
              {
                "access_network": false,
                "fixed_ip_v4": "10.1.2.23",
                "fixed_ip_v6": "",
                "floating_ip": "",
                "mac": "fa:16:3e:e2:d6:2e",
                "name": "Net2",
                "port": "16d5cff0-613e-417a-bc5c-bcc4019f1ea6",
                "uuid": "1d85b234-e0de-4b9a-af47-7776d4b4bfe0"
              }
            ],
            "network_mode": null,
            "personality": [],
            "power_state": "active",
            "region": "RegionOne",
            "scheduler_hints": [],
            "security_groups": [
              "open"
            ],
            "stop_before_destroy": false,
            "tags": [],
            "timeouts": null,
            "updated": "2024-07-19 17:34:30 +0000 UTC",
            "user_data": "13c516fe59f98d0e29e15db7d14036a0eeeca865",
            "vendor_options": [],
            "volume": []
          },
          "sensitive_attributes": [
            [
              {
                "type": "get_attr",
                "value": "admin_pass"
              }
            ]
          ],
          "private": "eyJlMmJmYjczMC1lY2FhLTExZTYtOGY4OC0zNDM2M2JjN2M0YzAiOnsiY3JlYXRlIjoxODAwMDAwMDAwMDAwLCJkZWxldGUiOjE4MDAwMDAwMDAwMDAsInVwZGF0ZSI6MTgwMDAwMDAwMDAwMH19",
          "dependencies": [
            "data.openstack_compute_flavor_v2.m1-large",
            "data.openstack_compute_keypair_v2.server_keypair",
            "data.openstack_images_image_v2.focal-servers-vnx",
            "openstack_networking_network_v2.net1",
            "openstack_networking_network_v2.net2",
            "openstack_networking_port_v2.port_net1",
            "openstack_networking_port_v2.port_net2",
            "openstack_networking_secgroup_v2.my_security_group",
            "openstack_networking_subnet_v2.subnet1",
            "openstack_networking_subnet_v2.subnet2"
          ]
        },
        {
          "index_key": "2",
          "schema_version": 0,
          "attributes": {
            "access_ip_v4": "10.1.1.89",
            "access_ip_v6": "",
            "admin_pass": null,
            "all_metadata": {},
            "all_tags": [],
            "availability_zone": "nova",
            "availability_zone_hints": null,
            "block_device": [],
            "config_drive": null,
            "created": "2024-07-19 17:33:59 +0000 UTC",
            "flavor_id": "b515b64a-1d0b-46e7-840c-c67933715de2",
            "flavor_name": "m1.large",
            "floating_ip": null,
            "force_delete": false,
            "id": "7c88ff0a-a52f-4fbf-b78f-ad1a0c3d4adb",
            "image_id": "3d2527f3-773d-4858-a523-9d9ce0f73af8",
            "image_name": "focal-servers-vnx",
            "key_pair": "s2",
            "metadata": null,
            "name": "s2",
            "network": [
              {
                "access_network": false,
                "fixed_ip_v4": "10.1.1.89",
                "fixed_ip_v6": "",
                "floating_ip": "",
                "mac": "fa:16:3e:ab:46:7a",
                "name": "Net1",
                "port": "6bfdb544-4b6e-409b-ad8f-d9311e83993f",
                "uuid": "fd1c72bc-154e-4281-881e-d81930ea7965"
              },
              {
                "access_network": false,
                "fixed_ip_v4": "10.1.2.28",
                "fixed_ip_v6": "",
                "floating_ip": "",
                "mac": "fa:16:3e:04:ff:a3",
                "name": "Net2",
                "port": "240cb864-a797-40a7-907f-ec88733fa8d8",
                "uuid": "1d85b234-e0de-4b9a-af47-7776d4b4bfe0"
              }
            ],
            "network_mode": null,
            "personality": [],
            "power_state": "active",
            "region": "RegionOne",
            "scheduler_hints": [],
            "security_groups": [
              "open"
            ],
            "stop_before_destroy": false,
            "tags": [],
            "timeouts": null,
            "updated": "2024-07-19 17:34:20 +0000 UTC",
            "user_data": "e3ed146da3382a694e7718d45262f7fd3dfa745b",
            "vendor_options": [],
            "volume": []
          },
          "sensitive_attributes": [
            [
              {
                "type": "get_attr",
                "value": "admin_pass"
              }
            ]
          ],
          "private": "eyJlMmJmYjczMC1lY2FhLTExZTYtOGY4OC0zNDM2M2JjN2M0YzAiOnsiY3JlYXRlIjoxODAwMDAwMDAwMDAwLCJkZWxldGUiOjE4MDAwMDAwMDAwMDAsInVwZGF0ZSI6MTgwMDAwMDAwMDAwMH19",
          "dependencies": [
            "data.openstack_compute_flavor_v2.m1-large",
            "data.openstack_compute_keypair_v2.server_keypair",
            "data.openstack_images_image_v2.focal-servers-vnx",
            "openstack_networking_network_v2.net1",
            "openstack_networking_network_v2.net2",
            "openstack_networking_port_v2.port_net1",
            "openstack_networking_port_v2.port_net2",
            "openstack_networking_secgroup_v2.my_security_group",
            "openstack_networking_subnet_v2.subnet1",
            "openstack_networking_subnet_v2.subnet2"
          ]
        },
        {
          "index_key": "3",
          "schema_version": 0,
          "attributes": {
            "access_ip_v4": "10.1.1.71",
            "access_ip_v6": "",
            "admin_pass": null,
            "all_metadata": {},
            "all_tags": [],
            "availability_zone": "nova",
            "availability_zone_hints": null,
            "block_device": [],
            "config_drive": null,
            "created": "2024-07-19 17:34:00 +0000 UTC",
            "flavor_id": "b515b64a-1d0b-46e7-840c-c67933715de2",
            "flavor_name": "m1.large",
            "floating_ip": null,
            "force_delete": false,
            "id": "367fb1c7-4915-42de-a8d2-4c45fe7b3738",
            "image_id": "3d2527f3-773d-4858-a523-9d9ce0f73af8",
            "image_name": "focal-servers-vnx",
            "key_pair": "s3",
            "metadata": null,
            "name": "s3",
            "network": [
              {
                "access_network": false,
                "fixed_ip_v4": "10.1.1.71",
                "fixed_ip_v6": "",
                "floating_ip": "",
                "mac": "fa:16:3e:20:d4:fa",
                "name": "Net1",
                "port": "aa88411c-b18f-4da6-b47e-e289f4c5a058",
                "uuid": "fd1c72bc-154e-4281-881e-d81930ea7965"
              },
              {
                "access_network": false,
                "fixed_ip_v4": "10.1.2.57",
                "fixed_ip_v6": "",
                "floating_ip": "",
                "mac": "fa:16:3e:63:2b:fc",
                "name": "Net2",
                "port": "87b628ee-4530-4114-9ec4-bfd5eec917eb",
                "uuid": "1d85b234-e0de-4b9a-af47-7776d4b4bfe0"
              }
            ],
            "network_mode": null,
            "personality": [],
            "power_state": "active",
            "region": "RegionOne",
            "scheduler_hints": [],
            "security_groups": [
              "open"
            ],
            "stop_before_destroy": false,
            "tags": [],
            "timeouts": null,
            "updated": "2024-07-19 17:34:23 +0000 UTC",
            "user_data": "f6ef87bca4ea5c2b1cf5bc73c746e1608df9a852",
            "vendor_options": [],
            "volume": []
          },
          "sensitive_attributes": [
            [
              {
                "type": "get_attr",
                "value": "admin_pass"
              }
            ]
          ],
          "private": "eyJlMmJmYjczMC1lY2FhLTExZTYtOGY4OC0zNDM2M2JjN2M0YzAiOnsiY3JlYXRlIjoxODAwMDAwMDAwMDAwLCJkZWxldGUiOjE4MDAwMDAwMDAwMDAsInVwZGF0ZSI6MTgwMDAwMDAwMDAwMH19",
          "dependencies": [
            "data.openstack_compute_flavor_v2.m1-large",
            "data.openstack_compute_keypair_v2.server_keypair",
            "data.openstack_images_image_v2.focal-servers-vnx",
            "openstack_networking_network_v2.net1",
            "openstack_networking_network_v2.net2",
            "openstack_networking_port_v2.port_net1",
            "openstack_networking_port_v2.port_net2",
            "openstack_networking_secgroup_v2.my_security_group",
            "openstack_networking_subnet_v2.subnet1",
            "openstack_networking_subnet_v2.subnet2"
          ]
        }
      ]
    },
    {
      "mode": "managed",
      "type": "openstack_fw_group_v2",
      "name": "group_1",
      "provider": "provider[\"registry.terraform.io/terraform-provider-openstack/openstack\"]",
      "instances": [
        {
          "schema_version": 0,
          "attributes": {
            "admin_state_up": true,
            "description": "",
            "egress_firewall_policy_id": "1727243b-c6c4-4622-b7f4-b1714b672cfe",
            "id": "a42c825f-17d7-46af-afdf-fe6b915ddf6b",
            "ingress_firewall_policy_id": "d0e18b9d-c875-4783-8b53-af31e89965c9",
            "name": "firewall_group",
            "ports": [],
            "project_id": "b4c08abf44354d38b9173c6381b8570d",
            "region": "RegionOne",
            "shared": false,
            "status": "INACTIVE",
            "tenant_id": "b4c08abf44354d38b9173c6381b8570d",
            "timeouts": null
          },
          "sensitive_attributes": [],
          "private": "eyJlMmJmYjczMC1lY2FhLTExZTYtOGY4OC0zNDM2M2JjN2M0YzAiOnsiY3JlYXRlIjo2MDAwMDAwMDAwMDAsImRlbGV0ZSI6NjAwMDAwMDAwMDAwLCJ1cGRhdGUiOjYwMDAwMDAwMDAwMH19",
          "dependencies": [
            "data.openstack_compute_flavor_v2.m1-smaller",
            "data.openstack_compute_keypair_v2.administrador",
            "data.openstack_images_image_v2.focal-administrador-vnx",
            "openstack_compute_instance_v2.administrador",
            "openstack_fw_policy_v2.policy_engress",
            "openstack_fw_policy_v2.policy_ingress",
            "openstack_fw_rule_v2.server_connection_rule",
            "openstack_fw_rule_v2.ssh_admin_rule",
            "openstack_fw_rule_v2.www_lb_rule",
            "openstack_lb_loadbalancer_v2.load_balancer",
            "openstack_networking_network_v2.net1",
            "openstack_networking_network_v2.net2",
            "openstack_networking_port_v2.port_admin1",
            "openstack_networking_port_v2.port_admin2",
            "openstack_networking_secgroup_v2.my_security_group",
            "openstack_networking_subnet_v2.subnet1",
            "openstack_networking_subnet_v2.subnet2"
          ]
        }
      ]
    },
    {
      "mode": "managed",
      "type": "openstack_fw_policy_v2",
      "name": "policy_engress",
      "provider": "provider[\"registry.terraform.io/terraform-provider-openstack/openstack\"]",
      "instances": [
        {
          "schema_version": 0,
          "attributes": {
            "audited": false,
            "description": "",
            "id": "1727243b-c6c4-4622-b7f4-b1714b672cfe",
            "name": "firewall_egress_policy",
            "project_id": "b4c08abf44354d38b9173c6381b8570d",
            "region": "RegionOne",
            "rules": [
              "1921d7d3-7151-4109-bb4e-f0e5d3857cac"
            ],
            "shared": false,
            "tenant_id": "b4c08abf44354d38b9173c6381b8570d",
            "timeouts": null
          },
          "sensitive_attributes": [],
          "private": "eyJlMmJmYjczMC1lY2FhLTExZTYtOGY4OC0zNDM2M2JjN2M0YzAiOnsiY3JlYXRlIjo2MDAwMDAwMDAwMDAsImRlbGV0ZSI6NjAwMDAwMDAwMDAwfX0=",
          "dependencies": [
            "openstack_fw_rule_v2.server_connection_rule",
            "openstack_networking_network_v2.net1",
            "openstack_networking_subnet_v2.subnet1"
          ]
        }
      ]
    },
    {
      "mode": "managed",
      "type": "openstack_fw_policy_v2",
      "name": "policy_ingress",
      "provider": "provider[\"registry.terraform.io/terraform-provider-openstack/openstack\"]",
      "instances": [
        {
          "schema_version": 0,
          "attributes": {
            "audited": false,
            "description": "",
            "id": "d0e18b9d-c875-4783-8b53-af31e89965c9",
            "name": "firewall_ingress_policy",
            "project_id": "b4c08abf44354d38b9173c6381b8570d",
            "region": "RegionOne",
            "rules": [
              "96935f09-9737-467c-b66c-6f4368e970dd",
              "6724d2b0-9df5-4c04-ba9e-afe1c88e63fe"
            ],
            "shared": false,
            "tenant_id": "b4c08abf44354d38b9173c6381b8570d",
            "timeouts": null
          },
          "sensitive_attributes": [],
          "private": "eyJlMmJmYjczMC1lY2FhLTExZTYtOGY4OC0zNDM2M2JjN2M0YzAiOnsiY3JlYXRlIjo2MDAwMDAwMDAwMDAsImRlbGV0ZSI6NjAwMDAwMDAwMDAwfX0=",
          "dependencies": [
            "data.openstack_compute_flavor_v2.m1-smaller",
            "data.openstack_compute_keypair_v2.administrador",
            "data.openstack_images_image_v2.focal-administrador-vnx",
            "openstack_compute_instance_v2.administrador",
            "openstack_fw_rule_v2.ssh_admin_rule",
            "openstack_fw_rule_v2.www_lb_rule",
            "openstack_lb_loadbalancer_v2.load_balancer",
            "openstack_networking_network_v2.net1",
            "openstack_networking_network_v2.net2",
            "openstack_networking_port_v2.port_admin1",
            "openstack_networking_port_v2.port_admin2",
            "openstack_networking_secgroup_v2.my_security_group",
            "openstack_networking_subnet_v2.subnet1",
            "openstack_networking_subnet_v2.subnet2"
          ]
        }
      ]
    },
    {
      "mode": "managed",
      "type": "openstack_fw_rule_v2",
      "name": "server_connection_rule",
      "provider": "provider[\"registry.terraform.io/terraform-provider-openstack/openstack\"]",
      "instances": [
        {
          "schema_version": 0,
          "attributes": {
            "action": "allow",
            "description": "",
            "destination_ip_address": "",
            "destination_port": "",
            "enabled": true,
            "id": "1921d7d3-7151-4109-bb4e-f0e5d3857cac",
            "ip_version": 4,
            "name": "server_connection",
            "project_id": "b4c08abf44354d38b9173c6381b8570d",
            "protocol": "any",
            "region": "RegionOne",
            "shared": false,
            "source_ip_address": "10.1.1.0/24",
            "source_port": "",
            "tenant_id": "b4c08abf44354d38b9173c6381b8570d"
          },
          "sensitive_attributes": [],
          "private": "bnVsbA==",
          "dependencies": [
            "openstack_networking_network_v2.net1",
            "openstack_networking_subnet_v2.subnet1"
          ]
        }
      ]
    },
    {
      "mode": "managed",
      "type": "openstack_fw_rule_v2",
      "name": "ssh_admin_rule",
      "provider": "provider[\"registry.terraform.io/terraform-provider-openstack/openstack\"]",
      "instances": [
        {
          "schema_version": 0,
          "attributes": {
            "action": "allow",
            "description": "",
            "destination_ip_address": "10.1.1.97",
            "destination_port": "2022",
            "enabled": true,
            "id": "96935f09-9737-467c-b66c-6f4368e970dd",
            "ip_version": 4,
            "name": "ssh_admin",
            "project_id": "b4c08abf44354d38b9173c6381b8570d",
            "protocol": "tcp",
            "region": "RegionOne",
            "shared": false,
            "source_ip_address": "",
            "source_port": "",
            "tenant_id": "b4c08abf44354d38b9173c6381b8570d"
          },
          "sensitive_attributes": [],
          "private": "bnVsbA==",
          "dependencies": [
            "data.openstack_compute_flavor_v2.m1-smaller",
            "data.openstack_compute_keypair_v2.administrador",
            "data.openstack_images_image_v2.focal-administrador-vnx",
            "openstack_compute_instance_v2.administrador",
            "openstack_networking_network_v2.net1",
            "openstack_networking_network_v2.net2",
            "openstack_networking_port_v2.port_admin1",
            "openstack_networking_port_v2.port_admin2",
            "openstack_networking_secgroup_v2.my_security_group",
            "openstack_networking_subnet_v2.subnet1",
            "openstack_networking_subnet_v2.subnet2"
          ]
        }
      ]
    },
    {
      "mode": "managed",
      "type": "openstack_fw_rule_v2",
      "name": "www_lb_rule",
      "provider": "provider[\"registry.terraform.io/terraform-provider-openstack/openstack\"]",
      "instances": [
        {
          "schema_version": 0,
          "attributes": {
            "action": "allow",
            "description": "",
            "destination_ip_address": "10.1.1.47",
            "destination_port": "80",
            "enabled": true,
            "id": "6724d2b0-9df5-4c04-ba9e-afe1c88e63fe",
            "ip_version": 4,
            "name": "www_lb",
            "project_id": "b4c08abf44354d38b9173c6381b8570d",
            "protocol": "tcp",
            "region": "RegionOne",
            "shared": false,
            "source_ip_address": "",
            "source_port": "",
            "tenant_id": "b4c08abf44354d38b9173c6381b8570d"
          },
          "sensitive_attributes": [],
          "private": "bnVsbA==",
          "dependencies": [
            "openstack_lb_loadbalancer_v2.load_balancer",
            "openstack_networking_network_v2.net1",
            "openstack_networking_subnet_v2.subnet1"
          ]
        }
      ]
    },
    {
      "mode": "managed",
      "type": "openstack_lb_listener_v2",
      "name": "lb_listener",
      "provider": "provider[\"registry.terraform.io/terraform-provider-openstack/openstack\"]",
      "instances": [
        {
          "schema_version": 0,
          "attributes": {
            "admin_state_up": true,
            "allowed_cidrs": [],
            "connection_limit": -1,
            "default_pool_id": "78cb7bf2-5be4-4aac-a75c-ce0f661042c9",
            "default_tls_container_ref": "",
            "description": "",
            "id": "5e5aaa07-8c70-46b2-b68a-2947e82ef0a0",
            "insert_headers": {},
            "loadbalancer_id": "79b0b392-422a-47b6-99c2-276af6154ec9",
            "name": "lb_listener",
            "protocol": "HTTP",
            "protocol_port": 80,
            "region": "RegionOne",
            "sni_container_refs": [],
            "tags": [],
            "tenant_id": "b4c08abf44354d38b9173c6381b8570d",
            "timeout_client_data": 50000,
            "timeout_member_connect": 5000,
            "timeout_member_data": 50000,
            "timeout_tcp_inspect": 0,
            "timeouts": null
          },
          "sensitive_attributes": [],
          "private": "eyJlMmJmYjczMC1lY2FhLTExZTYtOGY4OC0zNDM2M2JjN2M0YzAiOnsiY3JlYXRlIjo2MDAwMDAwMDAwMDAsImRlbGV0ZSI6NjAwMDAwMDAwMDAwLCJ1cGRhdGUiOjYwMDAwMDAwMDAwMH19",
          "dependencies": [
            "openstack_lb_loadbalancer_v2.load_balancer",
            "openstack_networking_network_v2.net1",
            "openstack_networking_subnet_v2.subnet1"
          ]
        }
      ]
    },
    {
      "mode": "managed",
      "type": "openstack_lb_loadbalancer_v2",
      "name": "load_balancer",
      "provider": "provider[\"registry.terraform.io/terraform-provider-openstack/openstack\"]",
      "instances": [
        {
          "schema_version": 0,
          "attributes": {
            "admin_state_up": true,
            "availability_zone": "",
            "description": "",
            "flavor_id": "",
            "id": "79b0b392-422a-47b6-99c2-276af6154ec9",
            "loadbalancer_provider": "amphora",
            "name": "load_balancer",
            "region": "RegionOne",
            "security_group_ids": [
              "5841bdd9-b427-4b8e-8272-ef6d115790a7"
            ],
            "tags": [],
            "tenant_id": "b4c08abf44354d38b9173c6381b8570d",
            "timeouts": null,
            "vip_address": "10.1.1.47",
            "vip_network_id": "fd1c72bc-154e-4281-881e-d81930ea7965",
            "vip_port_id": "4db6d0cc-0db5-4d2f-9657-edb361582641",
            "vip_subnet_id": "fe3eb4ff-50c3-409f-b296-439d4bef3ad8"
          },
          "sensitive_attributes": [],
          "private": "eyJlMmJmYjczMC1lY2FhLTExZTYtOGY4OC0zNDM2M2JjN2M0YzAiOnsiY3JlYXRlIjo2MDAwMDAwMDAwMDAsImRlbGV0ZSI6MzAwMDAwMDAwMDAwLCJ1cGRhdGUiOjYwMDAwMDAwMDAwMH19",
          "dependencies": [
            "openstack_networking_network_v2.net1",
            "openstack_networking_subnet_v2.subnet1"
          ]
        }
      ]
    },
    {
      "mode": "managed",
      "type": "openstack_lb_member_v2",
      "name": "lb_member",
      "provider": "provider[\"registry.terraform.io/terraform-provider-openstack/openstack\"]",
      "instances": [
        {
          "index_key": "1",
          "schema_version": 0,
          "attributes": {
            "address": "10.1.1.41",
            "admin_state_up": true,
            "backup": false,
            "id": "11d82913-d97b-444a-9051-6484cd3949a9",
            "monitor_address": "",
            "monitor_port": 0,
            "name": "",
            "pool_id": "78cb7bf2-5be4-4aac-a75c-ce0f661042c9",
            "protocol_port": 80,
            "region": "RegionOne",
            "subnet_id": "",
            "tenant_id": "b4c08abf44354d38b9173c6381b8570d",
            "timeouts": null,
            "weight": 1
          },
          "sensitive_attributes": [],
          "private": "eyJlMmJmYjczMC1lY2FhLTExZTYtOGY4OC0zNDM2M2JjN2M0YzAiOnsiY3JlYXRlIjo2MDAwMDAwMDAwMDAsImRlbGV0ZSI6NjAwMDAwMDAwMDAwLCJ1cGRhdGUiOjYwMDAwMDAwMDAwMH19",
          "dependencies": [
            "data.openstack_compute_flavor_v2.m1-large",
            "data.openstack_compute_keypair_v2.server_keypair",
            "data.openstack_images_image_v2.focal-servers-vnx",
            "openstack_compute_instance_v2.server_instance",
            "openstack_lb_listener_v2.lb_listener",
            "openstack_lb_loadbalancer_v2.load_balancer",
            "openstack_lb_pool_v2.lb_pool",
            "openstack_networking_network_v2.net1",
            "openstack_networking_network_v2.net2",
            "openstack_networking_port_v2.port_net1",
            "openstack_networking_port_v2.port_net2",
            "openstack_networking_secgroup_v2.my_security_group",
            "openstack_networking_subnet_v2.subnet1",
            "openstack_networking_subnet_v2.subnet2"
          ]
        },
        {
          "index_key": "2",
          "schema_version": 0,
          "attributes": {
            "address": "10.1.1.89",
            "admin_state_up": true,
            "backup": false,
            "id": "9b4b3839-2dfe-43e7-8aad-8a451f86d193",
            "monitor_address": "",
            "monitor_port": 0,
            "name": "",
            "pool_id": "78cb7bf2-5be4-4aac-a75c-ce0f661042c9",
            "protocol_port": 80,
            "region": "RegionOne",
            "subnet_id": "",
            "tenant_id": "b4c08abf44354d38b9173c6381b8570d",
            "timeouts": null,
            "weight": 1
          },
          "sensitive_attributes": [],
          "private": "eyJlMmJmYjczMC1lY2FhLTExZTYtOGY4OC0zNDM2M2JjN2M0YzAiOnsiY3JlYXRlIjo2MDAwMDAwMDAwMDAsImRlbGV0ZSI6NjAwMDAwMDAwMDAwLCJ1cGRhdGUiOjYwMDAwMDAwMDAwMH19",
          "dependencies": [
            "data.openstack_compute_flavor_v2.m1-large",
            "data.openstack_compute_keypair_v2.server_keypair",
            "data.openstack_images_image_v2.focal-servers-vnx",
            "openstack_compute_instance_v2.server_instance",
            "openstack_lb_listener_v2.lb_listener",
            "openstack_lb_loadbalancer_v2.load_balancer",
            "openstack_lb_pool_v2.lb_pool",
            "openstack_networking_network_v2.net1",
            "openstack_networking_network_v2.net2",
            "openstack_networking_port_v2.port_net1",
            "openstack_networking_port_v2.port_net2",
            "openstack_networking_secgroup_v2.my_security_group",
            "openstack_networking_subnet_v2.subnet1",
            "openstack_networking_subnet_v2.subnet2"
          ]
        },
        {
          "index_key": "3",
          "schema_version": 0,
          "attributes": {
            "address": "10.1.1.71",
            "admin_state_up": true,
            "backup": false,
            "id": "dcacc172-04be-4615-9180-508ddd170508",
            "monitor_address": "",
            "monitor_port": 0,
            "name": "",
            "pool_id": "78cb7bf2-5be4-4aac-a75c-ce0f661042c9",
            "protocol_port": 80,
            "region": "RegionOne",
            "subnet_id": "",
            "tenant_id": "b4c08abf44354d38b9173c6381b8570d",
            "timeouts": null,
            "weight": 1
          },
          "sensitive_attributes": [],
          "private": "eyJlMmJmYjczMC1lY2FhLTExZTYtOGY4OC0zNDM2M2JjN2M0YzAiOnsiY3JlYXRlIjo2MDAwMDAwMDAwMDAsImRlbGV0ZSI6NjAwMDAwMDAwMDAwLCJ1cGRhdGUiOjYwMDAwMDAwMDAwMH19",
          "dependencies": [
            "data.openstack_compute_flavor_v2.m1-large",
            "data.openstack_compute_keypair_v2.server_keypair",
            "data.openstack_images_image_v2.focal-servers-vnx",
            "openstack_compute_instance_v2.server_instance",
            "openstack_lb_listener_v2.lb_listener",
            "openstack_lb_loadbalancer_v2.load_balancer",
            "openstack_lb_pool_v2.lb_pool",
            "openstack_networking_network_v2.net1",
            "openstack_networking_network_v2.net2",
            "openstack_networking_port_v2.port_net1",
            "openstack_networking_port_v2.port_net2",
            "openstack_networking_secgroup_v2.my_security_group",
            "openstack_networking_subnet_v2.subnet1",
            "openstack_networking_subnet_v2.subnet2"
          ]
        }
      ]
    },
    {
      "mode": "managed",
      "type": "openstack_lb_pool_v2",
      "name": "lb_pool",
      "provider": "provider[\"registry.terraform.io/terraform-provider-openstack/openstack\"]",
      "instances": [
        {
          "schema_version": 0,
          "attributes": {
            "admin_state_up": true,
            "description": "",
            "id": "78cb7bf2-5be4-4aac-a75c-ce0f661042c9",
            "lb_method": "ROUND_ROBIN",
            "listener_id": "5e5aaa07-8c70-46b2-b68a-2947e82ef0a0",
            "loadbalancer_id": null,
            "name": "lb_pool",
            "persistence": [
              {
                "cookie_name": "",
                "type": ""
              }
            ],
            "protocol": "HTTP",
            "region": "RegionOne",
            "tenant_id": "b4c08abf44354d38b9173c6381b8570d",
            "timeouts": null
          },
          "sensitive_attributes": [],
          "private": "eyJlMmJmYjczMC1lY2FhLTExZTYtOGY4OC0zNDM2M2JjN2M0YzAiOnsiY3JlYXRlIjo2MDAwMDAwMDAwMDAsImRlbGV0ZSI6NjAwMDAwMDAwMDAwLCJ1cGRhdGUiOjYwMDAwMDAwMDAwMH19",
          "dependencies": [
            "openstack_lb_listener_v2.lb_listener",
            "openstack_lb_loadbalancer_v2.load_balancer",
            "openstack_networking_network_v2.net1",
            "openstack_networking_subnet_v2.subnet1"
          ]
        }
      ]
    },
    {
      "mode": "managed",
      "type": "openstack_networking_floatingip_v2",
      "name": "floating_ipAdmin",
      "provider": "provider[\"registry.terraform.io/terraform-provider-openstack/openstack\"]",
      "instances": [
        {
          "schema_version": 0,
          "attributes": {
            "address": "10.0.10.138",
            "all_tags": [],
            "description": "IP Flotante del servidor de Administración",
            "dns_domain": "",
            "dns_name": "",
            "fixed_ip": "10.1.1.97",
            "id": "2e633459-3ef3-47bd-8102-e8b572c700ec",
            "pool": "ExtNet",
            "port_id": "f31fd673-11ed-4f4a-a9e6-9e33beb9d285",
            "region": "RegionOne",
            "subnet_id": null,
            "subnet_ids": null,
            "tags": [],
            "tenant_id": "b4c08abf44354d38b9173c6381b8570d",
            "timeouts": null,
            "value_specs": null
          },
          "sensitive_attributes": [],
          "private": "eyJlMmJmYjczMC1lY2FhLTExZTYtOGY4OC0zNDM2M2JjN2M0YzAiOnsiY3JlYXRlIjo2MDAwMDAwMDAwMDAsImRlbGV0ZSI6NjAwMDAwMDAwMDAwfX0=",
          "dependencies": [
            "data.openstack_networking_network_v2.extnet",
            "openstack_networking_network_v2.net1",
            "openstack_networking_port_v2.port_admin1",
            "openstack_networking_secgroup_v2.my_security_group",
            "openstack_networking_subnet_v2.subnet1"
          ]
        }
      ]
    },
    {
      "mode": "managed",
      "type": "openstack_networking_floatingip_v2",
      "name": "floating_ipLB",
      "provider": "provider[\"registry.terraform.io/terraform-provider-openstack/openstack\"]",
      "instances": [
        {
          "schema_version": 0,
          "attributes": {
            "address": "10.0.10.120",
            "all_tags": [],
            "description": "IP Flotante del Balanceador de Carga",
            "dns_domain": "",
            "dns_name": "",
            "fixed_ip": "10.1.1.47",
            "id": "e2efdee7-69de-47c1-8b2b-ba9c3c41ea89",
            "pool": "ExtNet",
            "port_id": "4db6d0cc-0db5-4d2f-9657-edb361582641",
            "region": "RegionOne",
            "subnet_id": null,
            "subnet_ids": null,
            "tags": [],
            "tenant_id": "b4c08abf44354d38b9173c6381b8570d",
            "timeouts": null,
            "value_specs": null
          },
          "sensitive_attributes": [],
          "private": "eyJlMmJmYjczMC1lY2FhLTExZTYtOGY4OC0zNDM2M2JjN2M0YzAiOnsiY3JlYXRlIjo2MDAwMDAwMDAwMDAsImRlbGV0ZSI6NjAwMDAwMDAwMDAwfX0=",
          "dependencies": [
            "data.openstack_networking_network_v2.extnet",
            "openstack_lb_loadbalancer_v2.load_balancer",
            "openstack_networking_network_v2.net1",
            "openstack_networking_subnet_v2.subnet1"
          ]
        }
      ]
    },
    {
      "mode": "managed",
      "type": "openstack_networking_network_v2",
      "name": "net1",
      "provider": "provider[\"registry.terraform.io/terraform-provider-openstack/openstack\"]",
      "instances": [
        {
          "schema_version": 0,
          "attributes": {
            "admin_state_up": true,
            "all_tags": [],
            "availability_zone_hints": [],
            "description": "",
            "dns_domain": "",
            "external": false,
            "id": "fd1c72bc-154e-4281-881e-d81930ea7965",
            "mtu": 1450,
            "name": "Net1",
            "port_security_enabled": true,
            "qos_policy_id": "",
            "region": "RegionOne",
            "segments": [
              {
                "network_type": "vxlan",
                "physical_network": "",
                "segmentation_id": 101
              }
            ],
            "shared": false,
            "tags": [],
            "tenant_id": "b4c08abf44354d38b9173c6381b8570d",
            "timeouts": null,
            "transparent_vlan": false,
            "value_specs": null
          },
          "sensitive_attributes": [],
          "private": "eyJlMmJmYjczMC1lY2FhLTExZTYtOGY4OC0zNDM2M2JjN2M0YzAiOnsiY3JlYXRlIjo2MDAwMDAwMDAwMDAsImRlbGV0ZSI6NjAwMDAwMDAwMDAwfX0="
        }
      ]
    },
    {
      "mode": "managed",
      "type": "openstack_networking_network_v2",
      "name": "net2",
      "provider": "provider[\"registry.terraform.io/terraform-provider-openstack/openstack\"]",
      "instances": [
        {
          "schema_version": 0,
          "attributes": {
            "admin_state_up": true,
            "all_tags": [],
            "availability_zone_hints": [],
            "description": "",
            "dns_domain": "",
            "external": false,
            "id": "1d85b234-e0de-4b9a-af47-7776d4b4bfe0",
            "mtu": 1450,
            "name": "Net2",
            "port_security_enabled": true,
            "qos_policy_id": "",
            "region": "RegionOne",
            "segments": [
              {
                "network_type": "vxlan",
                "physical_network": "",
                "segmentation_id": 450
              }
            ],
            "shared": false,
            "tags": [],
            "tenant_id": "b4c08abf44354d38b9173c6381b8570d",
            "timeouts": null,
            "transparent_vlan": false,
            "value_specs": null
          },
          "sensitive_attributes": [],
          "private": "eyJlMmJmYjczMC1lY2FhLTExZTYtOGY4OC0zNDM2M2JjN2M0YzAiOnsiY3JlYXRlIjo2MDAwMDAwMDAwMDAsImRlbGV0ZSI6NjAwMDAwMDAwMDAwfX0="
        }
      ]
    },
    {
      "mode": "managed",
      "type": "openstack_networking_port_v2",
      "name": "portBBDD_net2",
      "provider": "provider[\"registry.terraform.io/terraform-provider-openstack/openstack\"]",
      "instances": [
        {
          "schema_version": 0,
          "attributes": {
            "admin_state_up": true,
            "all_fixed_ips": [
              "10.1.2.83"
            ],
            "all_security_group_ids": [
              "905ffbf1-3c79-41a1-9aa9-f437338d82d0"
            ],
            "all_tags": [],
            "allowed_address_pairs": [],
            "binding": [
              {
                "host_id": "compute2",
                "profile": "{}",
                "vif_details": {
                  "bound_drivers": "{\"0\":\"openvswitch\"}",
                  "bridge_name": "br-int",
                  "connectivity": "l2",
                  "datapath_type": "system",
                  "ovs_hybrid_plug": "true",
                  "port_filter": "true"
                },
                "vif_type": "ovs",
                "vnic_type": "normal"
              }
            ],
            "description": "",
            "device_id": "5ef60b85-eae9-4d64-a7ff-956ad8837168",
            "device_owner": "compute:nova",
            "dns_assignment": [],
            "dns_name": "",
            "extra_dhcp_option": [],
            "fixed_ip": [
              {
                "ip_address": "10.1.2.83",
                "subnet_id": "99d0ce0c-08ed-4898-a9f1-babdbb63fcef"
              }
            ],
            "id": "f022d06b-f855-4b81-88dc-200f5bc64a56",
            "mac_address": "fa:16:3e:ba:50:53",
            "name": "portBBDD_net2",
            "network_id": "1d85b234-e0de-4b9a-af47-7776d4b4bfe0",
            "no_fixed_ip": null,
            "no_security_groups": null,
            "port_security_enabled": true,
            "qos_policy_id": "",
            "region": "RegionOne",
            "security_group_ids": [
              "905ffbf1-3c79-41a1-9aa9-f437338d82d0"
            ],
            "tags": [],
            "tenant_id": "b4c08abf44354d38b9173c6381b8570d",
            "timeouts": null,
            "value_specs": null
          },
          "sensitive_attributes": [],
          "private": "eyJlMmJmYjczMC1lY2FhLTExZTYtOGY4OC0zNDM2M2JjN2M0YzAiOnsiY3JlYXRlIjo2MDAwMDAwMDAwMDAsImRlbGV0ZSI6NjAwMDAwMDAwMDAwfX0=",
          "dependencies": [
            "openstack_networking_network_v2.net2",
            "openstack_networking_secgroup_v2.my_security_group",
            "openstack_networking_subnet_v2.subnet2"
          ]
        }
      ]
    },
    {
      "mode": "managed",
      "type": "openstack_networking_port_v2",
      "name": "port_admin1",
      "provider": "provider[\"registry.terraform.io/terraform-provider-openstack/openstack\"]",
      "instances": [
        {
          "schema_version": 0,
          "attributes": {
            "admin_state_up": true,
            "all_fixed_ips": [
              "10.1.1.97"
            ],
            "all_security_group_ids": [
              "905ffbf1-3c79-41a1-9aa9-f437338d82d0"
            ],
            "all_tags": [],
            "allowed_address_pairs": [],
            "binding": [
              {
                "host_id": "compute2",
                "profile": "{}",
                "vif_details": {
                  "bound_drivers": "{\"0\":\"openvswitch\"}",
                  "bridge_name": "br-int",
                  "connectivity": "l2",
                  "datapath_type": "system",
                  "ovs_hybrid_plug": "true",
                  "port_filter": "true"
                },
                "vif_type": "ovs",
                "vnic_type": "normal"
              }
            ],
            "description": "",
            "device_id": "4de50b7a-2319-40b8-9ff6-42a88d8aa337",
            "device_owner": "compute:nova",
            "dns_assignment": [],
            "dns_name": "",
            "extra_dhcp_option": [],
            "fixed_ip": [
              {
                "ip_address": "",
                "subnet_id": "fe3eb4ff-50c3-409f-b296-439d4bef3ad8"
              }
            ],
            "id": "f31fd673-11ed-4f4a-a9e6-9e33beb9d285",
            "mac_address": "fa:16:3e:90:9c:a7",
            "name": "port_admin1",
            "network_id": "fd1c72bc-154e-4281-881e-d81930ea7965",
            "no_fixed_ip": null,
            "no_security_groups": null,
            "port_security_enabled": true,
            "qos_policy_id": "",
            "region": "RegionOne",
            "security_group_ids": [
              "905ffbf1-3c79-41a1-9aa9-f437338d82d0"
            ],
            "tags": [],
            "tenant_id": "b4c08abf44354d38b9173c6381b8570d",
            "timeouts": null,
            "value_specs": null
          },
          "sensitive_attributes": [],
          "private": "eyJlMmJmYjczMC1lY2FhLTExZTYtOGY4OC0zNDM2M2JjN2M0YzAiOnsiY3JlYXRlIjo2MDAwMDAwMDAwMDAsImRlbGV0ZSI6NjAwMDAwMDAwMDAwfX0=",
          "dependencies": [
            "openstack_networking_network_v2.net1",
            "openstack_networking_secgroup_v2.my_security_group",
            "openstack_networking_subnet_v2.subnet1"
          ]
        }
      ]
    },
    {
      "mode": "managed",
      "type": "openstack_networking_port_v2",
      "name": "port_admin2",
      "provider": "provider[\"registry.terraform.io/terraform-provider-openstack/openstack\"]",
      "instances": [
        {
          "schema_version": 0,
          "attributes": {
            "admin_state_up": true,
            "all_fixed_ips": [
              "10.1.2.68"
            ],
            "all_security_group_ids": [
              "905ffbf1-3c79-41a1-9aa9-f437338d82d0"
            ],
            "all_tags": [],
            "allowed_address_pairs": [],
            "binding": [
              {
                "host_id": "compute2",
                "profile": "{}",
                "vif_details": {
                  "bound_drivers": "{\"0\":\"openvswitch\"}",
                  "bridge_name": "br-int",
                  "connectivity": "l2",
                  "datapath_type": "system",
                  "ovs_hybrid_plug": "true",
                  "port_filter": "true"
                },
                "vif_type": "ovs",
                "vnic_type": "normal"
              }
            ],
            "description": "",
            "device_id": "4de50b7a-2319-40b8-9ff6-42a88d8aa337",
            "device_owner": "compute:nova",
            "dns_assignment": [],
            "dns_name": "",
            "extra_dhcp_option": [],
            "fixed_ip": [
              {
                "ip_address": "",
                "subnet_id": "99d0ce0c-08ed-4898-a9f1-babdbb63fcef"
              }
            ],
            "id": "2f0a9719-5cec-4237-b4f0-cb98a831851f",
            "mac_address": "fa:16:3e:0f:7f:f0",
            "name": "port_admin2",
            "network_id": "1d85b234-e0de-4b9a-af47-7776d4b4bfe0",
            "no_fixed_ip": null,
            "no_security_groups": null,
            "port_security_enabled": true,
            "qos_policy_id": "",
            "region": "RegionOne",
            "security_group_ids": [
              "905ffbf1-3c79-41a1-9aa9-f437338d82d0"
            ],
            "tags": [],
            "tenant_id": "b4c08abf44354d38b9173c6381b8570d",
            "timeouts": null,
            "value_specs": null
          },
          "sensitive_attributes": [],
          "private": "eyJlMmJmYjczMC1lY2FhLTExZTYtOGY4OC0zNDM2M2JjN2M0YzAiOnsiY3JlYXRlIjo2MDAwMDAwMDAwMDAsImRlbGV0ZSI6NjAwMDAwMDAwMDAwfX0=",
          "dependencies": [
            "openstack_networking_network_v2.net2",
            "openstack_networking_secgroup_v2.my_security_group",
            "openstack_networking_subnet_v2.subnet2"
          ]
        }
      ]
    },
    {
      "mode": "managed",
      "type": "openstack_networking_port_v2",
      "name": "port_net1",
      "provider": "provider[\"registry.terraform.io/terraform-provider-openstack/openstack\"]",
      "instances": [
        {
          "index_key": "1",
          "schema_version": 0,
          "attributes": {
            "admin_state_up": true,
            "all_fixed_ips": [
              "10.1.1.41"
            ],
            "all_security_group_ids": [
              "905ffbf1-3c79-41a1-9aa9-f437338d82d0"
            ],
            "all_tags": [],
            "allowed_address_pairs": [],
            "binding": [
              {
                "host_id": "compute3",
                "profile": "{}",
                "vif_details": {
                  "bound_drivers": "{\"0\":\"openvswitch\"}",
                  "bridge_name": "br-int",
                  "connectivity": "l2",
                  "datapath_type": "system",
                  "ovs_hybrid_plug": "true",
                  "port_filter": "true"
                },
                "vif_type": "ovs",
                "vnic_type": "normal"
              }
            ],
            "description": "",
            "device_id": "12b6cdcf-2ec9-47a6-a795-1f49aeaad486",
            "device_owner": "compute:nova",
            "dns_assignment": [],
            "dns_name": "",
            "extra_dhcp_option": [],
            "fixed_ip": [
              {
                "ip_address": "",
                "subnet_id": "fe3eb4ff-50c3-409f-b296-439d4bef3ad8"
              }
            ],
            "id": "4c00da02-8031-4ba3-9811-ec08b4a7b58f",
            "mac_address": "fa:16:3e:2e:bf:96",
            "name": "port1_net1",
            "network_id": "fd1c72bc-154e-4281-881e-d81930ea7965",
            "no_fixed_ip": null,
            "no_security_groups": null,
            "port_security_enabled": true,
            "qos_policy_id": "",
            "region": "RegionOne",
            "security_group_ids": [
              "905ffbf1-3c79-41a1-9aa9-f437338d82d0"
            ],
            "tags": [],
            "tenant_id": "b4c08abf44354d38b9173c6381b8570d",
            "timeouts": null,
            "value_specs": null
          },
          "sensitive_attributes": [],
          "private": "eyJlMmJmYjczMC1lY2FhLTExZTYtOGY4OC0zNDM2M2JjN2M0YzAiOnsiY3JlYXRlIjo2MDAwMDAwMDAwMDAsImRlbGV0ZSI6NjAwMDAwMDAwMDAwfX0=",
          "dependencies": [
            "openstack_networking_network_v2.net1",
            "openstack_networking_secgroup_v2.my_security_group",
            "openstack_networking_subnet_v2.subnet1"
          ]
        },
        {
          "index_key": "2",
          "schema_version": 0,
          "attributes": {
            "admin_state_up": true,
            "all_fixed_ips": [
              "10.1.1.89"
            ],
            "all_security_group_ids": [
              "905ffbf1-3c79-41a1-9aa9-f437338d82d0"
            ],
            "all_tags": [],
            "allowed_address_pairs": [],
            "binding": [
              {
                "host_id": "compute1",
                "profile": "{}",
                "vif_details": {
                  "bound_drivers": "{\"0\":\"openvswitch\"}",
                  "bridge_name": "br-int",
                  "connectivity": "l2",
                  "datapath_type": "system",
                  "ovs_hybrid_plug": "true",
                  "port_filter": "true"
                },
                "vif_type": "ovs",
                "vnic_type": "normal"
              }
            ],
            "description": "",
            "device_id": "7c88ff0a-a52f-4fbf-b78f-ad1a0c3d4adb",
            "device_owner": "compute:nova",
            "dns_assignment": [],
            "dns_name": "",
            "extra_dhcp_option": [],
            "fixed_ip": [
              {
                "ip_address": "",
                "subnet_id": "fe3eb4ff-50c3-409f-b296-439d4bef3ad8"
              }
            ],
            "id": "6bfdb544-4b6e-409b-ad8f-d9311e83993f",
            "mac_address": "fa:16:3e:ab:46:7a",
            "name": "port2_net1",
            "network_id": "fd1c72bc-154e-4281-881e-d81930ea7965",
            "no_fixed_ip": null,
            "no_security_groups": null,
            "port_security_enabled": true,
            "qos_policy_id": "",
            "region": "RegionOne",
            "security_group_ids": [
              "905ffbf1-3c79-41a1-9aa9-f437338d82d0"
            ],
            "tags": [],
            "tenant_id": "b4c08abf44354d38b9173c6381b8570d",
            "timeouts": null,
            "value_specs": null
          },
          "sensitive_attributes": [],
          "private": "eyJlMmJmYjczMC1lY2FhLTExZTYtOGY4OC0zNDM2M2JjN2M0YzAiOnsiY3JlYXRlIjo2MDAwMDAwMDAwMDAsImRlbGV0ZSI6NjAwMDAwMDAwMDAwfX0=",
          "dependencies": [
            "openstack_networking_network_v2.net1",
            "openstack_networking_secgroup_v2.my_security_group",
            "openstack_networking_subnet_v2.subnet1"
          ]
        },
        {
          "index_key": "3",
          "schema_version": 0,
          "attributes": {
            "admin_state_up": true,
            "all_fixed_ips": [
              "10.1.1.71"
            ],
            "all_security_group_ids": [
              "905ffbf1-3c79-41a1-9aa9-f437338d82d0"
            ],
            "all_tags": [],
            "allowed_address_pairs": [],
            "binding": [
              {
                "host_id": "compute3",
                "profile": "{}",
                "vif_details": {
                  "bound_drivers": "{\"0\":\"openvswitch\"}",
                  "bridge_name": "br-int",
                  "connectivity": "l2",
                  "datapath_type": "system",
                  "ovs_hybrid_plug": "true",
                  "port_filter": "true"
                },
                "vif_type": "ovs",
                "vnic_type": "normal"
              }
            ],
            "description": "",
            "device_id": "367fb1c7-4915-42de-a8d2-4c45fe7b3738",
            "device_owner": "compute:nova",
            "dns_assignment": [],
            "dns_name": "",
            "extra_dhcp_option": [],
            "fixed_ip": [
              {
                "ip_address": "",
                "subnet_id": "fe3eb4ff-50c3-409f-b296-439d4bef3ad8"
              }
            ],
            "id": "aa88411c-b18f-4da6-b47e-e289f4c5a058",
            "mac_address": "fa:16:3e:20:d4:fa",
            "name": "port3_net1",
            "network_id": "fd1c72bc-154e-4281-881e-d81930ea7965",
            "no_fixed_ip": null,
            "no_security_groups": null,
            "port_security_enabled": true,
            "qos_policy_id": "",
            "region": "RegionOne",
            "security_group_ids": [
              "905ffbf1-3c79-41a1-9aa9-f437338d82d0"
            ],
            "tags": [],
            "tenant_id": "b4c08abf44354d38b9173c6381b8570d",
            "timeouts": null,
            "value_specs": null
          },
          "sensitive_attributes": [],
          "private": "eyJlMmJmYjczMC1lY2FhLTExZTYtOGY4OC0zNDM2M2JjN2M0YzAiOnsiY3JlYXRlIjo2MDAwMDAwMDAwMDAsImRlbGV0ZSI6NjAwMDAwMDAwMDAwfX0=",
          "dependencies": [
            "openstack_networking_network_v2.net1",
            "openstack_networking_secgroup_v2.my_security_group",
            "openstack_networking_subnet_v2.subnet1"
          ]
        }
      ]
    },
    {
      "mode": "managed",
      "type": "openstack_networking_port_v2",
      "name": "port_net2",
      "provider": "provider[\"registry.terraform.io/terraform-provider-openstack/openstack\"]",
      "instances": [
        {
          "index_key": "1",
          "schema_version": 0,
          "attributes": {
            "admin_state_up": true,
            "all_fixed_ips": [
              "10.1.2.23"
            ],
            "all_security_group_ids": [
              "905ffbf1-3c79-41a1-9aa9-f437338d82d0"
            ],
            "all_tags": [],
            "allowed_address_pairs": [],
            "binding": [
              {
                "host_id": "compute3",
                "profile": "{}",
                "vif_details": {
                  "bound_drivers": "{\"0\":\"openvswitch\"}",
                  "bridge_name": "br-int",
                  "connectivity": "l2",
                  "datapath_type": "system",
                  "ovs_hybrid_plug": "true",
                  "port_filter": "true"
                },
                "vif_type": "ovs",
                "vnic_type": "normal"
              }
            ],
            "description": "",
            "device_id": "12b6cdcf-2ec9-47a6-a795-1f49aeaad486",
            "device_owner": "compute:nova",
            "dns_assignment": [],
            "dns_name": "",
            "extra_dhcp_option": [],
            "fixed_ip": [
              {
                "ip_address": "",
                "subnet_id": "99d0ce0c-08ed-4898-a9f1-babdbb63fcef"
              }
            ],
            "id": "16d5cff0-613e-417a-bc5c-bcc4019f1ea6",
            "mac_address": "fa:16:3e:e2:d6:2e",
            "name": "port1_net2",
            "network_id": "1d85b234-e0de-4b9a-af47-7776d4b4bfe0",
            "no_fixed_ip": null,
            "no_security_groups": null,
            "port_security_enabled": true,
            "qos_policy_id": "",
            "region": "RegionOne",
            "security_group_ids": [
              "905ffbf1-3c79-41a1-9aa9-f437338d82d0"
            ],
            "tags": [],
            "tenant_id": "b4c08abf44354d38b9173c6381b8570d",
            "timeouts": null,
            "value_specs": null
          },
          "sensitive_attributes": [],
          "private": "eyJlMmJmYjczMC1lY2FhLTExZTYtOGY4OC0zNDM2M2JjN2M0YzAiOnsiY3JlYXRlIjo2MDAwMDAwMDAwMDAsImRlbGV0ZSI6NjAwMDAwMDAwMDAwfX0=",
          "dependencies": [
            "openstack_networking_network_v2.net2",
            "openstack_networking_secgroup_v2.my_security_group",
            "openstack_networking_subnet_v2.subnet2"
          ]
        },
        {
          "index_key": "2",
          "schema_version": 0,
          "attributes": {
            "admin_state_up": true,
            "all_fixed_ips": [
              "10.1.2.28"
            ],
            "all_security_group_ids": [
              "905ffbf1-3c79-41a1-9aa9-f437338d82d0"
            ],
            "all_tags": [],
            "allowed_address_pairs": [],
            "binding": [
              {
                "host_id": "compute1",
                "profile": "{}",
                "vif_details": {
                  "bound_drivers": "{\"0\":\"openvswitch\"}",
                  "bridge_name": "br-int",
                  "connectivity": "l2",
                  "datapath_type": "system",
                  "ovs_hybrid_plug": "true",
                  "port_filter": "true"
                },
                "vif_type": "ovs",
                "vnic_type": "normal"
              }
            ],
            "description": "",
            "device_id": "7c88ff0a-a52f-4fbf-b78f-ad1a0c3d4adb",
            "device_owner": "compute:nova",
            "dns_assignment": [],
            "dns_name": "",
            "extra_dhcp_option": [],
            "fixed_ip": [
              {
                "ip_address": "",
                "subnet_id": "99d0ce0c-08ed-4898-a9f1-babdbb63fcef"
              }
            ],
            "id": "240cb864-a797-40a7-907f-ec88733fa8d8",
            "mac_address": "fa:16:3e:04:ff:a3",
            "name": "port2_net2",
            "network_id": "1d85b234-e0de-4b9a-af47-7776d4b4bfe0",
            "no_fixed_ip": null,
            "no_security_groups": null,
            "port_security_enabled": true,
            "qos_policy_id": "",
            "region": "RegionOne",
            "security_group_ids": [
              "905ffbf1-3c79-41a1-9aa9-f437338d82d0"
            ],
            "tags": [],
            "tenant_id": "b4c08abf44354d38b9173c6381b8570d",
            "timeouts": null,
            "value_specs": null
          },
          "sensitive_attributes": [],
          "private": "eyJlMmJmYjczMC1lY2FhLTExZTYtOGY4OC0zNDM2M2JjN2M0YzAiOnsiY3JlYXRlIjo2MDAwMDAwMDAwMDAsImRlbGV0ZSI6NjAwMDAwMDAwMDAwfX0=",
          "dependencies": [
            "openstack_networking_network_v2.net2",
            "openstack_networking_secgroup_v2.my_security_group",
            "openstack_networking_subnet_v2.subnet2"
          ]
        },
        {
          "index_key": "3",
          "schema_version": 0,
          "attributes": {
            "admin_state_up": true,
            "all_fixed_ips": [
              "10.1.2.57"
            ],
            "all_security_group_ids": [
              "905ffbf1-3c79-41a1-9aa9-f437338d82d0"
            ],
            "all_tags": [],
            "allowed_address_pairs": [],
            "binding": [
              {
                "host_id": "compute3",
                "profile": "{}",
                "vif_details": {
                  "bound_drivers": "{\"0\":\"openvswitch\"}",
                  "bridge_name": "br-int",
                  "connectivity": "l2",
                  "datapath_type": "system",
                  "ovs_hybrid_plug": "true",
                  "port_filter": "true"
                },
                "vif_type": "ovs",
                "vnic_type": "normal"
              }
            ],
            "description": "",
            "device_id": "367fb1c7-4915-42de-a8d2-4c45fe7b3738",
            "device_owner": "compute:nova",
            "dns_assignment": [],
            "dns_name": "",
            "extra_dhcp_option": [],
            "fixed_ip": [
              {
                "ip_address": "",
                "subnet_id": "99d0ce0c-08ed-4898-a9f1-babdbb63fcef"
              }
            ],
            "id": "87b628ee-4530-4114-9ec4-bfd5eec917eb",
            "mac_address": "fa:16:3e:63:2b:fc",
            "name": "port3_net2",
            "network_id": "1d85b234-e0de-4b9a-af47-7776d4b4bfe0",
            "no_fixed_ip": null,
            "no_security_groups": null,
            "port_security_enabled": true,
            "qos_policy_id": "",
            "region": "RegionOne",
            "security_group_ids": [
              "905ffbf1-3c79-41a1-9aa9-f437338d82d0"
            ],
            "tags": [],
            "tenant_id": "b4c08abf44354d38b9173c6381b8570d",
            "timeouts": null,
            "value_specs": null
          },
          "sensitive_attributes": [],
          "private": "eyJlMmJmYjczMC1lY2FhLTExZTYtOGY4OC0zNDM2M2JjN2M0YzAiOnsiY3JlYXRlIjo2MDAwMDAwMDAwMDAsImRlbGV0ZSI6NjAwMDAwMDAwMDAwfX0=",
          "dependencies": [
            "openstack_networking_network_v2.net2",
            "openstack_networking_secgroup_v2.my_security_group",
            "openstack_networking_subnet_v2.subnet2"
          ]
        }
      ]
    },
    {
      "mode": "managed",
      "type": "openstack_networking_router_interface_v2",
      "name": "fw_router_inface",
      "provider": "provider[\"registry.terraform.io/terraform-provider-openstack/openstack\"]",
      "instances": [
        {
          "schema_version": 0,
          "attributes": {
            "force_destroy": false,
            "id": "f56cda37-0c81-4d90-b712-31b233e3c6c2",
            "port_id": "f56cda37-0c81-4d90-b712-31b233e3c6c2",
            "region": "RegionOne",
            "router_id": "6b3e48ea-f2f8-44df-8fdb-3f84e3235b12",
            "subnet_id": "fe3eb4ff-50c3-409f-b296-439d4bef3ad8",
            "timeouts": null
          },
          "sensitive_attributes": [],
          "private": "eyJlMmJmYjczMC1lY2FhLTExZTYtOGY4OC0zNDM2M2JjN2M0YzAiOnsiY3JlYXRlIjo2MDAwMDAwMDAwMDAsImRlbGV0ZSI6NjAwMDAwMDAwMDAwfX0=",
          "dependencies": [
            "data.openstack_networking_network_v2.extnet",
            "openstack_networking_network_v2.net1",
            "openstack_networking_router_v2.firewall_router",
            "openstack_networking_subnet_v2.subnet1"
          ]
        }
      ]
    },
    {
      "mode": "managed",
      "type": "openstack_networking_router_v2",
      "name": "firewall_router",
      "provider": "provider[\"registry.terraform.io/terraform-provider-openstack/openstack\"]",
      "instances": [
        {
          "schema_version": 0,
          "attributes": {
            "admin_state_up": true,
            "all_tags": [],
            "availability_zone_hints": [],
            "description": "",
            "distributed": false,
            "enable_snat": true,
            "external_fixed_ip": [
              {
                "ip_address": "10.0.10.186",
                "subnet_id": "c899dcfe-7340-4815-9afc-f7d75c789250"
              }
            ],
            "external_gateway": "2cc7a8a9-5976-4f17-8ee5-0e31fb1936ad",
            "external_network_id": "2cc7a8a9-5976-4f17-8ee5-0e31fb1936ad",
            "external_subnet_ids": null,
            "id": "6b3e48ea-f2f8-44df-8fdb-3f84e3235b12",
            "name": "firewall_router",
            "region": "RegionOne",
            "tags": [],
            "tenant_id": "b4c08abf44354d38b9173c6381b8570d",
            "timeouts": null,
            "value_specs": null,
            "vendor_options": []
          },
          "sensitive_attributes": [],
          "private": "eyJlMmJmYjczMC1lY2FhLTExZTYtOGY4OC0zNDM2M2JjN2M0YzAiOnsiY3JlYXRlIjo2MDAwMDAwMDAwMDAsImRlbGV0ZSI6NjAwMDAwMDAwMDAwfX0=",
          "dependencies": [
            "data.openstack_networking_network_v2.extnet"
          ]
        }
      ]
    },
    {
      "mode": "managed",
      "type": "openstack_networking_secgroup_rule_v2",
      "name": "security_group_rule_engress",
      "provider": "provider[\"registry.terraform.io/terraform-provider-openstack/openstack\"]",
      "instances": [
        {
          "schema_version": 0,
          "attributes": {
            "description": "",
            "direction": "egress",
            "ethertype": "IPv4",
            "id": "1f249b4c-c4c1-4340-b224-b5c03866155b",
            "port_range_max": 0,
            "port_range_min": 0,
            "protocol": "tcp",
            "region": "RegionOne",
            "remote_group_id": "",
            "remote_ip_prefix": "0.0.0.0/0",
            "security_group_id": "905ffbf1-3c79-41a1-9aa9-f437338d82d0",
            "tenant_id": "b4c08abf44354d38b9173c6381b8570d",
            "timeouts": null
          },
          "sensitive_attributes": [],
          "private": "eyJlMmJmYjczMC1lY2FhLTExZTYtOGY4OC0zNDM2M2JjN2M0YzAiOnsiZGVsZXRlIjo2MDAwMDAwMDAwMDB9fQ==",
          "dependencies": [
            "openstack_networking_secgroup_v2.my_security_group"
          ]
        }
      ]
    },
    {
      "mode": "managed",
      "type": "openstack_networking_secgroup_rule_v2",
      "name": "security_group_rule_ingress",
      "provider": "provider[\"registry.terraform.io/terraform-provider-openstack/openstack\"]",
      "instances": [
        {
          "schema_version": 0,
          "attributes": {
            "description": "",
            "direction": "ingress",
            "ethertype": "IPv4",
            "id": "a97d1f37-500e-4c59-aa6b-9383f20b890a",
            "port_range_max": 0,
            "port_range_min": 0,
            "protocol": "tcp",
            "region": "RegionOne",
            "remote_group_id": "",
            "remote_ip_prefix": "0.0.0.0/0",
            "security_group_id": "905ffbf1-3c79-41a1-9aa9-f437338d82d0",
            "tenant_id": "b4c08abf44354d38b9173c6381b8570d",
            "timeouts": null
          },
          "sensitive_attributes": [],
          "private": "eyJlMmJmYjczMC1lY2FhLTExZTYtOGY4OC0zNDM2M2JjN2M0YzAiOnsiZGVsZXRlIjo2MDAwMDAwMDAwMDB9fQ==",
          "dependencies": [
            "openstack_networking_secgroup_v2.my_security_group"
          ]
        }
      ]
    },
    {
      "mode": "managed",
      "type": "openstack_networking_secgroup_v2",
      "name": "my_security_group",
      "provider": "provider[\"registry.terraform.io/terraform-provider-openstack/openstack\"]",
      "instances": [
        {
          "schema_version": 0,
          "attributes": {
            "all_tags": [],
            "delete_default_rules": true,
            "description": "Grupo de Seguridad para permitir todo el trafico",
            "id": "905ffbf1-3c79-41a1-9aa9-f437338d82d0",
            "name": "open",
            "region": "RegionOne",
            "tags": [],
            "tenant_id": "b4c08abf44354d38b9173c6381b8570d",
            "timeouts": null
          },
          "sensitive_attributes": [],
          "private": "eyJlMmJmYjczMC1lY2FhLTExZTYtOGY4OC0zNDM2M2JjN2M0YzAiOnsiZGVsZXRlIjo2MDAwMDAwMDAwMDB9fQ=="
        }
      ]
    },
    {
      "mode": "managed",
      "type": "openstack_networking_subnet_v2",
      "name": "subnet1",
      "provider": "provider[\"registry.terraform.io/terraform-provider-openstack/openstack\"]",
      "instances": [
        {
          "schema_version": 0,
          "attributes": {
            "all_tags": [],
            "allocation_pool": [
              {
                "end": "10.1.1.100",
                "start": "10.1.1.2"
              }
            ],
            "allocation_pools": [
              {
                "end": "10.1.1.100",
                "start": "10.1.1.2"
              }
            ],
            "cidr": "10.1.1.0/24",
            "description": "",
            "dns_nameservers": [
              "8.8.8.8"
            ],
            "enable_dhcp": true,
            "gateway_ip": "10.1.1.1",
            "host_routes": [],
            "id": "fe3eb4ff-50c3-409f-b296-439d4bef3ad8",
            "ip_version": 4,
            "ipv6_address_mode": "",
            "ipv6_ra_mode": "",
            "name": "subnet1",
            "network_id": "fd1c72bc-154e-4281-881e-d81930ea7965",
            "no_gateway": false,
            "prefix_length": null,
            "region": "RegionOne",
            "service_types": [],
            "subnetpool_id": "",
            "tags": [],
            "tenant_id": "b4c08abf44354d38b9173c6381b8570d",
            "timeouts": null,
            "value_specs": null
          },
          "sensitive_attributes": [],
          "private": "eyJlMmJmYjczMC1lY2FhLTExZTYtOGY4OC0zNDM2M2JjN2M0YzAiOnsiY3JlYXRlIjo2MDAwMDAwMDAwMDAsImRlbGV0ZSI6NjAwMDAwMDAwMDAwfX0=",
          "dependencies": [
            "openstack_networking_network_v2.net1"
          ]
        }
      ]
    },
    {
      "mode": "managed",
      "type": "openstack_networking_subnet_v2",
      "name": "subnet2",
      "provider": "provider[\"registry.terraform.io/terraform-provider-openstack/openstack\"]",
      "instances": [
        {
          "schema_version": 0,
          "attributes": {
            "all_tags": [],
            "allocation_pool": [
              {
                "end": "10.1.2.100",
                "start": "10.1.2.2"
              }
            ],
            "allocation_pools": [
              {
                "end": "10.1.2.100",
                "start": "10.1.2.2"
              }
            ],
            "cidr": "10.1.2.0/24",
            "description": "",
            "dns_nameservers": [],
            "enable_dhcp": true,
            "gateway_ip": "10.1.2.1",
            "host_routes": [],
            "id": "99d0ce0c-08ed-4898-a9f1-babdbb63fcef",
            "ip_version": 4,
            "ipv6_address_mode": "",
            "ipv6_ra_mode": "",
            "name": "subnet2",
            "network_id": "1d85b234-e0de-4b9a-af47-7776d4b4bfe0",
            "no_gateway": false,
            "prefix_length": null,
            "region": "RegionOne",
            "service_types": [],
            "subnetpool_id": "",
            "tags": [],
            "tenant_id": "b4c08abf44354d38b9173c6381b8570d",
            "timeouts": null,
            "value_specs": null
          },
          "sensitive_attributes": [],
          "private": "eyJlMmJmYjczMC1lY2FhLTExZTYtOGY4OC0zNDM2M2JjN2M0YzAiOnsiY3JlYXRlIjo2MDAwMDAwMDAwMDAsImRlbGV0ZSI6NjAwMDAwMDAwMDAwfX0=",
          "dependencies": [
            "openstack_networking_network_v2.net2"
          ]
        }
      ]
    }
  ],
  "check_results": null
}
