{
  "version": 4,
  "terraform_version": "1.9.6",
  "serial": 1797,
  "lineage": "44ed16df-5237-2c31-a76f-4b02f1f3f925",
  "outputs": {},
  "resources": [
    {
      "mode": "data",
      "type": "openstack_compute_flavor_v2",
      "name": "m1-large",
      "provider": "provider[\"registry.terraform.io/terraform-provider-openstack/openstack\"]",
      "instances": [
        {
          "schema_version": 0,
          "attributes": {
            "description": "",
            "disk": 5,
            "extra_specs": {},
            "flavor_id": "82666062-0983-48c6-a912-78b3a9d1e3cd",
            "id": "82666062-0983-48c6-a912-78b3a9d1e3cd",
            "is_public": true,
            "min_disk": null,
            "min_ram": null,
            "name": "m1.large",
            "ram": 512,
            "region": null,
            "rx_tx_factor": 1,
            "swap": 0,
            "vcpus": 1
          },
          "sensitive_attributes": []
        }
      ]
    },
    {
      "mode": "data",
      "type": "openstack_compute_flavor_v2",
      "name": "m1-smaller",
      "provider": "provider[\"registry.terraform.io/terraform-provider-openstack/openstack\"]",
      "instances": [
        {
          "schema_version": 0,
          "attributes": {
            "description": "",
            "disk": 3,
            "extra_specs": {},
            "flavor_id": "dd6e7157-4cf7-4758-a677-a800b8715a00",
            "id": "dd6e7157-4cf7-4758-a677-a800b8715a00",
            "is_public": true,
            "min_disk": null,
            "min_ram": null,
            "name": "m1.smaller",
            "ram": 512,
            "region": null,
            "rx_tx_factor": 1,
            "swap": 0,
            "vcpus": 1
          },
          "sensitive_attributes": []
        }
      ]
    },
    {
      "mode": "data",
      "type": "openstack_compute_keypair_v2",
      "name": "administrador",
      "provider": "provider[\"registry.terraform.io/terraform-provider-openstack/openstack\"]",
      "instances": [
        {
          "schema_version": 0,
          "attributes": {
            "fingerprint": "70:fa:e3:9b:17:a4:de:e5:52:b9:71:17:d2:3d:4c:1a",
            "id": "administrador",
            "name": "administrador",
            "public_key": "ssh-rsa AAAAB3NzaC1yc2EAAAADAQABAAABAQDAjry1uD/DV6t6usjkrt5gL1ZunPuJEy/qEDwxuah+2orxsT5o1ORv2EE/EXWy2mFO9n1E3IWKa2lfKITxxVEzTWqig6RWnfVCf47+NSCIZRH1O8IuJc66RGmYhdhzOIZkapnVIspFiQ6svtBbwraC+wEAeCjavoqtR/cOo1fHXUxWI4Jw2BtZ1hxWOzWWlOnZiihfae9hlIlQLZ+3bes/xIESHiy4Twt9S0etSpIgEMQ38pvbfjVzVT2k9OLFHGvIvnUbrMPyjJuuDueep/pJS6GFjjK3jKEPH43h1fcoIcjG6jeVtnwgam1PatU5C60vdA+yX9zzeStdSr5utyrB Generated-by-Nova",
            "region": "RegionOne",
            "user_id": "4d9e4076d8a846c4828f1fe4a3126957"
          },
          "sensitive_attributes": []
        }
      ]
    },
    {
      "mode": "data",
      "type": "openstack_compute_keypair_v2",
      "name": "bbdd",
      "provider": "provider[\"registry.terraform.io/terraform-provider-openstack/openstack\"]",
      "instances": [
        {
          "schema_version": 0,
          "attributes": {
            "fingerprint": "9a:9d:9d:01:c1:83:c9:9c:3c:ca:d8:47:c1:90:c6:02",
            "id": "bbdd",
            "name": "bbdd",
            "public_key": "ssh-rsa AAAAB3NzaC1yc2EAAAADAQABAAABAQDIQMcn5u5dCyYivZVHF5juDIdABqSYOEPAwP/WSZu+vT2tg1yAcmGTP0zfD3GCEjrZh+5ydw6lxMlr6kywFJ6S/icGxShbrfnV3bEhxA0QRJxeoDkC32NCS3j9IbLGRBxS+uuvjApDW56s/WVJVJD2wyrUU58Uv+BI/UhTKOlh3ySKp3h4FFqPz3w+GzjbuAIHZ1jh71AIWrcF9rrRuY/+1sXAXpd8qzJamB6rG0tDp6IY22RzByIOWgEXeY7kbFkoY1ZrQIqzzFClOaRt7AX4KRVUhEzfULIZc5IVk1/huKmLjzoz0KzjGwMvbuzLa+PVmZzM/TuiwrYYWZxhKSO9 Generated-by-Nova",
            "region": "RegionOne",
            "user_id": "4d9e4076d8a846c4828f1fe4a3126957"
          },
          "sensitive_attributes": []
        }
      ]
    },
    {
      "mode": "data",
      "type": "openstack_compute_keypair_v2",
      "name": "s1",
      "provider": "provider[\"registry.terraform.io/terraform-provider-openstack/openstack\"]",
      "instances": [
        {
          "schema_version": 0,
          "attributes": {
            "fingerprint": "a4:08:3b:6a:b9:06:b9:91:d2:57:8c:27:2d:49:8b:86",
            "id": "s1",
            "name": "s1",
            "public_key": "ssh-rsa AAAAB3NzaC1yc2EAAAADAQABAAABAQCwK7FnGhCZK/ECRogqUIdCMrh/zAiXd7aexHWRn9ZeRVCd9mWFvOW6Ica/iAwj7RpgUzwS00TjWvzMxNkJ4GK3r9hQCM3iAH6C4Xbcb6jLDqu2aE0zn1RBtd7n9cBbGS6Ybj9Y2u+f6L+vZICfkcZucX0PMcKTK6ed8SEikfhQVomkyVAJQdb4aQlY4fxKwJn6fR2F9xgJESIwyB6BFv5h2XU+fn0V/T87ZTUey8qcoZ2NqPcSrCq009rFzF0+ApXcAz1UHN8zv+Ww6mWlie3LtggLk1CkLl4d846IejK0IoWv8wOZtclC8/Y7j7swvMu/2TpUCkg581i9Zdla3kHd Generated-by-Nova",
            "region": "RegionOne",
            "user_id": "4d9e4076d8a846c4828f1fe4a3126957"
          },
          "sensitive_attributes": []
        }
      ]
    },
    {
      "mode": "data",
      "type": "openstack_compute_keypair_v2",
      "name": "s2",
      "provider": "provider[\"registry.terraform.io/terraform-provider-openstack/openstack\"]",
      "instances": [
        {
          "schema_version": 0,
          "attributes": {
            "fingerprint": "0d:6a:90:c1:5b:e6:96:95:91:b3:d5:4f:57:8c:a7:2f",
            "id": "s2",
            "name": "s2",
            "public_key": "ssh-rsa AAAAB3NzaC1yc2EAAAADAQABAAABAQCg8iV+qED4CFgA7fZqTEU1SlP9NoJTvsbrSSgRE8npj2raqkVTdGjk1tjp7lRy7KnEL+sKhJscKVTVOsZNqQk4DQCz4pYpXWRuOqgcCxXsPPh57ZF7qNcXugYgTH589mkXIaR1ikl6E2uVg0KUx9dW3iy7nDY0iBeUluE9tX5iPGfAfpNq/RB49CaQ0br2boKC7bkdEQbtThJSMradt0w0aOFPx6e3xOmWUF7OGZ5bQDbiTiY1UmcNWleTvo14Meljp2lM6/RlqZnOiISjxvzzMLeXj4dxHaWzxZWywMjYlYZfhdHWU3n2NgBAv3IHLXfl1QcrNJwfUQNwc+HG6IUr Generated-by-Nova",
            "region": "RegionOne",
            "user_id": "4d9e4076d8a846c4828f1fe4a3126957"
          },
          "sensitive_attributes": []
        }
      ]
    },
    {
      "mode": "data",
      "type": "openstack_compute_keypair_v2",
      "name": "s3",
      "provider": "provider[\"registry.terraform.io/terraform-provider-openstack/openstack\"]",
      "instances": [
        {
          "schema_version": 0,
          "attributes": {
            "fingerprint": "d4:7e:6d:b6:40:9c:62:89:32:93:4e:8a:41:f7:a7:cb",
            "id": "s3",
            "name": "s3",
            "public_key": "ssh-rsa AAAAB3NzaC1yc2EAAAADAQABAAABAQDG3S6myastVX3MkuTV/+A+pdS5f4v3sajj637QnO6m0k8uI/ZSAdI/ui6+1evNw1nbO/FzM0WO8Ezz3NIuPDxV0MBGQzxSiuupyEGkuy6925KFCzLLOu5ZGJWYYNmrN7ies+CTbQgsLj4cM5Hi2PMyaboc8GZReNjtPvBubzKssRNhBT/hgiaw/5uc9Sql2t4QQVpUMpF7IglQx8QqyIgeXtHTBaIGkvxaSJ/x/FHj+uqcRh7AfthZA7/8fwZmuEnwkNo0zIJNkC3FUpNY7QMck2FrCafH/dpzPPnj6vM0H/fgLS8sKRZ4fWVc5Erc9lzJ9XUVD7MyKNR2txekarBL Generated-by-Nova",
            "region": "RegionOne",
            "user_id": "4d9e4076d8a846c4828f1fe4a3126957"
          },
          "sensitive_attributes": []
        }
      ]
    },
    {
      "mode": "data",
      "type": "openstack_compute_keypair_v2",
      "name": "server_keypair",
      "provider": "provider[\"registry.terraform.io/terraform-provider-openstack/openstack\"]",
      "instances": [
        {
          "index_key": "1",
          "schema_version": 0,
          "attributes": {
            "fingerprint": "a4:08:3b:6a:b9:06:b9:91:d2:57:8c:27:2d:49:8b:86",
            "id": "s1",
            "name": "s1",
            "public_key": "ssh-rsa AAAAB3NzaC1yc2EAAAADAQABAAABAQCwK7FnGhCZK/ECRogqUIdCMrh/zAiXd7aexHWRn9ZeRVCd9mWFvOW6Ica/iAwj7RpgUzwS00TjWvzMxNkJ4GK3r9hQCM3iAH6C4Xbcb6jLDqu2aE0zn1RBtd7n9cBbGS6Ybj9Y2u+f6L+vZICfkcZucX0PMcKTK6ed8SEikfhQVomkyVAJQdb4aQlY4fxKwJn6fR2F9xgJESIwyB6BFv5h2XU+fn0V/T87ZTUey8qcoZ2NqPcSrCq009rFzF0+ApXcAz1UHN8zv+Ww6mWlie3LtggLk1CkLl4d846IejK0IoWv8wOZtclC8/Y7j7swvMu/2TpUCkg581i9Zdla3kHd Generated-by-Nova",
            "region": "RegionOne",
            "user_id": "4d9e4076d8a846c4828f1fe4a3126957"
          },
          "sensitive_attributes": []
        },
        {
          "index_key": "2",
          "schema_version": 0,
          "attributes": {
            "fingerprint": "0d:6a:90:c1:5b:e6:96:95:91:b3:d5:4f:57:8c:a7:2f",
            "id": "s2",
            "name": "s2",
            "public_key": "ssh-rsa AAAAB3NzaC1yc2EAAAADAQABAAABAQCg8iV+qED4CFgA7fZqTEU1SlP9NoJTvsbrSSgRE8npj2raqkVTdGjk1tjp7lRy7KnEL+sKhJscKVTVOsZNqQk4DQCz4pYpXWRuOqgcCxXsPPh57ZF7qNcXugYgTH589mkXIaR1ikl6E2uVg0KUx9dW3iy7nDY0iBeUluE9tX5iPGfAfpNq/RB49CaQ0br2boKC7bkdEQbtThJSMradt0w0aOFPx6e3xOmWUF7OGZ5bQDbiTiY1UmcNWleTvo14Meljp2lM6/RlqZnOiISjxvzzMLeXj4dxHaWzxZWywMjYlYZfhdHWU3n2NgBAv3IHLXfl1QcrNJwfUQNwc+HG6IUr Generated-by-Nova",
            "region": "RegionOne",
            "user_id": "4d9e4076d8a846c4828f1fe4a3126957"
          },
          "sensitive_attributes": []
        },
        {
          "index_key": "3",
          "schema_version": 0,
          "attributes": {
            "fingerprint": "d4:7e:6d:b6:40:9c:62:89:32:93:4e:8a:41:f7:a7:cb",
            "id": "s3",
            "name": "s3",
            "public_key": "ssh-rsa AAAAB3NzaC1yc2EAAAADAQABAAABAQDG3S6myastVX3MkuTV/+A+pdS5f4v3sajj637QnO6m0k8uI/ZSAdI/ui6+1evNw1nbO/FzM0WO8Ezz3NIuPDxV0MBGQzxSiuupyEGkuy6925KFCzLLOu5ZGJWYYNmrN7ies+CTbQgsLj4cM5Hi2PMyaboc8GZReNjtPvBubzKssRNhBT/hgiaw/5uc9Sql2t4QQVpUMpF7IglQx8QqyIgeXtHTBaIGkvxaSJ/x/FHj+uqcRh7AfthZA7/8fwZmuEnwkNo0zIJNkC3FUpNY7QMck2FrCafH/dpzPPnj6vM0H/fgLS8sKRZ4fWVc5Erc9lzJ9XUVD7MyKNR2txekarBL Generated-by-Nova",
            "region": "RegionOne",
            "user_id": "4d9e4076d8a846c4828f1fe4a3126957"
          },
          "sensitive_attributes": []
        }
      ]
    },
    {
      "mode": "data",
      "type": "openstack_images_image_v2",
      "name": "focal-administrador-vnx",
      "provider": "provider[\"registry.terraform.io/terraform-provider-openstack/openstack\"]",
      "instances": [
        {
          "schema_version": 0,
          "attributes": {
            "checksum": "bd052f725c9a1eb738319360f0b2ef3e",
            "container_format": "bare",
            "created_at": "2024-09-22T11:07:02Z",
            "disk_format": "qcow2",
            "file": "/v2/images/257e53ef-756c-4617-927e-7ee10a07813e/file",
            "hidden": false,
            "id": "257e53ef-756c-4617-927e-7ee10a07813e",
            "member_status": null,
            "metadata": {},
            "min_disk_gb": 0,
            "min_ram_mb": 0,
            "most_recent": false,
            "name": "focal-administrador-vnx",
            "name_regex": null,
            "owner": "b5464a424d0a4aa69f81b694ac2ede5b",
            "properties": {
              "os_hash_algo": "sha512",
              "os_hash_value": "515e6181fb5ab0cd1e459efe684472f97c524e347857f750d0ca58d9b6d0f714ad22f0c7ec5ff59cbb3ff7911e91cd69d3defb381ea10afb19bce3cccfa6ce77",
              "owner_specified.openstack.md5": "",
              "owner_specified.openstack.object": "images/focal-administrador-vnx",
              "owner_specified.openstack.sha256": "",
              "stores": "file"
            },
            "protected": false,
            "region": "RegionOne",
            "schema": "/v2/schemas/image",
            "size_bytes": 2326069248,
            "size_max": null,
            "size_min": null,
            "sort_direction": "asc",
            "sort_key": "name",
            "tag": null,
            "tags": [],
            "updated_at": "2024-09-22T11:07:33Z",
            "visibility": "public"
          },
          "sensitive_attributes": []
        }
      ]
    },
    {
      "mode": "data",
      "type": "openstack_images_image_v2",
      "name": "focal-bbdd-vnx",
      "provider": "provider[\"registry.terraform.io/terraform-provider-openstack/openstack\"]",
      "instances": [
        {
          "schema_version": 0,
          "attributes": {
            "checksum": "897899d96bde62f98d74aeb3e363fbc4",
            "container_format": "bare",
            "created_at": "2024-09-22T11:06:04Z",
            "disk_format": "qcow2",
            "file": "/v2/images/8f02cc59-664d-462b-b154-a315be6402ef/file",
            "hidden": false,
            "id": "8f02cc59-664d-462b-b154-a315be6402ef",
            "member_status": null,
            "metadata": {},
            "min_disk_gb": 0,
            "min_ram_mb": 0,
            "most_recent": false,
            "name": "focal-bbdd-vnx",
            "name_regex": null,
            "owner": "b5464a424d0a4aa69f81b694ac2ede5b",
            "properties": {
              "os_hash_algo": "sha512",
              "os_hash_value": "4e9bcf120c85357b78c7905b45f913411f82203a8f84e6fc05d3e6cfd437243c0cb63b905cb361f1b8cb1693539bf379966c0ffdefa3a4ffbf603183177133d7",
              "owner_specified.openstack.md5": "",
              "owner_specified.openstack.object": "images/focal-bbdd-vnx",
              "owner_specified.openstack.sha256": "",
              "stores": "file"
            },
            "protected": false,
            "region": "RegionOne",
            "schema": "/v2/schemas/image",
            "size_bytes": 3055484928,
            "size_max": null,
            "size_min": null,
            "sort_direction": "asc",
            "sort_key": "name",
            "tag": null,
            "tags": [],
            "updated_at": "2024-09-22T11:07:01Z",
            "visibility": "public"
          },
          "sensitive_attributes": []
        }
      ]
    },
    {
      "mode": "data",
      "type": "openstack_images_image_v2",
      "name": "focal-servers-vnx",
      "provider": "provider[\"registry.terraform.io/terraform-provider-openstack/openstack\"]",
      "instances": [
        {
          "schema_version": 0,
          "attributes": {
            "checksum": "63323fa6df550d83cb2b0145cfcb343d",
            "container_format": "bare",
            "created_at": "2024-09-22T11:05:02Z",
            "disk_format": "qcow2",
            "file": "/v2/images/a23421a8-b557-42ca-a264-83a3a49cfd63/file",
            "hidden": false,
            "id": "a23421a8-b557-42ca-a264-83a3a49cfd63",
            "member_status": null,
            "metadata": {},
            "min_disk_gb": 0,
            "min_ram_mb": 0,
            "most_recent": false,
            "name": "focal-servers-vnx",
            "name_regex": null,
            "owner": "b5464a424d0a4aa69f81b694ac2ede5b",
            "properties": {
              "os_hash_algo": "sha512",
              "os_hash_value": "87f37b55e0c8f3fe7750f45f44297c7d6889b91b6e39e4cf69223f3ba2fe354e392f57b14317cecb038395837714a43bdd65c5e1ac32ec33bc1a1189740b62da",
              "owner_specified.openstack.md5": "",
              "owner_specified.openstack.object": "images/focal-servers-vnx",
              "owner_specified.openstack.sha256": "",
              "stores": "file"
            },
            "protected": false,
            "region": "RegionOne",
            "schema": "/v2/schemas/image",
            "size_bytes": 4874764288,
            "size_max": null,
            "size_min": null,
            "sort_direction": "asc",
            "sort_key": "name",
            "tag": null,
            "tags": [],
            "updated_at": "2024-09-22T11:06:03Z",
            "visibility": "public"
          },
          "sensitive_attributes": []
        }
      ]
    },
    {
      "mode": "data",
      "type": "openstack_networking_network_v2",
      "name": "extnet",
      "provider": "provider[\"registry.terraform.io/terraform-provider-openstack/openstack\"]",
      "instances": [
        {
          "schema_version": 0,
          "attributes": {
            "admin_state_up": "true",
            "all_tags": [],
            "availability_zone_hints": [],
            "description": "",
            "dns_domain": "",
            "external": true,
            "id": "254ef2f9-9ee1-49f8-995b-4ff131d95da2",
            "matching_subnet_cidr": null,
            "mtu": 1500,
            "name": "ExtNet",
            "network_id": null,
            "region": "RegionOne",
            "segments": [
              {
                "network_type": "flat",
                "physical_network": "physnet2",
                "segmentation_id": 0
              }
            ],
            "shared": "true",
            "status": null,
            "subnets": [
              "b51e53d8-636f-4f45-9be9-13d6d96ecfc7"
            ],
            "tags": null,
            "tenant_id": "b5464a424d0a4aa69f81b694ac2ede5b",
            "transparent_vlan": false
          },
          "sensitive_attributes": []
        }
      ]
    },
    {
      "mode": "managed",
      "type": "openstack_compute_instance_v2",
      "name": "administrador",
      "provider": "provider[\"registry.terraform.io/terraform-provider-openstack/openstack\"]",
      "instances": [
        {
          "schema_version": 0,
          "attributes": {
            "access_ip_v4": "10.1.1.23",
            "access_ip_v6": "",
            "admin_pass": null,
            "all_metadata": {},
            "all_tags": [],
            "availability_zone": "nova",
            "availability_zone_hints": null,
            "block_device": [],
            "config_drive": null,
            "created": "2024-09-22 11:09:31 +0000 UTC",
            "flavor_id": "dd6e7157-4cf7-4758-a677-a800b8715a00",
            "flavor_name": "m1.smaller",
            "floating_ip": null,
            "force_delete": false,
            "id": "a19550a4-6d3c-4c75-b7b4-4bc99c8353dc",
            "image_id": "257e53ef-756c-4617-927e-7ee10a07813e",
            "image_name": "focal-administrador-vnx",
            "key_pair": "administrador",
            "metadata": null,
            "name": "administrador",
            "network": [
              {
                "access_network": false,
                "fixed_ip_v4": "10.1.1.23",
                "fixed_ip_v6": "",
                "floating_ip": "",
                "mac": "fa:16:3e:7e:64:90",
                "name": "Net1",
                "port": "3642d031-5cf4-4c58-9e4c-90c3a2e5261d",
                "uuid": "6fefb634-aa4d-4889-b324-83525207566e"
              },
              {
                "access_network": false,
                "fixed_ip_v4": "10.1.2.88",
                "fixed_ip_v6": "",
                "floating_ip": "",
                "mac": "fa:16:3e:9d:6d:a4",
                "name": "Net2",
                "port": "af96f84a-4310-4eb5-8801-07ec419d1038",
                "uuid": "f65cf479-53af-4359-ae02-50f72d9cfcea"
              }
            ],
            "network_mode": null,
            "personality": [],
            "power_state": "active",
            "region": "RegionOne",
            "scheduler_hints": [],
            "security_groups": [
              "open"
            ],
            "stop_before_destroy": false,
            "tags": null,
            "timeouts": null,
            "updated": "2024-09-22 11:13:04 +0000 UTC",
            "user_data": "3c685b0f13c886aac0ada6bb543da0d51c3e6103",
            "vendor_options": [],
            "volume": []
          },
          "sensitive_attributes": [
            [
              {
                "type": "get_attr",
                "value": "admin_pass"
              }
            ]
          ],
          "private": "eyJlMmJmYjczMC1lY2FhLTExZTYtOGY4OC0zNDM2M2JjN2M0YzAiOnsiY3JlYXRlIjoxODAwMDAwMDAwMDAwLCJkZWxldGUiOjE4MDAwMDAwMDAwMDAsInVwZGF0ZSI6MTgwMDAwMDAwMDAwMH19",
          "dependencies": [
            "data.openstack_compute_flavor_v2.m1-smaller",
            "data.openstack_compute_keypair_v2.administrador",
            "data.openstack_images_image_v2.focal-administrador-vnx",
            "openstack_networking_network_v2.net1",
            "openstack_networking_network_v2.net2",
            "openstack_networking_port_v2.port_admin1",
            "openstack_networking_port_v2.port_admin2",
            "openstack_networking_secgroup_v2.my_security_group",
            "openstack_networking_subnet_v2.subnet1",
            "openstack_networking_subnet_v2.subnet2"
          ]
        }
      ]
    },
    {
      "mode": "managed",
      "type": "openstack_compute_instance_v2",
      "name": "bbdd",
      "provider": "provider[\"registry.terraform.io/terraform-provider-openstack/openstack\"]",
      "instances": [
        {
          "schema_version": 0,
          "attributes": {
            "access_ip_v4": "10.1.2.83",
            "access_ip_v6": "",
            "admin_pass": null,
            "all_metadata": {},
            "all_tags": [],
            "availability_zone": "nova",
            "availability_zone_hints": null,
            "block_device": [],
            "config_drive": null,
            "created": "2024-09-22 11:09:27 +0000 UTC",
            "flavor_id": "82666062-0983-48c6-a912-78b3a9d1e3cd",
            "flavor_name": "m1.large",
            "floating_ip": null,
            "force_delete": false,
            "id": "1af73c68-abfe-452e-941f-275de5106da5",
            "image_id": "8f02cc59-664d-462b-b154-a315be6402ef",
            "image_name": "focal-bbdd-vnx",
            "key_pair": "bbdd",
            "metadata": null,
            "name": "bbdd",
            "network": [
              {
                "access_network": false,
                "fixed_ip_v4": "10.1.2.83",
                "fixed_ip_v6": "",
                "floating_ip": "",
                "mac": "fa:16:3e:62:f6:95",
                "name": "Net2",
                "port": "927d0d76-6ab2-4f20-8f23-508d8165a1c2",
                "uuid": "f65cf479-53af-4359-ae02-50f72d9cfcea"
              }
            ],
            "network_mode": null,
            "personality": [],
            "power_state": "active",
            "region": "RegionOne",
            "scheduler_hints": [],
            "security_groups": [
              "open"
            ],
            "stop_before_destroy": false,
            "tags": null,
            "timeouts": null,
            "updated": "2024-09-22 11:12:05 +0000 UTC",
            "user_data": "ba75a5abea1792e19919ea8c745f500702d9c4e0",
            "vendor_options": [],
            "volume": []
          },
          "sensitive_attributes": [
            [
              {
                "type": "get_attr",
                "value": "admin_pass"
              }
            ]
          ],
          "private": "eyJlMmJmYjczMC1lY2FhLTExZTYtOGY4OC0zNDM2M2JjN2M0YzAiOnsiY3JlYXRlIjoxODAwMDAwMDAwMDAwLCJkZWxldGUiOjE4MDAwMDAwMDAwMDAsInVwZGF0ZSI6MTgwMDAwMDAwMDAwMH19",
          "dependencies": [
            "data.openstack_compute_flavor_v2.m1-large",
            "data.openstack_compute_keypair_v2.bbdd",
            "data.openstack_images_image_v2.focal-bbdd-vnx",
            "openstack_networking_network_v2.net2",
            "openstack_networking_port_v2.portBBDD_net2",
            "openstack_networking_secgroup_v2.my_security_group",
            "openstack_networking_subnet_v2.subnet2"
          ]
        }
      ]
    },
    {
      "mode": "managed",
      "type": "openstack_compute_instance_v2",
      "name": "server_instance",
      "provider": "provider[\"registry.terraform.io/terraform-provider-openstack/openstack\"]",
      "instances": [
        {
          "index_key": "1",
          "schema_version": 0,
          "attributes": {
            "access_ip_v4": "10.1.1.34",
            "access_ip_v6": "",
            "admin_pass": null,
            "all_metadata": {},
            "all_tags": [],
            "availability_zone": "nova",
            "availability_zone_hints": null,
            "block_device": [],
            "config_drive": null,
            "created": "2024-09-22 11:09:32 +0000 UTC",
            "flavor_id": "82666062-0983-48c6-a912-78b3a9d1e3cd",
            "flavor_name": "m1.large",
            "floating_ip": null,
            "force_delete": false,
            "id": "ea5db5e4-1d55-4a73-a4c6-9f42f8e676cb",
            "image_id": "a23421a8-b557-42ca-a264-83a3a49cfd63",
            "image_name": "focal-servers-vnx",
            "key_pair": "s1",
            "metadata": null,
            "name": "s1",
            "network": [
              {
                "access_network": false,
                "fixed_ip_v4": "10.1.1.34",
                "fixed_ip_v6": "",
                "floating_ip": "",
                "mac": "fa:16:3e:c3:41:21",
                "name": "Net1",
                "port": "3a6eba6b-3b29-44e3-b20b-4e7419f2645f",
                "uuid": "6fefb634-aa4d-4889-b324-83525207566e"
              },
              {
                "access_network": false,
                "fixed_ip_v4": "10.1.2.44",
                "fixed_ip_v6": "",
                "floating_ip": "",
                "mac": "fa:16:3e:0c:fc:87",
                "name": "Net2",
                "port": "cb4ed7d1-702c-41ea-9b21-6fa928fa5d2a",
                "uuid": "f65cf479-53af-4359-ae02-50f72d9cfcea"
              }
            ],
            "network_mode": null,
            "personality": [],
            "power_state": "active",
            "region": "RegionOne",
            "scheduler_hints": [],
            "security_groups": [
              "open"
            ],
            "stop_before_destroy": false,
            "tags": null,
            "timeouts": null,
            "updated": "2024-09-22 11:14:48 +0000 UTC",
            "user_data": "13c516fe59f98d0e29e15db7d14036a0eeeca865",
            "vendor_options": [],
            "volume": []
          },
          "sensitive_attributes": [
            [
              {
                "type": "get_attr",
                "value": "admin_pass"
              }
            ]
          ],
          "private": "eyJlMmJmYjczMC1lY2FhLTExZTYtOGY4OC0zNDM2M2JjN2M0YzAiOnsiY3JlYXRlIjoxODAwMDAwMDAwMDAwLCJkZWxldGUiOjE4MDAwMDAwMDAwMDAsInVwZGF0ZSI6MTgwMDAwMDAwMDAwMH19",
          "dependencies": [
            "data.openstack_compute_flavor_v2.m1-large",
            "data.openstack_compute_keypair_v2.server_keypair",
            "data.openstack_images_image_v2.focal-servers-vnx",
            "openstack_networking_network_v2.net1",
            "openstack_networking_network_v2.net2",
            "openstack_networking_port_v2.port_net1",
            "openstack_networking_port_v2.port_net2",
            "openstack_networking_secgroup_v2.my_security_group",
            "openstack_networking_subnet_v2.subnet1",
            "openstack_networking_subnet_v2.subnet2"
          ]
        },
        {
          "index_key": "2",
          "schema_version": 0,
          "attributes": {
            "access_ip_v4": "10.1.1.58",
            "access_ip_v6": "",
            "admin_pass": null,
            "all_metadata": {},
            "all_tags": [],
            "availability_zone": "nova",
            "availability_zone_hints": null,
            "block_device": [],
            "config_drive": null,
            "created": "2024-09-22 11:09:35 +0000 UTC",
            "flavor_id": "82666062-0983-48c6-a912-78b3a9d1e3cd",
            "flavor_name": "m1.large",
            "floating_ip": null,
            "force_delete": false,
            "id": "1579d8f1-5136-4851-af8b-e2b3f94b2776",
            "image_id": "a23421a8-b557-42ca-a264-83a3a49cfd63",
            "image_name": "focal-servers-vnx",
            "key_pair": "s2",
            "metadata": null,
            "name": "s2",
            "network": [
              {
                "access_network": false,
                "fixed_ip_v4": "10.1.1.58",
                "fixed_ip_v6": "",
                "floating_ip": "",
                "mac": "fa:16:3e:37:02:cf",
                "name": "Net1",
                "port": "12d50fd2-8e15-43f7-944d-ea1d8701692d",
                "uuid": "6fefb634-aa4d-4889-b324-83525207566e"
              },
              {
                "access_network": false,
                "fixed_ip_v4": "10.1.2.32",
                "fixed_ip_v6": "",
                "floating_ip": "",
                "mac": "fa:16:3e:b5:7a:d5",
                "name": "Net2",
                "port": "7679513f-466e-4e4f-9aa2-15a6476076e3",
                "uuid": "f65cf479-53af-4359-ae02-50f72d9cfcea"
              }
            ],
            "network_mode": null,
            "personality": [],
            "power_state": "active",
            "region": "RegionOne",
            "scheduler_hints": [],
            "security_groups": [
              "open"
            ],
            "stop_before_destroy": false,
            "tags": null,
            "timeouts": null,
            "updated": "2024-09-22 11:14:54 +0000 UTC",
            "user_data": "e3ed146da3382a694e7718d45262f7fd3dfa745b",
            "vendor_options": [],
            "volume": []
          },
          "sensitive_attributes": [
            [
              {
                "type": "get_attr",
                "value": "admin_pass"
              }
            ]
          ],
          "private": "eyJlMmJmYjczMC1lY2FhLTExZTYtOGY4OC0zNDM2M2JjN2M0YzAiOnsiY3JlYXRlIjoxODAwMDAwMDAwMDAwLCJkZWxldGUiOjE4MDAwMDAwMDAwMDAsInVwZGF0ZSI6MTgwMDAwMDAwMDAwMH19",
          "dependencies": [
            "data.openstack_compute_flavor_v2.m1-large",
            "data.openstack_compute_keypair_v2.server_keypair",
            "data.openstack_images_image_v2.focal-servers-vnx",
            "openstack_networking_network_v2.net1",
            "openstack_networking_network_v2.net2",
            "openstack_networking_port_v2.port_net1",
            "openstack_networking_port_v2.port_net2",
            "openstack_networking_secgroup_v2.my_security_group",
            "openstack_networking_subnet_v2.subnet1",
            "openstack_networking_subnet_v2.subnet2"
          ]
        },
        {
          "index_key": "3",
          "schema_version": 0,
          "attributes": {
            "access_ip_v4": "10.1.1.71",
            "access_ip_v6": "",
            "admin_pass": null,
            "all_metadata": {},
            "all_tags": [],
            "availability_zone": "nova",
            "availability_zone_hints": null,
            "block_device": [],
            "config_drive": null,
            "created": "2024-09-22 11:09:47 +0000 UTC",
            "flavor_id": "82666062-0983-48c6-a912-78b3a9d1e3cd",
            "flavor_name": "m1.large",
            "floating_ip": null,
            "force_delete": false,
            "id": "2060f2b3-85f3-4a22-910a-91c2eda455c5",
            "image_id": "a23421a8-b557-42ca-a264-83a3a49cfd63",
            "image_name": "focal-servers-vnx",
            "key_pair": "s3",
            "metadata": null,
            "name": "s3",
            "network": [
              {
                "access_network": false,
                "fixed_ip_v4": "10.1.1.71",
                "fixed_ip_v6": "",
                "floating_ip": "",
                "mac": "fa:16:3e:14:f3:f1",
                "name": "Net1",
                "port": "de304d0f-c6ba-4926-b9bb-48cf279e04e6",
                "uuid": "6fefb634-aa4d-4889-b324-83525207566e"
              },
              {
                "access_network": false,
                "fixed_ip_v4": "10.1.2.30",
                "fixed_ip_v6": "",
                "floating_ip": "",
                "mac": "fa:16:3e:4d:d1:a9",
                "name": "Net2",
                "port": "a48c2f3b-a158-4a2e-92f6-2777cb7ec1da",
                "uuid": "f65cf479-53af-4359-ae02-50f72d9cfcea"
              }
            ],
            "network_mode": null,
            "personality": [],
            "power_state": "active",
            "region": "RegionOne",
            "scheduler_hints": [],
            "security_groups": [
              "open"
            ],
            "stop_before_destroy": false,
            "tags": null,
            "timeouts": null,
            "updated": "2024-09-22 11:14:49 +0000 UTC",
            "user_data": "f6ef87bca4ea5c2b1cf5bc73c746e1608df9a852",
            "vendor_options": [],
            "volume": []
          },
          "sensitive_attributes": [
            [
              {
                "type": "get_attr",
                "value": "admin_pass"
              }
            ]
          ],
          "private": "eyJlMmJmYjczMC1lY2FhLTExZTYtOGY4OC0zNDM2M2JjN2M0YzAiOnsiY3JlYXRlIjoxODAwMDAwMDAwMDAwLCJkZWxldGUiOjE4MDAwMDAwMDAwMDAsInVwZGF0ZSI6MTgwMDAwMDAwMDAwMH19",
          "dependencies": [
            "data.openstack_compute_flavor_v2.m1-large",
            "data.openstack_compute_keypair_v2.server_keypair",
            "data.openstack_images_image_v2.focal-servers-vnx",
            "openstack_networking_network_v2.net1",
            "openstack_networking_network_v2.net2",
            "openstack_networking_port_v2.port_net1",
            "openstack_networking_port_v2.port_net2",
            "openstack_networking_secgroup_v2.my_security_group",
            "openstack_networking_subnet_v2.subnet1",
            "openstack_networking_subnet_v2.subnet2"
          ]
        }
      ]
    },
    {
      "mode": "managed",
      "type": "openstack_fw_group_v2",
      "name": "group_1",
      "provider": "provider[\"registry.terraform.io/terraform-provider-openstack/openstack\"]",
      "instances": [
        {
          "schema_version": 0,
          "attributes": {
            "admin_state_up": true,
            "description": "",
            "egress_firewall_policy_id": "139708cc-5f6a-4e1a-b42b-5ee3745b00f6",
            "id": "b57a2045-2087-407e-a51a-65459fa539f1",
            "ingress_firewall_policy_id": "cab39195-7075-4df8-9a64-5387e738cbb9",
            "name": "firewall_group",
            "ports": null,
            "project_id": "b5464a424d0a4aa69f81b694ac2ede5b",
            "region": "RegionOne",
            "shared": false,
            "status": "INACTIVE",
            "tenant_id": "b5464a424d0a4aa69f81b694ac2ede5b",
            "timeouts": null
          },
          "sensitive_attributes": [],
          "private": "eyJlMmJmYjczMC1lY2FhLTExZTYtOGY4OC0zNDM2M2JjN2M0YzAiOnsiY3JlYXRlIjo2MDAwMDAwMDAwMDAsImRlbGV0ZSI6NjAwMDAwMDAwMDAwLCJ1cGRhdGUiOjYwMDAwMDAwMDAwMH19",
          "dependencies": [
            "data.openstack_compute_flavor_v2.m1-smaller",
            "data.openstack_compute_keypair_v2.administrador",
            "data.openstack_images_image_v2.focal-administrador-vnx",
            "openstack_compute_instance_v2.administrador",
            "openstack_fw_policy_v2.policy_engress",
            "openstack_fw_policy_v2.policy_ingress",
            "openstack_fw_rule_v2.server_connection_rule",
            "openstack_fw_rule_v2.ssh_admin_rule",
            "openstack_fw_rule_v2.www_lb_rule",
            "openstack_lb_loadbalancer_v2.load_balancer",
            "openstack_networking_network_v2.net1",
            "openstack_networking_network_v2.net2",
            "openstack_networking_port_v2.port_admin1",
            "openstack_networking_port_v2.port_admin2",
            "openstack_networking_secgroup_v2.my_security_group",
            "openstack_networking_subnet_v2.subnet1",
            "openstack_networking_subnet_v2.subnet2"
          ]
        }
      ]
    },
    {
      "mode": "managed",
      "type": "openstack_fw_policy_v2",
      "name": "policy_engress",
      "provider": "provider[\"registry.terraform.io/terraform-provider-openstack/openstack\"]",
      "instances": [
        {
          "schema_version": 0,
          "attributes": {
            "audited": false,
            "description": "",
            "id": "139708cc-5f6a-4e1a-b42b-5ee3745b00f6",
            "name": "firewall_egress_policy",
            "project_id": "b5464a424d0a4aa69f81b694ac2ede5b",
            "region": "RegionOne",
            "rules": [
              "0ff55e43-3360-470f-a76f-b5f7bb8f6372"
            ],
            "shared": false,
            "tenant_id": "b5464a424d0a4aa69f81b694ac2ede5b",
            "timeouts": null
          },
          "sensitive_attributes": [],
          "private": "eyJlMmJmYjczMC1lY2FhLTExZTYtOGY4OC0zNDM2M2JjN2M0YzAiOnsiY3JlYXRlIjo2MDAwMDAwMDAwMDAsImRlbGV0ZSI6NjAwMDAwMDAwMDAwfX0=",
          "dependencies": [
            "openstack_fw_rule_v2.server_connection_rule",
            "openstack_networking_network_v2.net1",
            "openstack_networking_subnet_v2.subnet1"
          ]
        }
      ]
    },
    {
      "mode": "managed",
      "type": "openstack_fw_policy_v2",
      "name": "policy_ingress",
      "provider": "provider[\"registry.terraform.io/terraform-provider-openstack/openstack\"]",
      "instances": [
        {
          "schema_version": 0,
          "attributes": {
            "audited": false,
            "description": "",
            "id": "cab39195-7075-4df8-9a64-5387e738cbb9",
            "name": "firewall_ingress_policy",
            "project_id": "b5464a424d0a4aa69f81b694ac2ede5b",
            "region": "RegionOne",
            "rules": [
              "b2a06d63-b4f2-45e5-a4e2-0e3050a22ea7",
              "06503754-867c-4ffd-a737-e8ccd1314ed9"
            ],
            "shared": false,
            "tenant_id": "b5464a424d0a4aa69f81b694ac2ede5b",
            "timeouts": null
          },
          "sensitive_attributes": [],
          "private": "eyJlMmJmYjczMC1lY2FhLTExZTYtOGY4OC0zNDM2M2JjN2M0YzAiOnsiY3JlYXRlIjo2MDAwMDAwMDAwMDAsImRlbGV0ZSI6NjAwMDAwMDAwMDAwfX0=",
          "dependencies": [
            "data.openstack_compute_flavor_v2.m1-smaller",
            "data.openstack_compute_keypair_v2.administrador",
            "data.openstack_images_image_v2.focal-administrador-vnx",
            "openstack_compute_instance_v2.administrador",
            "openstack_fw_rule_v2.ssh_admin_rule",
            "openstack_fw_rule_v2.www_lb_rule",
            "openstack_lb_loadbalancer_v2.load_balancer",
            "openstack_networking_network_v2.net1",
            "openstack_networking_network_v2.net2",
            "openstack_networking_port_v2.port_admin1",
            "openstack_networking_port_v2.port_admin2",
            "openstack_networking_secgroup_v2.my_security_group",
            "openstack_networking_subnet_v2.subnet1",
            "openstack_networking_subnet_v2.subnet2"
          ]
        }
      ]
    },
    {
      "mode": "managed",
      "type": "openstack_fw_rule_v2",
      "name": "server_connection_rule",
      "provider": "provider[\"registry.terraform.io/terraform-provider-openstack/openstack\"]",
      "instances": [
        {
          "schema_version": 0,
          "attributes": {
            "action": "allow",
            "description": "",
            "destination_ip_address": "",
            "destination_port": "",
            "enabled": true,
            "id": "0ff55e43-3360-470f-a76f-b5f7bb8f6372",
            "ip_version": 4,
            "name": "server_connection",
            "project_id": "b5464a424d0a4aa69f81b694ac2ede5b",
            "protocol": "any",
            "region": "RegionOne",
            "shared": false,
            "source_ip_address": "10.1.1.0/24",
            "source_port": "",
            "tenant_id": "b5464a424d0a4aa69f81b694ac2ede5b"
          },
          "sensitive_attributes": [],
          "private": "bnVsbA==",
          "dependencies": [
            "openstack_networking_network_v2.net1",
            "openstack_networking_subnet_v2.subnet1"
          ]
        }
      ]
    },
    {
      "mode": "managed",
      "type": "openstack_fw_rule_v2",
      "name": "ssh_admin_rule",
      "provider": "provider[\"registry.terraform.io/terraform-provider-openstack/openstack\"]",
      "instances": [
        {
          "schema_version": 0,
          "attributes": {
            "action": "allow",
            "description": "",
            "destination_ip_address": "10.1.1.23",
            "destination_port": "2022",
            "enabled": true,
            "id": "b2a06d63-b4f2-45e5-a4e2-0e3050a22ea7",
            "ip_version": 4,
            "name": "ssh_admin",
            "project_id": "b5464a424d0a4aa69f81b694ac2ede5b",
            "protocol": "tcp",
            "region": "RegionOne",
            "shared": false,
            "source_ip_address": "",
            "source_port": "",
            "tenant_id": "b5464a424d0a4aa69f81b694ac2ede5b"
          },
          "sensitive_attributes": [],
          "private": "bnVsbA==",
          "dependencies": [
            "data.openstack_compute_flavor_v2.m1-smaller",
            "data.openstack_compute_keypair_v2.administrador",
            "data.openstack_images_image_v2.focal-administrador-vnx",
            "openstack_compute_instance_v2.administrador",
            "openstack_networking_network_v2.net1",
            "openstack_networking_network_v2.net2",
            "openstack_networking_port_v2.port_admin1",
            "openstack_networking_port_v2.port_admin2",
            "openstack_networking_secgroup_v2.my_security_group",
            "openstack_networking_subnet_v2.subnet1",
            "openstack_networking_subnet_v2.subnet2"
          ]
        }
      ]
    },
    {
      "mode": "managed",
      "type": "openstack_fw_rule_v2",
      "name": "www_lb_rule",
      "provider": "provider[\"registry.terraform.io/terraform-provider-openstack/openstack\"]",
      "instances": [
        {
          "schema_version": 0,
          "attributes": {
            "action": "allow",
            "description": "",
            "destination_ip_address": "10.1.1.46",
            "destination_port": "80",
            "enabled": true,
            "id": "06503754-867c-4ffd-a737-e8ccd1314ed9",
            "ip_version": 4,
            "name": "www_lb",
            "project_id": "b5464a424d0a4aa69f81b694ac2ede5b",
            "protocol": "tcp",
            "region": "RegionOne",
            "shared": false,
            "source_ip_address": "",
            "source_port": "",
            "tenant_id": "b5464a424d0a4aa69f81b694ac2ede5b"
          },
          "sensitive_attributes": [],
          "private": "bnVsbA==",
          "dependencies": [
            "openstack_lb_loadbalancer_v2.load_balancer",
            "openstack_networking_network_v2.net1",
            "openstack_networking_subnet_v2.subnet1"
          ]
        }
      ]
    },
    {
      "mode": "managed",
      "type": "openstack_lb_loadbalancer_v2",
      "name": "load_balancer",
      "provider": "provider[\"registry.terraform.io/terraform-provider-openstack/openstack\"]",
      "instances": [
        {
          "schema_version": 0,
          "attributes": {
            "admin_state_up": true,
            "availability_zone": "",
            "description": "",
            "flavor_id": "",
            "id": "b3b0cf92-4bbc-443f-8bc0-12c1fa1dd4e8",
            "loadbalancer_provider": "amphora",
            "name": "load_balancer",
            "region": "RegionOne",
            "security_group_ids": [
              "ed368cd8-f14f-4953-b8de-740a4c5aacf2"
            ],
            "tags": null,
            "tenant_id": "b5464a424d0a4aa69f81b694ac2ede5b",
            "timeouts": null,
            "vip_address": "10.1.1.46",
            "vip_network_id": "6fefb634-aa4d-4889-b324-83525207566e",
            "vip_port_id": "da771c10-9dec-46f7-bc52-8b5679a174d4",
            "vip_subnet_id": "ed374210-69a4-46df-b694-6da4e219eb68"
          },
          "sensitive_attributes": [],
          "private": "eyJlMmJmYjczMC1lY2FhLTExZTYtOGY4OC0zNDM2M2JjN2M0YzAiOnsiY3JlYXRlIjo2MDAwMDAwMDAwMDAsImRlbGV0ZSI6MzAwMDAwMDAwMDAwLCJ1cGRhdGUiOjYwMDAwMDAwMDAwMH19",
          "dependencies": [
            "openstack_networking_network_v2.net1",
            "openstack_networking_subnet_v2.subnet1"
          ]
        }
      ]
    },
    {
      "mode": "managed",
      "type": "openstack_networking_floatingip_v2",
      "name": "floating_ipAdmin",
      "provider": "provider[\"registry.terraform.io/terraform-provider-openstack/openstack\"]",
      "instances": [
        {
          "schema_version": 0,
          "attributes": {
            "address": "10.0.10.138",
            "all_tags": [],
            "description": "IP Flotante del servidor de Administración",
            "dns_domain": "",
            "dns_name": "",
            "fixed_ip": "10.1.1.23",
            "id": "ae665416-b6bb-4305-aedb-16a8830fb4d3",
            "pool": "ExtNet",
            "port_id": "3642d031-5cf4-4c58-9e4c-90c3a2e5261d",
            "region": "RegionOne",
            "subnet_id": null,
            "subnet_ids": null,
            "tags": null,
            "tenant_id": "b5464a424d0a4aa69f81b694ac2ede5b",
            "timeouts": null,
            "value_specs": null
          },
          "sensitive_attributes": [],
          "private": "eyJlMmJmYjczMC1lY2FhLTExZTYtOGY4OC0zNDM2M2JjN2M0YzAiOnsiY3JlYXRlIjo2MDAwMDAwMDAwMDAsImRlbGV0ZSI6NjAwMDAwMDAwMDAwfX0=",
          "dependencies": [
            "data.openstack_networking_network_v2.extnet",
            "openstack_networking_network_v2.net1",
            "openstack_networking_port_v2.port_admin1",
            "openstack_networking_secgroup_v2.my_security_group",
            "openstack_networking_subnet_v2.subnet1"
          ]
        }
      ]
    },
    {
      "mode": "managed",
      "type": "openstack_networking_floatingip_v2",
      "name": "floating_ipLB",
      "provider": "provider[\"registry.terraform.io/terraform-provider-openstack/openstack\"]",
      "instances": [
        {
          "schema_version": 0,
          "attributes": {
            "address": "10.0.10.128",
            "all_tags": [],
            "description": "IP Flotante del Balanceador de Carga",
            "dns_domain": "",
            "dns_name": "",
            "fixed_ip": "10.1.1.46",
            "id": "314e19ce-e4ea-4fc1-944f-1a0e98eebd0b",
            "pool": "ExtNet",
            "port_id": "da771c10-9dec-46f7-bc52-8b5679a174d4",
            "region": "RegionOne",
            "subnet_id": null,
            "subnet_ids": null,
            "tags": null,
            "tenant_id": "b5464a424d0a4aa69f81b694ac2ede5b",
            "timeouts": null,
            "value_specs": null
          },
          "sensitive_attributes": [],
          "private": "eyJlMmJmYjczMC1lY2FhLTExZTYtOGY4OC0zNDM2M2JjN2M0YzAiOnsiY3JlYXRlIjo2MDAwMDAwMDAwMDAsImRlbGV0ZSI6NjAwMDAwMDAwMDAwfX0=",
          "dependencies": [
            "data.openstack_networking_network_v2.extnet",
            "openstack_lb_loadbalancer_v2.load_balancer",
            "openstack_networking_network_v2.net1",
            "openstack_networking_subnet_v2.subnet1"
          ]
        }
      ]
    },
    {
      "mode": "managed",
      "type": "openstack_networking_network_v2",
      "name": "net1",
      "provider": "provider[\"registry.terraform.io/terraform-provider-openstack/openstack\"]",
      "instances": [
        {
          "schema_version": 0,
          "attributes": {
            "admin_state_up": true,
            "all_tags": [],
            "availability_zone_hints": [],
            "description": "",
            "dns_domain": "",
            "external": false,
            "id": "6fefb634-aa4d-4889-b324-83525207566e",
            "mtu": 1450,
            "name": "Net1",
            "port_security_enabled": true,
            "qos_policy_id": "",
            "region": "RegionOne",
            "segments": [
              {
                "network_type": "vxlan",
                "physical_network": "",
                "segmentation_id": 970
              }
            ],
            "shared": false,
            "tags": null,
            "tenant_id": "b5464a424d0a4aa69f81b694ac2ede5b",
            "timeouts": null,
            "transparent_vlan": false,
            "value_specs": null
          },
          "sensitive_attributes": [],
          "private": "eyJlMmJmYjczMC1lY2FhLTExZTYtOGY4OC0zNDM2M2JjN2M0YzAiOnsiY3JlYXRlIjo2MDAwMDAwMDAwMDAsImRlbGV0ZSI6NjAwMDAwMDAwMDAwfX0="
        }
      ]
    },
    {
      "mode": "managed",
      "type": "openstack_networking_network_v2",
      "name": "net2",
      "provider": "provider[\"registry.terraform.io/terraform-provider-openstack/openstack\"]",
      "instances": [
        {
          "schema_version": 0,
          "attributes": {
            "admin_state_up": true,
            "all_tags": [],
            "availability_zone_hints": [],
            "description": "",
            "dns_domain": "",
            "external": false,
            "id": "f65cf479-53af-4359-ae02-50f72d9cfcea",
            "mtu": 1450,
            "name": "Net2",
            "port_security_enabled": true,
            "qos_policy_id": "",
            "region": "RegionOne",
            "segments": [
              {
                "network_type": "vxlan",
                "physical_network": "",
                "segmentation_id": 543
              }
            ],
            "shared": false,
            "tags": null,
            "tenant_id": "b5464a424d0a4aa69f81b694ac2ede5b",
            "timeouts": null,
            "transparent_vlan": false,
            "value_specs": null
          },
          "sensitive_attributes": [],
          "private": "eyJlMmJmYjczMC1lY2FhLTExZTYtOGY4OC0zNDM2M2JjN2M0YzAiOnsiY3JlYXRlIjo2MDAwMDAwMDAwMDAsImRlbGV0ZSI6NjAwMDAwMDAwMDAwfX0="
        }
      ]
    },
    {
      "mode": "managed",
      "type": "openstack_networking_port_v2",
      "name": "portBBDD_net2",
      "provider": "provider[\"registry.terraform.io/terraform-provider-openstack/openstack\"]",
      "instances": [
        {
          "schema_version": 0,
          "attributes": {
            "admin_state_up": true,
            "all_fixed_ips": [
              "10.1.2.83"
            ],
            "all_security_group_ids": [
              "802cfde7-bafa-4931-824b-8892def7acda"
            ],
            "all_tags": [],
            "allowed_address_pairs": [],
            "binding": [
              {
                "host_id": "",
                "profile": "{}",
                "vif_details": {},
                "vif_type": "unbound",
                "vnic_type": "normal"
              }
            ],
            "description": "",
            "device_id": "",
            "device_owner": "",
            "dns_assignment": [],
            "dns_name": "",
            "extra_dhcp_option": [],
            "fixed_ip": [
              {
                "ip_address": "10.1.2.83",
                "subnet_id": "714f1ee1-bc13-44c0-8a79-8c071dc55ecb"
              }
            ],
            "id": "927d0d76-6ab2-4f20-8f23-508d8165a1c2",
            "mac_address": "fa:16:3e:62:f6:95",
            "name": "portBBDD_net2",
            "network_id": "f65cf479-53af-4359-ae02-50f72d9cfcea",
            "no_fixed_ip": null,
            "no_security_groups": null,
            "port_security_enabled": true,
            "qos_policy_id": "",
            "region": "RegionOne",
            "security_group_ids": [
              "802cfde7-bafa-4931-824b-8892def7acda"
            ],
            "tags": null,
            "tenant_id": "b5464a424d0a4aa69f81b694ac2ede5b",
            "timeouts": null,
            "value_specs": null
          },
          "sensitive_attributes": [],
          "private": "eyJlMmJmYjczMC1lY2FhLTExZTYtOGY4OC0zNDM2M2JjN2M0YzAiOnsiY3JlYXRlIjo2MDAwMDAwMDAwMDAsImRlbGV0ZSI6NjAwMDAwMDAwMDAwfX0=",
          "dependencies": [
            "openstack_networking_network_v2.net2",
            "openstack_networking_secgroup_v2.my_security_group",
            "openstack_networking_subnet_v2.subnet2"
          ]
        }
      ]
    },
    {
      "mode": "managed",
      "type": "openstack_networking_port_v2",
      "name": "port_admin1",
      "provider": "provider[\"registry.terraform.io/terraform-provider-openstack/openstack\"]",
      "instances": [
        {
          "schema_version": 0,
          "attributes": {
            "admin_state_up": true,
            "all_fixed_ips": [
              "10.1.1.23"
            ],
            "all_security_group_ids": [
              "802cfde7-bafa-4931-824b-8892def7acda"
            ],
            "all_tags": [],
            "allowed_address_pairs": [],
            "binding": [
              {
                "host_id": "",
                "profile": "{}",
                "vif_details": {},
                "vif_type": "unbound",
                "vnic_type": "normal"
              }
            ],
            "description": "",
            "device_id": "",
            "device_owner": "",
            "dns_assignment": [],
            "dns_name": "",
            "extra_dhcp_option": [],
            "fixed_ip": [
              {
                "ip_address": "",
                "subnet_id": "ed374210-69a4-46df-b694-6da4e219eb68"
              }
            ],
            "id": "3642d031-5cf4-4c58-9e4c-90c3a2e5261d",
            "mac_address": "fa:16:3e:7e:64:90",
            "name": "port_admin1",
            "network_id": "6fefb634-aa4d-4889-b324-83525207566e",
            "no_fixed_ip": null,
            "no_security_groups": null,
            "port_security_enabled": true,
            "qos_policy_id": "",
            "region": "RegionOne",
            "security_group_ids": [
              "802cfde7-bafa-4931-824b-8892def7acda"
            ],
            "tags": null,
            "tenant_id": "b5464a424d0a4aa69f81b694ac2ede5b",
            "timeouts": null,
            "value_specs": null
          },
          "sensitive_attributes": [],
          "private": "eyJlMmJmYjczMC1lY2FhLTExZTYtOGY4OC0zNDM2M2JjN2M0YzAiOnsiY3JlYXRlIjo2MDAwMDAwMDAwMDAsImRlbGV0ZSI6NjAwMDAwMDAwMDAwfX0=",
          "dependencies": [
            "openstack_networking_network_v2.net1",
            "openstack_networking_secgroup_v2.my_security_group",
            "openstack_networking_subnet_v2.subnet1"
          ]
        }
      ]
    },
    {
      "mode": "managed",
      "type": "openstack_networking_port_v2",
      "name": "port_admin2",
      "provider": "provider[\"registry.terraform.io/terraform-provider-openstack/openstack\"]",
      "instances": [
        {
          "schema_version": 0,
          "attributes": {
            "admin_state_up": true,
            "all_fixed_ips": [
              "10.1.2.88"
            ],
            "all_security_group_ids": [
              "802cfde7-bafa-4931-824b-8892def7acda"
            ],
            "all_tags": [],
            "allowed_address_pairs": [],
            "binding": [
              {
                "host_id": "",
                "profile": "{}",
                "vif_details": {},
                "vif_type": "unbound",
                "vnic_type": "normal"
              }
            ],
            "description": "",
            "device_id": "",
            "device_owner": "",
            "dns_assignment": [],
            "dns_name": "",
            "extra_dhcp_option": [],
            "fixed_ip": [
              {
                "ip_address": "",
                "subnet_id": "714f1ee1-bc13-44c0-8a79-8c071dc55ecb"
              }
            ],
            "id": "af96f84a-4310-4eb5-8801-07ec419d1038",
            "mac_address": "fa:16:3e:9d:6d:a4",
            "name": "port_admin2",
            "network_id": "f65cf479-53af-4359-ae02-50f72d9cfcea",
            "no_fixed_ip": null,
            "no_security_groups": null,
            "port_security_enabled": true,
            "qos_policy_id": "",
            "region": "RegionOne",
            "security_group_ids": [
              "802cfde7-bafa-4931-824b-8892def7acda"
            ],
            "tags": null,
            "tenant_id": "b5464a424d0a4aa69f81b694ac2ede5b",
            "timeouts": null,
            "value_specs": null
          },
          "sensitive_attributes": [],
          "private": "eyJlMmJmYjczMC1lY2FhLTExZTYtOGY4OC0zNDM2M2JjN2M0YzAiOnsiY3JlYXRlIjo2MDAwMDAwMDAwMDAsImRlbGV0ZSI6NjAwMDAwMDAwMDAwfX0=",
          "dependencies": [
            "openstack_networking_network_v2.net2",
            "openstack_networking_secgroup_v2.my_security_group",
            "openstack_networking_subnet_v2.subnet2"
          ]
        }
      ]
    },
    {
      "mode": "managed",
      "type": "openstack_networking_port_v2",
      "name": "port_net1",
      "provider": "provider[\"registry.terraform.io/terraform-provider-openstack/openstack\"]",
      "instances": [
        {
          "index_key": "1",
          "schema_version": 0,
          "attributes": {
            "admin_state_up": true,
            "all_fixed_ips": [
              "10.1.1.34"
            ],
            "all_security_group_ids": [
              "802cfde7-bafa-4931-824b-8892def7acda"
            ],
            "all_tags": [],
            "allowed_address_pairs": [],
            "binding": [
              {
                "host_id": "",
                "profile": "{}",
                "vif_details": {},
                "vif_type": "unbound",
                "vnic_type": "normal"
              }
            ],
            "description": "",
            "device_id": "",
            "device_owner": "",
            "dns_assignment": [],
            "dns_name": "",
            "extra_dhcp_option": [],
            "fixed_ip": [
              {
                "ip_address": "",
                "subnet_id": "ed374210-69a4-46df-b694-6da4e219eb68"
              }
            ],
            "id": "3a6eba6b-3b29-44e3-b20b-4e7419f2645f",
            "mac_address": "fa:16:3e:c3:41:21",
            "name": "port1_net1",
            "network_id": "6fefb634-aa4d-4889-b324-83525207566e",
            "no_fixed_ip": null,
            "no_security_groups": null,
            "port_security_enabled": true,
            "qos_policy_id": "",
            "region": "RegionOne",
            "security_group_ids": [
              "802cfde7-bafa-4931-824b-8892def7acda"
            ],
            "tags": null,
            "tenant_id": "b5464a424d0a4aa69f81b694ac2ede5b",
            "timeouts": null,
            "value_specs": null
          },
          "sensitive_attributes": [],
          "private": "eyJlMmJmYjczMC1lY2FhLTExZTYtOGY4OC0zNDM2M2JjN2M0YzAiOnsiY3JlYXRlIjo2MDAwMDAwMDAwMDAsImRlbGV0ZSI6NjAwMDAwMDAwMDAwfX0=",
          "dependencies": [
            "openstack_networking_network_v2.net1",
            "openstack_networking_secgroup_v2.my_security_group",
            "openstack_networking_subnet_v2.subnet1"
          ]
        },
        {
          "index_key": "2",
          "schema_version": 0,
          "attributes": {
            "admin_state_up": true,
            "all_fixed_ips": [
              "10.1.1.58"
            ],
            "all_security_group_ids": [
              "802cfde7-bafa-4931-824b-8892def7acda"
            ],
            "all_tags": [],
            "allowed_address_pairs": [],
            "binding": [
              {
                "host_id": "",
                "profile": "{}",
                "vif_details": {},
                "vif_type": "unbound",
                "vnic_type": "normal"
              }
            ],
            "description": "",
            "device_id": "",
            "device_owner": "",
            "dns_assignment": [],
            "dns_name": "",
            "extra_dhcp_option": [],
            "fixed_ip": [
              {
                "ip_address": "",
                "subnet_id": "ed374210-69a4-46df-b694-6da4e219eb68"
              }
            ],
            "id": "12d50fd2-8e15-43f7-944d-ea1d8701692d",
            "mac_address": "fa:16:3e:37:02:cf",
            "name": "port2_net1",
            "network_id": "6fefb634-aa4d-4889-b324-83525207566e",
            "no_fixed_ip": null,
            "no_security_groups": null,
            "port_security_enabled": true,
            "qos_policy_id": "",
            "region": "RegionOne",
            "security_group_ids": [
              "802cfde7-bafa-4931-824b-8892def7acda"
            ],
            "tags": null,
            "tenant_id": "b5464a424d0a4aa69f81b694ac2ede5b",
            "timeouts": null,
            "value_specs": null
          },
          "sensitive_attributes": [],
          "private": "eyJlMmJmYjczMC1lY2FhLTExZTYtOGY4OC0zNDM2M2JjN2M0YzAiOnsiY3JlYXRlIjo2MDAwMDAwMDAwMDAsImRlbGV0ZSI6NjAwMDAwMDAwMDAwfX0=",
          "dependencies": [
            "openstack_networking_network_v2.net1",
            "openstack_networking_secgroup_v2.my_security_group",
            "openstack_networking_subnet_v2.subnet1"
          ]
        },
        {
          "index_key": "3",
          "schema_version": 0,
          "attributes": {
            "admin_state_up": true,
            "all_fixed_ips": [
              "10.1.1.71"
            ],
            "all_security_group_ids": [
              "802cfde7-bafa-4931-824b-8892def7acda"
            ],
            "all_tags": [],
            "allowed_address_pairs": [],
            "binding": [
              {
                "host_id": "",
                "profile": "{}",
                "vif_details": {},
                "vif_type": "unbound",
                "vnic_type": "normal"
              }
            ],
            "description": "",
            "device_id": "",
            "device_owner": "",
            "dns_assignment": [],
            "dns_name": "",
            "extra_dhcp_option": [],
            "fixed_ip": [
              {
                "ip_address": "",
                "subnet_id": "ed374210-69a4-46df-b694-6da4e219eb68"
              }
            ],
            "id": "de304d0f-c6ba-4926-b9bb-48cf279e04e6",
            "mac_address": "fa:16:3e:14:f3:f1",
            "name": "port3_net1",
            "network_id": "6fefb634-aa4d-4889-b324-83525207566e",
            "no_fixed_ip": null,
            "no_security_groups": null,
            "port_security_enabled": true,
            "qos_policy_id": "",
            "region": "RegionOne",
            "security_group_ids": [
              "802cfde7-bafa-4931-824b-8892def7acda"
            ],
            "tags": null,
            "tenant_id": "b5464a424d0a4aa69f81b694ac2ede5b",
            "timeouts": null,
            "value_specs": null
          },
          "sensitive_attributes": [],
          "private": "eyJlMmJmYjczMC1lY2FhLTExZTYtOGY4OC0zNDM2M2JjN2M0YzAiOnsiY3JlYXRlIjo2MDAwMDAwMDAwMDAsImRlbGV0ZSI6NjAwMDAwMDAwMDAwfX0=",
          "dependencies": [
            "openstack_networking_network_v2.net1",
            "openstack_networking_secgroup_v2.my_security_group",
            "openstack_networking_subnet_v2.subnet1"
          ]
        }
      ]
    },
    {
      "mode": "managed",
      "type": "openstack_networking_port_v2",
      "name": "port_net2",
      "provider": "provider[\"registry.terraform.io/terraform-provider-openstack/openstack\"]",
      "instances": [
        {
          "index_key": "1",
          "schema_version": 0,
          "attributes": {
            "admin_state_up": true,
            "all_fixed_ips": [
              "10.1.2.44"
            ],
            "all_security_group_ids": [
              "802cfde7-bafa-4931-824b-8892def7acda"
            ],
            "all_tags": [],
            "allowed_address_pairs": [],
            "binding": [
              {
                "host_id": "",
                "profile": "{}",
                "vif_details": {},
                "vif_type": "unbound",
                "vnic_type": "normal"
              }
            ],
            "description": "",
            "device_id": "",
            "device_owner": "",
            "dns_assignment": [],
            "dns_name": "",
            "extra_dhcp_option": [],
            "fixed_ip": [
              {
                "ip_address": "",
                "subnet_id": "714f1ee1-bc13-44c0-8a79-8c071dc55ecb"
              }
            ],
            "id": "cb4ed7d1-702c-41ea-9b21-6fa928fa5d2a",
            "mac_address": "fa:16:3e:0c:fc:87",
            "name": "port1_net2",
            "network_id": "f65cf479-53af-4359-ae02-50f72d9cfcea",
            "no_fixed_ip": null,
            "no_security_groups": null,
            "port_security_enabled": true,
            "qos_policy_id": "",
            "region": "RegionOne",
            "security_group_ids": [
              "802cfde7-bafa-4931-824b-8892def7acda"
            ],
            "tags": null,
            "tenant_id": "b5464a424d0a4aa69f81b694ac2ede5b",
            "timeouts": null,
            "value_specs": null
          },
          "sensitive_attributes": [],
          "private": "eyJlMmJmYjczMC1lY2FhLTExZTYtOGY4OC0zNDM2M2JjN2M0YzAiOnsiY3JlYXRlIjo2MDAwMDAwMDAwMDAsImRlbGV0ZSI6NjAwMDAwMDAwMDAwfX0=",
          "dependencies": [
            "openstack_networking_network_v2.net2",
            "openstack_networking_secgroup_v2.my_security_group",
            "openstack_networking_subnet_v2.subnet2"
          ]
        },
        {
          "index_key": "2",
          "schema_version": 0,
          "attributes": {
            "admin_state_up": true,
            "all_fixed_ips": [
              "10.1.2.32"
            ],
            "all_security_group_ids": [
              "802cfde7-bafa-4931-824b-8892def7acda"
            ],
            "all_tags": [],
            "allowed_address_pairs": [],
            "binding": [
              {
                "host_id": "",
                "profile": "{}",
                "vif_details": {},
                "vif_type": "unbound",
                "vnic_type": "normal"
              }
            ],
            "description": "",
            "device_id": "",
            "device_owner": "",
            "dns_assignment": [],
            "dns_name": "",
            "extra_dhcp_option": [],
            "fixed_ip": [
              {
                "ip_address": "",
                "subnet_id": "714f1ee1-bc13-44c0-8a79-8c071dc55ecb"
              }
            ],
            "id": "7679513f-466e-4e4f-9aa2-15a6476076e3",
            "mac_address": "fa:16:3e:b5:7a:d5",
            "name": "port2_net2",
            "network_id": "f65cf479-53af-4359-ae02-50f72d9cfcea",
            "no_fixed_ip": null,
            "no_security_groups": null,
            "port_security_enabled": true,
            "qos_policy_id": "",
            "region": "RegionOne",
            "security_group_ids": [
              "802cfde7-bafa-4931-824b-8892def7acda"
            ],
            "tags": null,
            "tenant_id": "b5464a424d0a4aa69f81b694ac2ede5b",
            "timeouts": null,
            "value_specs": null
          },
          "sensitive_attributes": [],
          "private": "eyJlMmJmYjczMC1lY2FhLTExZTYtOGY4OC0zNDM2M2JjN2M0YzAiOnsiY3JlYXRlIjo2MDAwMDAwMDAwMDAsImRlbGV0ZSI6NjAwMDAwMDAwMDAwfX0=",
          "dependencies": [
            "openstack_networking_network_v2.net2",
            "openstack_networking_secgroup_v2.my_security_group",
            "openstack_networking_subnet_v2.subnet2"
          ]
        },
        {
          "index_key": "3",
          "schema_version": 0,
          "attributes": {
            "admin_state_up": true,
            "all_fixed_ips": [
              "10.1.2.30"
            ],
            "all_security_group_ids": [
              "802cfde7-bafa-4931-824b-8892def7acda"
            ],
            "all_tags": [],
            "allowed_address_pairs": [],
            "binding": [
              {
                "host_id": "",
                "profile": "{}",
                "vif_details": {},
                "vif_type": "unbound",
                "vnic_type": "normal"
              }
            ],
            "description": "",
            "device_id": "",
            "device_owner": "",
            "dns_assignment": [],
            "dns_name": "",
            "extra_dhcp_option": [],
            "fixed_ip": [
              {
                "ip_address": "",
                "subnet_id": "714f1ee1-bc13-44c0-8a79-8c071dc55ecb"
              }
            ],
            "id": "a48c2f3b-a158-4a2e-92f6-2777cb7ec1da",
            "mac_address": "fa:16:3e:4d:d1:a9",
            "name": "port3_net2",
            "network_id": "f65cf479-53af-4359-ae02-50f72d9cfcea",
            "no_fixed_ip": null,
            "no_security_groups": null,
            "port_security_enabled": true,
            "qos_policy_id": "",
            "region": "RegionOne",
            "security_group_ids": [
              "802cfde7-bafa-4931-824b-8892def7acda"
            ],
            "tags": null,
            "tenant_id": "b5464a424d0a4aa69f81b694ac2ede5b",
            "timeouts": null,
            "value_specs": null
          },
          "sensitive_attributes": [],
          "private": "eyJlMmJmYjczMC1lY2FhLTExZTYtOGY4OC0zNDM2M2JjN2M0YzAiOnsiY3JlYXRlIjo2MDAwMDAwMDAwMDAsImRlbGV0ZSI6NjAwMDAwMDAwMDAwfX0=",
          "dependencies": [
            "openstack_networking_network_v2.net2",
            "openstack_networking_secgroup_v2.my_security_group",
            "openstack_networking_subnet_v2.subnet2"
          ]
        }
      ]
    },
    {
      "mode": "managed",
      "type": "openstack_networking_router_interface_v2",
      "name": "fw_router_inface",
      "provider": "provider[\"registry.terraform.io/terraform-provider-openstack/openstack\"]",
      "instances": [
        {
          "schema_version": 0,
          "attributes": {
            "force_destroy": false,
            "id": "3eeab664-6f96-405e-85b1-66aee0e82fcb",
            "port_id": "3eeab664-6f96-405e-85b1-66aee0e82fcb",
            "region": "RegionOne",
            "router_id": "fe802bb0-8064-4a3c-b36f-a2dd7418540a",
            "subnet_id": "ed374210-69a4-46df-b694-6da4e219eb68",
            "timeouts": null
          },
          "sensitive_attributes": [],
          "private": "eyJlMmJmYjczMC1lY2FhLTExZTYtOGY4OC0zNDM2M2JjN2M0YzAiOnsiY3JlYXRlIjo2MDAwMDAwMDAwMDAsImRlbGV0ZSI6NjAwMDAwMDAwMDAwfX0=",
          "dependencies": [
            "data.openstack_networking_network_v2.extnet",
            "openstack_networking_network_v2.net1",
            "openstack_networking_router_v2.firewall_router",
            "openstack_networking_subnet_v2.subnet1"
          ]
        }
      ]
    },
    {
      "mode": "managed",
      "type": "openstack_networking_router_v2",
      "name": "firewall_router",
      "provider": "provider[\"registry.terraform.io/terraform-provider-openstack/openstack\"]",
      "instances": [
        {
          "schema_version": 0,
          "attributes": {
            "admin_state_up": true,
            "all_tags": [],
            "availability_zone_hints": [],
            "description": "",
            "distributed": false,
            "enable_snat": true,
            "external_fixed_ip": [
              {
                "ip_address": "10.0.10.169",
                "subnet_id": "b51e53d8-636f-4f45-9be9-13d6d96ecfc7"
              }
            ],
            "external_gateway": "254ef2f9-9ee1-49f8-995b-4ff131d95da2",
            "external_network_id": "254ef2f9-9ee1-49f8-995b-4ff131d95da2",
            "external_subnet_ids": null,
            "id": "fe802bb0-8064-4a3c-b36f-a2dd7418540a",
            "name": "firewall_router",
            "region": "RegionOne",
            "tags": null,
            "tenant_id": "b5464a424d0a4aa69f81b694ac2ede5b",
            "timeouts": null,
            "value_specs": null,
            "vendor_options": []
          },
          "sensitive_attributes": [],
          "private": "eyJlMmJmYjczMC1lY2FhLTExZTYtOGY4OC0zNDM2M2JjN2M0YzAiOnsiY3JlYXRlIjo2MDAwMDAwMDAwMDAsImRlbGV0ZSI6NjAwMDAwMDAwMDAwfX0=",
          "dependencies": [
            "data.openstack_networking_network_v2.extnet"
          ]
        }
      ]
    },
    {
      "mode": "managed",
      "type": "openstack_networking_secgroup_rule_v2",
      "name": "security_group_rule_engress",
      "provider": "provider[\"registry.terraform.io/terraform-provider-openstack/openstack\"]",
      "instances": [
        {
          "schema_version": 0,
          "attributes": {
            "description": "",
            "direction": "egress",
            "ethertype": "IPv4",
            "id": "85ddffec-56b8-491c-9196-1246b07adebf",
            "port_range_max": 0,
            "port_range_min": 0,
            "protocol": "tcp",
            "region": "RegionOne",
            "remote_group_id": "",
            "remote_ip_prefix": "0.0.0.0/0",
            "security_group_id": "802cfde7-bafa-4931-824b-8892def7acda",
            "tenant_id": "b5464a424d0a4aa69f81b694ac2ede5b",
            "timeouts": null
          },
          "sensitive_attributes": [],
          "private": "eyJlMmJmYjczMC1lY2FhLTExZTYtOGY4OC0zNDM2M2JjN2M0YzAiOnsiZGVsZXRlIjo2MDAwMDAwMDAwMDB9fQ==",
          "dependencies": [
            "openstack_networking_secgroup_v2.my_security_group"
          ]
        }
      ]
    },
    {
      "mode": "managed",
      "type": "openstack_networking_secgroup_rule_v2",
      "name": "security_group_rule_ingress",
      "provider": "provider[\"registry.terraform.io/terraform-provider-openstack/openstack\"]",
      "instances": [
        {
          "schema_version": 0,
          "attributes": {
            "description": "",
            "direction": "ingress",
            "ethertype": "IPv4",
            "id": "e38ac3de-525e-486f-bec7-0eb2cea2a41e",
            "port_range_max": 0,
            "port_range_min": 0,
            "protocol": "tcp",
            "region": "RegionOne",
            "remote_group_id": "",
            "remote_ip_prefix": "0.0.0.0/0",
            "security_group_id": "802cfde7-bafa-4931-824b-8892def7acda",
            "tenant_id": "b5464a424d0a4aa69f81b694ac2ede5b",
            "timeouts": null
          },
          "sensitive_attributes": [],
          "private": "eyJlMmJmYjczMC1lY2FhLTExZTYtOGY4OC0zNDM2M2JjN2M0YzAiOnsiZGVsZXRlIjo2MDAwMDAwMDAwMDB9fQ==",
          "dependencies": [
            "openstack_networking_secgroup_v2.my_security_group"
          ]
        }
      ]
    },
    {
      "mode": "managed",
      "type": "openstack_networking_secgroup_v2",
      "name": "my_security_group",
      "provider": "provider[\"registry.terraform.io/terraform-provider-openstack/openstack\"]",
      "instances": [
        {
          "schema_version": 0,
          "attributes": {
            "all_tags": [],
            "delete_default_rules": true,
            "description": "Grupo de Seguridad para permitir todo el trafico",
            "id": "802cfde7-bafa-4931-824b-8892def7acda",
            "name": "open",
            "region": "RegionOne",
            "tags": null,
            "tenant_id": "b5464a424d0a4aa69f81b694ac2ede5b",
            "timeouts": null
          },
          "sensitive_attributes": [],
          "private": "eyJlMmJmYjczMC1lY2FhLTExZTYtOGY4OC0zNDM2M2JjN2M0YzAiOnsiZGVsZXRlIjo2MDAwMDAwMDAwMDB9fQ=="
        }
      ]
    },
    {
      "mode": "managed",
      "type": "openstack_networking_subnet_v2",
      "name": "subnet1",
      "provider": "provider[\"registry.terraform.io/terraform-provider-openstack/openstack\"]",
      "instances": [
        {
          "schema_version": 0,
          "attributes": {
            "all_tags": [],
            "allocation_pool": [
              {
                "end": "10.1.1.100",
                "start": "10.1.1.2"
              }
            ],
            "allocation_pools": [
              {
                "end": "10.1.1.100",
                "start": "10.1.1.2"
              }
            ],
            "cidr": "10.1.1.0/24",
            "description": "",
            "dns_nameservers": [
              "8.8.8.8"
            ],
            "enable_dhcp": true,
            "gateway_ip": "10.1.1.1",
            "host_routes": [],
            "id": "ed374210-69a4-46df-b694-6da4e219eb68",
            "ip_version": 4,
            "ipv6_address_mode": "",
            "ipv6_ra_mode": "",
            "name": "subnet1",
            "network_id": "6fefb634-aa4d-4889-b324-83525207566e",
            "no_gateway": false,
            "prefix_length": null,
            "region": "RegionOne",
            "service_types": [],
            "subnetpool_id": "",
            "tags": null,
            "tenant_id": "b5464a424d0a4aa69f81b694ac2ede5b",
            "timeouts": null,
            "value_specs": null
          },
          "sensitive_attributes": [],
          "private": "eyJlMmJmYjczMC1lY2FhLTExZTYtOGY4OC0zNDM2M2JjN2M0YzAiOnsiY3JlYXRlIjo2MDAwMDAwMDAwMDAsImRlbGV0ZSI6NjAwMDAwMDAwMDAwfX0=",
          "dependencies": [
            "openstack_networking_network_v2.net1"
          ]
        }
      ]
    },
    {
      "mode": "managed",
      "type": "openstack_networking_subnet_v2",
      "name": "subnet2",
      "provider": "provider[\"registry.terraform.io/terraform-provider-openstack/openstack\"]",
      "instances": [
        {
          "schema_version": 0,
          "attributes": {
            "all_tags": [],
            "allocation_pool": [
              {
                "end": "10.1.2.100",
                "start": "10.1.2.2"
              }
            ],
            "allocation_pools": [
              {
                "end": "10.1.2.100",
                "start": "10.1.2.2"
              }
            ],
            "cidr": "10.1.2.0/24",
            "description": "",
            "dns_nameservers": null,
            "enable_dhcp": true,
            "gateway_ip": "10.1.2.1",
            "host_routes": [],
            "id": "714f1ee1-bc13-44c0-8a79-8c071dc55ecb",
            "ip_version": 4,
            "ipv6_address_mode": "",
            "ipv6_ra_mode": "",
            "name": "subnet2",
            "network_id": "f65cf479-53af-4359-ae02-50f72d9cfcea",
            "no_gateway": false,
            "prefix_length": null,
            "region": "RegionOne",
            "service_types": [],
            "subnetpool_id": "",
            "tags": null,
            "tenant_id": "b5464a424d0a4aa69f81b694ac2ede5b",
            "timeouts": null,
            "value_specs": null
          },
          "sensitive_attributes": [],
          "private": "eyJlMmJmYjczMC1lY2FhLTExZTYtOGY4OC0zNDM2M2JjN2M0YzAiOnsiY3JlYXRlIjo2MDAwMDAwMDAwMDAsImRlbGV0ZSI6NjAwMDAwMDAwMDAwfX0=",
          "dependencies": [
            "openstack_networking_network_v2.net2"
          ]
        }
      ]
    }
  ],
  "check_results": null
}
