{
  "version": 4,
  "terraform_version": "1.9.2",
  "serial": 82,
  "lineage": "08507893-315f-16e9-00a2-9b971415238a",
  "outputs": {},
  "resources": [
    {
      "mode": "data",
      "type": "openstack_compute_flavor_v2",
      "name": "m1-large",
      "provider": "provider[\"registry.terraform.io/terraform-provider-openstack/openstack\"]",
      "instances": [
        {
          "schema_version": 0,
          "attributes": {
            "description": "",
            "disk": 5,
            "extra_specs": {},
            "flavor_id": "66c907ff-a82e-485e-81dc-0b223df63ba2",
            "id": "66c907ff-a82e-485e-81dc-0b223df63ba2",
            "is_public": true,
            "min_disk": null,
            "min_ram": null,
            "name": "m1.large",
            "ram": 512,
            "region": null,
            "rx_tx_factor": 1,
            "swap": 0,
            "vcpus": 1
          },
          "sensitive_attributes": []
        }
      ]
    },
    {
      "mode": "data",
      "type": "openstack_compute_keypair_v2",
      "name": "server_keypair",
      "provider": "provider[\"registry.terraform.io/terraform-provider-openstack/openstack\"]",
      "instances": [
        {
          "schema_version": 0,
          "attributes": {
            "fingerprint": "62:6b:e7:b6:1d:95:7e:ca:27:23:3e:3b:90:04:da:8e",
            "id": "s4",
            "name": "s4",
            "public_key": "ssh-rsa AAAAB3NzaC1yc2EAAAADAQABAAABAQCu3KWDEgvo9b+0YrZumLbL65WL6xPplEVvNewku5vKHDRBF1BwpQGYcQcOmiTd+tWR0QlTmqqlPZSrZf4v5ArFHEEfO6P9px+40u6kZBtc1NqBke9sACC9thnyHjVH5xGzMdEa25poR7xiXaUE06wfuRNnTFPenUrhhKl6OUl3+OkSboVNY3E8j/itkhHvBTJ9JnAjyB9z+BpY0tOqH/E+UGndVNeNLVGpbz3JTo6K6LF9kYdzlm/iBWOeK8xE0UusXtOXWqc1i+xrNUmXgtZIHVfoAGhevPjXqM7W7zu4u1FZgmuRe+FLUymXd2u3PowF6X8Go9hm8QvF8VU8oyFB Generated-by-Nova",
            "region": "RegionOne",
            "user_id": "57bca332a77c4cec93b5f0929b96078c"
          },
          "sensitive_attributes": []
        }
      ]
    },
    {
      "mode": "data",
      "type": "openstack_images_image_v2",
      "name": "focal-servers-vnx",
      "provider": "provider[\"registry.terraform.io/terraform-provider-openstack/openstack\"]",
      "instances": [
        {
          "schema_version": 0,
          "attributes": {
            "checksum": "532e141ccea638b3e9650a92447a458c",
            "container_format": "bare",
            "created_at": "2024-07-16T10:51:06Z",
            "disk_format": "qcow2",
            "file": "/v2/images/950f3f2b-6106-464e-9ae0-5f9ae907e5ae/file",
            "hidden": false,
            "id": "950f3f2b-6106-464e-9ae0-5f9ae907e5ae",
            "member_status": null,
            "metadata": {},
            "min_disk_gb": 0,
            "min_ram_mb": 0,
            "most_recent": false,
            "name": "focal-servers-vnx",
            "name_regex": null,
            "owner": "2e597194973b4c6bad39e73c06c4fc57",
            "properties": {
              "os_hash_algo": "sha512",
              "os_hash_value": "22b159bfd0d4030d424c1885e23fe2c8b51b22b57ed63b05fe42a0b2b1649edb78997fc23f3df249c8c737d59686bd236f1489049b8f362f3afd548de1fd3415",
              "owner_specified.openstack.md5": "",
              "owner_specified.openstack.object": "images/focal-servers-vnx",
              "owner_specified.openstack.sha256": "",
              "stores": "file"
            },
            "protected": false,
            "region": "RegionOne",
            "schema": "/v2/schemas/image",
            "size_bytes": 4874764288,
            "size_max": null,
            "size_min": null,
            "sort_direction": "asc",
            "sort_key": "name",
            "tag": null,
            "tags": [],
            "updated_at": "2024-07-16T10:51:59Z",
            "visibility": "public"
          },
          "sensitive_attributes": []
        }
      ]
    },
    {
      "mode": "data",
      "type": "openstack_networking_network_v2",
      "name": "net1",
      "provider": "provider[\"registry.terraform.io/terraform-provider-openstack/openstack\"]",
      "instances": [
        {
          "schema_version": 0,
          "attributes": {
            "admin_state_up": "true",
            "all_tags": [],
            "availability_zone_hints": [],
            "description": "",
            "dns_domain": "",
            "external": false,
            "id": "cd0dd341-8624-458c-ade9-73eb73230f68",
            "matching_subnet_cidr": null,
            "mtu": 1450,
            "name": "Net1",
            "network_id": null,
            "region": "RegionOne",
            "segments": [
              {
                "network_type": "vxlan",
                "physical_network": "",
                "segmentation_id": 134
              }
            ],
            "shared": "false",
            "status": null,
            "subnets": [
              "69b3a79e-1161-4609-be0a-f3f6fb1891e9"
            ],
            "tags": null,
            "tenant_id": "2e597194973b4c6bad39e73c06c4fc57",
            "transparent_vlan": false
          },
          "sensitive_attributes": []
        }
      ]
    },
    {
      "mode": "data",
      "type": "openstack_networking_network_v2",
      "name": "net2",
      "provider": "provider[\"registry.terraform.io/terraform-provider-openstack/openstack\"]",
      "instances": [
        {
          "schema_version": 0,
          "attributes": {
            "admin_state_up": "true",
            "all_tags": [],
            "availability_zone_hints": [],
            "description": "",
            "dns_domain": "",
            "external": false,
            "id": "b4cede5c-3024-46ba-8b27-5c3fd0afc700",
            "matching_subnet_cidr": null,
            "mtu": 1450,
            "name": "Net2",
            "network_id": null,
            "region": "RegionOne",
            "segments": [
              {
                "network_type": "vxlan",
                "physical_network": "",
                "segmentation_id": 90
              }
            ],
            "shared": "false",
            "status": null,
            "subnets": [
              "2f8d0d1c-bf6a-47fb-8a1c-06ed336df3e3"
            ],
            "tags": null,
            "tenant_id": "2e597194973b4c6bad39e73c06c4fc57",
            "transparent_vlan": false
          },
          "sensitive_attributes": []
        }
      ]
    },
    {
      "mode": "data",
      "type": "openstack_networking_secgroup_v2",
      "name": "my_security_group",
      "provider": "provider[\"registry.terraform.io/terraform-provider-openstack/openstack\"]",
      "instances": [
        {
          "schema_version": 0,
          "attributes": {
            "all_tags": [],
            "description": "Grupo de Seguridad para permitir todo el trafico",
            "id": "aa88708d-7e8b-4c3a-8533-f9f42f993063",
            "name": "open",
            "region": "RegionOne",
            "secgroup_id": null,
            "tags": null,
            "tenant_id": "2e597194973b4c6bad39e73c06c4fc57"
          },
          "sensitive_attributes": []
        }
      ]
    },
    {
      "mode": "data",
      "type": "openstack_networking_subnet_v2",
      "name": "subnet1",
      "provider": "provider[\"registry.terraform.io/terraform-provider-openstack/openstack\"]",
      "instances": [
        {
          "schema_version": 0,
          "attributes": {
            "all_tags": [],
            "allocation_pools": [
              {
                "end": "10.1.1.100",
                "start": "10.1.1.2"
              }
            ],
            "cidr": "10.1.1.0/24",
            "description": "",
            "dhcp_disabled": null,
            "dhcp_enabled": null,
            "dns_nameservers": [
              "8.8.8.8"
            ],
            "enable_dhcp": true,
            "gateway_ip": "10.1.1.1",
            "host_routes": [],
            "id": "69b3a79e-1161-4609-be0a-f3f6fb1891e9",
            "ip_version": 4,
            "ipv6_address_mode": "",
            "ipv6_ra_mode": "",
            "name": "subnet1",
            "network_id": "cd0dd341-8624-458c-ade9-73eb73230f68",
            "region": "RegionOne",
            "service_types": [],
            "subnet_id": null,
            "subnetpool_id": "",
            "tags": null,
            "tenant_id": "2e597194973b4c6bad39e73c06c4fc57"
          },
          "sensitive_attributes": []
        }
      ]
    },
    {
      "mode": "data",
      "type": "openstack_networking_subnet_v2",
      "name": "subnet2",
      "provider": "provider[\"registry.terraform.io/terraform-provider-openstack/openstack\"]",
      "instances": [
        {
          "schema_version": 0,
          "attributes": {
            "all_tags": [],
            "allocation_pools": [
              {
                "end": "10.1.2.100",
                "start": "10.1.2.2"
              }
            ],
            "cidr": "10.1.2.0/24",
            "description": "",
            "dhcp_disabled": null,
            "dhcp_enabled": null,
            "dns_nameservers": [],
            "enable_dhcp": true,
            "gateway_ip": "10.1.2.1",
            "host_routes": [],
            "id": "2f8d0d1c-bf6a-47fb-8a1c-06ed336df3e3",
            "ip_version": 4,
            "ipv6_address_mode": "",
            "ipv6_ra_mode": "",
            "name": "subnet2",
            "network_id": "b4cede5c-3024-46ba-8b27-5c3fd0afc700",
            "region": "RegionOne",
            "service_types": [],
            "subnet_id": null,
            "subnetpool_id": "",
            "tags": null,
            "tenant_id": "2e597194973b4c6bad39e73c06c4fc57"
          },
          "sensitive_attributes": []
        }
      ]
    },
    {
      "mode": "data",
      "type": "terraform_remote_state",
      "name": "main",
      "provider": "provider[\"terraform.io/builtin/terraform\"]",
      "instances": [
        {
          "schema_version": 0,
          "attributes": {
            "backend": "local",
            "config": {
              "value": {
                "path": "../terraform.tfstate"
              },
              "type": [
                "object",
                {
                  "path": "string"
                }
              ]
            },
            "defaults": null,
            "outputs": {
              "value": {
                "lb_pool_id": "1fc8b8c3-d74d-4067-b8ee-8590d9b85d5f"
              },
              "type": [
                "object",
                {
                  "lb_pool_id": "string"
                }
              ]
            },
            "workspace": null
          },
          "sensitive_attributes": []
        }
      ]
    },
    {
      "mode": "managed",
      "type": "openstack_compute_instance_v2",
      "name": "server_instance",
      "provider": "provider[\"registry.terraform.io/terraform-provider-openstack/openstack\"]",
      "instances": [
        {
          "schema_version": 0,
          "attributes": {
            "access_ip_v4": "10.1.1.79",
            "access_ip_v6": "",
            "admin_pass": null,
            "all_metadata": {},
            "all_tags": [],
            "availability_zone": "nova",
            "availability_zone_hints": null,
            "block_device": [],
            "config_drive": null,
            "created": "2024-07-16 13:09:03 +0000 UTC",
            "flavor_id": "66c907ff-a82e-485e-81dc-0b223df63ba2",
            "flavor_name": "m1.large",
            "floating_ip": null,
            "force_delete": false,
            "id": "284f4d74-8e87-4cc9-9faf-f89f5d1339f2",
            "image_id": "950f3f2b-6106-464e-9ae0-5f9ae907e5ae",
            "image_name": "focal-servers-vnx",
            "key_pair": "s4",
            "metadata": null,
            "name": "s4",
            "network": [
              {
                "access_network": false,
                "fixed_ip_v4": "10.1.1.79",
                "fixed_ip_v6": "",
                "floating_ip": "",
                "mac": "fa:16:3e:81:66:35",
                "name": "Net1",
                "port": "dc901fb3-08d6-4597-834d-f0baaf5b4489",
                "uuid": "cd0dd341-8624-458c-ade9-73eb73230f68"
              },
              {
                "access_network": false,
                "fixed_ip_v4": "10.1.2.6",
                "fixed_ip_v6": "",
                "floating_ip": "",
                "mac": "fa:16:3e:f9:9a:87",
                "name": "Net2",
                "port": "36ac9057-8f6d-4ed1-af85-3f63606218bf",
                "uuid": "b4cede5c-3024-46ba-8b27-5c3fd0afc700"
              }
            ],
            "network_mode": null,
            "personality": [],
            "power_state": "active",
            "region": "RegionOne",
            "scheduler_hints": [],
            "security_groups": [
              "open"
            ],
            "stop_before_destroy": false,
            "tags": null,
            "timeouts": null,
            "updated": "2024-07-16 13:09:08 +0000 UTC",
            "user_data": "f830e6d7c5896c3bcf6c62fc1070eaaf0035d7d7",
            "vendor_options": [],
            "volume": []
          },
          "sensitive_attributes": [
            [
              {
                "type": "get_attr",
                "value": "admin_pass"
              }
            ]
          ],
          "private": "eyJlMmJmYjczMC1lY2FhLTExZTYtOGY4OC0zNDM2M2JjN2M0YzAiOnsiY3JlYXRlIjoxODAwMDAwMDAwMDAwLCJkZWxldGUiOjE4MDAwMDAwMDAwMDAsInVwZGF0ZSI6MTgwMDAwMDAwMDAwMH19",
          "dependencies": [
            "data.openstack_compute_flavor_v2.m1-large",
            "data.openstack_compute_keypair_v2.server_keypair",
            "data.openstack_images_image_v2.focal-servers-vnx",
            "data.openstack_networking_network_v2.net1",
            "data.openstack_networking_network_v2.net2",
            "data.openstack_networking_secgroup_v2.my_security_group",
            "data.openstack_networking_subnet_v2.subnet1",
            "data.openstack_networking_subnet_v2.subnet2",
            "openstack_networking_port_v2.port_net1",
            "openstack_networking_port_v2.port_net2"
          ]
        }
      ]
    },
    {
      "mode": "managed",
      "type": "openstack_lb_member_v2",
      "name": "lb_member",
      "provider": "provider[\"registry.terraform.io/terraform-provider-openstack/openstack\"]",
      "instances": [
        {
          "schema_version": 0,
          "attributes": {
            "address": "10.1.1.79",
            "admin_state_up": true,
            "backup": false,
            "id": "71f20849-f332-440c-9078-9bbc8eaf8b3a",
            "monitor_address": "",
            "monitor_port": 0,
            "name": "",
            "pool_id": "1fc8b8c3-d74d-4067-b8ee-8590d9b85d5f",
            "protocol_port": 80,
            "region": "RegionOne",
            "subnet_id": "",
            "tenant_id": "2e597194973b4c6bad39e73c06c4fc57",
            "timeouts": null,
            "weight": 1
          },
          "sensitive_attributes": [],
          "private": "eyJlMmJmYjczMC1lY2FhLTExZTYtOGY4OC0zNDM2M2JjN2M0YzAiOnsiY3JlYXRlIjo2MDAwMDAwMDAwMDAsImRlbGV0ZSI6NjAwMDAwMDAwMDAwLCJ1cGRhdGUiOjYwMDAwMDAwMDAwMH19",
          "dependencies": [
            "data.openstack_compute_flavor_v2.m1-large",
            "data.openstack_compute_keypair_v2.server_keypair",
            "data.openstack_images_image_v2.focal-servers-vnx",
            "data.openstack_networking_network_v2.net1",
            "data.openstack_networking_network_v2.net2",
            "data.openstack_networking_secgroup_v2.my_security_group",
            "data.openstack_networking_subnet_v2.subnet1",
            "data.openstack_networking_subnet_v2.subnet2",
            "data.terraform_remote_state.main",
            "openstack_compute_instance_v2.server_instance",
            "openstack_networking_port_v2.port_net1",
            "openstack_networking_port_v2.port_net2"
          ]
        }
      ]
    },
    {
      "mode": "managed",
      "type": "openstack_networking_port_v2",
      "name": "port_net1",
      "provider": "provider[\"registry.terraform.io/terraform-provider-openstack/openstack\"]",
      "instances": [
        {
          "schema_version": 0,
          "attributes": {
            "admin_state_up": true,
            "all_fixed_ips": [
              "10.1.1.79"
            ],
            "all_security_group_ids": [
              "aa88708d-7e8b-4c3a-8533-f9f42f993063"
            ],
            "all_tags": [],
            "allowed_address_pairs": [],
            "binding": [
              {
                "host_id": "",
                "profile": "{}",
                "vif_details": {},
                "vif_type": "unbound",
                "vnic_type": "normal"
              }
            ],
            "description": "",
            "device_id": "",
            "device_owner": "",
            "dns_assignment": [],
            "dns_name": "",
            "extra_dhcp_option": [],
            "fixed_ip": [
              {
                "ip_address": "",
                "subnet_id": "69b3a79e-1161-4609-be0a-f3f6fb1891e9"
              }
            ],
            "id": "dc901fb3-08d6-4597-834d-f0baaf5b4489",
            "mac_address": "fa:16:3e:81:66:35",
            "name": "port4_net1",
            "network_id": "cd0dd341-8624-458c-ade9-73eb73230f68",
            "no_fixed_ip": null,
            "no_security_groups": null,
            "port_security_enabled": true,
            "qos_policy_id": "",
            "region": "RegionOne",
            "security_group_ids": [
              "aa88708d-7e8b-4c3a-8533-f9f42f993063"
            ],
            "tags": null,
            "tenant_id": "2e597194973b4c6bad39e73c06c4fc57",
            "timeouts": null,
            "value_specs": null
          },
          "sensitive_attributes": [],
          "private": "eyJlMmJmYjczMC1lY2FhLTExZTYtOGY4OC0zNDM2M2JjN2M0YzAiOnsiY3JlYXRlIjo2MDAwMDAwMDAwMDAsImRlbGV0ZSI6NjAwMDAwMDAwMDAwfX0=",
          "dependencies": [
            "data.openstack_networking_network_v2.net1",
            "data.openstack_networking_secgroup_v2.my_security_group",
            "data.openstack_networking_subnet_v2.subnet1"
          ]
        }
      ]
    },
    {
      "mode": "managed",
      "type": "openstack_networking_port_v2",
      "name": "port_net2",
      "provider": "provider[\"registry.terraform.io/terraform-provider-openstack/openstack\"]",
      "instances": [
        {
          "schema_version": 0,
          "attributes": {
            "admin_state_up": true,
            "all_fixed_ips": [
              "10.1.2.6"
            ],
            "all_security_group_ids": [
              "aa88708d-7e8b-4c3a-8533-f9f42f993063"
            ],
            "all_tags": [],
            "allowed_address_pairs": [],
            "binding": [
              {
                "host_id": "",
                "profile": "{}",
                "vif_details": {},
                "vif_type": "unbound",
                "vnic_type": "normal"
              }
            ],
            "description": "",
            "device_id": "",
            "device_owner": "",
            "dns_assignment": [],
            "dns_name": "",
            "extra_dhcp_option": [],
            "fixed_ip": [
              {
                "ip_address": "",
                "subnet_id": "2f8d0d1c-bf6a-47fb-8a1c-06ed336df3e3"
              }
            ],
            "id": "36ac9057-8f6d-4ed1-af85-3f63606218bf",
            "mac_address": "fa:16:3e:f9:9a:87",
            "name": "port4_net2",
            "network_id": "b4cede5c-3024-46ba-8b27-5c3fd0afc700",
            "no_fixed_ip": null,
            "no_security_groups": null,
            "port_security_enabled": true,
            "qos_policy_id": "",
            "region": "RegionOne",
            "security_group_ids": [
              "aa88708d-7e8b-4c3a-8533-f9f42f993063"
            ],
            "tags": null,
            "tenant_id": "2e597194973b4c6bad39e73c06c4fc57",
            "timeouts": null,
            "value_specs": null
          },
          "sensitive_attributes": [],
          "private": "eyJlMmJmYjczMC1lY2FhLTExZTYtOGY4OC0zNDM2M2JjN2M0YzAiOnsiY3JlYXRlIjo2MDAwMDAwMDAwMDAsImRlbGV0ZSI6NjAwMDAwMDAwMDAwfX0=",
          "dependencies": [
            "data.openstack_networking_network_v2.net2",
            "data.openstack_networking_secgroup_v2.my_security_group",
            "data.openstack_networking_subnet_v2.subnet2"
          ]
        }
      ]
    }
  ],
  "check_results": null
}
