{
  "version": 4,
  "terraform_version": "1.9.2",
  "serial": 96,
  "lineage": "08507893-315f-16e9-00a2-9b971415238a",
  "outputs": {},
  "resources": [
    {
      "mode": "data",
      "type": "openstack_compute_flavor_v2",
      "name": "m1-large",
      "provider": "provider[\"registry.terraform.io/terraform-provider-openstack/openstack\"]",
      "instances": [
        {
          "schema_version": 0,
          "attributes": {
            "description": "",
            "disk": 5,
            "extra_specs": {},
            "flavor_id": "ec714d14-587b-4ecd-b764-16ad1c17ada7",
            "id": "ec714d14-587b-4ecd-b764-16ad1c17ada7",
            "is_public": true,
            "min_disk": null,
            "min_ram": null,
            "name": "m1.large",
            "ram": 512,
            "region": null,
            "rx_tx_factor": 1,
            "swap": 0,
            "vcpus": 1
          },
          "sensitive_attributes": []
        }
      ]
    },
    {
      "mode": "data",
      "type": "openstack_compute_keypair_v2",
      "name": "server_keypair",
      "provider": "provider[\"registry.terraform.io/terraform-provider-openstack/openstack\"]",
      "instances": [
        {
          "schema_version": 0,
          "attributes": {
            "fingerprint": "7a:91:73:e7:0b:9b:40:e8:9c:be:e8:7f:61:d9:e4:3d",
            "id": "s5",
            "name": "s5",
            "public_key": "ssh-rsa AAAAB3NzaC1yc2EAAAADAQABAAABAQDCLg4VE/5yu9EMd93yyLIhd6Yvdgpb8oAlZs3K7YfWjalv+14lFVw8660o7UqALY/R53wB3KHOSKllwNjpfDs85anFqgekrUA1mL63mRjIDJi34KMx3+erMm0vlepINqCsJ9pfEgjoyVlnQ11xryY8vPLTieJLOwqLQpt9/vm4ew3jcBnoB+6b5+L6xFspOZsoUiUuiDDEvi4iqjjT0qu/nEHrPsyTgYderS3DJ2x++J+htmSHPujPQWxL5hOqC2BFt3WcHBLzG6Opt/uQHGq+a8RCU4Y8zmhzwJYqSO36DO2KbSglmTotv3++C0cNgkRIMAWjhz6f4jjmyg8w0ZVX Generated-by-Nova",
            "region": "RegionOne",
            "user_id": "32d57a57480c4516abb280d0b14c6c29"
          },
          "sensitive_attributes": []
        }
      ]
    },
    {
      "mode": "data",
      "type": "openstack_images_image_v2",
      "name": "focal-servers-vnx",
      "provider": "provider[\"registry.terraform.io/terraform-provider-openstack/openstack\"]",
      "instances": [
        {
          "schema_version": 0,
          "attributes": {
            "checksum": "532e141ccea638b3e9650a92447a458c",
            "container_format": "bare",
            "created_at": "2024-07-18T10:13:18Z",
            "disk_format": "qcow2",
            "file": "/v2/images/bc1f2e31-d47d-412d-b316-8d1b3714b590/file",
            "hidden": false,
            "id": "bc1f2e31-d47d-412d-b316-8d1b3714b590",
            "member_status": null,
            "metadata": {},
            "min_disk_gb": 0,
            "min_ram_mb": 0,
            "most_recent": false,
            "name": "focal-servers-vnx",
            "name_regex": null,
            "owner": "ac7ba7044493401ea8a5272447d9b4a4",
            "properties": {
              "os_hash_algo": "sha512",
              "os_hash_value": "22b159bfd0d4030d424c1885e23fe2c8b51b22b57ed63b05fe42a0b2b1649edb78997fc23f3df249c8c737d59686bd236f1489049b8f362f3afd548de1fd3415",
              "owner_specified.openstack.md5": "",
              "owner_specified.openstack.object": "images/focal-servers-vnx",
              "owner_specified.openstack.sha256": "",
              "stores": "file"
            },
            "protected": false,
            "region": "RegionOne",
            "schema": "/v2/schemas/image",
            "size_bytes": 4874764288,
            "size_max": null,
            "size_min": null,
            "sort_direction": "asc",
            "sort_key": "name",
            "tag": null,
            "tags": [],
            "updated_at": "2024-07-18T10:14:06Z",
            "visibility": "public"
          },
          "sensitive_attributes": []
        }
      ]
    },
    {
      "mode": "data",
      "type": "openstack_networking_network_v2",
      "name": "net1",
      "provider": "provider[\"registry.terraform.io/terraform-provider-openstack/openstack\"]",
      "instances": [
        {
          "schema_version": 0,
          "attributes": {
            "admin_state_up": "true",
            "all_tags": [],
            "availability_zone_hints": [],
            "description": "",
            "dns_domain": "",
            "external": false,
            "id": "445e5b9e-da16-4cd9-ab19-218ce83c4dc0",
            "matching_subnet_cidr": null,
            "mtu": 1450,
            "name": "Net1",
            "network_id": null,
            "region": "RegionOne",
            "segments": [
              {
                "network_type": "vxlan",
                "physical_network": "",
                "segmentation_id": 597
              }
            ],
            "shared": "false",
            "status": null,
            "subnets": [
              "2573c5a7-80db-47dd-8c01-8036813cf0a1"
            ],
            "tags": null,
            "tenant_id": "ac7ba7044493401ea8a5272447d9b4a4",
            "transparent_vlan": false
          },
          "sensitive_attributes": []
        }
      ]
    },
    {
      "mode": "data",
      "type": "openstack_networking_network_v2",
      "name": "net2",
      "provider": "provider[\"registry.terraform.io/terraform-provider-openstack/openstack\"]",
      "instances": [
        {
          "schema_version": 0,
          "attributes": {
            "admin_state_up": "true",
            "all_tags": [],
            "availability_zone_hints": [],
            "description": "",
            "dns_domain": "",
            "external": false,
            "id": "95633453-8358-4652-88d0-6832ba76ccba",
            "matching_subnet_cidr": null,
            "mtu": 1450,
            "name": "Net2",
            "network_id": null,
            "region": "RegionOne",
            "segments": [
              {
                "network_type": "vxlan",
                "physical_network": "",
                "segmentation_id": 309
              }
            ],
            "shared": "false",
            "status": null,
            "subnets": [
              "ec36a39d-0a0a-4c99-b0c4-c3ea3d56ccb9"
            ],
            "tags": null,
            "tenant_id": "ac7ba7044493401ea8a5272447d9b4a4",
            "transparent_vlan": false
          },
          "sensitive_attributes": []
        }
      ]
    },
    {
      "mode": "data",
      "type": "openstack_networking_secgroup_v2",
      "name": "my_security_group",
      "provider": "provider[\"registry.terraform.io/terraform-provider-openstack/openstack\"]",
      "instances": [
        {
          "schema_version": 0,
          "attributes": {
            "all_tags": [],
            "description": "Grupo de Seguridad para permitir todo el trafico",
            "id": "e76055b9-756f-452f-a774-cae3aa13af8d",
            "name": "open",
            "region": "RegionOne",
            "secgroup_id": null,
            "tags": null,
            "tenant_id": "ac7ba7044493401ea8a5272447d9b4a4"
          },
          "sensitive_attributes": []
        }
      ]
    },
    {
      "mode": "data",
      "type": "openstack_networking_subnet_v2",
      "name": "subnet1",
      "provider": "provider[\"registry.terraform.io/terraform-provider-openstack/openstack\"]",
      "instances": [
        {
          "schema_version": 0,
          "attributes": {
            "all_tags": [],
            "allocation_pools": [
              {
                "end": "10.1.1.100",
                "start": "10.1.1.2"
              }
            ],
            "cidr": "10.1.1.0/24",
            "description": "",
            "dhcp_disabled": null,
            "dhcp_enabled": null,
            "dns_nameservers": [
              "8.8.8.8"
            ],
            "enable_dhcp": true,
            "gateway_ip": "10.1.1.1",
            "host_routes": [],
            "id": "2573c5a7-80db-47dd-8c01-8036813cf0a1",
            "ip_version": 4,
            "ipv6_address_mode": "",
            "ipv6_ra_mode": "",
            "name": "subnet1",
            "network_id": "445e5b9e-da16-4cd9-ab19-218ce83c4dc0",
            "region": "RegionOne",
            "service_types": [],
            "subnet_id": null,
            "subnetpool_id": "",
            "tags": null,
            "tenant_id": "ac7ba7044493401ea8a5272447d9b4a4"
          },
          "sensitive_attributes": []
        }
      ]
    },
    {
      "mode": "data",
      "type": "openstack_networking_subnet_v2",
      "name": "subnet2",
      "provider": "provider[\"registry.terraform.io/terraform-provider-openstack/openstack\"]",
      "instances": [
        {
          "schema_version": 0,
          "attributes": {
            "all_tags": [],
            "allocation_pools": [
              {
                "end": "10.1.2.100",
                "start": "10.1.2.2"
              }
            ],
            "cidr": "10.1.2.0/24",
            "description": "",
            "dhcp_disabled": null,
            "dhcp_enabled": null,
            "dns_nameservers": [],
            "enable_dhcp": true,
            "gateway_ip": "10.1.2.1",
            "host_routes": [],
            "id": "ec36a39d-0a0a-4c99-b0c4-c3ea3d56ccb9",
            "ip_version": 4,
            "ipv6_address_mode": "",
            "ipv6_ra_mode": "",
            "name": "subnet2",
            "network_id": "95633453-8358-4652-88d0-6832ba76ccba",
            "region": "RegionOne",
            "service_types": [],
            "subnet_id": null,
            "subnetpool_id": "",
            "tags": null,
            "tenant_id": "ac7ba7044493401ea8a5272447d9b4a4"
          },
          "sensitive_attributes": []
        }
      ]
    },
    {
      "mode": "data",
      "type": "terraform_remote_state",
      "name": "main",
      "provider": "provider[\"terraform.io/builtin/terraform\"]",
      "instances": [
        {
          "schema_version": 0,
          "attributes": {
            "backend": "local",
            "config": {
              "value": {
                "path": "../terraform.tfstate"
              },
              "type": [
                "object",
                {
                  "path": "string"
                }
              ]
            },
            "defaults": null,
            "outputs": {
              "value": {
                "lb_pool_id": "e0505fc1-eb68-445f-8f30-14bb1fa9e32c"
              },
              "type": [
                "object",
                {
                  "lb_pool_id": "string"
                }
              ]
            },
            "workspace": null
          },
          "sensitive_attributes": []
        }
      ]
    },
    {
      "mode": "managed",
      "type": "openstack_networking_port_v2",
      "name": "port_net1",
      "provider": "provider[\"registry.terraform.io/terraform-provider-openstack/openstack\"]",
      "instances": [
        {
          "schema_version": 0,
          "attributes": {
            "admin_state_up": true,
            "all_fixed_ips": [
              "10.1.1.88"
            ],
            "all_security_group_ids": [
              "e76055b9-756f-452f-a774-cae3aa13af8d"
            ],
            "all_tags": [],
            "allowed_address_pairs": [],
            "binding": [
              {
                "host_id": "",
                "profile": "{}",
                "vif_details": {},
                "vif_type": "unbound",
                "vnic_type": "normal"
              }
            ],
            "description": "",
            "device_id": "",
            "device_owner": "",
            "dns_assignment": [],
            "dns_name": "",
            "extra_dhcp_option": [],
            "fixed_ip": [
              {
                "ip_address": "",
                "subnet_id": "2573c5a7-80db-47dd-8c01-8036813cf0a1"
              }
            ],
            "id": "829ef9de-009c-4009-9952-b128c9fbcb9d",
            "mac_address": "fa:16:3e:84:80:98",
            "name": "port5_net1",
            "network_id": "445e5b9e-da16-4cd9-ab19-218ce83c4dc0",
            "no_fixed_ip": null,
            "no_security_groups": null,
            "port_security_enabled": true,
            "qos_policy_id": "",
            "region": "RegionOne",
            "security_group_ids": [
              "e76055b9-756f-452f-a774-cae3aa13af8d"
            ],
            "tags": [],
            "tenant_id": "ac7ba7044493401ea8a5272447d9b4a4",
            "timeouts": null,
            "value_specs": null
          },
          "sensitive_attributes": [],
          "private": "eyJlMmJmYjczMC1lY2FhLTExZTYtOGY4OC0zNDM2M2JjN2M0YzAiOnsiY3JlYXRlIjo2MDAwMDAwMDAwMDAsImRlbGV0ZSI6NjAwMDAwMDAwMDAwfX0=",
          "dependencies": [
            "data.openstack_networking_network_v2.net1",
            "data.openstack_networking_secgroup_v2.my_security_group",
            "data.openstack_networking_subnet_v2.subnet1"
          ]
        }
      ]
    },
    {
      "mode": "managed",
      "type": "openstack_networking_port_v2",
      "name": "port_net2",
      "provider": "provider[\"registry.terraform.io/terraform-provider-openstack/openstack\"]",
      "instances": [
        {
          "schema_version": 0,
          "attributes": {
            "admin_state_up": true,
            "all_fixed_ips": [
              "10.1.2.15"
            ],
            "all_security_group_ids": [
              "e76055b9-756f-452f-a774-cae3aa13af8d"
            ],
            "all_tags": [],
            "allowed_address_pairs": [],
            "binding": [
              {
                "host_id": "",
                "profile": "{}",
                "vif_details": {},
                "vif_type": "unbound",
                "vnic_type": "normal"
              }
            ],
            "description": "",
            "device_id": "",
            "device_owner": "",
            "dns_assignment": [],
            "dns_name": "",
            "extra_dhcp_option": [],
            "fixed_ip": [
              {
                "ip_address": "",
                "subnet_id": "ec36a39d-0a0a-4c99-b0c4-c3ea3d56ccb9"
              }
            ],
            "id": "88da60e0-153f-4260-930f-6d28d19698d9",
            "mac_address": "fa:16:3e:24:a7:40",
            "name": "port5_net2",
            "network_id": "95633453-8358-4652-88d0-6832ba76ccba",
            "no_fixed_ip": null,
            "no_security_groups": null,
            "port_security_enabled": true,
            "qos_policy_id": "",
            "region": "RegionOne",
            "security_group_ids": [
              "e76055b9-756f-452f-a774-cae3aa13af8d"
            ],
            "tags": [],
            "tenant_id": "ac7ba7044493401ea8a5272447d9b4a4",
            "timeouts": null,
            "value_specs": null
          },
          "sensitive_attributes": [],
          "private": "eyJlMmJmYjczMC1lY2FhLTExZTYtOGY4OC0zNDM2M2JjN2M0YzAiOnsiY3JlYXRlIjo2MDAwMDAwMDAwMDAsImRlbGV0ZSI6NjAwMDAwMDAwMDAwfX0=",
          "dependencies": [
            "data.openstack_networking_network_v2.net2",
            "data.openstack_networking_secgroup_v2.my_security_group",
            "data.openstack_networking_subnet_v2.subnet2"
          ]
        }
      ]
    }
  ],
  "check_results": null
}
